{
    "version": 3,
    "terraform_version": "0.10.2",
    "serial": 1,
    "lineage": "7c874378-3e34-4348-9f95-0bfe41174ff9",
    "modules": [
        {
            "path": [
                "root"
            ],
            "outputs": {},
            "resources": {
                "github_issue_label.bug-label.0": {
                    "type": "github_issue_label",
                    "depends_on": [],
                    "primary": {
                        "id": "antibody:bug",
                        "attributes": {
                            "color": "ee0701",
                            "id": "antibody:bug",
                            "name": "bug",
                            "repository": "antibody",
                            "url": "https://api.github.com/repos/getantibody/antibody/labels/bug"
                        },
                        "meta": {},
                        "tainted": false
                    },
                    "deposed": [],
                    "provider": ""
                },
                "github_issue_label.bug-label.1": {
                    "type": "github_issue_label",
                    "depends_on": [],
                    "primary": {
                        "id": "installer:bug",
                        "attributes": {
                            "color": "ee0701",
                            "id": "installer:bug",
                            "name": "bug",
                            "repository": "installer",
                            "url": "https://api.github.com/repos/getantibody/installer/labels/bug"
                        },
                        "meta": {},
                        "tainted": false
                    },
                    "deposed": [],
                    "provider": ""
                },
                "github_issue_label.bug-label.2": {
                    "type": "github_issue_label",
                    "depends_on": [],
                    "primary": {
                        "id": "folder:bug",
                        "attributes": {
                            "color": "ee0701",
                            "id": "folder:bug",
                            "name": "bug",
                            "repository": "folder",
                            "url": "https://api.github.com/repos/getantibody/folder/labels/bug"
                        },
                        "meta": {},
                        "tainted": false
                    },
                    "deposed": [],
                    "provider": ""
                },
                "github_issue_label.bug-label.3": {
                    "type": "github_issue_label",
                    "depends_on": [],
                    "primary": {
                        "id": "getantibody.github.io:bug",
                        "attributes": {
                            "color": "ee0701",
                            "id": "getantibody.github.io:bug",
                            "name": "bug",
                            "repository": "getantibody.github.io",
                            "url": "https://api.github.com/repos/getantibody/getantibody.github.io/labels/bug"
                        },
                        "meta": {},
                        "tainted": false
                    },
                    "deposed": [],
                    "provider": ""
                },
                "github_issue_label.chore-label.0": {
                    "type": "github_issue_label",
                    "depends_on": [],
                    "primary": {
                        "id": "antibody:chore",
                        "attributes": {
                            "color": "bfd4f2",
                            "id": "antibody:chore",
                            "name": "chore",
                            "repository": "antibody",
                            "url": "https://api.github.com/repos/getantibody/antibody/labels/chore"
                        },
                        "meta": {},
                        "tainted": false
                    },
                    "deposed": [],
                    "provider": ""
                },
                "github_issue_label.chore-label.1": {
                    "type": "github_issue_label",
                    "depends_on": [],
                    "primary": {
                        "id": "installer:chore",
                        "attributes": {
                            "color": "bfd4f2",
                            "id": "installer:chore",
                            "name": "chore",
                            "repository": "installer",
                            "url": "https://api.github.com/repos/getantibody/installer/labels/chore"
                        },
                        "meta": {},
                        "tainted": false
                    },
                    "deposed": [],
                    "provider": ""
                },
                "github_issue_label.chore-label.2": {
                    "type": "github_issue_label",
                    "depends_on": [],
                    "primary": {
                        "id": "folder:chore",
                        "attributes": {
                            "color": "bfd4f2",
                            "id": "folder:chore",
                            "name": "chore",
                            "repository": "folder",
                            "url": "https://api.github.com/repos/getantibody/folder/labels/chore"
                        },
                        "meta": {},
                        "tainted": false
                    },
                    "deposed": [],
                    "provider": ""
                },
                "github_issue_label.chore-label.3": {
                    "type": "github_issue_label",
                    "depends_on": [],
                    "primary": {
                        "id": "getantibody.github.io:chore",
                        "attributes": {
                            "color": "bfd4f2",
                            "id": "getantibody.github.io:chore",
                            "name": "chore",
                            "repository": "getantibody.github.io",
                            "url": "https://api.github.com/repos/getantibody/getantibody.github.io/labels/chore"
                        },
                        "meta": {},
                        "tainted": false
                    },
                    "deposed": [],
                    "provider": ""
                },
                "github_issue_label.docs-label.0": {
                    "type": "github_issue_label",
                    "depends_on": [],
                    "primary": {
                        "id": "antibody:docs",
                        "attributes": {
                            "color": "5319e7",
                            "id": "antibody:docs",
                            "name": "docs",
                            "repository": "antibody",
                            "url": "https://api.github.com/repos/getantibody/antibody/labels/docs"
                        },
                        "meta": {},
                        "tainted": false
                    },
                    "deposed": [],
                    "provider": ""
                },
                "github_issue_label.docs-label.1": {
                    "type": "github_issue_label",
                    "depends_on": [],
                    "primary": {
                        "id": "installer:docs",
                        "attributes": {
                            "color": "5319e7",
                            "id": "installer:docs",
                            "name": "docs",
                            "repository": "installer",
                            "url": "https://api.github.com/repos/getantibody/installer/labels/docs"
                        },
                        "meta": {},
                        "tainted": false
                    },
                    "deposed": [],
                    "provider": ""
                },
                "github_issue_label.docs-label.2": {
                    "type": "github_issue_label",
                    "depends_on": [],
                    "primary": {
                        "id": "folder:docs",
                        "attributes": {
                            "color": "5319e7",
                            "id": "folder:docs",
                            "name": "docs",
                            "repository": "folder",
                            "url": "https://api.github.com/repos/getantibody/folder/labels/docs"
                        },
                        "meta": {},
                        "tainted": false
                    },
                    "deposed": [],
                    "provider": ""
                },
                "github_issue_label.docs-label.3": {
                    "type": "github_issue_label",
                    "depends_on": [],
                    "primary": {
                        "id": "getantibody.github.io:docs",
                        "attributes": {
                            "color": "5319e7",
                            "id": "getantibody.github.io:docs",
                            "name": "docs",
                            "repository": "getantibody.github.io",
                            "url": "https://api.github.com/repos/getantibody/getantibody.github.io/labels/docs"
                        },
                        "meta": {},
                        "tainted": false
                    },
                    "deposed": [],
                    "provider": ""
                },
                "github_issue_label.duplicate-label.0": {
                    "type": "github_issue_label",
                    "depends_on": [],
                    "primary": {
                        "id": "antibody:duplicate",
                        "attributes": {
                            "color": "cccccc",
                            "id": "antibody:duplicate",
                            "name": "duplicate",
                            "repository": "antibody",
                            "url": "https://api.github.com/repos/getantibody/antibody/labels/duplicate"
                        },
                        "meta": {},
                        "tainted": false
                    },
                    "deposed": [],
                    "provider": ""
                },
                "github_issue_label.duplicate-label.1": {
                    "type": "github_issue_label",
                    "depends_on": [],
                    "primary": {
                        "id": "installer:duplicate",
                        "attributes": {
                            "color": "cccccc",
                            "id": "installer:duplicate",
                            "name": "duplicate",
                            "repository": "installer",
                            "url": "https://api.github.com/repos/getantibody/installer/labels/duplicate"
                        },
                        "meta": {},
                        "tainted": false
                    },
                    "deposed": [],
                    "provider": ""
                },
                "github_issue_label.duplicate-label.2": {
                    "type": "github_issue_label",
                    "depends_on": [],
                    "primary": {
                        "id": "folder:duplicate",
                        "attributes": {
                            "color": "cccccc",
                            "id": "folder:duplicate",
                            "name": "duplicate",
                            "repository": "folder",
                            "url": "https://api.github.com/repos/getantibody/folder/labels/duplicate"
                        },
                        "meta": {},
                        "tainted": false
                    },
                    "deposed": [],
                    "provider": ""
                },
                "github_issue_label.duplicate-label.3": {
                    "type": "github_issue_label",
                    "depends_on": [],
                    "primary": {
                        "id": "getantibody.github.io:duplicate",
                        "attributes": {
                            "color": "cccccc",
                            "id": "getantibody.github.io:duplicate",
                            "name": "duplicate",
                            "repository": "getantibody.github.io",
                            "url": "https://api.github.com/repos/getantibody/getantibody.github.io/labels/duplicate"
                        },
                        "meta": {},
                        "tainted": false
                    },
                    "deposed": [],
                    "provider": ""
                },
                "github_issue_label.feature-label.0": {
                    "type": "github_issue_label",
                    "depends_on": [],
                    "primary": {
                        "id": "antibody:feature",
                        "attributes": {
                            "color": "84b6eb",
                            "id": "antibody:feature",
                            "name": "feature",
                            "repository": "antibody",
                            "url": "https://api.github.com/repos/getantibody/antibody/labels/feature"
                        },
                        "meta": {},
                        "tainted": false
                    },
                    "deposed": [],
                    "provider": ""
                },
                "github_issue_label.feature-label.1": {
                    "type": "github_issue_label",
                    "depends_on": [],
                    "primary": {
                        "id": "installer:feature",
                        "attributes": {
                            "color": "84b6eb",
                            "id": "installer:feature",
                            "name": "feature",
                            "repository": "installer",
                            "url": "https://api.github.com/repos/getantibody/installer/labels/feature"
                        },
                        "meta": {},
                        "tainted": false
                    },
                    "deposed": [],
                    "provider": ""
                },
                "github_issue_label.feature-label.2": {
                    "type": "github_issue_label",
                    "depends_on": [],
                    "primary": {
                        "id": "folder:feature",
                        "attributes": {
                            "color": "84b6eb",
                            "id": "folder:feature",
                            "name": "feature",
                            "repository": "folder",
                            "url": "https://api.github.com/repos/getantibody/folder/labels/feature"
                        },
                        "meta": {},
                        "tainted": false
                    },
                    "deposed": [],
                    "provider": ""
                },
                "github_issue_label.feature-label.3": {
                    "type": "github_issue_label",
                    "depends_on": [],
                    "primary": {
                        "id": "getantibody.github.io:feature",
                        "attributes": {
                            "color": "84b6eb",
                            "id": "getantibody.github.io:feature",
                            "name": "feature",
                            "repository": "getantibody.github.io",
                            "url": "https://api.github.com/repos/getantibody/getantibody.github.io/labels/feature"
                        },
                        "meta": {},
                        "tainted": false
                    },
                    "deposed": [],
                    "provider": ""
                },
                "github_issue_label.good-first-patch-label.0": {
                    "type": "github_issue_label",
                    "depends_on": [],
                    "primary": {
                        "id": "antibody:good-first-patch",
                        "attributes": {
                            "color": "128A0C",
                            "id": "antibody:good-first-patch",
                            "name": "good-first-patch",
                            "repository": "antibody",
                            "url": "https://api.github.com/repos/getantibody/antibody/labels/good-first-patch"
                        },
                        "meta": {},
                        "tainted": false
                    },
                    "deposed": [],
                    "provider": ""
                },
                "github_issue_label.good-first-patch-label.1": {
                    "type": "github_issue_label",
                    "depends_on": [],
                    "primary": {
                        "id": "installer:good-first-patch",
                        "attributes": {
                            "color": "128A0C",
                            "id": "installer:good-first-patch",
                            "name": "good-first-patch",
                            "repository": "installer",
                            "url": "https://api.github.com/repos/getantibody/installer/labels/good-first-patch"
                        },
                        "meta": {},
                        "tainted": false
                    },
                    "deposed": [],
                    "provider": ""
                },
                "github_issue_label.good-first-patch-label.2": {
                    "type": "github_issue_label",
                    "depends_on": [],
                    "primary": {
                        "id": "folder:good-first-patch",
                        "attributes": {
                            "color": "128A0C",
                            "id": "folder:good-first-patch",
                            "name": "good-first-patch",
                            "repository": "folder",
                            "url": "https://api.github.com/repos/getantibody/folder/labels/good-first-patch"
                        },
                        "meta": {},
                        "tainted": false
                    },
                    "deposed": [],
                    "provider": ""
                },
                "github_issue_label.good-first-patch-label.3": {
                    "type": "github_issue_label",
                    "depends_on": [],
                    "primary": {
                        "id": "getantibody.github.io:good-first-patch",
                        "attributes": {
                            "color": "128A0C",
                            "id": "getantibody.github.io:good-first-patch",
                            "name": "good-first-patch",
                            "repository": "getantibody.github.io",
                            "url": "https://api.github.com/repos/getantibody/getantibody.github.io/labels/good-first-patch"
                        },
                        "meta": {},
                        "tainted": false
                    },
                    "deposed": [],
                    "provider": ""
                },
                "github_issue_label.question-label.0": {
                    "type": "github_issue_label",
                    "depends_on": [],
                    "primary": {
                        "id": "antibody:question",
                        "attributes": {
                            "color": "cc317c",
                            "id": "antibody:question",
                            "name": "question",
                            "repository": "antibody",
                            "url": "https://api.github.com/repos/getantibody/antibody/labels/question"
                        },
                        "meta": {},
                        "tainted": false
                    },
                    "deposed": [],
                    "provider": ""
                },
                "github_issue_label.question-label.1": {
                    "type": "github_issue_label",
                    "depends_on": [],
                    "primary": {
                        "id": "installer:question",
                        "attributes": {
                            "color": "cc317c",
                            "id": "installer:question",
                            "name": "question",
                            "repository": "installer",
                            "url": "https://api.github.com/repos/getantibody/installer/labels/question"
                        },
                        "meta": {},
                        "tainted": false
                    },
                    "deposed": [],
                    "provider": ""
                },
                "github_issue_label.question-label.2": {
                    "type": "github_issue_label",
                    "depends_on": [],
                    "primary": {
                        "id": "folder:question",
                        "attributes": {
                            "color": "cc317c",
                            "id": "folder:question",
                            "name": "question",
                            "repository": "folder",
                            "url": "https://api.github.com/repos/getantibody/folder/labels/question"
                        },
                        "meta": {},
                        "tainted": false
                    },
                    "deposed": [],
                    "provider": ""
                },
                "github_issue_label.question-label.3": {
                    "type": "github_issue_label",
                    "depends_on": [],
                    "primary": {
                        "id": "getantibody.github.io:question",
                        "attributes": {
                            "color": "cc317c",
                            "id": "getantibody.github.io:question",
                            "name": "question",
                            "repository": "getantibody.github.io",
                            "url": "https://api.github.com/repos/getantibody/getantibody.github.io/labels/question"
                        },
                        "meta": {},
                        "tainted": false
                    },
                    "deposed": [],
                    "provider": ""
                },
                "github_issue_label.wontfix-label.0": {
                    "type": "github_issue_label",
                    "depends_on": [],
                    "primary": {
                        "id": "antibody:wontfix",
                        "attributes": {
                            "color": "ffffff",
                            "id": "antibody:wontfix",
                            "name": "wontfix",
                            "repository": "antibody",
                            "url": "https://api.github.com/repos/getantibody/antibody/labels/wontfix"
                        },
                        "meta": {},
                        "tainted": false
                    },
                    "deposed": [],
                    "provider": ""
                },
                "github_issue_label.wontfix-label.1": {
                    "type": "github_issue_label",
                    "depends_on": [],
                    "primary": {
                        "id": "installer:wontfix",
                        "attributes": {
                            "color": "ffffff",
                            "id": "installer:wontfix",
                            "name": "wontfix",
                            "repository": "installer",
                            "url": "https://api.github.com/repos/getantibody/installer/labels/wontfix"
                        },
                        "meta": {},
                        "tainted": false
                    },
                    "deposed": [],
                    "provider": ""
                },
                "github_issue_label.wontfix-label.2": {
                    "type": "github_issue_label",
                    "depends_on": [],
                    "primary": {
                        "id": "folder:wontfix",
                        "attributes": {
                            "color": "ffffff",
                            "id": "folder:wontfix",
                            "name": "wontfix",
                            "repository": "folder",
                            "url": "https://api.github.com/repos/getantibody/folder/labels/wontfix"
                        },
                        "meta": {},
                        "tainted": false
                    },
                    "deposed": [],
                    "provider": ""
                },
                "github_issue_label.wontfix-label.3": {
                    "type": "github_issue_label",
                    "depends_on": [],
                    "primary": {
                        "id": "getantibody.github.io:wontfix",
                        "attributes": {
                            "color": "ffffff",
                            "id": "getantibody.github.io:wontfix",
                            "name": "wontfix",
                            "repository": "getantibody.github.io",
                            "url": "https://api.github.com/repos/getantibody/getantibody.github.io/labels/wontfix"
                        },
                        "meta": {},
                        "tainted": false
                    },
                    "deposed": [],
                    "provider": ""
                }
            },
            "depends_on": []
        }
    ]
}
