{
    "version": 3,
    "terraform_version": "0.10.2",
    "serial": 1,
    "lineage": "cd6ec4e5-dee6-4f48-9cae-5d740f8b97f3",
    "modules": [
        {
            "path": [
                "root"
            ],
            "outputs": {},
            "resources": {
                "github_issue_label.bug-label.0": {
                    "type": "github_issue_label",
                    "depends_on": [],
                    "primary": {
                        "id": "ajaxspin:bug",
                        "attributes": {
                            "color": "ee0701",
                            "id": "ajaxspin:bug",
                            "name": "bug",
                            "repository": "ajaxspin",
                            "url": "https://api.github.com/repos/caarlos0/ajaxspin/labels/bug"
                        },
                        "meta": {},
                        "tainted": false
                    },
                    "deposed": [],
                    "provider": ""
                },
                "github_issue_label.bug-label.1": {
                    "type": "github_issue_label",
                    "depends_on": [],
                    "primary": {
                        "id": "alelobot:bug",
                        "attributes": {
                            "color": "ee0701",
                            "id": "alelobot:bug",
                            "name": "bug",
                            "repository": "alelobot",
                            "url": "https://api.github.com/repos/caarlos0/alelobot/labels/bug"
                        },
                        "meta": {},
                        "tainted": false
                    },
                    "deposed": [],
                    "provider": ""
                },
                "github_issue_label.bug-label.10": {
                    "type": "github_issue_label",
                    "depends_on": [],
                    "primary": {
                        "id": "casa-robot:bug",
                        "attributes": {
                            "color": "ee0701",
                            "id": "casa-robot:bug",
                            "name": "bug",
                            "repository": "casa-robot",
                            "url": "https://api.github.com/repos/caarlos0/casa-robot/labels/bug"
                        },
                        "meta": {},
                        "tainted": false
                    },
                    "deposed": [],
                    "provider": ""
                },
                "github_issue_label.bug-label.11": {
                    "type": "github_issue_label",
                    "depends_on": [],
                    "primary": {
                        "id": "cepinator:bug",
                        "attributes": {
                            "color": "ee0701",
                            "id": "cepinator:bug",
                            "name": "bug",
                            "repository": "cepinator",
                            "url": "https://api.github.com/repos/caarlos0/cepinator/labels/bug"
                        },
                        "meta": {},
                        "tainted": false
                    },
                    "deposed": [],
                    "provider": ""
                },
                "github_issue_label.bug-label.12": {
                    "type": "github_issue_label",
                    "depends_on": [],
                    "primary": {
                        "id": "chosen-sass-bootstrap-rails:bug",
                        "attributes": {
                            "color": "ee0701",
                            "id": "chosen-sass-bootstrap-rails:bug",
                            "name": "bug",
                            "repository": "chosen-sass-bootstrap-rails",
                            "url": "https://api.github.com/repos/caarlos0/chosen-sass-bootstrap-rails/labels/bug"
                        },
                        "meta": {},
                        "tainted": false
                    },
                    "deposed": [],
                    "provider": ""
                },
                "github_issue_label.bug-label.13": {
                    "type": "github_issue_label",
                    "depends_on": [],
                    "primary": {
                        "id": "circuit-breaker-playground:bug",
                        "attributes": {
                            "color": "ee0701",
                            "id": "circuit-breaker-playground:bug",
                            "name": "bug",
                            "repository": "circuit-breaker-playground",
                            "url": "https://api.github.com/repos/caarlos0/circuit-breaker-playground/labels/bug"
                        },
                        "meta": {},
                        "tainted": false
                    },
                    "deposed": [],
                    "provider": ""
                },
                "github_issue_label.bug-label.14": {
                    "type": "github_issue_label",
                    "depends_on": [],
                    "primary": {
                        "id": "clone-org:bug",
                        "attributes": {
                            "color": "ee0701",
                            "id": "clone-org:bug",
                            "name": "bug",
                            "repository": "clone-org",
                            "url": "https://api.github.com/repos/caarlos0/clone-org/labels/bug"
                        },
                        "meta": {},
                        "tainted": false
                    },
                    "deposed": [],
                    "provider": ""
                },
                "github_issue_label.bug-label.15": {
                    "type": "github_issue_label",
                    "depends_on": [],
                    "primary": {
                        "id": "coinbase:bug",
                        "attributes": {
                            "color": "ee0701",
                            "id": "coinbase:bug",
                            "name": "bug",
                            "repository": "coinbase",
                            "url": "https://api.github.com/repos/caarlos0/coinbase/labels/bug"
                        },
                        "meta": {},
                        "tainted": false
                    },
                    "deposed": [],
                    "provider": ""
                },
                "github_issue_label.bug-label.16": {
                    "type": "github_issue_label",
                    "depends_on": [],
                    "primary": {
                        "id": "coverage-incrementer:bug",
                        "attributes": {
                            "color": "ee0701",
                            "id": "coverage-incrementer:bug",
                            "name": "bug",
                            "repository": "coverage-incrementer",
                            "url": "https://api.github.com/repos/caarlos0/coverage-incrementer/labels/bug"
                        },
                        "meta": {},
                        "tainted": false
                    },
                    "deposed": [],
                    "provider": ""
                },
                "github_issue_label.bug-label.17": {
                    "type": "github_issue_label",
                    "depends_on": [],
                    "primary": {
                        "id": "coverage-maven-plugin:bug",
                        "attributes": {
                            "color": "ee0701",
                            "id": "coverage-maven-plugin:bug",
                            "name": "bug",
                            "repository": "coverage-maven-plugin",
                            "url": "https://api.github.com/repos/caarlos0/coverage-maven-plugin/labels/bug"
                        },
                        "meta": {},
                        "tainted": false
                    },
                    "deposed": [],
                    "provider": ""
                },
                "github_issue_label.bug-label.18": {
                    "type": "github_issue_label",
                    "depends_on": [],
                    "primary": {
                        "id": "css3-microsoft-metro-buttons-rails:bug",
                        "attributes": {
                            "color": "ee0701",
                            "id": "css3-microsoft-metro-buttons-rails:bug",
                            "name": "bug",
                            "repository": "css3-microsoft-metro-buttons-rails",
                            "url": "https://api.github.com/repos/caarlos0/css3-microsoft-metro-buttons-rails/labels/bug"
                        },
                        "meta": {},
                        "tainted": false
                    },
                    "deposed": [],
                    "provider": ""
                },
                "github_issue_label.bug-label.19": {
                    "type": "github_issue_label",
                    "depends_on": [],
                    "primary": {
                        "id": "danfe-server:bug",
                        "attributes": {
                            "color": "ee0701",
                            "id": "danfe-server:bug",
                            "name": "bug",
                            "repository": "danfe-server",
                            "url": "https://api.github.com/repos/caarlos0/danfe-server/labels/bug"
                        },
                        "meta": {},
                        "tainted": false
                    },
                    "deposed": [],
                    "provider": ""
                },
                "github_issue_label.bug-label.2": {
                    "type": "github_issue_label",
                    "depends_on": [],
                    "primary": {
                        "id": "alelogo:bug",
                        "attributes": {
                            "color": "ee0701",
                            "id": "alelogo:bug",
                            "name": "bug",
                            "repository": "alelogo",
                            "url": "https://api.github.com/repos/caarlos0/alelogo/labels/bug"
                        },
                        "meta": {},
                        "tainted": false
                    },
                    "deposed": [],
                    "provider": ""
                },
                "github_issue_label.bug-label.20": {
                    "type": "github_issue_label",
                    "depends_on": [],
                    "primary": {
                        "id": "datedsl:bug",
                        "attributes": {
                            "color": "ee0701",
                            "id": "datedsl:bug",
                            "name": "bug",
                            "repository": "datedsl",
                            "url": "https://api.github.com/repos/caarlos0/datedsl/labels/bug"
                        },
                        "meta": {},
                        "tainted": false
                    },
                    "deposed": [],
                    "provider": ""
                },
                "github_issue_label.bug-label.21": {
                    "type": "github_issue_label",
                    "depends_on": [],
                    "primary": {
                        "id": "displayer:bug",
                        "attributes": {
                            "color": "ee0701",
                            "id": "displayer:bug",
                            "name": "bug",
                            "repository": "displayer",
                            "url": "https://api.github.com/repos/caarlos0/displayer/labels/bug"
                        },
                        "meta": {},
                        "tainted": false
                    },
                    "deposed": [],
                    "provider": ""
                },
                "github_issue_label.bug-label.22": {
                    "type": "github_issue_label",
                    "depends_on": [],
                    "primary": {
                        "id": "docker-alpine-go:bug",
                        "attributes": {
                            "color": "ee0701",
                            "id": "docker-alpine-go:bug",
                            "name": "bug",
                            "repository": "docker-alpine-go",
                            "url": "https://api.github.com/repos/caarlos0/docker-alpine-go/labels/bug"
                        },
                        "meta": {},
                        "tainted": false
                    },
                    "deposed": [],
                    "provider": ""
                },
                "github_issue_label.bug-label.23": {
                    "type": "github_issue_label",
                    "depends_on": [],
                    "primary": {
                        "id": "docker-alpine-oraclejdk7:bug",
                        "attributes": {
                            "color": "ee0701",
                            "id": "docker-alpine-oraclejdk7:bug",
                            "name": "bug",
                            "repository": "docker-alpine-oraclejdk7",
                            "url": "https://api.github.com/repos/caarlos0/docker-alpine-oraclejdk7/labels/bug"
                        },
                        "meta": {},
                        "tainted": false
                    },
                    "deposed": [],
                    "provider": ""
                },
                "github_issue_label.bug-label.24": {
                    "type": "github_issue_label",
                    "depends_on": [],
                    "primary": {
                        "id": "docker-alpine-oraclejdk7-mvn:bug",
                        "attributes": {
                            "color": "ee0701",
                            "id": "docker-alpine-oraclejdk7-mvn:bug",
                            "name": "bug",
                            "repository": "docker-alpine-oraclejdk7-mvn",
                            "url": "https://api.github.com/repos/caarlos0/docker-alpine-oraclejdk7-mvn/labels/bug"
                        },
                        "meta": {},
                        "tainted": false
                    },
                    "deposed": [],
                    "provider": ""
                },
                "github_issue_label.bug-label.25": {
                    "type": "github_issue_label",
                    "depends_on": [],
                    "primary": {
                        "id": "dotfiles:bug",
                        "attributes": {
                            "color": "ee0701",
                            "id": "dotfiles:bug",
                            "name": "bug",
                            "repository": "dotfiles",
                            "url": "https://api.github.com/repos/caarlos0/dotfiles/labels/bug"
                        },
                        "meta": {},
                        "tainted": false
                    },
                    "deposed": [],
                    "provider": ""
                },
                "github_issue_label.bug-label.26": {
                    "type": "github_issue_label",
                    "depends_on": [],
                    "primary": {
                        "id": "elixir-playground:bug",
                        "attributes": {
                            "color": "ee0701",
                            "id": "elixir-playground:bug",
                            "name": "bug",
                            "repository": "elixir-playground",
                            "url": "https://api.github.com/repos/caarlos0/elixir-playground/labels/bug"
                        },
                        "meta": {},
                        "tainted": false
                    },
                    "deposed": [],
                    "provider": ""
                },
                "github_issue_label.bug-label.27": {
                    "type": "github_issue_label",
                    "depends_on": [],
                    "primary": {
                        "id": "env:bug",
                        "attributes": {
                            "color": "ee0701",
                            "id": "env:bug",
                            "name": "bug",
                            "repository": "env",
                            "url": "https://api.github.com/repos/caarlos0/env/labels/bug"
                        },
                        "meta": {},
                        "tainted": false
                    },
                    "deposed": [],
                    "provider": ""
                },
                "github_issue_label.bug-label.28": {
                    "type": "github_issue_label",
                    "depends_on": [],
                    "primary": {
                        "id": "erlang-playground:bug",
                        "attributes": {
                            "color": "ee0701",
                            "id": "erlang-playground:bug",
                            "name": "bug",
                            "repository": "erlang-playground",
                            "url": "https://api.github.com/repos/caarlos0/erlang-playground/labels/bug"
                        },
                        "meta": {},
                        "tainted": false
                    },
                    "deposed": [],
                    "provider": ""
                },
                "github_issue_label.bug-label.29": {
                    "type": "github_issue_label",
                    "depends_on": [],
                    "primary": {
                        "id": "example:bug",
                        "attributes": {
                            "color": "ee0701",
                            "id": "example:bug",
                            "name": "bug",
                            "repository": "example",
                            "url": "https://api.github.com/repos/caarlos0/example/labels/bug"
                        },
                        "meta": {},
                        "tainted": false
                    },
                    "deposed": [],
                    "provider": ""
                },
                "github_issue_label.bug-label.3": {
                    "type": "github_issue_label",
                    "depends_on": [],
                    "primary": {
                        "id": "am-i-working:bug",
                        "attributes": {
                            "color": "ee0701",
                            "id": "am-i-working:bug",
                            "name": "bug",
                            "repository": "am-i-working",
                            "url": "https://api.github.com/repos/caarlos0/am-i-working/labels/bug"
                        },
                        "meta": {},
                        "tainted": false
                    },
                    "deposed": [],
                    "provider": ""
                },
                "github_issue_label.bug-label.30": {
                    "type": "github_issue_label",
                    "depends_on": [],
                    "primary": {
                        "id": "fork-cleaner:bug",
                        "attributes": {
                            "color": "ee0701",
                            "id": "fork-cleaner:bug",
                            "name": "bug",
                            "repository": "fork-cleaner",
                            "url": "https://api.github.com/repos/caarlos0/fork-cleaner/labels/bug"
                        },
                        "meta": {},
                        "tainted": false
                    },
                    "deposed": [],
                    "provider": ""
                },
                "github_issue_label.bug-label.31": {
                    "type": "github_issue_label",
                    "depends_on": [],
                    "primary": {
                        "id": "FRaaS:bug",
                        "attributes": {
                            "color": "ee0701",
                            "id": "FRaaS:bug",
                            "name": "bug",
                            "repository": "FRaaS",
                            "url": "https://api.github.com/repos/caarlos0/FRaaS/labels/bug"
                        },
                        "meta": {},
                        "tainted": false
                    },
                    "deposed": [],
                    "provider": ""
                },
                "github_issue_label.bug-label.32": {
                    "type": "github_issue_label",
                    "depends_on": [],
                    "primary": {
                        "id": "git-add-remote:bug",
                        "attributes": {
                            "color": "ee0701",
                            "id": "git-add-remote:bug",
                            "name": "bug",
                            "repository": "git-add-remote",
                            "url": "https://api.github.com/repos/caarlos0/git-add-remote/labels/bug"
                        },
                        "meta": {},
                        "tainted": false
                    },
                    "deposed": [],
                    "provider": ""
                },
                "github_issue_label.bug-label.33": {
                    "type": "github_issue_label",
                    "depends_on": [],
                    "primary": {
                        "id": "git-gc:bug",
                        "attributes": {
                            "color": "ee0701",
                            "id": "git-gc:bug",
                            "name": "bug",
                            "repository": "git-gc",
                            "url": "https://api.github.com/repos/caarlos0/git-gc/labels/bug"
                        },
                        "meta": {},
                        "tainted": false
                    },
                    "deposed": [],
                    "provider": ""
                },
                "github_issue_label.bug-label.34": {
                    "type": "github_issue_label",
                    "depends_on": [],
                    "primary": {
                        "id": "github:bug",
                        "attributes": {
                            "color": "ee0701",
                            "id": "github:bug",
                            "name": "bug",
                            "repository": "github",
                            "url": "https://api.github.com/repos/caarlos0/github/labels/bug"
                        },
                        "meta": {},
                        "tainted": false
                    },
                    "deposed": [],
                    "provider": ""
                },
                "github_issue_label.bug-label.35": {
                    "type": "github_issue_label",
                    "depends_on": [],
                    "primary": {
                        "id": "github-buildkite-wire:bug",
                        "attributes": {
                            "color": "ee0701",
                            "id": "github-buildkite-wire:bug",
                            "name": "bug",
                            "repository": "github-buildkite-wire",
                            "url": "https://api.github.com/repos/caarlos0/github-buildkite-wire/labels/bug"
                        },
                        "meta": {},
                        "tainted": false
                    },
                    "deposed": [],
                    "provider": ""
                },
                "github_issue_label.bug-label.36": {
                    "type": "github_issue_label",
                    "depends_on": [],
                    "primary": {
                        "id": "github-integrator:bug",
                        "attributes": {
                            "color": "ee0701",
                            "id": "github-integrator:bug",
                            "name": "bug",
                            "repository": "github-integrator",
                            "url": "https://api.github.com/repos/caarlos0/github-integrator/labels/bug"
                        },
                        "meta": {},
                        "tainted": false
                    },
                    "deposed": [],
                    "provider": ""
                },
                "github_issue_label.bug-label.37": {
                    "type": "github_issue_label",
                    "depends_on": [],
                    "primary": {
                        "id": "github-vacations:bug",
                        "attributes": {
                            "color": "ee0701",
                            "id": "github-vacations:bug",
                            "name": "bug",
                            "repository": "github-vacations",
                            "url": "https://api.github.com/repos/caarlos0/github-vacations/labels/bug"
                        },
                        "meta": {},
                        "tainted": false
                    },
                    "deposed": [],
                    "provider": ""
                },
                "github_issue_label.bug-label.38": {
                    "type": "github_issue_label",
                    "depends_on": [],
                    "primary": {
                        "id": "go-idioms:bug",
                        "attributes": {
                            "color": "ee0701",
                            "id": "go-idioms:bug",
                            "name": "bug",
                            "repository": "go-idioms",
                            "url": "https://api.github.com/repos/caarlos0/go-idioms/labels/bug"
                        },
                        "meta": {},
                        "tainted": false
                    },
                    "deposed": [],
                    "provider": ""
                },
                "github_issue_label.bug-label.39": {
                    "type": "github_issue_label",
                    "depends_on": [],
                    "primary": {
                        "id": "go-playground:bug",
                        "attributes": {
                            "color": "ee0701",
                            "id": "go-playground:bug",
                            "name": "bug",
                            "repository": "go-playground",
                            "url": "https://api.github.com/repos/caarlos0/go-playground/labels/bug"
                        },
                        "meta": {},
                        "tainted": false
                    },
                    "deposed": [],
                    "provider": ""
                },
                "github_issue_label.bug-label.4": {
                    "type": "github_issue_label",
                    "depends_on": [],
                    "primary": {
                        "id": "angular-js-playground:bug",
                        "attributes": {
                            "color": "ee0701",
                            "id": "angular-js-playground:bug",
                            "name": "bug",
                            "repository": "angular-js-playground",
                            "url": "https://api.github.com/repos/caarlos0/angular-js-playground/labels/bug"
                        },
                        "meta": {},
                        "tainted": false
                    },
                    "deposed": [],
                    "provider": ""
                },
                "github_issue_label.bug-label.40": {
                    "type": "github_issue_label",
                    "depends_on": [],
                    "primary": {
                        "id": "go-victorops:bug",
                        "attributes": {
                            "color": "ee0701",
                            "id": "go-victorops:bug",
                            "name": "bug",
                            "repository": "go-victorops",
                            "url": "https://api.github.com/repos/caarlos0/go-victorops/labels/bug"
                        },
                        "meta": {},
                        "tainted": false
                    },
                    "deposed": [],
                    "provider": ""
                },
                "github_issue_label.bug-label.41": {
                    "type": "github_issue_label",
                    "depends_on": [],
                    "primary": {
                        "id": "go-web-api-example:bug",
                        "attributes": {
                            "color": "ee0701",
                            "id": "go-web-api-example:bug",
                            "name": "bug",
                            "repository": "go-web-api-example",
                            "url": "https://api.github.com/repos/caarlos0/go-web-api-example/labels/bug"
                        },
                        "meta": {},
                        "tainted": false
                    },
                    "deposed": [],
                    "provider": ""
                },
                "github_issue_label.bug-label.42": {
                    "type": "github_issue_label",
                    "depends_on": [],
                    "primary": {
                        "id": "gohome:bug",
                        "attributes": {
                            "color": "ee0701",
                            "id": "gohome:bug",
                            "name": "bug",
                            "repository": "gohome",
                            "url": "https://api.github.com/repos/caarlos0/gohome/labels/bug"
                        },
                        "meta": {},
                        "tainted": false
                    },
                    "deposed": [],
                    "provider": ""
                },
                "github_issue_label.bug-label.43": {
                    "type": "github_issue_label",
                    "depends_on": [],
                    "primary": {
                        "id": "goreleaser-users:bug",
                        "attributes": {
                            "color": "ee0701",
                            "id": "goreleaser-users:bug",
                            "name": "bug",
                            "repository": "goreleaser-users",
                            "url": "https://api.github.com/repos/caarlos0/goreleaser-users/labels/bug"
                        },
                        "meta": {},
                        "tainted": false
                    },
                    "deposed": [],
                    "provider": ""
                },
                "github_issue_label.bug-label.44": {
                    "type": "github_issue_label",
                    "depends_on": [],
                    "primary": {
                        "id": "guice-junit-test-runner:bug",
                        "attributes": {
                            "color": "ee0701",
                            "id": "guice-junit-test-runner:bug",
                            "name": "bug",
                            "repository": "guice-junit-test-runner",
                            "url": "https://api.github.com/repos/caarlos0/guice-junit-test-runner/labels/bug"
                        },
                        "meta": {},
                        "tainted": false
                    },
                    "deposed": [],
                    "provider": ""
                },
                "github_issue_label.bug-label.45": {
                    "type": "github_issue_label",
                    "depends_on": [],
                    "primary": {
                        "id": "gwt-scrum-manager:bug",
                        "attributes": {
                            "color": "ee0701",
                            "id": "gwt-scrum-manager:bug",
                            "name": "bug",
                            "repository": "gwt-scrum-manager",
                            "url": "https://api.github.com/repos/caarlos0/gwt-scrum-manager/labels/bug"
                        },
                        "meta": {},
                        "tainted": false
                    },
                    "deposed": [],
                    "provider": ""
                },
                "github_issue_label.bug-label.46": {
                    "type": "github_issue_label",
                    "depends_on": [],
                    "primary": {
                        "id": "happy-doxygen:bug",
                        "attributes": {
                            "color": "ee0701",
                            "id": "happy-doxygen:bug",
                            "name": "bug",
                            "repository": "happy-doxygen",
                            "url": "https://api.github.com/repos/caarlos0/happy-doxygen/labels/bug"
                        },
                        "meta": {},
                        "tainted": false
                    },
                    "deposed": [],
                    "provider": ""
                },
                "github_issue_label.bug-label.47": {
                    "type": "github_issue_label",
                    "depends_on": [],
                    "primary": {
                        "id": "haskell-playground:bug",
                        "attributes": {
                            "color": "ee0701",
                            "id": "haskell-playground:bug",
                            "name": "bug",
                            "repository": "haskell-playground",
                            "url": "https://api.github.com/repos/caarlos0/haskell-playground/labels/bug"
                        },
                        "meta": {},
                        "tainted": false
                    },
                    "deposed": [],
                    "provider": ""
                },
                "github_issue_label.bug-label.48": {
                    "type": "github_issue_label",
                    "depends_on": [],
                    "primary": {
                        "id": "hazelcast-bug:bug",
                        "attributes": {
                            "color": "ee0701",
                            "id": "hazelcast-bug:bug",
                            "name": "bug",
                            "repository": "hazelcast-bug",
                            "url": "https://api.github.com/repos/caarlos0/hazelcast-bug/labels/bug"
                        },
                        "meta": {},
                        "tainted": false
                    },
                    "deposed": [],
                    "provider": ""
                },
                "github_issue_label.bug-label.49": {
                    "type": "github_issue_label",
                    "depends_on": [],
                    "primary": {
                        "id": "homebrew-core:bug",
                        "attributes": {
                            "color": "ee0701",
                            "id": "homebrew-core:bug",
                            "name": "bug",
                            "repository": "homebrew-core",
                            "url": "https://api.github.com/repos/caarlos0/homebrew-core/labels/bug"
                        },
                        "meta": {},
                        "tainted": false
                    },
                    "deposed": [],
                    "provider": ""
                },
                "github_issue_label.bug-label.5": {
                    "type": "github_issue_label",
                    "depends_on": [],
                    "primary": {
                        "id": "ansible-role-eclipse:bug",
                        "attributes": {
                            "color": "ee0701",
                            "id": "ansible-role-eclipse:bug",
                            "name": "bug",
                            "repository": "ansible-role-eclipse",
                            "url": "https://api.github.com/repos/caarlos0/ansible-role-eclipse/labels/bug"
                        },
                        "meta": {},
                        "tainted": false
                    },
                    "deposed": [],
                    "provider": ""
                },
                "github_issue_label.bug-label.50": {
                    "type": "github_issue_label",
                    "depends_on": [],
                    "primary": {
                        "id": "homebrew-tap:bug",
                        "attributes": {
                            "color": "ee0701",
                            "id": "homebrew-tap:bug",
                            "name": "bug",
                            "repository": "homebrew-tap",
                            "url": "https://api.github.com/repos/caarlos0/homebrew-tap/labels/bug"
                        },
                        "meta": {},
                        "tainted": false
                    },
                    "deposed": [],
                    "provider": ""
                },
                "github_issue_label.bug-label.51": {
                    "type": "github_issue_label",
                    "depends_on": [],
                    "primary": {
                        "id": "is-shit:bug",
                        "attributes": {
                            "color": "ee0701",
                            "id": "is-shit:bug",
                            "name": "bug",
                            "repository": "is-shit",
                            "url": "https://api.github.com/repos/caarlos0/is-shit/labels/bug"
                        },
                        "meta": {},
                        "tainted": false
                    },
                    "deposed": [],
                    "provider": ""
                },
                "github_issue_label.bug-label.52": {
                    "type": "github_issue_label",
                    "depends_on": [],
                    "primary": {
                        "id": "it:bug",
                        "attributes": {
                            "color": "ee0701",
                            "id": "it:bug",
                            "name": "bug",
                            "repository": "it",
                            "url": "https://api.github.com/repos/caarlos0/it/labels/bug"
                        },
                        "meta": {},
                        "tainted": false
                    },
                    "deposed": [],
                    "provider": ""
                },
                "github_issue_label.bug-label.53": {
                    "type": "github_issue_label",
                    "depends_on": [],
                    "primary": {
                        "id": "java-best-practices:bug",
                        "attributes": {
                            "color": "ee0701",
                            "id": "java-best-practices:bug",
                            "name": "bug",
                            "repository": "java-best-practices",
                            "url": "https://api.github.com/repos/caarlos0/java-best-practices/labels/bug"
                        },
                        "meta": {},
                        "tainted": false
                    },
                    "deposed": [],
                    "provider": ""
                },
                "github_issue_label.bug-label.54": {
                    "type": "github_issue_label",
                    "depends_on": [],
                    "primary": {
                        "id": "java-katas:bug",
                        "attributes": {
                            "color": "ee0701",
                            "id": "java-katas:bug",
                            "name": "bug",
                            "repository": "java-katas",
                            "url": "https://api.github.com/repos/caarlos0/java-katas/labels/bug"
                        },
                        "meta": {},
                        "tainted": false
                    },
                    "deposed": [],
                    "provider": ""
                },
                "github_issue_label.bug-label.55": {
                    "type": "github_issue_label",
                    "depends_on": [],
                    "primary": {
                        "id": "jProtractor:bug",
                        "attributes": {
                            "color": "ee0701",
                            "id": "jProtractor:bug",
                            "name": "bug",
                            "repository": "jProtractor",
                            "url": "https://api.github.com/repos/caarlos0/jProtractor/labels/bug"
                        },
                        "meta": {},
                        "tainted": false
                    },
                    "deposed": [],
                    "provider": ""
                },
                "github_issue_label.bug-label.56": {
                    "type": "github_issue_label",
                    "depends_on": [],
                    "primary": {
                        "id": "junit-slowest-tests:bug",
                        "attributes": {
                            "color": "ee0701",
                            "id": "junit-slowest-tests:bug",
                            "name": "bug",
                            "repository": "junit-slowest-tests",
                            "url": "https://api.github.com/repos/caarlos0/junit-slowest-tests/labels/bug"
                        },
                        "meta": {},
                        "tainted": false
                    },
                    "deposed": [],
                    "provider": ""
                },
                "github_issue_label.bug-label.57": {
                    "type": "github_issue_label",
                    "depends_on": [],
                    "primary": {
                        "id": "jvm:bug",
                        "attributes": {
                            "color": "ee0701",
                            "id": "jvm:bug",
                            "name": "bug",
                            "repository": "jvm",
                            "url": "https://api.github.com/repos/caarlos0/jvm/labels/bug"
                        },
                        "meta": {},
                        "tainted": false
                    },
                    "deposed": [],
                    "provider": ""
                },
                "github_issue_label.bug-label.58": {
                    "type": "github_issue_label",
                    "depends_on": [],
                    "primary": {
                        "id": "karmahub:bug",
                        "attributes": {
                            "color": "ee0701",
                            "id": "karmahub:bug",
                            "name": "bug",
                            "repository": "karmahub",
                            "url": "https://api.github.com/repos/caarlos0/karmahub/labels/bug"
                        },
                        "meta": {},
                        "tainted": false
                    },
                    "deposed": [],
                    "provider": ""
                },
                "github_issue_label.bug-label.59": {
                    "type": "github_issue_label",
                    "depends_on": [],
                    "primary": {
                        "id": "Layr:bug",
                        "attributes": {
                            "color": "ee0701",
                            "id": "Layr:bug",
                            "name": "bug",
                            "repository": "Layr",
                            "url": "https://api.github.com/repos/caarlos0/Layr/labels/bug"
                        },
                        "meta": {},
                        "tainted": false
                    },
                    "deposed": [],
                    "provider": ""
                },
                "github_issue_label.bug-label.6": {
                    "type": "github_issue_label",
                    "depends_on": [],
                    "primary": {
                        "id": "ansible-role-java-dev:bug",
                        "attributes": {
                            "color": "ee0701",
                            "id": "ansible-role-java-dev:bug",
                            "name": "bug",
                            "repository": "ansible-role-java-dev",
                            "url": "https://api.github.com/repos/caarlos0/ansible-role-java-dev/labels/bug"
                        },
                        "meta": {},
                        "tainted": false
                    },
                    "deposed": [],
                    "provider": ""
                },
                "github_issue_label.bug-label.60": {
                    "type": "github_issue_label",
                    "depends_on": [],
                    "primary": {
                        "id": "lila:bug",
                        "attributes": {
                            "color": "ee0701",
                            "id": "lila:bug",
                            "name": "bug",
                            "repository": "lila",
                            "url": "https://api.github.com/repos/caarlos0/lila/labels/bug"
                        },
                        "meta": {},
                        "tainted": false
                    },
                    "deposed": [],
                    "provider": ""
                },
                "github_issue_label.bug-label.61": {
                    "type": "github_issue_label",
                    "depends_on": [],
                    "primary": {
                        "id": "lila-aop:bug",
                        "attributes": {
                            "color": "ee0701",
                            "id": "lila-aop:bug",
                            "name": "bug",
                            "repository": "lila-aop",
                            "url": "https://api.github.com/repos/caarlos0/lila-aop/labels/bug"
                        },
                        "meta": {},
                        "tainted": false
                    },
                    "deposed": [],
                    "provider": ""
                },
                "github_issue_label.bug-label.62": {
                    "type": "github_issue_label",
                    "depends_on": [],
                    "primary": {
                        "id": "machine:bug",
                        "attributes": {
                            "color": "ee0701",
                            "id": "machine:bug",
                            "name": "bug",
                            "repository": "machine",
                            "url": "https://api.github.com/repos/caarlos0/machine/labels/bug"
                        },
                        "meta": {},
                        "tainted": false
                    },
                    "deposed": [],
                    "provider": ""
                },
                "github_issue_label.bug-label.63": {
                    "type": "github_issue_label",
                    "depends_on": [],
                    "primary": {
                        "id": "macOS:bug",
                        "attributes": {
                            "color": "ee0701",
                            "id": "macOS:bug",
                            "name": "bug",
                            "repository": "macOS",
                            "url": "https://api.github.com/repos/caarlos0/macOS/labels/bug"
                        },
                        "meta": {},
                        "tainted": false
                    },
                    "deposed": [],
                    "provider": ""
                },
                "github_issue_label.bug-label.64": {
                    "type": "github_issue_label",
                    "depends_on": [],
                    "primary": {
                        "id": "maskedinput-rails:bug",
                        "attributes": {
                            "color": "ee0701",
                            "id": "maskedinput-rails:bug",
                            "name": "bug",
                            "repository": "maskedinput-rails",
                            "url": "https://api.github.com/repos/caarlos0/maskedinput-rails/labels/bug"
                        },
                        "meta": {},
                        "tainted": false
                    },
                    "deposed": [],
                    "provider": ""
                },
                "github_issue_label.bug-label.65": {
                    "type": "github_issue_label",
                    "depends_on": [],
                    "primary": {
                        "id": "maskmoney-rails:bug",
                        "attributes": {
                            "color": "ee0701",
                            "id": "maskmoney-rails:bug",
                            "name": "bug",
                            "repository": "maskmoney-rails",
                            "url": "https://api.github.com/repos/caarlos0/maskmoney-rails/labels/bug"
                        },
                        "meta": {},
                        "tainted": false
                    },
                    "deposed": [],
                    "provider": ""
                },
                "github_issue_label.bug-label.66": {
                    "type": "github_issue_label",
                    "depends_on": [],
                    "primary": {
                        "id": "maven:bug",
                        "attributes": {
                            "color": "ee0701",
                            "id": "maven:bug",
                            "name": "bug",
                            "repository": "maven",
                            "url": "https://api.github.com/repos/caarlos0/maven/labels/bug"
                        },
                        "meta": {},
                        "tainted": false
                    },
                    "deposed": [],
                    "provider": ""
                },
                "github_issue_label.bug-label.67": {
                    "type": "github_issue_label",
                    "depends_on": [],
                    "primary": {
                        "id": "meditec:bug",
                        "attributes": {
                            "color": "ee0701",
                            "id": "meditec:bug",
                            "name": "bug",
                            "repository": "meditec",
                            "url": "https://api.github.com/repos/caarlos0/meditec/labels/bug"
                        },
                        "meta": {},
                        "tainted": false
                    },
                    "deposed": [],
                    "provider": ""
                },
                "github_issue_label.bug-label.68": {
                    "type": "github_issue_label",
                    "depends_on": [],
                    "primary": {
                        "id": "modular-build:bug",
                        "attributes": {
                            "color": "ee0701",
                            "id": "modular-build:bug",
                            "name": "bug",
                            "repository": "modular-build",
                            "url": "https://api.github.com/repos/caarlos0/modular-build/labels/bug"
                        },
                        "meta": {},
                        "tainted": false
                    },
                    "deposed": [],
                    "provider": ""
                },
                "github_issue_label.bug-label.69": {
                    "type": "github_issue_label",
                    "depends_on": [],
                    "primary": {
                        "id": "msfonts:bug",
                        "attributes": {
                            "color": "ee0701",
                            "id": "msfonts:bug",
                            "name": "bug",
                            "repository": "msfonts",
                            "url": "https://api.github.com/repos/caarlos0/msfonts/labels/bug"
                        },
                        "meta": {},
                        "tainted": false
                    },
                    "deposed": [],
                    "provider": ""
                },
                "github_issue_label.bug-label.7": {
                    "type": "github_issue_label",
                    "depends_on": [],
                    "primary": {
                        "id": "bitstarter:bug",
                        "attributes": {
                            "color": "ee0701",
                            "id": "bitstarter:bug",
                            "name": "bug",
                            "repository": "bitstarter",
                            "url": "https://api.github.com/repos/caarlos0/bitstarter/labels/bug"
                        },
                        "meta": {},
                        "tainted": false
                    },
                    "deposed": [],
                    "provider": ""
                },
                "github_issue_label.bug-label.70": {
                    "type": "github_issue_label",
                    "depends_on": [],
                    "primary": {
                        "id": "nodejs-playground:bug",
                        "attributes": {
                            "color": "ee0701",
                            "id": "nodejs-playground:bug",
                            "name": "bug",
                            "repository": "nodejs-playground",
                            "url": "https://api.github.com/repos/caarlos0/nodejs-playground/labels/bug"
                        },
                        "meta": {},
                        "tainted": false
                    },
                    "deposed": [],
                    "provider": ""
                },
                "github_issue_label.bug-label.71": {
                    "type": "github_issue_label",
                    "depends_on": [],
                    "primary": {
                        "id": "nprogress-rails:bug",
                        "attributes": {
                            "color": "ee0701",
                            "id": "nprogress-rails:bug",
                            "name": "bug",
                            "repository": "nprogress-rails",
                            "url": "https://api.github.com/repos/caarlos0/nprogress-rails/labels/bug"
                        },
                        "meta": {},
                        "tainted": false
                    },
                    "deposed": [],
                    "provider": ""
                },
                "github_issue_label.bug-label.72": {
                    "type": "github_issue_label",
                    "depends_on": [],
                    "primary": {
                        "id": "ocjp-resources:bug",
                        "attributes": {
                            "color": "ee0701",
                            "id": "ocjp-resources:bug",
                            "name": "bug",
                            "repository": "ocjp-resources",
                            "url": "https://api.github.com/repos/caarlos0/ocjp-resources/labels/bug"
                        },
                        "meta": {},
                        "tainted": false
                    },
                    "deposed": [],
                    "provider": ""
                },
                "github_issue_label.bug-label.73": {
                    "type": "github_issue_label",
                    "depends_on": [],
                    "primary": {
                        "id": "oop-clock:bug",
                        "attributes": {
                            "color": "ee0701",
                            "id": "oop-clock:bug",
                            "name": "bug",
                            "repository": "oop-clock",
                            "url": "https://api.github.com/repos/caarlos0/oop-clock/labels/bug"
                        },
                        "meta": {},
                        "tainted": false
                    },
                    "deposed": [],
                    "provider": ""
                },
                "github_issue_label.bug-label.74": {
                    "type": "github_issue_label",
                    "depends_on": [],
                    "primary": {
                        "id": "org-stats:bug",
                        "attributes": {
                            "color": "ee0701",
                            "id": "org-stats:bug",
                            "name": "bug",
                            "repository": "org-stats",
                            "url": "https://api.github.com/repos/caarlos0/org-stats/labels/bug"
                        },
                        "meta": {},
                        "tainted": false
                    },
                    "deposed": [],
                    "provider": ""
                },
                "github_issue_label.bug-label.75": {
                    "type": "github_issue_label",
                    "depends_on": [],
                    "primary": {
                        "id": "parent-pom:bug",
                        "attributes": {
                            "color": "ee0701",
                            "id": "parent-pom:bug",
                            "name": "bug",
                            "repository": "parent-pom",
                            "url": "https://api.github.com/repos/caarlos0/parent-pom/labels/bug"
                        },
                        "meta": {},
                        "tainted": false
                    },
                    "deposed": [],
                    "provider": ""
                },
                "github_issue_label.bug-label.76": {
                    "type": "github_issue_label",
                    "depends_on": [],
                    "primary": {
                        "id": "persistence-base:bug",
                        "attributes": {
                            "color": "ee0701",
                            "id": "persistence-base:bug",
                            "name": "bug",
                            "repository": "persistence-base",
                            "url": "https://api.github.com/repos/caarlos0/persistence-base/labels/bug"
                        },
                        "meta": {},
                        "tainted": false
                    },
                    "deposed": [],
                    "provider": ""
                },
                "github_issue_label.bug-label.77": {
                    "type": "github_issue_label",
                    "depends_on": [],
                    "primary": {
                        "id": "ports:bug",
                        "attributes": {
                            "color": "ee0701",
                            "id": "ports:bug",
                            "name": "bug",
                            "repository": "ports",
                            "url": "https://api.github.com/repos/caarlos0/ports/labels/bug"
                        },
                        "meta": {},
                        "tainted": false
                    },
                    "deposed": [],
                    "provider": ""
                },
                "github_issue_label.bug-label.78": {
                    "type": "github_issue_label",
                    "depends_on": [],
                    "primary": {
                        "id": "progfun-003:bug",
                        "attributes": {
                            "color": "ee0701",
                            "id": "progfun-003:bug",
                            "name": "bug",
                            "repository": "progfun-003",
                            "url": "https://api.github.com/repos/caarlos0/progfun-003/labels/bug"
                        },
                        "meta": {},
                        "tainted": false
                    },
                    "deposed": [],
                    "provider": ""
                },
                "github_issue_label.bug-label.79": {
                    "type": "github_issue_label",
                    "depends_on": [],
                    "primary": {
                        "id": "proglang-002:bug",
                        "attributes": {
                            "color": "ee0701",
                            "id": "proglang-002:bug",
                            "name": "bug",
                            "repository": "proglang-002",
                            "url": "https://api.github.com/repos/caarlos0/proglang-002/labels/bug"
                        },
                        "meta": {},
                        "tainted": false
                    },
                    "deposed": [],
                    "provider": ""
                },
                "github_issue_label.bug-label.8": {
                    "type": "github_issue_label",
                    "depends_on": [],
                    "primary": {
                        "id": "bootstrap-daterangepicker-rails:bug",
                        "attributes": {
                            "color": "ee0701",
                            "id": "bootstrap-daterangepicker-rails:bug",
                            "name": "bug",
                            "repository": "bootstrap-daterangepicker-rails",
                            "url": "https://api.github.com/repos/caarlos0/bootstrap-daterangepicker-rails/labels/bug"
                        },
                        "meta": {},
                        "tainted": false
                    },
                    "deposed": [],
                    "provider": ""
                },
                "github_issue_label.bug-label.80": {
                    "type": "github_issue_label",
                    "depends_on": [],
                    "primary": {
                        "id": "promfmt:bug",
                        "attributes": {
                            "color": "ee0701",
                            "id": "promfmt:bug",
                            "name": "bug",
                            "repository": "promfmt",
                            "url": "https://api.github.com/repos/caarlos0/promfmt/labels/bug"
                        },
                        "meta": {},
                        "tainted": false
                    },
                    "deposed": [],
                    "provider": ""
                },
                "github_issue_label.bug-label.81": {
                    "type": "github_issue_label",
                    "depends_on": [],
                    "primary": {
                        "id": "rails-bootstrap-toggle-buttons:bug",
                        "attributes": {
                            "color": "ee0701",
                            "id": "rails-bootstrap-toggle-buttons:bug",
                            "name": "bug",
                            "repository": "rails-bootstrap-toggle-buttons",
                            "url": "https://api.github.com/repos/caarlos0/rails-bootstrap-toggle-buttons/labels/bug"
                        },
                        "meta": {},
                        "tainted": false
                    },
                    "deposed": [],
                    "provider": ""
                },
                "github_issue_label.bug-label.82": {
                    "type": "github_issue_label",
                    "depends_on": [],
                    "primary": {
                        "id": "railscasts-downloader:bug",
                        "attributes": {
                            "color": "ee0701",
                            "id": "railscasts-downloader:bug",
                            "name": "bug",
                            "repository": "railscasts-downloader",
                            "url": "https://api.github.com/repos/caarlos0/railscasts-downloader/labels/bug"
                        },
                        "meta": {},
                        "tainted": false
                    },
                    "deposed": [],
                    "provider": ""
                },
                "github_issue_label.bug-label.83": {
                    "type": "github_issue_label",
                    "depends_on": [],
                    "primary": {
                        "id": "rca:bug",
                        "attributes": {
                            "color": "ee0701",
                            "id": "rca:bug",
                            "name": "bug",
                            "repository": "rca",
                            "url": "https://api.github.com/repos/caarlos0/rca/labels/bug"
                        },
                        "meta": {},
                        "tainted": false
                    },
                    "deposed": [],
                    "provider": ""
                },
                "github_issue_label.bug-label.84": {
                    "type": "github_issue_label",
                    "depends_on": [],
                    "primary": {
                        "id": "repo-watcher:bug",
                        "attributes": {
                            "color": "ee0701",
                            "id": "repo-watcher:bug",
                            "name": "bug",
                            "repository": "repo-watcher",
                            "url": "https://api.github.com/repos/caarlos0/repo-watcher/labels/bug"
                        },
                        "meta": {},
                        "tainted": false
                    },
                    "deposed": [],
                    "provider": ""
                },
                "github_issue_label.bug-label.85": {
                    "type": "github_issue_label",
                    "depends_on": [],
                    "primary": {
                        "id": "route53-cleaner:bug",
                        "attributes": {
                            "color": "ee0701",
                            "id": "route53-cleaner:bug",
                            "name": "bug",
                            "repository": "route53-cleaner",
                            "url": "https://api.github.com/repos/caarlos0/route53-cleaner/labels/bug"
                        },
                        "meta": {},
                        "tainted": false
                    },
                    "deposed": [],
                    "provider": ""
                },
                "github_issue_label.bug-label.86": {
                    "type": "github_issue_label",
                    "depends_on": [],
                    "primary": {
                        "id": "ruby-katas:bug",
                        "attributes": {
                            "color": "ee0701",
                            "id": "ruby-katas:bug",
                            "name": "bug",
                            "repository": "ruby-katas",
                            "url": "https://api.github.com/repos/caarlos0/ruby-katas/labels/bug"
                        },
                        "meta": {},
                        "tainted": false
                    },
                    "deposed": [],
                    "provider": ""
                },
                "github_issue_label.bug-label.87": {
                    "type": "github_issue_label",
                    "depends_on": [],
                    "primary": {
                        "id": "sc-niozip:bug",
                        "attributes": {
                            "color": "ee0701",
                            "id": "sc-niozip:bug",
                            "name": "bug",
                            "repository": "sc-niozip",
                            "url": "https://api.github.com/repos/caarlos0/sc-niozip/labels/bug"
                        },
                        "meta": {},
                        "tainted": false
                    },
                    "deposed": [],
                    "provider": ""
                },
                "github_issue_label.bug-label.88": {
                    "type": "github_issue_label",
                    "depends_on": [],
                    "primary": {
                        "id": "scala-playground:bug",
                        "attributes": {
                            "color": "ee0701",
                            "id": "scala-playground:bug",
                            "name": "bug",
                            "repository": "scala-playground",
                            "url": "https://api.github.com/repos/caarlos0/scala-playground/labels/bug"
                        },
                        "meta": {},
                        "tainted": false
                    },
                    "deposed": [],
                    "provider": ""
                },
                "github_issue_label.bug-label.89": {
                    "type": "github_issue_label",
                    "depends_on": [],
                    "primary": {
                        "id": "selenium-grid-on-docker-example:bug",
                        "attributes": {
                            "color": "ee0701",
                            "id": "selenium-grid-on-docker-example:bug",
                            "name": "bug",
                            "repository": "selenium-grid-on-docker-example",
                            "url": "https://api.github.com/repos/caarlos0/selenium-grid-on-docker-example/labels/bug"
                        },
                        "meta": {},
                        "tainted": false
                    },
                    "deposed": [],
                    "provider": ""
                },
                "github_issue_label.bug-label.9": {
                    "type": "github_issue_label",
                    "depends_on": [],
                    "primary": {
                        "id": "caarlos0.github.com:bug",
                        "attributes": {
                            "color": "ee0701",
                            "id": "caarlos0.github.com:bug",
                            "name": "bug",
                            "repository": "caarlos0.github.com",
                            "url": "https://api.github.com/repos/caarlos0/caarlos0.github.com/labels/bug"
                        },
                        "meta": {},
                        "tainted": false
                    },
                    "deposed": [],
                    "provider": ""
                },
                "github_issue_label.bug-label.90": {
                    "type": "github_issue_label",
                    "depends_on": [],
                    "primary": {
                        "id": "shcheck:bug",
                        "attributes": {
                            "color": "ee0701",
                            "id": "shcheck:bug",
                            "name": "bug",
                            "repository": "shcheck",
                            "url": "https://api.github.com/repos/caarlos0/shcheck/labels/bug"
                        },
                        "meta": {},
                        "tainted": false
                    },
                    "deposed": [],
                    "provider": ""
                },
                "github_issue_label.bug-label.91": {
                    "type": "github_issue_label",
                    "depends_on": [],
                    "primary": {
                        "id": "shell-ci-build:bug",
                        "attributes": {
                            "color": "ee0701",
                            "id": "shell-ci-build:bug",
                            "name": "bug",
                            "repository": "shell-ci-build",
                            "url": "https://api.github.com/repos/caarlos0/shell-ci-build/labels/bug"
                        },
                        "meta": {},
                        "tainted": false
                    },
                    "deposed": [],
                    "provider": ""
                },
                "github_issue_label.bug-label.92": {
                    "type": "github_issue_label",
                    "depends_on": [],
                    "primary": {
                        "id": "shellcheck-docker:bug",
                        "attributes": {
                            "color": "ee0701",
                            "id": "shellcheck-docker:bug",
                            "name": "bug",
                            "repository": "shellcheck-docker",
                            "url": "https://api.github.com/repos/caarlos0/shellcheck-docker/labels/bug"
                        },
                        "meta": {},
                        "tainted": false
                    },
                    "deposed": [],
                    "provider": ""
                },
                "github_issue_label.bug-label.93": {
                    "type": "github_issue_label",
                    "depends_on": [],
                    "primary": {
                        "id": "shellstyle:bug",
                        "attributes": {
                            "color": "ee0701",
                            "id": "shellstyle:bug",
                            "name": "bug",
                            "repository": "shellstyle",
                            "url": "https://api.github.com/repos/caarlos0/shellstyle/labels/bug"
                        },
                        "meta": {},
                        "tainted": false
                    },
                    "deposed": [],
                    "provider": ""
                },
                "github_issue_label.bug-label.94": {
                    "type": "github_issue_label",
                    "depends_on": [],
                    "primary": {
                        "id": "shippable-minv2-last-maven:bug",
                        "attributes": {
                            "color": "ee0701",
                            "id": "shippable-minv2-last-maven:bug",
                            "name": "bug",
                            "repository": "shippable-minv2-last-maven",
                            "url": "https://api.github.com/repos/caarlos0/shippable-minv2-last-maven/labels/bug"
                        },
                        "meta": {},
                        "tainted": false
                    },
                    "deposed": [],
                    "provider": ""
                },
                "github_issue_label.bug-label.95": {
                    "type": "github_issue_label",
                    "depends_on": [],
                    "primary": {
                        "id": "shippable-minv2-maven32:bug",
                        "attributes": {
                            "color": "ee0701",
                            "id": "shippable-minv2-maven32:bug",
                            "name": "bug",
                            "repository": "shippable-minv2-maven32",
                            "url": "https://api.github.com/repos/caarlos0/shippable-minv2-maven32/labels/bug"
                        },
                        "meta": {},
                        "tainted": false
                    },
                    "deposed": [],
                    "provider": ""
                },
                "github_issue_label.bug-label.96": {
                    "type": "github_issue_label",
                    "depends_on": [],
                    "primary": {
                        "id": "simple-cdi-examples:bug",
                        "attributes": {
                            "color": "ee0701",
                            "id": "simple-cdi-examples:bug",
                            "name": "bug",
                            "repository": "simple-cdi-examples",
                            "url": "https://api.github.com/repos/caarlos0/simple-cdi-examples/labels/bug"
                        },
                        "meta": {},
                        "tainted": false
                    },
                    "deposed": [],
                    "provider": ""
                },
                "github_issue_label.bug-label.97": {
                    "type": "github_issue_label",
                    "depends_on": [],
                    "primary": {
                        "id": "sinatra_examples:bug",
                        "attributes": {
                            "color": "ee0701",
                            "id": "sinatra_examples:bug",
                            "name": "bug",
                            "repository": "sinatra_examples",
                            "url": "https://api.github.com/repos/caarlos0/sinatra_examples/labels/bug"
                        },
                        "meta": {},
                        "tainted": false
                    },
                    "deposed": [],
                    "provider": ""
                },
                "github_issue_label.bug-label.98": {
                    "type": "github_issue_label",
                    "depends_on": [],
                    "primary": {
                        "id": "small-go-app-container-example:bug",
                        "attributes": {
                            "color": "ee0701",
                            "id": "small-go-app-container-example:bug",
                            "name": "bug",
                            "repository": "small-go-app-container-example",
                            "url": "https://api.github.com/repos/caarlos0/small-go-app-container-example/labels/bug"
                        },
                        "meta": {},
                        "tainted": false
                    },
                    "deposed": [],
                    "provider": ""
                },
                "github_issue_label.bug-label.99": {
                    "type": "github_issue_label",
                    "depends_on": [],
                    "primary": {
                        "id": "spin:bug",
                        "attributes": {
                            "color": "ee0701",
                            "id": "spin:bug",
                            "name": "bug",
                            "repository": "spin",
                            "url": "https://api.github.com/repos/caarlos0/spin/labels/bug"
                        },
                        "meta": {},
                        "tainted": false
                    },
                    "deposed": [],
                    "provider": ""
                },
                "github_issue_label.chore-label.0": {
                    "type": "github_issue_label",
                    "depends_on": [],
                    "primary": {
                        "id": "ajaxspin:chore",
                        "attributes": {
                            "color": "bfd4f2",
                            "id": "ajaxspin:chore",
                            "name": "chore",
                            "repository": "ajaxspin",
                            "url": "https://api.github.com/repos/caarlos0/ajaxspin/labels/chore"
                        },
                        "meta": {},
                        "tainted": false
                    },
                    "deposed": [],
                    "provider": ""
                },
                "github_issue_label.chore-label.1": {
                    "type": "github_issue_label",
                    "depends_on": [],
                    "primary": {
                        "id": "alelobot:chore",
                        "attributes": {
                            "color": "bfd4f2",
                            "id": "alelobot:chore",
                            "name": "chore",
                            "repository": "alelobot",
                            "url": "https://api.github.com/repos/caarlos0/alelobot/labels/chore"
                        },
                        "meta": {},
                        "tainted": false
                    },
                    "deposed": [],
                    "provider": ""
                },
                "github_issue_label.chore-label.10": {
                    "type": "github_issue_label",
                    "depends_on": [],
                    "primary": {
                        "id": "casa-robot:chore",
                        "attributes": {
                            "color": "bfd4f2",
                            "id": "casa-robot:chore",
                            "name": "chore",
                            "repository": "casa-robot",
                            "url": "https://api.github.com/repos/caarlos0/casa-robot/labels/chore"
                        },
                        "meta": {},
                        "tainted": false
                    },
                    "deposed": [],
                    "provider": ""
                },
                "github_issue_label.chore-label.11": {
                    "type": "github_issue_label",
                    "depends_on": [],
                    "primary": {
                        "id": "cepinator:chore",
                        "attributes": {
                            "color": "bfd4f2",
                            "id": "cepinator:chore",
                            "name": "chore",
                            "repository": "cepinator",
                            "url": "https://api.github.com/repos/caarlos0/cepinator/labels/chore"
                        },
                        "meta": {},
                        "tainted": false
                    },
                    "deposed": [],
                    "provider": ""
                },
                "github_issue_label.chore-label.12": {
                    "type": "github_issue_label",
                    "depends_on": [],
                    "primary": {
                        "id": "chosen-sass-bootstrap-rails:chore",
                        "attributes": {
                            "color": "bfd4f2",
                            "id": "chosen-sass-bootstrap-rails:chore",
                            "name": "chore",
                            "repository": "chosen-sass-bootstrap-rails",
                            "url": "https://api.github.com/repos/caarlos0/chosen-sass-bootstrap-rails/labels/chore"
                        },
                        "meta": {},
                        "tainted": false
                    },
                    "deposed": [],
                    "provider": ""
                },
                "github_issue_label.chore-label.13": {
                    "type": "github_issue_label",
                    "depends_on": [],
                    "primary": {
                        "id": "circuit-breaker-playground:chore",
                        "attributes": {
                            "color": "bfd4f2",
                            "id": "circuit-breaker-playground:chore",
                            "name": "chore",
                            "repository": "circuit-breaker-playground",
                            "url": "https://api.github.com/repos/caarlos0/circuit-breaker-playground/labels/chore"
                        },
                        "meta": {},
                        "tainted": false
                    },
                    "deposed": [],
                    "provider": ""
                },
                "github_issue_label.chore-label.14": {
                    "type": "github_issue_label",
                    "depends_on": [],
                    "primary": {
                        "id": "clone-org:chore",
                        "attributes": {
                            "color": "bfd4f2",
                            "id": "clone-org:chore",
                            "name": "chore",
                            "repository": "clone-org",
                            "url": "https://api.github.com/repos/caarlos0/clone-org/labels/chore"
                        },
                        "meta": {},
                        "tainted": false
                    },
                    "deposed": [],
                    "provider": ""
                },
                "github_issue_label.chore-label.15": {
                    "type": "github_issue_label",
                    "depends_on": [],
                    "primary": {
                        "id": "coinbase:chore",
                        "attributes": {
                            "color": "bfd4f2",
                            "id": "coinbase:chore",
                            "name": "chore",
                            "repository": "coinbase",
                            "url": "https://api.github.com/repos/caarlos0/coinbase/labels/chore"
                        },
                        "meta": {},
                        "tainted": false
                    },
                    "deposed": [],
                    "provider": ""
                },
                "github_issue_label.chore-label.16": {
                    "type": "github_issue_label",
                    "depends_on": [],
                    "primary": {
                        "id": "coverage-incrementer:chore",
                        "attributes": {
                            "color": "bfd4f2",
                            "id": "coverage-incrementer:chore",
                            "name": "chore",
                            "repository": "coverage-incrementer",
                            "url": "https://api.github.com/repos/caarlos0/coverage-incrementer/labels/chore"
                        },
                        "meta": {},
                        "tainted": false
                    },
                    "deposed": [],
                    "provider": ""
                },
                "github_issue_label.chore-label.17": {
                    "type": "github_issue_label",
                    "depends_on": [],
                    "primary": {
                        "id": "coverage-maven-plugin:chore",
                        "attributes": {
                            "color": "bfd4f2",
                            "id": "coverage-maven-plugin:chore",
                            "name": "chore",
                            "repository": "coverage-maven-plugin",
                            "url": "https://api.github.com/repos/caarlos0/coverage-maven-plugin/labels/chore"
                        },
                        "meta": {},
                        "tainted": false
                    },
                    "deposed": [],
                    "provider": ""
                },
                "github_issue_label.chore-label.18": {
                    "type": "github_issue_label",
                    "depends_on": [],
                    "primary": {
                        "id": "css3-microsoft-metro-buttons-rails:chore",
                        "attributes": {
                            "color": "bfd4f2",
                            "id": "css3-microsoft-metro-buttons-rails:chore",
                            "name": "chore",
                            "repository": "css3-microsoft-metro-buttons-rails",
                            "url": "https://api.github.com/repos/caarlos0/css3-microsoft-metro-buttons-rails/labels/chore"
                        },
                        "meta": {},
                        "tainted": false
                    },
                    "deposed": [],
                    "provider": ""
                },
                "github_issue_label.chore-label.19": {
                    "type": "github_issue_label",
                    "depends_on": [],
                    "primary": {
                        "id": "danfe-server:chore",
                        "attributes": {
                            "color": "bfd4f2",
                            "id": "danfe-server:chore",
                            "name": "chore",
                            "repository": "danfe-server",
                            "url": "https://api.github.com/repos/caarlos0/danfe-server/labels/chore"
                        },
                        "meta": {},
                        "tainted": false
                    },
                    "deposed": [],
                    "provider": ""
                },
                "github_issue_label.chore-label.2": {
                    "type": "github_issue_label",
                    "depends_on": [],
                    "primary": {
                        "id": "alelogo:chore",
                        "attributes": {
                            "color": "bfd4f2",
                            "id": "alelogo:chore",
                            "name": "chore",
                            "repository": "alelogo",
                            "url": "https://api.github.com/repos/caarlos0/alelogo/labels/chore"
                        },
                        "meta": {},
                        "tainted": false
                    },
                    "deposed": [],
                    "provider": ""
                },
                "github_issue_label.chore-label.20": {
                    "type": "github_issue_label",
                    "depends_on": [],
                    "primary": {
                        "id": "datedsl:chore",
                        "attributes": {
                            "color": "bfd4f2",
                            "id": "datedsl:chore",
                            "name": "chore",
                            "repository": "datedsl",
                            "url": "https://api.github.com/repos/caarlos0/datedsl/labels/chore"
                        },
                        "meta": {},
                        "tainted": false
                    },
                    "deposed": [],
                    "provider": ""
                },
                "github_issue_label.chore-label.21": {
                    "type": "github_issue_label",
                    "depends_on": [],
                    "primary": {
                        "id": "displayer:chore",
                        "attributes": {
                            "color": "bfd4f2",
                            "id": "displayer:chore",
                            "name": "chore",
                            "repository": "displayer",
                            "url": "https://api.github.com/repos/caarlos0/displayer/labels/chore"
                        },
                        "meta": {},
                        "tainted": false
                    },
                    "deposed": [],
                    "provider": ""
                },
                "github_issue_label.chore-label.22": {
                    "type": "github_issue_label",
                    "depends_on": [],
                    "primary": {
                        "id": "docker-alpine-go:chore",
                        "attributes": {
                            "color": "bfd4f2",
                            "id": "docker-alpine-go:chore",
                            "name": "chore",
                            "repository": "docker-alpine-go",
                            "url": "https://api.github.com/repos/caarlos0/docker-alpine-go/labels/chore"
                        },
                        "meta": {},
                        "tainted": false
                    },
                    "deposed": [],
                    "provider": ""
                },
                "github_issue_label.chore-label.23": {
                    "type": "github_issue_label",
                    "depends_on": [],
                    "primary": {
                        "id": "docker-alpine-oraclejdk7:chore",
                        "attributes": {
                            "color": "bfd4f2",
                            "id": "docker-alpine-oraclejdk7:chore",
                            "name": "chore",
                            "repository": "docker-alpine-oraclejdk7",
                            "url": "https://api.github.com/repos/caarlos0/docker-alpine-oraclejdk7/labels/chore"
                        },
                        "meta": {},
                        "tainted": false
                    },
                    "deposed": [],
                    "provider": ""
                },
                "github_issue_label.chore-label.24": {
                    "type": "github_issue_label",
                    "depends_on": [],
                    "primary": {
                        "id": "docker-alpine-oraclejdk7-mvn:chore",
                        "attributes": {
                            "color": "bfd4f2",
                            "id": "docker-alpine-oraclejdk7-mvn:chore",
                            "name": "chore",
                            "repository": "docker-alpine-oraclejdk7-mvn",
                            "url": "https://api.github.com/repos/caarlos0/docker-alpine-oraclejdk7-mvn/labels/chore"
                        },
                        "meta": {},
                        "tainted": false
                    },
                    "deposed": [],
                    "provider": ""
                },
                "github_issue_label.chore-label.25": {
                    "type": "github_issue_label",
                    "depends_on": [],
                    "primary": {
                        "id": "dotfiles:chore",
                        "attributes": {
                            "color": "bfd4f2",
                            "id": "dotfiles:chore",
                            "name": "chore",
                            "repository": "dotfiles",
                            "url": "https://api.github.com/repos/caarlos0/dotfiles/labels/chore"
                        },
                        "meta": {},
                        "tainted": false
                    },
                    "deposed": [],
                    "provider": ""
                },
                "github_issue_label.chore-label.26": {
                    "type": "github_issue_label",
                    "depends_on": [],
                    "primary": {
                        "id": "elixir-playground:chore",
                        "attributes": {
                            "color": "bfd4f2",
                            "id": "elixir-playground:chore",
                            "name": "chore",
                            "repository": "elixir-playground",
                            "url": "https://api.github.com/repos/caarlos0/elixir-playground/labels/chore"
                        },
                        "meta": {},
                        "tainted": false
                    },
                    "deposed": [],
                    "provider": ""
                },
                "github_issue_label.chore-label.27": {
                    "type": "github_issue_label",
                    "depends_on": [],
                    "primary": {
                        "id": "env:chore",
                        "attributes": {
                            "color": "bfd4f2",
                            "id": "env:chore",
                            "name": "chore",
                            "repository": "env",
                            "url": "https://api.github.com/repos/caarlos0/env/labels/chore"
                        },
                        "meta": {},
                        "tainted": false
                    },
                    "deposed": [],
                    "provider": ""
                },
                "github_issue_label.chore-label.28": {
                    "type": "github_issue_label",
                    "depends_on": [],
                    "primary": {
                        "id": "erlang-playground:chore",
                        "attributes": {
                            "color": "bfd4f2",
                            "id": "erlang-playground:chore",
                            "name": "chore",
                            "repository": "erlang-playground",
                            "url": "https://api.github.com/repos/caarlos0/erlang-playground/labels/chore"
                        },
                        "meta": {},
                        "tainted": false
                    },
                    "deposed": [],
                    "provider": ""
                },
                "github_issue_label.chore-label.29": {
                    "type": "github_issue_label",
                    "depends_on": [],
                    "primary": {
                        "id": "example:chore",
                        "attributes": {
                            "color": "bfd4f2",
                            "id": "example:chore",
                            "name": "chore",
                            "repository": "example",
                            "url": "https://api.github.com/repos/caarlos0/example/labels/chore"
                        },
                        "meta": {},
                        "tainted": false
                    },
                    "deposed": [],
                    "provider": ""
                },
                "github_issue_label.chore-label.3": {
                    "type": "github_issue_label",
                    "depends_on": [],
                    "primary": {
                        "id": "am-i-working:chore",
                        "attributes": {
                            "color": "bfd4f2",
                            "id": "am-i-working:chore",
                            "name": "chore",
                            "repository": "am-i-working",
                            "url": "https://api.github.com/repos/caarlos0/am-i-working/labels/chore"
                        },
                        "meta": {},
                        "tainted": false
                    },
                    "deposed": [],
                    "provider": ""
                },
                "github_issue_label.chore-label.30": {
                    "type": "github_issue_label",
                    "depends_on": [],
                    "primary": {
                        "id": "fork-cleaner:chore",
                        "attributes": {
                            "color": "bfd4f2",
                            "id": "fork-cleaner:chore",
                            "name": "chore",
                            "repository": "fork-cleaner",
                            "url": "https://api.github.com/repos/caarlos0/fork-cleaner/labels/chore"
                        },
                        "meta": {},
                        "tainted": false
                    },
                    "deposed": [],
                    "provider": ""
                },
                "github_issue_label.chore-label.31": {
                    "type": "github_issue_label",
                    "depends_on": [],
                    "primary": {
                        "id": "FRaaS:chore",
                        "attributes": {
                            "color": "bfd4f2",
                            "id": "FRaaS:chore",
                            "name": "chore",
                            "repository": "FRaaS",
                            "url": "https://api.github.com/repos/caarlos0/FRaaS/labels/chore"
                        },
                        "meta": {},
                        "tainted": false
                    },
                    "deposed": [],
                    "provider": ""
                },
                "github_issue_label.chore-label.32": {
                    "type": "github_issue_label",
                    "depends_on": [],
                    "primary": {
                        "id": "git-add-remote:chore",
                        "attributes": {
                            "color": "bfd4f2",
                            "id": "git-add-remote:chore",
                            "name": "chore",
                            "repository": "git-add-remote",
                            "url": "https://api.github.com/repos/caarlos0/git-add-remote/labels/chore"
                        },
                        "meta": {},
                        "tainted": false
                    },
                    "deposed": [],
                    "provider": ""
                },
                "github_issue_label.chore-label.33": {
                    "type": "github_issue_label",
                    "depends_on": [],
                    "primary": {
                        "id": "git-gc:chore",
                        "attributes": {
                            "color": "bfd4f2",
                            "id": "git-gc:chore",
                            "name": "chore",
                            "repository": "git-gc",
                            "url": "https://api.github.com/repos/caarlos0/git-gc/labels/chore"
                        },
                        "meta": {},
                        "tainted": false
                    },
                    "deposed": [],
                    "provider": ""
                },
                "github_issue_label.chore-label.34": {
                    "type": "github_issue_label",
                    "depends_on": [],
                    "primary": {
                        "id": "github:chore",
                        "attributes": {
                            "color": "bfd4f2",
                            "id": "github:chore",
                            "name": "chore",
                            "repository": "github",
                            "url": "https://api.github.com/repos/caarlos0/github/labels/chore"
                        },
                        "meta": {},
                        "tainted": false
                    },
                    "deposed": [],
                    "provider": ""
                },
                "github_issue_label.chore-label.35": {
                    "type": "github_issue_label",
                    "depends_on": [],
                    "primary": {
                        "id": "github-buildkite-wire:chore",
                        "attributes": {
                            "color": "bfd4f2",
                            "id": "github-buildkite-wire:chore",
                            "name": "chore",
                            "repository": "github-buildkite-wire",
                            "url": "https://api.github.com/repos/caarlos0/github-buildkite-wire/labels/chore"
                        },
                        "meta": {},
                        "tainted": false
                    },
                    "deposed": [],
                    "provider": ""
                },
                "github_issue_label.chore-label.36": {
                    "type": "github_issue_label",
                    "depends_on": [],
                    "primary": {
                        "id": "github-integrator:chore",
                        "attributes": {
                            "color": "bfd4f2",
                            "id": "github-integrator:chore",
                            "name": "chore",
                            "repository": "github-integrator",
                            "url": "https://api.github.com/repos/caarlos0/github-integrator/labels/chore"
                        },
                        "meta": {},
                        "tainted": false
                    },
                    "deposed": [],
                    "provider": ""
                },
                "github_issue_label.chore-label.37": {
                    "type": "github_issue_label",
                    "depends_on": [],
                    "primary": {
                        "id": "github-vacations:chore",
                        "attributes": {
                            "color": "bfd4f2",
                            "id": "github-vacations:chore",
                            "name": "chore",
                            "repository": "github-vacations",
                            "url": "https://api.github.com/repos/caarlos0/github-vacations/labels/chore"
                        },
                        "meta": {},
                        "tainted": false
                    },
                    "deposed": [],
                    "provider": ""
                },
                "github_issue_label.chore-label.38": {
                    "type": "github_issue_label",
                    "depends_on": [],
                    "primary": {
                        "id": "go-idioms:chore",
                        "attributes": {
                            "color": "bfd4f2",
                            "id": "go-idioms:chore",
                            "name": "chore",
                            "repository": "go-idioms",
                            "url": "https://api.github.com/repos/caarlos0/go-idioms/labels/chore"
                        },
                        "meta": {},
                        "tainted": false
                    },
                    "deposed": [],
                    "provider": ""
                },
                "github_issue_label.chore-label.39": {
                    "type": "github_issue_label",
                    "depends_on": [],
                    "primary": {
                        "id": "go-playground:chore",
                        "attributes": {
                            "color": "bfd4f2",
                            "id": "go-playground:chore",
                            "name": "chore",
                            "repository": "go-playground",
                            "url": "https://api.github.com/repos/caarlos0/go-playground/labels/chore"
                        },
                        "meta": {},
                        "tainted": false
                    },
                    "deposed": [],
                    "provider": ""
                },
                "github_issue_label.chore-label.4": {
                    "type": "github_issue_label",
                    "depends_on": [],
                    "primary": {
                        "id": "angular-js-playground:chore",
                        "attributes": {
                            "color": "bfd4f2",
                            "id": "angular-js-playground:chore",
                            "name": "chore",
                            "repository": "angular-js-playground",
                            "url": "https://api.github.com/repos/caarlos0/angular-js-playground/labels/chore"
                        },
                        "meta": {},
                        "tainted": false
                    },
                    "deposed": [],
                    "provider": ""
                },
                "github_issue_label.chore-label.40": {
                    "type": "github_issue_label",
                    "depends_on": [],
                    "primary": {
                        "id": "go-victorops:chore",
                        "attributes": {
                            "color": "bfd4f2",
                            "id": "go-victorops:chore",
                            "name": "chore",
                            "repository": "go-victorops",
                            "url": "https://api.github.com/repos/caarlos0/go-victorops/labels/chore"
                        },
                        "meta": {},
                        "tainted": false
                    },
                    "deposed": [],
                    "provider": ""
                },
                "github_issue_label.chore-label.41": {
                    "type": "github_issue_label",
                    "depends_on": [],
                    "primary": {
                        "id": "go-web-api-example:chore",
                        "attributes": {
                            "color": "bfd4f2",
                            "id": "go-web-api-example:chore",
                            "name": "chore",
                            "repository": "go-web-api-example",
                            "url": "https://api.github.com/repos/caarlos0/go-web-api-example/labels/chore"
                        },
                        "meta": {},
                        "tainted": false
                    },
                    "deposed": [],
                    "provider": ""
                },
                "github_issue_label.chore-label.42": {
                    "type": "github_issue_label",
                    "depends_on": [],
                    "primary": {
                        "id": "gohome:chore",
                        "attributes": {
                            "color": "bfd4f2",
                            "id": "gohome:chore",
                            "name": "chore",
                            "repository": "gohome",
                            "url": "https://api.github.com/repos/caarlos0/gohome/labels/chore"
                        },
                        "meta": {},
                        "tainted": false
                    },
                    "deposed": [],
                    "provider": ""
                },
                "github_issue_label.chore-label.43": {
                    "type": "github_issue_label",
                    "depends_on": [],
                    "primary": {
                        "id": "goreleaser-users:chore",
                        "attributes": {
                            "color": "bfd4f2",
                            "id": "goreleaser-users:chore",
                            "name": "chore",
                            "repository": "goreleaser-users",
                            "url": "https://api.github.com/repos/caarlos0/goreleaser-users/labels/chore"
                        },
                        "meta": {},
                        "tainted": false
                    },
                    "deposed": [],
                    "provider": ""
                },
                "github_issue_label.chore-label.44": {
                    "type": "github_issue_label",
                    "depends_on": [],
                    "primary": {
                        "id": "guice-junit-test-runner:chore",
                        "attributes": {
                            "color": "bfd4f2",
                            "id": "guice-junit-test-runner:chore",
                            "name": "chore",
                            "repository": "guice-junit-test-runner",
                            "url": "https://api.github.com/repos/caarlos0/guice-junit-test-runner/labels/chore"
                        },
                        "meta": {},
                        "tainted": false
                    },
                    "deposed": [],
                    "provider": ""
                },
                "github_issue_label.chore-label.45": {
                    "type": "github_issue_label",
                    "depends_on": [],
                    "primary": {
                        "id": "gwt-scrum-manager:chore",
                        "attributes": {
                            "color": "bfd4f2",
                            "id": "gwt-scrum-manager:chore",
                            "name": "chore",
                            "repository": "gwt-scrum-manager",
                            "url": "https://api.github.com/repos/caarlos0/gwt-scrum-manager/labels/chore"
                        },
                        "meta": {},
                        "tainted": false
                    },
                    "deposed": [],
                    "provider": ""
                },
                "github_issue_label.chore-label.46": {
                    "type": "github_issue_label",
                    "depends_on": [],
                    "primary": {
                        "id": "happy-doxygen:chore",
                        "attributes": {
                            "color": "bfd4f2",
                            "id": "happy-doxygen:chore",
                            "name": "chore",
                            "repository": "happy-doxygen",
                            "url": "https://api.github.com/repos/caarlos0/happy-doxygen/labels/chore"
                        },
                        "meta": {},
                        "tainted": false
                    },
                    "deposed": [],
                    "provider": ""
                },
                "github_issue_label.chore-label.47": {
                    "type": "github_issue_label",
                    "depends_on": [],
                    "primary": {
                        "id": "haskell-playground:chore",
                        "attributes": {
                            "color": "bfd4f2",
                            "id": "haskell-playground:chore",
                            "name": "chore",
                            "repository": "haskell-playground",
                            "url": "https://api.github.com/repos/caarlos0/haskell-playground/labels/chore"
                        },
                        "meta": {},
                        "tainted": false
                    },
                    "deposed": [],
                    "provider": ""
                },
                "github_issue_label.chore-label.48": {
                    "type": "github_issue_label",
                    "depends_on": [],
                    "primary": {
                        "id": "hazelcast-bug:chore",
                        "attributes": {
                            "color": "bfd4f2",
                            "id": "hazelcast-bug:chore",
                            "name": "chore",
                            "repository": "hazelcast-bug",
                            "url": "https://api.github.com/repos/caarlos0/hazelcast-bug/labels/chore"
                        },
                        "meta": {},
                        "tainted": false
                    },
                    "deposed": [],
                    "provider": ""
                },
                "github_issue_label.chore-label.49": {
                    "type": "github_issue_label",
                    "depends_on": [],
                    "primary": {
                        "id": "homebrew-core:chore",
                        "attributes": {
                            "color": "bfd4f2",
                            "id": "homebrew-core:chore",
                            "name": "chore",
                            "repository": "homebrew-core",
                            "url": "https://api.github.com/repos/caarlos0/homebrew-core/labels/chore"
                        },
                        "meta": {},
                        "tainted": false
                    },
                    "deposed": [],
                    "provider": ""
                },
                "github_issue_label.chore-label.5": {
                    "type": "github_issue_label",
                    "depends_on": [],
                    "primary": {
                        "id": "ansible-role-eclipse:chore",
                        "attributes": {
                            "color": "bfd4f2",
                            "id": "ansible-role-eclipse:chore",
                            "name": "chore",
                            "repository": "ansible-role-eclipse",
                            "url": "https://api.github.com/repos/caarlos0/ansible-role-eclipse/labels/chore"
                        },
                        "meta": {},
                        "tainted": false
                    },
                    "deposed": [],
                    "provider": ""
                },
                "github_issue_label.chore-label.50": {
                    "type": "github_issue_label",
                    "depends_on": [],
                    "primary": {
                        "id": "homebrew-tap:chore",
                        "attributes": {
                            "color": "bfd4f2",
                            "id": "homebrew-tap:chore",
                            "name": "chore",
                            "repository": "homebrew-tap",
                            "url": "https://api.github.com/repos/caarlos0/homebrew-tap/labels/chore"
                        },
                        "meta": {},
                        "tainted": false
                    },
                    "deposed": [],
                    "provider": ""
                },
                "github_issue_label.chore-label.51": {
                    "type": "github_issue_label",
                    "depends_on": [],
                    "primary": {
                        "id": "is-shit:chore",
                        "attributes": {
                            "color": "bfd4f2",
                            "id": "is-shit:chore",
                            "name": "chore",
                            "repository": "is-shit",
                            "url": "https://api.github.com/repos/caarlos0/is-shit/labels/chore"
                        },
                        "meta": {},
                        "tainted": false
                    },
                    "deposed": [],
                    "provider": ""
                },
                "github_issue_label.chore-label.52": {
                    "type": "github_issue_label",
                    "depends_on": [],
                    "primary": {
                        "id": "it:chore",
                        "attributes": {
                            "color": "bfd4f2",
                            "id": "it:chore",
                            "name": "chore",
                            "repository": "it",
                            "url": "https://api.github.com/repos/caarlos0/it/labels/chore"
                        },
                        "meta": {},
                        "tainted": false
                    },
                    "deposed": [],
                    "provider": ""
                },
                "github_issue_label.chore-label.53": {
                    "type": "github_issue_label",
                    "depends_on": [],
                    "primary": {
                        "id": "java-best-practices:chore",
                        "attributes": {
                            "color": "bfd4f2",
                            "id": "java-best-practices:chore",
                            "name": "chore",
                            "repository": "java-best-practices",
                            "url": "https://api.github.com/repos/caarlos0/java-best-practices/labels/chore"
                        },
                        "meta": {},
                        "tainted": false
                    },
                    "deposed": [],
                    "provider": ""
                },
                "github_issue_label.chore-label.54": {
                    "type": "github_issue_label",
                    "depends_on": [],
                    "primary": {
                        "id": "java-katas:chore",
                        "attributes": {
                            "color": "bfd4f2",
                            "id": "java-katas:chore",
                            "name": "chore",
                            "repository": "java-katas",
                            "url": "https://api.github.com/repos/caarlos0/java-katas/labels/chore"
                        },
                        "meta": {},
                        "tainted": false
                    },
                    "deposed": [],
                    "provider": ""
                },
                "github_issue_label.chore-label.55": {
                    "type": "github_issue_label",
                    "depends_on": [],
                    "primary": {
                        "id": "jProtractor:chore",
                        "attributes": {
                            "color": "bfd4f2",
                            "id": "jProtractor:chore",
                            "name": "chore",
                            "repository": "jProtractor",
                            "url": "https://api.github.com/repos/caarlos0/jProtractor/labels/chore"
                        },
                        "meta": {},
                        "tainted": false
                    },
                    "deposed": [],
                    "provider": ""
                },
                "github_issue_label.chore-label.56": {
                    "type": "github_issue_label",
                    "depends_on": [],
                    "primary": {
                        "id": "junit-slowest-tests:chore",
                        "attributes": {
                            "color": "bfd4f2",
                            "id": "junit-slowest-tests:chore",
                            "name": "chore",
                            "repository": "junit-slowest-tests",
                            "url": "https://api.github.com/repos/caarlos0/junit-slowest-tests/labels/chore"
                        },
                        "meta": {},
                        "tainted": false
                    },
                    "deposed": [],
                    "provider": ""
                },
                "github_issue_label.chore-label.57": {
                    "type": "github_issue_label",
                    "depends_on": [],
                    "primary": {
                        "id": "jvm:chore",
                        "attributes": {
                            "color": "bfd4f2",
                            "id": "jvm:chore",
                            "name": "chore",
                            "repository": "jvm",
                            "url": "https://api.github.com/repos/caarlos0/jvm/labels/chore"
                        },
                        "meta": {},
                        "tainted": false
                    },
                    "deposed": [],
                    "provider": ""
                },
                "github_issue_label.chore-label.58": {
                    "type": "github_issue_label",
                    "depends_on": [],
                    "primary": {
                        "id": "karmahub:chore",
                        "attributes": {
                            "color": "bfd4f2",
                            "id": "karmahub:chore",
                            "name": "chore",
                            "repository": "karmahub",
                            "url": "https://api.github.com/repos/caarlos0/karmahub/labels/chore"
                        },
                        "meta": {},
                        "tainted": false
                    },
                    "deposed": [],
                    "provider": ""
                },
                "github_issue_label.chore-label.59": {
                    "type": "github_issue_label",
                    "depends_on": [],
                    "primary": {
                        "id": "Layr:chore",
                        "attributes": {
                            "color": "bfd4f2",
                            "id": "Layr:chore",
                            "name": "chore",
                            "repository": "Layr",
                            "url": "https://api.github.com/repos/caarlos0/Layr/labels/chore"
                        },
                        "meta": {},
                        "tainted": false
                    },
                    "deposed": [],
                    "provider": ""
                },
                "github_issue_label.chore-label.6": {
                    "type": "github_issue_label",
                    "depends_on": [],
                    "primary": {
                        "id": "ansible-role-java-dev:chore",
                        "attributes": {
                            "color": "bfd4f2",
                            "id": "ansible-role-java-dev:chore",
                            "name": "chore",
                            "repository": "ansible-role-java-dev",
                            "url": "https://api.github.com/repos/caarlos0/ansible-role-java-dev/labels/chore"
                        },
                        "meta": {},
                        "tainted": false
                    },
                    "deposed": [],
                    "provider": ""
                },
                "github_issue_label.chore-label.60": {
                    "type": "github_issue_label",
                    "depends_on": [],
                    "primary": {
                        "id": "lila:chore",
                        "attributes": {
                            "color": "bfd4f2",
                            "id": "lila:chore",
                            "name": "chore",
                            "repository": "lila",
                            "url": "https://api.github.com/repos/caarlos0/lila/labels/chore"
                        },
                        "meta": {},
                        "tainted": false
                    },
                    "deposed": [],
                    "provider": ""
                },
                "github_issue_label.chore-label.61": {
                    "type": "github_issue_label",
                    "depends_on": [],
                    "primary": {
                        "id": "lila-aop:chore",
                        "attributes": {
                            "color": "bfd4f2",
                            "id": "lila-aop:chore",
                            "name": "chore",
                            "repository": "lila-aop",
                            "url": "https://api.github.com/repos/caarlos0/lila-aop/labels/chore"
                        },
                        "meta": {},
                        "tainted": false
                    },
                    "deposed": [],
                    "provider": ""
                },
                "github_issue_label.chore-label.62": {
                    "type": "github_issue_label",
                    "depends_on": [],
                    "primary": {
                        "id": "machine:chore",
                        "attributes": {
                            "color": "bfd4f2",
                            "id": "machine:chore",
                            "name": "chore",
                            "repository": "machine",
                            "url": "https://api.github.com/repos/caarlos0/machine/labels/chore"
                        },
                        "meta": {},
                        "tainted": false
                    },
                    "deposed": [],
                    "provider": ""
                },
                "github_issue_label.chore-label.63": {
                    "type": "github_issue_label",
                    "depends_on": [],
                    "primary": {
                        "id": "macOS:chore",
                        "attributes": {
                            "color": "bfd4f2",
                            "id": "macOS:chore",
                            "name": "chore",
                            "repository": "macOS",
                            "url": "https://api.github.com/repos/caarlos0/macOS/labels/chore"
                        },
                        "meta": {},
                        "tainted": false
                    },
                    "deposed": [],
                    "provider": ""
                },
                "github_issue_label.chore-label.64": {
                    "type": "github_issue_label",
                    "depends_on": [],
                    "primary": {
                        "id": "maskedinput-rails:chore",
                        "attributes": {
                            "color": "bfd4f2",
                            "id": "maskedinput-rails:chore",
                            "name": "chore",
                            "repository": "maskedinput-rails",
                            "url": "https://api.github.com/repos/caarlos0/maskedinput-rails/labels/chore"
                        },
                        "meta": {},
                        "tainted": false
                    },
                    "deposed": [],
                    "provider": ""
                },
                "github_issue_label.chore-label.65": {
                    "type": "github_issue_label",
                    "depends_on": [],
                    "primary": {
                        "id": "maskmoney-rails:chore",
                        "attributes": {
                            "color": "bfd4f2",
                            "id": "maskmoney-rails:chore",
                            "name": "chore",
                            "repository": "maskmoney-rails",
                            "url": "https://api.github.com/repos/caarlos0/maskmoney-rails/labels/chore"
                        },
                        "meta": {},
                        "tainted": false
                    },
                    "deposed": [],
                    "provider": ""
                },
                "github_issue_label.chore-label.66": {
                    "type": "github_issue_label",
                    "depends_on": [],
                    "primary": {
                        "id": "maven:chore",
                        "attributes": {
                            "color": "bfd4f2",
                            "id": "maven:chore",
                            "name": "chore",
                            "repository": "maven",
                            "url": "https://api.github.com/repos/caarlos0/maven/labels/chore"
                        },
                        "meta": {},
                        "tainted": false
                    },
                    "deposed": [],
                    "provider": ""
                },
                "github_issue_label.chore-label.67": {
                    "type": "github_issue_label",
                    "depends_on": [],
                    "primary": {
                        "id": "meditec:chore",
                        "attributes": {
                            "color": "bfd4f2",
                            "id": "meditec:chore",
                            "name": "chore",
                            "repository": "meditec",
                            "url": "https://api.github.com/repos/caarlos0/meditec/labels/chore"
                        },
                        "meta": {},
                        "tainted": false
                    },
                    "deposed": [],
                    "provider": ""
                },
                "github_issue_label.chore-label.68": {
                    "type": "github_issue_label",
                    "depends_on": [],
                    "primary": {
                        "id": "modular-build:chore",
                        "attributes": {
                            "color": "bfd4f2",
                            "id": "modular-build:chore",
                            "name": "chore",
                            "repository": "modular-build",
                            "url": "https://api.github.com/repos/caarlos0/modular-build/labels/chore"
                        },
                        "meta": {},
                        "tainted": false
                    },
                    "deposed": [],
                    "provider": ""
                },
                "github_issue_label.chore-label.69": {
                    "type": "github_issue_label",
                    "depends_on": [],
                    "primary": {
                        "id": "msfonts:chore",
                        "attributes": {
                            "color": "bfd4f2",
                            "id": "msfonts:chore",
                            "name": "chore",
                            "repository": "msfonts",
                            "url": "https://api.github.com/repos/caarlos0/msfonts/labels/chore"
                        },
                        "meta": {},
                        "tainted": false
                    },
                    "deposed": [],
                    "provider": ""
                },
                "github_issue_label.chore-label.7": {
                    "type": "github_issue_label",
                    "depends_on": [],
                    "primary": {
                        "id": "bitstarter:chore",
                        "attributes": {
                            "color": "bfd4f2",
                            "id": "bitstarter:chore",
                            "name": "chore",
                            "repository": "bitstarter",
                            "url": "https://api.github.com/repos/caarlos0/bitstarter/labels/chore"
                        },
                        "meta": {},
                        "tainted": false
                    },
                    "deposed": [],
                    "provider": ""
                },
                "github_issue_label.chore-label.70": {
                    "type": "github_issue_label",
                    "depends_on": [],
                    "primary": {
                        "id": "nodejs-playground:chore",
                        "attributes": {
                            "color": "bfd4f2",
                            "id": "nodejs-playground:chore",
                            "name": "chore",
                            "repository": "nodejs-playground",
                            "url": "https://api.github.com/repos/caarlos0/nodejs-playground/labels/chore"
                        },
                        "meta": {},
                        "tainted": false
                    },
                    "deposed": [],
                    "provider": ""
                },
                "github_issue_label.chore-label.71": {
                    "type": "github_issue_label",
                    "depends_on": [],
                    "primary": {
                        "id": "nprogress-rails:chore",
                        "attributes": {
                            "color": "bfd4f2",
                            "id": "nprogress-rails:chore",
                            "name": "chore",
                            "repository": "nprogress-rails",
                            "url": "https://api.github.com/repos/caarlos0/nprogress-rails/labels/chore"
                        },
                        "meta": {},
                        "tainted": false
                    },
                    "deposed": [],
                    "provider": ""
                },
                "github_issue_label.chore-label.72": {
                    "type": "github_issue_label",
                    "depends_on": [],
                    "primary": {
                        "id": "ocjp-resources:chore",
                        "attributes": {
                            "color": "bfd4f2",
                            "id": "ocjp-resources:chore",
                            "name": "chore",
                            "repository": "ocjp-resources",
                            "url": "https://api.github.com/repos/caarlos0/ocjp-resources/labels/chore"
                        },
                        "meta": {},
                        "tainted": false
                    },
                    "deposed": [],
                    "provider": ""
                },
                "github_issue_label.chore-label.73": {
                    "type": "github_issue_label",
                    "depends_on": [],
                    "primary": {
                        "id": "oop-clock:chore",
                        "attributes": {
                            "color": "bfd4f2",
                            "id": "oop-clock:chore",
                            "name": "chore",
                            "repository": "oop-clock",
                            "url": "https://api.github.com/repos/caarlos0/oop-clock/labels/chore"
                        },
                        "meta": {},
                        "tainted": false
                    },
                    "deposed": [],
                    "provider": ""
                },
                "github_issue_label.chore-label.74": {
                    "type": "github_issue_label",
                    "depends_on": [],
                    "primary": {
                        "id": "org-stats:chore",
                        "attributes": {
                            "color": "bfd4f2",
                            "id": "org-stats:chore",
                            "name": "chore",
                            "repository": "org-stats",
                            "url": "https://api.github.com/repos/caarlos0/org-stats/labels/chore"
                        },
                        "meta": {},
                        "tainted": false
                    },
                    "deposed": [],
                    "provider": ""
                },
                "github_issue_label.chore-label.75": {
                    "type": "github_issue_label",
                    "depends_on": [],
                    "primary": {
                        "id": "parent-pom:chore",
                        "attributes": {
                            "color": "bfd4f2",
                            "id": "parent-pom:chore",
                            "name": "chore",
                            "repository": "parent-pom",
                            "url": "https://api.github.com/repos/caarlos0/parent-pom/labels/chore"
                        },
                        "meta": {},
                        "tainted": false
                    },
                    "deposed": [],
                    "provider": ""
                },
                "github_issue_label.chore-label.76": {
                    "type": "github_issue_label",
                    "depends_on": [],
                    "primary": {
                        "id": "persistence-base:chore",
                        "attributes": {
                            "color": "bfd4f2",
                            "id": "persistence-base:chore",
                            "name": "chore",
                            "repository": "persistence-base",
                            "url": "https://api.github.com/repos/caarlos0/persistence-base/labels/chore"
                        },
                        "meta": {},
                        "tainted": false
                    },
                    "deposed": [],
                    "provider": ""
                },
                "github_issue_label.chore-label.77": {
                    "type": "github_issue_label",
                    "depends_on": [],
                    "primary": {
                        "id": "ports:chore",
                        "attributes": {
                            "color": "bfd4f2",
                            "id": "ports:chore",
                            "name": "chore",
                            "repository": "ports",
                            "url": "https://api.github.com/repos/caarlos0/ports/labels/chore"
                        },
                        "meta": {},
                        "tainted": false
                    },
                    "deposed": [],
                    "provider": ""
                },
                "github_issue_label.chore-label.78": {
                    "type": "github_issue_label",
                    "depends_on": [],
                    "primary": {
                        "id": "progfun-003:chore",
                        "attributes": {
                            "color": "bfd4f2",
                            "id": "progfun-003:chore",
                            "name": "chore",
                            "repository": "progfun-003",
                            "url": "https://api.github.com/repos/caarlos0/progfun-003/labels/chore"
                        },
                        "meta": {},
                        "tainted": false
                    },
                    "deposed": [],
                    "provider": ""
                },
                "github_issue_label.chore-label.79": {
                    "type": "github_issue_label",
                    "depends_on": [],
                    "primary": {
                        "id": "proglang-002:chore",
                        "attributes": {
                            "color": "bfd4f2",
                            "id": "proglang-002:chore",
                            "name": "chore",
                            "repository": "proglang-002",
                            "url": "https://api.github.com/repos/caarlos0/proglang-002/labels/chore"
                        },
                        "meta": {},
                        "tainted": false
                    },
                    "deposed": [],
                    "provider": ""
                },
                "github_issue_label.chore-label.8": {
                    "type": "github_issue_label",
                    "depends_on": [],
                    "primary": {
                        "id": "bootstrap-daterangepicker-rails:chore",
                        "attributes": {
                            "color": "bfd4f2",
                            "id": "bootstrap-daterangepicker-rails:chore",
                            "name": "chore",
                            "repository": "bootstrap-daterangepicker-rails",
                            "url": "https://api.github.com/repos/caarlos0/bootstrap-daterangepicker-rails/labels/chore"
                        },
                        "meta": {},
                        "tainted": false
                    },
                    "deposed": [],
                    "provider": ""
                },
                "github_issue_label.chore-label.80": {
                    "type": "github_issue_label",
                    "depends_on": [],
                    "primary": {
                        "id": "promfmt:chore",
                        "attributes": {
                            "color": "bfd4f2",
                            "id": "promfmt:chore",
                            "name": "chore",
                            "repository": "promfmt",
                            "url": "https://api.github.com/repos/caarlos0/promfmt/labels/chore"
                        },
                        "meta": {},
                        "tainted": false
                    },
                    "deposed": [],
                    "provider": ""
                },
                "github_issue_label.chore-label.81": {
                    "type": "github_issue_label",
                    "depends_on": [],
                    "primary": {
                        "id": "rails-bootstrap-toggle-buttons:chore",
                        "attributes": {
                            "color": "bfd4f2",
                            "id": "rails-bootstrap-toggle-buttons:chore",
                            "name": "chore",
                            "repository": "rails-bootstrap-toggle-buttons",
                            "url": "https://api.github.com/repos/caarlos0/rails-bootstrap-toggle-buttons/labels/chore"
                        },
                        "meta": {},
                        "tainted": false
                    },
                    "deposed": [],
                    "provider": ""
                },
                "github_issue_label.chore-label.82": {
                    "type": "github_issue_label",
                    "depends_on": [],
                    "primary": {
                        "id": "railscasts-downloader:chore",
                        "attributes": {
                            "color": "bfd4f2",
                            "id": "railscasts-downloader:chore",
                            "name": "chore",
                            "repository": "railscasts-downloader",
                            "url": "https://api.github.com/repos/caarlos0/railscasts-downloader/labels/chore"
                        },
                        "meta": {},
                        "tainted": false
                    },
                    "deposed": [],
                    "provider": ""
                },
                "github_issue_label.chore-label.83": {
                    "type": "github_issue_label",
                    "depends_on": [],
                    "primary": {
                        "id": "rca:chore",
                        "attributes": {
                            "color": "bfd4f2",
                            "id": "rca:chore",
                            "name": "chore",
                            "repository": "rca",
                            "url": "https://api.github.com/repos/caarlos0/rca/labels/chore"
                        },
                        "meta": {},
                        "tainted": false
                    },
                    "deposed": [],
                    "provider": ""
                },
                "github_issue_label.chore-label.84": {
                    "type": "github_issue_label",
                    "depends_on": [],
                    "primary": {
                        "id": "repo-watcher:chore",
                        "attributes": {
                            "color": "bfd4f2",
                            "id": "repo-watcher:chore",
                            "name": "chore",
                            "repository": "repo-watcher",
                            "url": "https://api.github.com/repos/caarlos0/repo-watcher/labels/chore"
                        },
                        "meta": {},
                        "tainted": false
                    },
                    "deposed": [],
                    "provider": ""
                },
                "github_issue_label.chore-label.85": {
                    "type": "github_issue_label",
                    "depends_on": [],
                    "primary": {
                        "id": "route53-cleaner:chore",
                        "attributes": {
                            "color": "bfd4f2",
                            "id": "route53-cleaner:chore",
                            "name": "chore",
                            "repository": "route53-cleaner",
                            "url": "https://api.github.com/repos/caarlos0/route53-cleaner/labels/chore"
                        },
                        "meta": {},
                        "tainted": false
                    },
                    "deposed": [],
                    "provider": ""
                },
                "github_issue_label.chore-label.86": {
                    "type": "github_issue_label",
                    "depends_on": [],
                    "primary": {
                        "id": "ruby-katas:chore",
                        "attributes": {
                            "color": "bfd4f2",
                            "id": "ruby-katas:chore",
                            "name": "chore",
                            "repository": "ruby-katas",
                            "url": "https://api.github.com/repos/caarlos0/ruby-katas/labels/chore"
                        },
                        "meta": {},
                        "tainted": false
                    },
                    "deposed": [],
                    "provider": ""
                },
                "github_issue_label.chore-label.87": {
                    "type": "github_issue_label",
                    "depends_on": [],
                    "primary": {
                        "id": "sc-niozip:chore",
                        "attributes": {
                            "color": "bfd4f2",
                            "id": "sc-niozip:chore",
                            "name": "chore",
                            "repository": "sc-niozip",
                            "url": "https://api.github.com/repos/caarlos0/sc-niozip/labels/chore"
                        },
                        "meta": {},
                        "tainted": false
                    },
                    "deposed": [],
                    "provider": ""
                },
                "github_issue_label.chore-label.88": {
                    "type": "github_issue_label",
                    "depends_on": [],
                    "primary": {
                        "id": "scala-playground:chore",
                        "attributes": {
                            "color": "bfd4f2",
                            "id": "scala-playground:chore",
                            "name": "chore",
                            "repository": "scala-playground",
                            "url": "https://api.github.com/repos/caarlos0/scala-playground/labels/chore"
                        },
                        "meta": {},
                        "tainted": false
                    },
                    "deposed": [],
                    "provider": ""
                },
                "github_issue_label.chore-label.89": {
                    "type": "github_issue_label",
                    "depends_on": [],
                    "primary": {
                        "id": "selenium-grid-on-docker-example:chore",
                        "attributes": {
                            "color": "bfd4f2",
                            "id": "selenium-grid-on-docker-example:chore",
                            "name": "chore",
                            "repository": "selenium-grid-on-docker-example",
                            "url": "https://api.github.com/repos/caarlos0/selenium-grid-on-docker-example/labels/chore"
                        },
                        "meta": {},
                        "tainted": false
                    },
                    "deposed": [],
                    "provider": ""
                },
                "github_issue_label.chore-label.9": {
                    "type": "github_issue_label",
                    "depends_on": [],
                    "primary": {
                        "id": "caarlos0.github.com:chore",
                        "attributes": {
                            "color": "bfd4f2",
                            "id": "caarlos0.github.com:chore",
                            "name": "chore",
                            "repository": "caarlos0.github.com",
                            "url": "https://api.github.com/repos/caarlos0/caarlos0.github.com/labels/chore"
                        },
                        "meta": {},
                        "tainted": false
                    },
                    "deposed": [],
                    "provider": ""
                },
                "github_issue_label.chore-label.90": {
                    "type": "github_issue_label",
                    "depends_on": [],
                    "primary": {
                        "id": "shcheck:chore",
                        "attributes": {
                            "color": "bfd4f2",
                            "id": "shcheck:chore",
                            "name": "chore",
                            "repository": "shcheck",
                            "url": "https://api.github.com/repos/caarlos0/shcheck/labels/chore"
                        },
                        "meta": {},
                        "tainted": false
                    },
                    "deposed": [],
                    "provider": ""
                },
                "github_issue_label.chore-label.91": {
                    "type": "github_issue_label",
                    "depends_on": [],
                    "primary": {
                        "id": "shell-ci-build:chore",
                        "attributes": {
                            "color": "bfd4f2",
                            "id": "shell-ci-build:chore",
                            "name": "chore",
                            "repository": "shell-ci-build",
                            "url": "https://api.github.com/repos/caarlos0/shell-ci-build/labels/chore"
                        },
                        "meta": {},
                        "tainted": false
                    },
                    "deposed": [],
                    "provider": ""
                },
                "github_issue_label.chore-label.92": {
                    "type": "github_issue_label",
                    "depends_on": [],
                    "primary": {
                        "id": "shellcheck-docker:chore",
                        "attributes": {
                            "color": "bfd4f2",
                            "id": "shellcheck-docker:chore",
                            "name": "chore",
                            "repository": "shellcheck-docker",
                            "url": "https://api.github.com/repos/caarlos0/shellcheck-docker/labels/chore"
                        },
                        "meta": {},
                        "tainted": false
                    },
                    "deposed": [],
                    "provider": ""
                },
                "github_issue_label.chore-label.93": {
                    "type": "github_issue_label",
                    "depends_on": [],
                    "primary": {
                        "id": "shellstyle:chore",
                        "attributes": {
                            "color": "bfd4f2",
                            "id": "shellstyle:chore",
                            "name": "chore",
                            "repository": "shellstyle",
                            "url": "https://api.github.com/repos/caarlos0/shellstyle/labels/chore"
                        },
                        "meta": {},
                        "tainted": false
                    },
                    "deposed": [],
                    "provider": ""
                },
                "github_issue_label.chore-label.94": {
                    "type": "github_issue_label",
                    "depends_on": [],
                    "primary": {
                        "id": "shippable-minv2-last-maven:chore",
                        "attributes": {
                            "color": "bfd4f2",
                            "id": "shippable-minv2-last-maven:chore",
                            "name": "chore",
                            "repository": "shippable-minv2-last-maven",
                            "url": "https://api.github.com/repos/caarlos0/shippable-minv2-last-maven/labels/chore"
                        },
                        "meta": {},
                        "tainted": false
                    },
                    "deposed": [],
                    "provider": ""
                },
                "github_issue_label.chore-label.95": {
                    "type": "github_issue_label",
                    "depends_on": [],
                    "primary": {
                        "id": "shippable-minv2-maven32:chore",
                        "attributes": {
                            "color": "bfd4f2",
                            "id": "shippable-minv2-maven32:chore",
                            "name": "chore",
                            "repository": "shippable-minv2-maven32",
                            "url": "https://api.github.com/repos/caarlos0/shippable-minv2-maven32/labels/chore"
                        },
                        "meta": {},
                        "tainted": false
                    },
                    "deposed": [],
                    "provider": ""
                },
                "github_issue_label.chore-label.96": {
                    "type": "github_issue_label",
                    "depends_on": [],
                    "primary": {
                        "id": "simple-cdi-examples:chore",
                        "attributes": {
                            "color": "bfd4f2",
                            "id": "simple-cdi-examples:chore",
                            "name": "chore",
                            "repository": "simple-cdi-examples",
                            "url": "https://api.github.com/repos/caarlos0/simple-cdi-examples/labels/chore"
                        },
                        "meta": {},
                        "tainted": false
                    },
                    "deposed": [],
                    "provider": ""
                },
                "github_issue_label.chore-label.97": {
                    "type": "github_issue_label",
                    "depends_on": [],
                    "primary": {
                        "id": "sinatra_examples:chore",
                        "attributes": {
                            "color": "bfd4f2",
                            "id": "sinatra_examples:chore",
                            "name": "chore",
                            "repository": "sinatra_examples",
                            "url": "https://api.github.com/repos/caarlos0/sinatra_examples/labels/chore"
                        },
                        "meta": {},
                        "tainted": false
                    },
                    "deposed": [],
                    "provider": ""
                },
                "github_issue_label.chore-label.98": {
                    "type": "github_issue_label",
                    "depends_on": [],
                    "primary": {
                        "id": "small-go-app-container-example:chore",
                        "attributes": {
                            "color": "bfd4f2",
                            "id": "small-go-app-container-example:chore",
                            "name": "chore",
                            "repository": "small-go-app-container-example",
                            "url": "https://api.github.com/repos/caarlos0/small-go-app-container-example/labels/chore"
                        },
                        "meta": {},
                        "tainted": false
                    },
                    "deposed": [],
                    "provider": ""
                },
                "github_issue_label.chore-label.99": {
                    "type": "github_issue_label",
                    "depends_on": [],
                    "primary": {
                        "id": "spin:chore",
                        "attributes": {
                            "color": "bfd4f2",
                            "id": "spin:chore",
                            "name": "chore",
                            "repository": "spin",
                            "url": "https://api.github.com/repos/caarlos0/spin/labels/chore"
                        },
                        "meta": {},
                        "tainted": false
                    },
                    "deposed": [],
                    "provider": ""
                },
                "github_issue_label.docs-label.0": {
                    "type": "github_issue_label",
                    "depends_on": [],
                    "primary": {
                        "id": "ajaxspin:docs",
                        "attributes": {
                            "color": "5319e7",
                            "id": "ajaxspin:docs",
                            "name": "docs",
                            "repository": "ajaxspin",
                            "url": "https://api.github.com/repos/caarlos0/ajaxspin/labels/docs"
                        },
                        "meta": {},
                        "tainted": false
                    },
                    "deposed": [],
                    "provider": ""
                },
                "github_issue_label.docs-label.1": {
                    "type": "github_issue_label",
                    "depends_on": [],
                    "primary": {
                        "id": "alelobot:docs",
                        "attributes": {
                            "color": "5319e7",
                            "id": "alelobot:docs",
                            "name": "docs",
                            "repository": "alelobot",
                            "url": "https://api.github.com/repos/caarlos0/alelobot/labels/docs"
                        },
                        "meta": {},
                        "tainted": false
                    },
                    "deposed": [],
                    "provider": ""
                },
                "github_issue_label.docs-label.10": {
                    "type": "github_issue_label",
                    "depends_on": [],
                    "primary": {
                        "id": "casa-robot:docs",
                        "attributes": {
                            "color": "5319e7",
                            "id": "casa-robot:docs",
                            "name": "docs",
                            "repository": "casa-robot",
                            "url": "https://api.github.com/repos/caarlos0/casa-robot/labels/docs"
                        },
                        "meta": {},
                        "tainted": false
                    },
                    "deposed": [],
                    "provider": ""
                },
                "github_issue_label.docs-label.11": {
                    "type": "github_issue_label",
                    "depends_on": [],
                    "primary": {
                        "id": "cepinator:docs",
                        "attributes": {
                            "color": "5319e7",
                            "id": "cepinator:docs",
                            "name": "docs",
                            "repository": "cepinator",
                            "url": "https://api.github.com/repos/caarlos0/cepinator/labels/docs"
                        },
                        "meta": {},
                        "tainted": false
                    },
                    "deposed": [],
                    "provider": ""
                },
                "github_issue_label.docs-label.12": {
                    "type": "github_issue_label",
                    "depends_on": [],
                    "primary": {
                        "id": "chosen-sass-bootstrap-rails:docs",
                        "attributes": {
                            "color": "5319e7",
                            "id": "chosen-sass-bootstrap-rails:docs",
                            "name": "docs",
                            "repository": "chosen-sass-bootstrap-rails",
                            "url": "https://api.github.com/repos/caarlos0/chosen-sass-bootstrap-rails/labels/docs"
                        },
                        "meta": {},
                        "tainted": false
                    },
                    "deposed": [],
                    "provider": ""
                },
                "github_issue_label.docs-label.13": {
                    "type": "github_issue_label",
                    "depends_on": [],
                    "primary": {
                        "id": "circuit-breaker-playground:docs",
                        "attributes": {
                            "color": "5319e7",
                            "id": "circuit-breaker-playground:docs",
                            "name": "docs",
                            "repository": "circuit-breaker-playground",
                            "url": "https://api.github.com/repos/caarlos0/circuit-breaker-playground/labels/docs"
                        },
                        "meta": {},
                        "tainted": false
                    },
                    "deposed": [],
                    "provider": ""
                },
                "github_issue_label.docs-label.14": {
                    "type": "github_issue_label",
                    "depends_on": [],
                    "primary": {
                        "id": "clone-org:docs",
                        "attributes": {
                            "color": "5319e7",
                            "id": "clone-org:docs",
                            "name": "docs",
                            "repository": "clone-org",
                            "url": "https://api.github.com/repos/caarlos0/clone-org/labels/docs"
                        },
                        "meta": {},
                        "tainted": false
                    },
                    "deposed": [],
                    "provider": ""
                },
                "github_issue_label.docs-label.15": {
                    "type": "github_issue_label",
                    "depends_on": [],
                    "primary": {
                        "id": "coinbase:docs",
                        "attributes": {
                            "color": "5319e7",
                            "id": "coinbase:docs",
                            "name": "docs",
                            "repository": "coinbase",
                            "url": "https://api.github.com/repos/caarlos0/coinbase/labels/docs"
                        },
                        "meta": {},
                        "tainted": false
                    },
                    "deposed": [],
                    "provider": ""
                },
                "github_issue_label.docs-label.16": {
                    "type": "github_issue_label",
                    "depends_on": [],
                    "primary": {
                        "id": "coverage-incrementer:docs",
                        "attributes": {
                            "color": "5319e7",
                            "id": "coverage-incrementer:docs",
                            "name": "docs",
                            "repository": "coverage-incrementer",
                            "url": "https://api.github.com/repos/caarlos0/coverage-incrementer/labels/docs"
                        },
                        "meta": {},
                        "tainted": false
                    },
                    "deposed": [],
                    "provider": ""
                },
                "github_issue_label.docs-label.17": {
                    "type": "github_issue_label",
                    "depends_on": [],
                    "primary": {
                        "id": "coverage-maven-plugin:docs",
                        "attributes": {
                            "color": "5319e7",
                            "id": "coverage-maven-plugin:docs",
                            "name": "docs",
                            "repository": "coverage-maven-plugin",
                            "url": "https://api.github.com/repos/caarlos0/coverage-maven-plugin/labels/docs"
                        },
                        "meta": {},
                        "tainted": false
                    },
                    "deposed": [],
                    "provider": ""
                },
                "github_issue_label.docs-label.18": {
                    "type": "github_issue_label",
                    "depends_on": [],
                    "primary": {
                        "id": "css3-microsoft-metro-buttons-rails:docs",
                        "attributes": {
                            "color": "5319e7",
                            "id": "css3-microsoft-metro-buttons-rails:docs",
                            "name": "docs",
                            "repository": "css3-microsoft-metro-buttons-rails",
                            "url": "https://api.github.com/repos/caarlos0/css3-microsoft-metro-buttons-rails/labels/docs"
                        },
                        "meta": {},
                        "tainted": false
                    },
                    "deposed": [],
                    "provider": ""
                },
                "github_issue_label.docs-label.19": {
                    "type": "github_issue_label",
                    "depends_on": [],
                    "primary": {
                        "id": "danfe-server:docs",
                        "attributes": {
                            "color": "5319e7",
                            "id": "danfe-server:docs",
                            "name": "docs",
                            "repository": "danfe-server",
                            "url": "https://api.github.com/repos/caarlos0/danfe-server/labels/docs"
                        },
                        "meta": {},
                        "tainted": false
                    },
                    "deposed": [],
                    "provider": ""
                },
                "github_issue_label.docs-label.2": {
                    "type": "github_issue_label",
                    "depends_on": [],
                    "primary": {
                        "id": "alelogo:docs",
                        "attributes": {
                            "color": "5319e7",
                            "id": "alelogo:docs",
                            "name": "docs",
                            "repository": "alelogo",
                            "url": "https://api.github.com/repos/caarlos0/alelogo/labels/docs"
                        },
                        "meta": {},
                        "tainted": false
                    },
                    "deposed": [],
                    "provider": ""
                },
                "github_issue_label.docs-label.20": {
                    "type": "github_issue_label",
                    "depends_on": [],
                    "primary": {
                        "id": "datedsl:docs",
                        "attributes": {
                            "color": "5319e7",
                            "id": "datedsl:docs",
                            "name": "docs",
                            "repository": "datedsl",
                            "url": "https://api.github.com/repos/caarlos0/datedsl/labels/docs"
                        },
                        "meta": {},
                        "tainted": false
                    },
                    "deposed": [],
                    "provider": ""
                },
                "github_issue_label.docs-label.21": {
                    "type": "github_issue_label",
                    "depends_on": [],
                    "primary": {
                        "id": "displayer:docs",
                        "attributes": {
                            "color": "5319e7",
                            "id": "displayer:docs",
                            "name": "docs",
                            "repository": "displayer",
                            "url": "https://api.github.com/repos/caarlos0/displayer/labels/docs"
                        },
                        "meta": {},
                        "tainted": false
                    },
                    "deposed": [],
                    "provider": ""
                },
                "github_issue_label.docs-label.22": {
                    "type": "github_issue_label",
                    "depends_on": [],
                    "primary": {
                        "id": "docker-alpine-go:docs",
                        "attributes": {
                            "color": "5319e7",
                            "id": "docker-alpine-go:docs",
                            "name": "docs",
                            "repository": "docker-alpine-go",
                            "url": "https://api.github.com/repos/caarlos0/docker-alpine-go/labels/docs"
                        },
                        "meta": {},
                        "tainted": false
                    },
                    "deposed": [],
                    "provider": ""
                },
                "github_issue_label.docs-label.23": {
                    "type": "github_issue_label",
                    "depends_on": [],
                    "primary": {
                        "id": "docker-alpine-oraclejdk7:docs",
                        "attributes": {
                            "color": "5319e7",
                            "id": "docker-alpine-oraclejdk7:docs",
                            "name": "docs",
                            "repository": "docker-alpine-oraclejdk7",
                            "url": "https://api.github.com/repos/caarlos0/docker-alpine-oraclejdk7/labels/docs"
                        },
                        "meta": {},
                        "tainted": false
                    },
                    "deposed": [],
                    "provider": ""
                },
                "github_issue_label.docs-label.24": {
                    "type": "github_issue_label",
                    "depends_on": [],
                    "primary": {
                        "id": "docker-alpine-oraclejdk7-mvn:docs",
                        "attributes": {
                            "color": "5319e7",
                            "id": "docker-alpine-oraclejdk7-mvn:docs",
                            "name": "docs",
                            "repository": "docker-alpine-oraclejdk7-mvn",
                            "url": "https://api.github.com/repos/caarlos0/docker-alpine-oraclejdk7-mvn/labels/docs"
                        },
                        "meta": {},
                        "tainted": false
                    },
                    "deposed": [],
                    "provider": ""
                },
                "github_issue_label.docs-label.25": {
                    "type": "github_issue_label",
                    "depends_on": [],
                    "primary": {
                        "id": "dotfiles:docs",
                        "attributes": {
                            "color": "5319e7",
                            "id": "dotfiles:docs",
                            "name": "docs",
                            "repository": "dotfiles",
                            "url": "https://api.github.com/repos/caarlos0/dotfiles/labels/docs"
                        },
                        "meta": {},
                        "tainted": false
                    },
                    "deposed": [],
                    "provider": ""
                },
                "github_issue_label.docs-label.26": {
                    "type": "github_issue_label",
                    "depends_on": [],
                    "primary": {
                        "id": "elixir-playground:docs",
                        "attributes": {
                            "color": "5319e7",
                            "id": "elixir-playground:docs",
                            "name": "docs",
                            "repository": "elixir-playground",
                            "url": "https://api.github.com/repos/caarlos0/elixir-playground/labels/docs"
                        },
                        "meta": {},
                        "tainted": false
                    },
                    "deposed": [],
                    "provider": ""
                },
                "github_issue_label.docs-label.27": {
                    "type": "github_issue_label",
                    "depends_on": [],
                    "primary": {
                        "id": "env:docs",
                        "attributes": {
                            "color": "5319e7",
                            "id": "env:docs",
                            "name": "docs",
                            "repository": "env",
                            "url": "https://api.github.com/repos/caarlos0/env/labels/docs"
                        },
                        "meta": {},
                        "tainted": false
                    },
                    "deposed": [],
                    "provider": ""
                },
                "github_issue_label.docs-label.28": {
                    "type": "github_issue_label",
                    "depends_on": [],
                    "primary": {
                        "id": "erlang-playground:docs",
                        "attributes": {
                            "color": "5319e7",
                            "id": "erlang-playground:docs",
                            "name": "docs",
                            "repository": "erlang-playground",
                            "url": "https://api.github.com/repos/caarlos0/erlang-playground/labels/docs"
                        },
                        "meta": {},
                        "tainted": false
                    },
                    "deposed": [],
                    "provider": ""
                },
                "github_issue_label.docs-label.29": {
                    "type": "github_issue_label",
                    "depends_on": [],
                    "primary": {
                        "id": "example:docs",
                        "attributes": {
                            "color": "5319e7",
                            "id": "example:docs",
                            "name": "docs",
                            "repository": "example",
                            "url": "https://api.github.com/repos/caarlos0/example/labels/docs"
                        },
                        "meta": {},
                        "tainted": false
                    },
                    "deposed": [],
                    "provider": ""
                },
                "github_issue_label.docs-label.3": {
                    "type": "github_issue_label",
                    "depends_on": [],
                    "primary": {
                        "id": "am-i-working:docs",
                        "attributes": {
                            "color": "5319e7",
                            "id": "am-i-working:docs",
                            "name": "docs",
                            "repository": "am-i-working",
                            "url": "https://api.github.com/repos/caarlos0/am-i-working/labels/docs"
                        },
                        "meta": {},
                        "tainted": false
                    },
                    "deposed": [],
                    "provider": ""
                },
                "github_issue_label.docs-label.30": {
                    "type": "github_issue_label",
                    "depends_on": [],
                    "primary": {
                        "id": "fork-cleaner:docs",
                        "attributes": {
                            "color": "5319e7",
                            "id": "fork-cleaner:docs",
                            "name": "docs",
                            "repository": "fork-cleaner",
                            "url": "https://api.github.com/repos/caarlos0/fork-cleaner/labels/docs"
                        },
                        "meta": {},
                        "tainted": false
                    },
                    "deposed": [],
                    "provider": ""
                },
                "github_issue_label.docs-label.31": {
                    "type": "github_issue_label",
                    "depends_on": [],
                    "primary": {
                        "id": "FRaaS:docs",
                        "attributes": {
                            "color": "5319e7",
                            "id": "FRaaS:docs",
                            "name": "docs",
                            "repository": "FRaaS",
                            "url": "https://api.github.com/repos/caarlos0/FRaaS/labels/docs"
                        },
                        "meta": {},
                        "tainted": false
                    },
                    "deposed": [],
                    "provider": ""
                },
                "github_issue_label.docs-label.32": {
                    "type": "github_issue_label",
                    "depends_on": [],
                    "primary": {
                        "id": "git-add-remote:docs",
                        "attributes": {
                            "color": "5319e7",
                            "id": "git-add-remote:docs",
                            "name": "docs",
                            "repository": "git-add-remote",
                            "url": "https://api.github.com/repos/caarlos0/git-add-remote/labels/docs"
                        },
                        "meta": {},
                        "tainted": false
                    },
                    "deposed": [],
                    "provider": ""
                },
                "github_issue_label.docs-label.33": {
                    "type": "github_issue_label",
                    "depends_on": [],
                    "primary": {
                        "id": "git-gc:docs",
                        "attributes": {
                            "color": "5319e7",
                            "id": "git-gc:docs",
                            "name": "docs",
                            "repository": "git-gc",
                            "url": "https://api.github.com/repos/caarlos0/git-gc/labels/docs"
                        },
                        "meta": {},
                        "tainted": false
                    },
                    "deposed": [],
                    "provider": ""
                },
                "github_issue_label.docs-label.34": {
                    "type": "github_issue_label",
                    "depends_on": [],
                    "primary": {
                        "id": "github:docs",
                        "attributes": {
                            "color": "5319e7",
                            "id": "github:docs",
                            "name": "docs",
                            "repository": "github",
                            "url": "https://api.github.com/repos/caarlos0/github/labels/docs"
                        },
                        "meta": {},
                        "tainted": false
                    },
                    "deposed": [],
                    "provider": ""
                },
                "github_issue_label.docs-label.35": {
                    "type": "github_issue_label",
                    "depends_on": [],
                    "primary": {
                        "id": "github-buildkite-wire:docs",
                        "attributes": {
                            "color": "5319e7",
                            "id": "github-buildkite-wire:docs",
                            "name": "docs",
                            "repository": "github-buildkite-wire",
                            "url": "https://api.github.com/repos/caarlos0/github-buildkite-wire/labels/docs"
                        },
                        "meta": {},
                        "tainted": false
                    },
                    "deposed": [],
                    "provider": ""
                },
                "github_issue_label.docs-label.36": {
                    "type": "github_issue_label",
                    "depends_on": [],
                    "primary": {
                        "id": "github-integrator:docs",
                        "attributes": {
                            "color": "5319e7",
                            "id": "github-integrator:docs",
                            "name": "docs",
                            "repository": "github-integrator",
                            "url": "https://api.github.com/repos/caarlos0/github-integrator/labels/docs"
                        },
                        "meta": {},
                        "tainted": false
                    },
                    "deposed": [],
                    "provider": ""
                },
                "github_issue_label.docs-label.37": {
                    "type": "github_issue_label",
                    "depends_on": [],
                    "primary": {
                        "id": "github-vacations:docs",
                        "attributes": {
                            "color": "5319e7",
                            "id": "github-vacations:docs",
                            "name": "docs",
                            "repository": "github-vacations",
                            "url": "https://api.github.com/repos/caarlos0/github-vacations/labels/docs"
                        },
                        "meta": {},
                        "tainted": false
                    },
                    "deposed": [],
                    "provider": ""
                },
                "github_issue_label.docs-label.38": {
                    "type": "github_issue_label",
                    "depends_on": [],
                    "primary": {
                        "id": "go-idioms:docs",
                        "attributes": {
                            "color": "5319e7",
                            "id": "go-idioms:docs",
                            "name": "docs",
                            "repository": "go-idioms",
                            "url": "https://api.github.com/repos/caarlos0/go-idioms/labels/docs"
                        },
                        "meta": {},
                        "tainted": false
                    },
                    "deposed": [],
                    "provider": ""
                },
                "github_issue_label.docs-label.39": {
                    "type": "github_issue_label",
                    "depends_on": [],
                    "primary": {
                        "id": "go-playground:docs",
                        "attributes": {
                            "color": "5319e7",
                            "id": "go-playground:docs",
                            "name": "docs",
                            "repository": "go-playground",
                            "url": "https://api.github.com/repos/caarlos0/go-playground/labels/docs"
                        },
                        "meta": {},
                        "tainted": false
                    },
                    "deposed": [],
                    "provider": ""
                },
                "github_issue_label.docs-label.4": {
                    "type": "github_issue_label",
                    "depends_on": [],
                    "primary": {
                        "id": "angular-js-playground:docs",
                        "attributes": {
                            "color": "5319e7",
                            "id": "angular-js-playground:docs",
                            "name": "docs",
                            "repository": "angular-js-playground",
                            "url": "https://api.github.com/repos/caarlos0/angular-js-playground/labels/docs"
                        },
                        "meta": {},
                        "tainted": false
                    },
                    "deposed": [],
                    "provider": ""
                },
                "github_issue_label.docs-label.40": {
                    "type": "github_issue_label",
                    "depends_on": [],
                    "primary": {
                        "id": "go-victorops:docs",
                        "attributes": {
                            "color": "5319e7",
                            "id": "go-victorops:docs",
                            "name": "docs",
                            "repository": "go-victorops",
                            "url": "https://api.github.com/repos/caarlos0/go-victorops/labels/docs"
                        },
                        "meta": {},
                        "tainted": false
                    },
                    "deposed": [],
                    "provider": ""
                },
                "github_issue_label.docs-label.41": {
                    "type": "github_issue_label",
                    "depends_on": [],
                    "primary": {
                        "id": "go-web-api-example:docs",
                        "attributes": {
                            "color": "5319e7",
                            "id": "go-web-api-example:docs",
                            "name": "docs",
                            "repository": "go-web-api-example",
                            "url": "https://api.github.com/repos/caarlos0/go-web-api-example/labels/docs"
                        },
                        "meta": {},
                        "tainted": false
                    },
                    "deposed": [],
                    "provider": ""
                },
                "github_issue_label.docs-label.42": {
                    "type": "github_issue_label",
                    "depends_on": [],
                    "primary": {
                        "id": "gohome:docs",
                        "attributes": {
                            "color": "5319e7",
                            "id": "gohome:docs",
                            "name": "docs",
                            "repository": "gohome",
                            "url": "https://api.github.com/repos/caarlos0/gohome/labels/docs"
                        },
                        "meta": {},
                        "tainted": false
                    },
                    "deposed": [],
                    "provider": ""
                },
                "github_issue_label.docs-label.43": {
                    "type": "github_issue_label",
                    "depends_on": [],
                    "primary": {
                        "id": "goreleaser-users:docs",
                        "attributes": {
                            "color": "5319e7",
                            "id": "goreleaser-users:docs",
                            "name": "docs",
                            "repository": "goreleaser-users",
                            "url": "https://api.github.com/repos/caarlos0/goreleaser-users/labels/docs"
                        },
                        "meta": {},
                        "tainted": false
                    },
                    "deposed": [],
                    "provider": ""
                },
                "github_issue_label.docs-label.44": {
                    "type": "github_issue_label",
                    "depends_on": [],
                    "primary": {
                        "id": "guice-junit-test-runner:docs",
                        "attributes": {
                            "color": "5319e7",
                            "id": "guice-junit-test-runner:docs",
                            "name": "docs",
                            "repository": "guice-junit-test-runner",
                            "url": "https://api.github.com/repos/caarlos0/guice-junit-test-runner/labels/docs"
                        },
                        "meta": {},
                        "tainted": false
                    },
                    "deposed": [],
                    "provider": ""
                },
                "github_issue_label.docs-label.45": {
                    "type": "github_issue_label",
                    "depends_on": [],
                    "primary": {
                        "id": "gwt-scrum-manager:docs",
                        "attributes": {
                            "color": "5319e7",
                            "id": "gwt-scrum-manager:docs",
                            "name": "docs",
                            "repository": "gwt-scrum-manager",
                            "url": "https://api.github.com/repos/caarlos0/gwt-scrum-manager/labels/docs"
                        },
                        "meta": {},
                        "tainted": false
                    },
                    "deposed": [],
                    "provider": ""
                },
                "github_issue_label.docs-label.46": {
                    "type": "github_issue_label",
                    "depends_on": [],
                    "primary": {
                        "id": "happy-doxygen:docs",
                        "attributes": {
                            "color": "5319e7",
                            "id": "happy-doxygen:docs",
                            "name": "docs",
                            "repository": "happy-doxygen",
                            "url": "https://api.github.com/repos/caarlos0/happy-doxygen/labels/docs"
                        },
                        "meta": {},
                        "tainted": false
                    },
                    "deposed": [],
                    "provider": ""
                },
                "github_issue_label.docs-label.47": {
                    "type": "github_issue_label",
                    "depends_on": [],
                    "primary": {
                        "id": "haskell-playground:docs",
                        "attributes": {
                            "color": "5319e7",
                            "id": "haskell-playground:docs",
                            "name": "docs",
                            "repository": "haskell-playground",
                            "url": "https://api.github.com/repos/caarlos0/haskell-playground/labels/docs"
                        },
                        "meta": {},
                        "tainted": false
                    },
                    "deposed": [],
                    "provider": ""
                },
                "github_issue_label.docs-label.48": {
                    "type": "github_issue_label",
                    "depends_on": [],
                    "primary": {
                        "id": "hazelcast-bug:docs",
                        "attributes": {
                            "color": "5319e7",
                            "id": "hazelcast-bug:docs",
                            "name": "docs",
                            "repository": "hazelcast-bug",
                            "url": "https://api.github.com/repos/caarlos0/hazelcast-bug/labels/docs"
                        },
                        "meta": {},
                        "tainted": false
                    },
                    "deposed": [],
                    "provider": ""
                },
                "github_issue_label.docs-label.49": {
                    "type": "github_issue_label",
                    "depends_on": [],
                    "primary": {
                        "id": "homebrew-core:docs",
                        "attributes": {
                            "color": "5319e7",
                            "id": "homebrew-core:docs",
                            "name": "docs",
                            "repository": "homebrew-core",
                            "url": "https://api.github.com/repos/caarlos0/homebrew-core/labels/docs"
                        },
                        "meta": {},
                        "tainted": false
                    },
                    "deposed": [],
                    "provider": ""
                },
                "github_issue_label.docs-label.5": {
                    "type": "github_issue_label",
                    "depends_on": [],
                    "primary": {
                        "id": "ansible-role-eclipse:docs",
                        "attributes": {
                            "color": "5319e7",
                            "id": "ansible-role-eclipse:docs",
                            "name": "docs",
                            "repository": "ansible-role-eclipse",
                            "url": "https://api.github.com/repos/caarlos0/ansible-role-eclipse/labels/docs"
                        },
                        "meta": {},
                        "tainted": false
                    },
                    "deposed": [],
                    "provider": ""
                },
                "github_issue_label.docs-label.50": {
                    "type": "github_issue_label",
                    "depends_on": [],
                    "primary": {
                        "id": "homebrew-tap:docs",
                        "attributes": {
                            "color": "5319e7",
                            "id": "homebrew-tap:docs",
                            "name": "docs",
                            "repository": "homebrew-tap",
                            "url": "https://api.github.com/repos/caarlos0/homebrew-tap/labels/docs"
                        },
                        "meta": {},
                        "tainted": false
                    },
                    "deposed": [],
                    "provider": ""
                },
                "github_issue_label.docs-label.51": {
                    "type": "github_issue_label",
                    "depends_on": [],
                    "primary": {
                        "id": "is-shit:docs",
                        "attributes": {
                            "color": "5319e7",
                            "id": "is-shit:docs",
                            "name": "docs",
                            "repository": "is-shit",
                            "url": "https://api.github.com/repos/caarlos0/is-shit/labels/docs"
                        },
                        "meta": {},
                        "tainted": false
                    },
                    "deposed": [],
                    "provider": ""
                },
                "github_issue_label.docs-label.52": {
                    "type": "github_issue_label",
                    "depends_on": [],
                    "primary": {
                        "id": "it:docs",
                        "attributes": {
                            "color": "5319e7",
                            "id": "it:docs",
                            "name": "docs",
                            "repository": "it",
                            "url": "https://api.github.com/repos/caarlos0/it/labels/docs"
                        },
                        "meta": {},
                        "tainted": false
                    },
                    "deposed": [],
                    "provider": ""
                },
                "github_issue_label.docs-label.53": {
                    "type": "github_issue_label",
                    "depends_on": [],
                    "primary": {
                        "id": "java-best-practices:docs",
                        "attributes": {
                            "color": "5319e7",
                            "id": "java-best-practices:docs",
                            "name": "docs",
                            "repository": "java-best-practices",
                            "url": "https://api.github.com/repos/caarlos0/java-best-practices/labels/docs"
                        },
                        "meta": {},
                        "tainted": false
                    },
                    "deposed": [],
                    "provider": ""
                },
                "github_issue_label.docs-label.54": {
                    "type": "github_issue_label",
                    "depends_on": [],
                    "primary": {
                        "id": "java-katas:docs",
                        "attributes": {
                            "color": "5319e7",
                            "id": "java-katas:docs",
                            "name": "docs",
                            "repository": "java-katas",
                            "url": "https://api.github.com/repos/caarlos0/java-katas/labels/docs"
                        },
                        "meta": {},
                        "tainted": false
                    },
                    "deposed": [],
                    "provider": ""
                },
                "github_issue_label.docs-label.55": {
                    "type": "github_issue_label",
                    "depends_on": [],
                    "primary": {
                        "id": "jProtractor:docs",
                        "attributes": {
                            "color": "5319e7",
                            "id": "jProtractor:docs",
                            "name": "docs",
                            "repository": "jProtractor",
                            "url": "https://api.github.com/repos/caarlos0/jProtractor/labels/docs"
                        },
                        "meta": {},
                        "tainted": false
                    },
                    "deposed": [],
                    "provider": ""
                },
                "github_issue_label.docs-label.56": {
                    "type": "github_issue_label",
                    "depends_on": [],
                    "primary": {
                        "id": "junit-slowest-tests:docs",
                        "attributes": {
                            "color": "5319e7",
                            "id": "junit-slowest-tests:docs",
                            "name": "docs",
                            "repository": "junit-slowest-tests",
                            "url": "https://api.github.com/repos/caarlos0/junit-slowest-tests/labels/docs"
                        },
                        "meta": {},
                        "tainted": false
                    },
                    "deposed": [],
                    "provider": ""
                },
                "github_issue_label.docs-label.57": {
                    "type": "github_issue_label",
                    "depends_on": [],
                    "primary": {
                        "id": "jvm:docs",
                        "attributes": {
                            "color": "5319e7",
                            "id": "jvm:docs",
                            "name": "docs",
                            "repository": "jvm",
                            "url": "https://api.github.com/repos/caarlos0/jvm/labels/docs"
                        },
                        "meta": {},
                        "tainted": false
                    },
                    "deposed": [],
                    "provider": ""
                },
                "github_issue_label.docs-label.58": {
                    "type": "github_issue_label",
                    "depends_on": [],
                    "primary": {
                        "id": "karmahub:docs",
                        "attributes": {
                            "color": "5319e7",
                            "id": "karmahub:docs",
                            "name": "docs",
                            "repository": "karmahub",
                            "url": "https://api.github.com/repos/caarlos0/karmahub/labels/docs"
                        },
                        "meta": {},
                        "tainted": false
                    },
                    "deposed": [],
                    "provider": ""
                },
                "github_issue_label.docs-label.59": {
                    "type": "github_issue_label",
                    "depends_on": [],
                    "primary": {
                        "id": "Layr:docs",
                        "attributes": {
                            "color": "5319e7",
                            "id": "Layr:docs",
                            "name": "docs",
                            "repository": "Layr",
                            "url": "https://api.github.com/repos/caarlos0/Layr/labels/docs"
                        },
                        "meta": {},
                        "tainted": false
                    },
                    "deposed": [],
                    "provider": ""
                },
                "github_issue_label.docs-label.6": {
                    "type": "github_issue_label",
                    "depends_on": [],
                    "primary": {
                        "id": "ansible-role-java-dev:docs",
                        "attributes": {
                            "color": "5319e7",
                            "id": "ansible-role-java-dev:docs",
                            "name": "docs",
                            "repository": "ansible-role-java-dev",
                            "url": "https://api.github.com/repos/caarlos0/ansible-role-java-dev/labels/docs"
                        },
                        "meta": {},
                        "tainted": false
                    },
                    "deposed": [],
                    "provider": ""
                },
                "github_issue_label.docs-label.60": {
                    "type": "github_issue_label",
                    "depends_on": [],
                    "primary": {
                        "id": "lila:docs",
                        "attributes": {
                            "color": "5319e7",
                            "id": "lila:docs",
                            "name": "docs",
                            "repository": "lila",
                            "url": "https://api.github.com/repos/caarlos0/lila/labels/docs"
                        },
                        "meta": {},
                        "tainted": false
                    },
                    "deposed": [],
                    "provider": ""
                },
                "github_issue_label.docs-label.61": {
                    "type": "github_issue_label",
                    "depends_on": [],
                    "primary": {
                        "id": "lila-aop:docs",
                        "attributes": {
                            "color": "5319e7",
                            "id": "lila-aop:docs",
                            "name": "docs",
                            "repository": "lila-aop",
                            "url": "https://api.github.com/repos/caarlos0/lila-aop/labels/docs"
                        },
                        "meta": {},
                        "tainted": false
                    },
                    "deposed": [],
                    "provider": ""
                },
                "github_issue_label.docs-label.62": {
                    "type": "github_issue_label",
                    "depends_on": [],
                    "primary": {
                        "id": "machine:docs",
                        "attributes": {
                            "color": "5319e7",
                            "id": "machine:docs",
                            "name": "docs",
                            "repository": "machine",
                            "url": "https://api.github.com/repos/caarlos0/machine/labels/docs"
                        },
                        "meta": {},
                        "tainted": false
                    },
                    "deposed": [],
                    "provider": ""
                },
                "github_issue_label.docs-label.63": {
                    "type": "github_issue_label",
                    "depends_on": [],
                    "primary": {
                        "id": "macOS:docs",
                        "attributes": {
                            "color": "5319e7",
                            "id": "macOS:docs",
                            "name": "docs",
                            "repository": "macOS",
                            "url": "https://api.github.com/repos/caarlos0/macOS/labels/docs"
                        },
                        "meta": {},
                        "tainted": false
                    },
                    "deposed": [],
                    "provider": ""
                },
                "github_issue_label.docs-label.64": {
                    "type": "github_issue_label",
                    "depends_on": [],
                    "primary": {
                        "id": "maskedinput-rails:docs",
                        "attributes": {
                            "color": "5319e7",
                            "id": "maskedinput-rails:docs",
                            "name": "docs",
                            "repository": "maskedinput-rails",
                            "url": "https://api.github.com/repos/caarlos0/maskedinput-rails/labels/docs"
                        },
                        "meta": {},
                        "tainted": false
                    },
                    "deposed": [],
                    "provider": ""
                },
                "github_issue_label.docs-label.65": {
                    "type": "github_issue_label",
                    "depends_on": [],
                    "primary": {
                        "id": "maskmoney-rails:docs",
                        "attributes": {
                            "color": "5319e7",
                            "id": "maskmoney-rails:docs",
                            "name": "docs",
                            "repository": "maskmoney-rails",
                            "url": "https://api.github.com/repos/caarlos0/maskmoney-rails/labels/docs"
                        },
                        "meta": {},
                        "tainted": false
                    },
                    "deposed": [],
                    "provider": ""
                },
                "github_issue_label.docs-label.66": {
                    "type": "github_issue_label",
                    "depends_on": [],
                    "primary": {
                        "id": "maven:docs",
                        "attributes": {
                            "color": "5319e7",
                            "id": "maven:docs",
                            "name": "docs",
                            "repository": "maven",
                            "url": "https://api.github.com/repos/caarlos0/maven/labels/docs"
                        },
                        "meta": {},
                        "tainted": false
                    },
                    "deposed": [],
                    "provider": ""
                },
                "github_issue_label.docs-label.67": {
                    "type": "github_issue_label",
                    "depends_on": [],
                    "primary": {
                        "id": "meditec:docs",
                        "attributes": {
                            "color": "5319e7",
                            "id": "meditec:docs",
                            "name": "docs",
                            "repository": "meditec",
                            "url": "https://api.github.com/repos/caarlos0/meditec/labels/docs"
                        },
                        "meta": {},
                        "tainted": false
                    },
                    "deposed": [],
                    "provider": ""
                },
                "github_issue_label.docs-label.68": {
                    "type": "github_issue_label",
                    "depends_on": [],
                    "primary": {
                        "id": "modular-build:docs",
                        "attributes": {
                            "color": "5319e7",
                            "id": "modular-build:docs",
                            "name": "docs",
                            "repository": "modular-build",
                            "url": "https://api.github.com/repos/caarlos0/modular-build/labels/docs"
                        },
                        "meta": {},
                        "tainted": false
                    },
                    "deposed": [],
                    "provider": ""
                },
                "github_issue_label.docs-label.69": {
                    "type": "github_issue_label",
                    "depends_on": [],
                    "primary": {
                        "id": "msfonts:docs",
                        "attributes": {
                            "color": "5319e7",
                            "id": "msfonts:docs",
                            "name": "docs",
                            "repository": "msfonts",
                            "url": "https://api.github.com/repos/caarlos0/msfonts/labels/docs"
                        },
                        "meta": {},
                        "tainted": false
                    },
                    "deposed": [],
                    "provider": ""
                },
                "github_issue_label.docs-label.7": {
                    "type": "github_issue_label",
                    "depends_on": [],
                    "primary": {
                        "id": "bitstarter:docs",
                        "attributes": {
                            "color": "5319e7",
                            "id": "bitstarter:docs",
                            "name": "docs",
                            "repository": "bitstarter",
                            "url": "https://api.github.com/repos/caarlos0/bitstarter/labels/docs"
                        },
                        "meta": {},
                        "tainted": false
                    },
                    "deposed": [],
                    "provider": ""
                },
                "github_issue_label.docs-label.70": {
                    "type": "github_issue_label",
                    "depends_on": [],
                    "primary": {
                        "id": "nodejs-playground:docs",
                        "attributes": {
                            "color": "5319e7",
                            "id": "nodejs-playground:docs",
                            "name": "docs",
                            "repository": "nodejs-playground",
                            "url": "https://api.github.com/repos/caarlos0/nodejs-playground/labels/docs"
                        },
                        "meta": {},
                        "tainted": false
                    },
                    "deposed": [],
                    "provider": ""
                },
                "github_issue_label.docs-label.71": {
                    "type": "github_issue_label",
                    "depends_on": [],
                    "primary": {
                        "id": "nprogress-rails:docs",
                        "attributes": {
                            "color": "5319e7",
                            "id": "nprogress-rails:docs",
                            "name": "docs",
                            "repository": "nprogress-rails",
                            "url": "https://api.github.com/repos/caarlos0/nprogress-rails/labels/docs"
                        },
                        "meta": {},
                        "tainted": false
                    },
                    "deposed": [],
                    "provider": ""
                },
                "github_issue_label.docs-label.72": {
                    "type": "github_issue_label",
                    "depends_on": [],
                    "primary": {
                        "id": "ocjp-resources:docs",
                        "attributes": {
                            "color": "5319e7",
                            "id": "ocjp-resources:docs",
                            "name": "docs",
                            "repository": "ocjp-resources",
                            "url": "https://api.github.com/repos/caarlos0/ocjp-resources/labels/docs"
                        },
                        "meta": {},
                        "tainted": false
                    },
                    "deposed": [],
                    "provider": ""
                },
                "github_issue_label.docs-label.73": {
                    "type": "github_issue_label",
                    "depends_on": [],
                    "primary": {
                        "id": "oop-clock:docs",
                        "attributes": {
                            "color": "5319e7",
                            "id": "oop-clock:docs",
                            "name": "docs",
                            "repository": "oop-clock",
                            "url": "https://api.github.com/repos/caarlos0/oop-clock/labels/docs"
                        },
                        "meta": {},
                        "tainted": false
                    },
                    "deposed": [],
                    "provider": ""
                },
                "github_issue_label.docs-label.74": {
                    "type": "github_issue_label",
                    "depends_on": [],
                    "primary": {
                        "id": "org-stats:docs",
                        "attributes": {
                            "color": "5319e7",
                            "id": "org-stats:docs",
                            "name": "docs",
                            "repository": "org-stats",
                            "url": "https://api.github.com/repos/caarlos0/org-stats/labels/docs"
                        },
                        "meta": {},
                        "tainted": false
                    },
                    "deposed": [],
                    "provider": ""
                },
                "github_issue_label.docs-label.75": {
                    "type": "github_issue_label",
                    "depends_on": [],
                    "primary": {
                        "id": "parent-pom:docs",
                        "attributes": {
                            "color": "5319e7",
                            "id": "parent-pom:docs",
                            "name": "docs",
                            "repository": "parent-pom",
                            "url": "https://api.github.com/repos/caarlos0/parent-pom/labels/docs"
                        },
                        "meta": {},
                        "tainted": false
                    },
                    "deposed": [],
                    "provider": ""
                },
                "github_issue_label.docs-label.76": {
                    "type": "github_issue_label",
                    "depends_on": [],
                    "primary": {
                        "id": "persistence-base:docs",
                        "attributes": {
                            "color": "5319e7",
                            "id": "persistence-base:docs",
                            "name": "docs",
                            "repository": "persistence-base",
                            "url": "https://api.github.com/repos/caarlos0/persistence-base/labels/docs"
                        },
                        "meta": {},
                        "tainted": false
                    },
                    "deposed": [],
                    "provider": ""
                },
                "github_issue_label.docs-label.77": {
                    "type": "github_issue_label",
                    "depends_on": [],
                    "primary": {
                        "id": "ports:docs",
                        "attributes": {
                            "color": "5319e7",
                            "id": "ports:docs",
                            "name": "docs",
                            "repository": "ports",
                            "url": "https://api.github.com/repos/caarlos0/ports/labels/docs"
                        },
                        "meta": {},
                        "tainted": false
                    },
                    "deposed": [],
                    "provider": ""
                },
                "github_issue_label.docs-label.78": {
                    "type": "github_issue_label",
                    "depends_on": [],
                    "primary": {
                        "id": "progfun-003:docs",
                        "attributes": {
                            "color": "5319e7",
                            "id": "progfun-003:docs",
                            "name": "docs",
                            "repository": "progfun-003",
                            "url": "https://api.github.com/repos/caarlos0/progfun-003/labels/docs"
                        },
                        "meta": {},
                        "tainted": false
                    },
                    "deposed": [],
                    "provider": ""
                },
                "github_issue_label.docs-label.79": {
                    "type": "github_issue_label",
                    "depends_on": [],
                    "primary": {
                        "id": "proglang-002:docs",
                        "attributes": {
                            "color": "5319e7",
                            "id": "proglang-002:docs",
                            "name": "docs",
                            "repository": "proglang-002",
                            "url": "https://api.github.com/repos/caarlos0/proglang-002/labels/docs"
                        },
                        "meta": {},
                        "tainted": false
                    },
                    "deposed": [],
                    "provider": ""
                },
                "github_issue_label.docs-label.8": {
                    "type": "github_issue_label",
                    "depends_on": [],
                    "primary": {
                        "id": "bootstrap-daterangepicker-rails:docs",
                        "attributes": {
                            "color": "5319e7",
                            "id": "bootstrap-daterangepicker-rails:docs",
                            "name": "docs",
                            "repository": "bootstrap-daterangepicker-rails",
                            "url": "https://api.github.com/repos/caarlos0/bootstrap-daterangepicker-rails/labels/docs"
                        },
                        "meta": {},
                        "tainted": false
                    },
                    "deposed": [],
                    "provider": ""
                },
                "github_issue_label.docs-label.80": {
                    "type": "github_issue_label",
                    "depends_on": [],
                    "primary": {
                        "id": "promfmt:docs",
                        "attributes": {
                            "color": "5319e7",
                            "id": "promfmt:docs",
                            "name": "docs",
                            "repository": "promfmt",
                            "url": "https://api.github.com/repos/caarlos0/promfmt/labels/docs"
                        },
                        "meta": {},
                        "tainted": false
                    },
                    "deposed": [],
                    "provider": ""
                },
                "github_issue_label.docs-label.81": {
                    "type": "github_issue_label",
                    "depends_on": [],
                    "primary": {
                        "id": "rails-bootstrap-toggle-buttons:docs",
                        "attributes": {
                            "color": "5319e7",
                            "id": "rails-bootstrap-toggle-buttons:docs",
                            "name": "docs",
                            "repository": "rails-bootstrap-toggle-buttons",
                            "url": "https://api.github.com/repos/caarlos0/rails-bootstrap-toggle-buttons/labels/docs"
                        },
                        "meta": {},
                        "tainted": false
                    },
                    "deposed": [],
                    "provider": ""
                },
                "github_issue_label.docs-label.82": {
                    "type": "github_issue_label",
                    "depends_on": [],
                    "primary": {
                        "id": "railscasts-downloader:docs",
                        "attributes": {
                            "color": "5319e7",
                            "id": "railscasts-downloader:docs",
                            "name": "docs",
                            "repository": "railscasts-downloader",
                            "url": "https://api.github.com/repos/caarlos0/railscasts-downloader/labels/docs"
                        },
                        "meta": {},
                        "tainted": false
                    },
                    "deposed": [],
                    "provider": ""
                },
                "github_issue_label.docs-label.83": {
                    "type": "github_issue_label",
                    "depends_on": [],
                    "primary": {
                        "id": "rca:docs",
                        "attributes": {
                            "color": "5319e7",
                            "id": "rca:docs",
                            "name": "docs",
                            "repository": "rca",
                            "url": "https://api.github.com/repos/caarlos0/rca/labels/docs"
                        },
                        "meta": {},
                        "tainted": false
                    },
                    "deposed": [],
                    "provider": ""
                },
                "github_issue_label.docs-label.84": {
                    "type": "github_issue_label",
                    "depends_on": [],
                    "primary": {
                        "id": "repo-watcher:docs",
                        "attributes": {
                            "color": "5319e7",
                            "id": "repo-watcher:docs",
                            "name": "docs",
                            "repository": "repo-watcher",
                            "url": "https://api.github.com/repos/caarlos0/repo-watcher/labels/docs"
                        },
                        "meta": {},
                        "tainted": false
                    },
                    "deposed": [],
                    "provider": ""
                },
                "github_issue_label.docs-label.85": {
                    "type": "github_issue_label",
                    "depends_on": [],
                    "primary": {
                        "id": "route53-cleaner:docs",
                        "attributes": {
                            "color": "5319e7",
                            "id": "route53-cleaner:docs",
                            "name": "docs",
                            "repository": "route53-cleaner",
                            "url": "https://api.github.com/repos/caarlos0/route53-cleaner/labels/docs"
                        },
                        "meta": {},
                        "tainted": false
                    },
                    "deposed": [],
                    "provider": ""
                },
                "github_issue_label.docs-label.86": {
                    "type": "github_issue_label",
                    "depends_on": [],
                    "primary": {
                        "id": "ruby-katas:docs",
                        "attributes": {
                            "color": "5319e7",
                            "id": "ruby-katas:docs",
                            "name": "docs",
                            "repository": "ruby-katas",
                            "url": "https://api.github.com/repos/caarlos0/ruby-katas/labels/docs"
                        },
                        "meta": {},
                        "tainted": false
                    },
                    "deposed": [],
                    "provider": ""
                },
                "github_issue_label.docs-label.87": {
                    "type": "github_issue_label",
                    "depends_on": [],
                    "primary": {
                        "id": "sc-niozip:docs",
                        "attributes": {
                            "color": "5319e7",
                            "id": "sc-niozip:docs",
                            "name": "docs",
                            "repository": "sc-niozip",
                            "url": "https://api.github.com/repos/caarlos0/sc-niozip/labels/docs"
                        },
                        "meta": {},
                        "tainted": false
                    },
                    "deposed": [],
                    "provider": ""
                },
                "github_issue_label.docs-label.88": {
                    "type": "github_issue_label",
                    "depends_on": [],
                    "primary": {
                        "id": "scala-playground:docs",
                        "attributes": {
                            "color": "5319e7",
                            "id": "scala-playground:docs",
                            "name": "docs",
                            "repository": "scala-playground",
                            "url": "https://api.github.com/repos/caarlos0/scala-playground/labels/docs"
                        },
                        "meta": {},
                        "tainted": false
                    },
                    "deposed": [],
                    "provider": ""
                },
                "github_issue_label.docs-label.89": {
                    "type": "github_issue_label",
                    "depends_on": [],
                    "primary": {
                        "id": "selenium-grid-on-docker-example:docs",
                        "attributes": {
                            "color": "5319e7",
                            "id": "selenium-grid-on-docker-example:docs",
                            "name": "docs",
                            "repository": "selenium-grid-on-docker-example",
                            "url": "https://api.github.com/repos/caarlos0/selenium-grid-on-docker-example/labels/docs"
                        },
                        "meta": {},
                        "tainted": false
                    },
                    "deposed": [],
                    "provider": ""
                },
                "github_issue_label.docs-label.9": {
                    "type": "github_issue_label",
                    "depends_on": [],
                    "primary": {
                        "id": "caarlos0.github.com:docs",
                        "attributes": {
                            "color": "5319e7",
                            "id": "caarlos0.github.com:docs",
                            "name": "docs",
                            "repository": "caarlos0.github.com",
                            "url": "https://api.github.com/repos/caarlos0/caarlos0.github.com/labels/docs"
                        },
                        "meta": {},
                        "tainted": false
                    },
                    "deposed": [],
                    "provider": ""
                },
                "github_issue_label.docs-label.90": {
                    "type": "github_issue_label",
                    "depends_on": [],
                    "primary": {
                        "id": "shcheck:docs",
                        "attributes": {
                            "color": "5319e7",
                            "id": "shcheck:docs",
                            "name": "docs",
                            "repository": "shcheck",
                            "url": "https://api.github.com/repos/caarlos0/shcheck/labels/docs"
                        },
                        "meta": {},
                        "tainted": false
                    },
                    "deposed": [],
                    "provider": ""
                },
                "github_issue_label.docs-label.91": {
                    "type": "github_issue_label",
                    "depends_on": [],
                    "primary": {
                        "id": "shell-ci-build:docs",
                        "attributes": {
                            "color": "5319e7",
                            "id": "shell-ci-build:docs",
                            "name": "docs",
                            "repository": "shell-ci-build",
                            "url": "https://api.github.com/repos/caarlos0/shell-ci-build/labels/docs"
                        },
                        "meta": {},
                        "tainted": false
                    },
                    "deposed": [],
                    "provider": ""
                },
                "github_issue_label.docs-label.92": {
                    "type": "github_issue_label",
                    "depends_on": [],
                    "primary": {
                        "id": "shellcheck-docker:docs",
                        "attributes": {
                            "color": "5319e7",
                            "id": "shellcheck-docker:docs",
                            "name": "docs",
                            "repository": "shellcheck-docker",
                            "url": "https://api.github.com/repos/caarlos0/shellcheck-docker/labels/docs"
                        },
                        "meta": {},
                        "tainted": false
                    },
                    "deposed": [],
                    "provider": ""
                },
                "github_issue_label.docs-label.93": {
                    "type": "github_issue_label",
                    "depends_on": [],
                    "primary": {
                        "id": "shellstyle:docs",
                        "attributes": {
                            "color": "5319e7",
                            "id": "shellstyle:docs",
                            "name": "docs",
                            "repository": "shellstyle",
                            "url": "https://api.github.com/repos/caarlos0/shellstyle/labels/docs"
                        },
                        "meta": {},
                        "tainted": false
                    },
                    "deposed": [],
                    "provider": ""
                },
                "github_issue_label.docs-label.94": {
                    "type": "github_issue_label",
                    "depends_on": [],
                    "primary": {
                        "id": "shippable-minv2-last-maven:docs",
                        "attributes": {
                            "color": "5319e7",
                            "id": "shippable-minv2-last-maven:docs",
                            "name": "docs",
                            "repository": "shippable-minv2-last-maven",
                            "url": "https://api.github.com/repos/caarlos0/shippable-minv2-last-maven/labels/docs"
                        },
                        "meta": {},
                        "tainted": false
                    },
                    "deposed": [],
                    "provider": ""
                },
                "github_issue_label.docs-label.95": {
                    "type": "github_issue_label",
                    "depends_on": [],
                    "primary": {
                        "id": "shippable-minv2-maven32:docs",
                        "attributes": {
                            "color": "5319e7",
                            "id": "shippable-minv2-maven32:docs",
                            "name": "docs",
                            "repository": "shippable-minv2-maven32",
                            "url": "https://api.github.com/repos/caarlos0/shippable-minv2-maven32/labels/docs"
                        },
                        "meta": {},
                        "tainted": false
                    },
                    "deposed": [],
                    "provider": ""
                },
                "github_issue_label.docs-label.96": {
                    "type": "github_issue_label",
                    "depends_on": [],
                    "primary": {
                        "id": "simple-cdi-examples:docs",
                        "attributes": {
                            "color": "5319e7",
                            "id": "simple-cdi-examples:docs",
                            "name": "docs",
                            "repository": "simple-cdi-examples",
                            "url": "https://api.github.com/repos/caarlos0/simple-cdi-examples/labels/docs"
                        },
                        "meta": {},
                        "tainted": false
                    },
                    "deposed": [],
                    "provider": ""
                },
                "github_issue_label.docs-label.97": {
                    "type": "github_issue_label",
                    "depends_on": [],
                    "primary": {
                        "id": "sinatra_examples:docs",
                        "attributes": {
                            "color": "5319e7",
                            "id": "sinatra_examples:docs",
                            "name": "docs",
                            "repository": "sinatra_examples",
                            "url": "https://api.github.com/repos/caarlos0/sinatra_examples/labels/docs"
                        },
                        "meta": {},
                        "tainted": false
                    },
                    "deposed": [],
                    "provider": ""
                },
                "github_issue_label.docs-label.98": {
                    "type": "github_issue_label",
                    "depends_on": [],
                    "primary": {
                        "id": "small-go-app-container-example:docs",
                        "attributes": {
                            "color": "5319e7",
                            "id": "small-go-app-container-example:docs",
                            "name": "docs",
                            "repository": "small-go-app-container-example",
                            "url": "https://api.github.com/repos/caarlos0/small-go-app-container-example/labels/docs"
                        },
                        "meta": {},
                        "tainted": false
                    },
                    "deposed": [],
                    "provider": ""
                },
                "github_issue_label.docs-label.99": {
                    "type": "github_issue_label",
                    "depends_on": [],
                    "primary": {
                        "id": "spin:docs",
                        "attributes": {
                            "color": "5319e7",
                            "id": "spin:docs",
                            "name": "docs",
                            "repository": "spin",
                            "url": "https://api.github.com/repos/caarlos0/spin/labels/docs"
                        },
                        "meta": {},
                        "tainted": false
                    },
                    "deposed": [],
                    "provider": ""
                },
                "github_issue_label.duplicate-label.0": {
                    "type": "github_issue_label",
                    "depends_on": [],
                    "primary": {
                        "id": "ajaxspin:duplicate",
                        "attributes": {
                            "color": "cccccc",
                            "id": "ajaxspin:duplicate",
                            "name": "duplicate",
                            "repository": "ajaxspin",
                            "url": "https://api.github.com/repos/caarlos0/ajaxspin/labels/duplicate"
                        },
                        "meta": {},
                        "tainted": false
                    },
                    "deposed": [],
                    "provider": ""
                },
                "github_issue_label.duplicate-label.1": {
                    "type": "github_issue_label",
                    "depends_on": [],
                    "primary": {
                        "id": "alelobot:duplicate",
                        "attributes": {
                            "color": "cccccc",
                            "id": "alelobot:duplicate",
                            "name": "duplicate",
                            "repository": "alelobot",
                            "url": "https://api.github.com/repos/caarlos0/alelobot/labels/duplicate"
                        },
                        "meta": {},
                        "tainted": false
                    },
                    "deposed": [],
                    "provider": ""
                },
                "github_issue_label.duplicate-label.10": {
                    "type": "github_issue_label",
                    "depends_on": [],
                    "primary": {
                        "id": "casa-robot:duplicate",
                        "attributes": {
                            "color": "cccccc",
                            "id": "casa-robot:duplicate",
                            "name": "duplicate",
                            "repository": "casa-robot",
                            "url": "https://api.github.com/repos/caarlos0/casa-robot/labels/duplicate"
                        },
                        "meta": {},
                        "tainted": false
                    },
                    "deposed": [],
                    "provider": ""
                },
                "github_issue_label.duplicate-label.11": {
                    "type": "github_issue_label",
                    "depends_on": [],
                    "primary": {
                        "id": "cepinator:duplicate",
                        "attributes": {
                            "color": "cccccc",
                            "id": "cepinator:duplicate",
                            "name": "duplicate",
                            "repository": "cepinator",
                            "url": "https://api.github.com/repos/caarlos0/cepinator/labels/duplicate"
                        },
                        "meta": {},
                        "tainted": false
                    },
                    "deposed": [],
                    "provider": ""
                },
                "github_issue_label.duplicate-label.12": {
                    "type": "github_issue_label",
                    "depends_on": [],
                    "primary": {
                        "id": "chosen-sass-bootstrap-rails:duplicate",
                        "attributes": {
                            "color": "cccccc",
                            "id": "chosen-sass-bootstrap-rails:duplicate",
                            "name": "duplicate",
                            "repository": "chosen-sass-bootstrap-rails",
                            "url": "https://api.github.com/repos/caarlos0/chosen-sass-bootstrap-rails/labels/duplicate"
                        },
                        "meta": {},
                        "tainted": false
                    },
                    "deposed": [],
                    "provider": ""
                },
                "github_issue_label.duplicate-label.13": {
                    "type": "github_issue_label",
                    "depends_on": [],
                    "primary": {
                        "id": "circuit-breaker-playground:duplicate",
                        "attributes": {
                            "color": "cccccc",
                            "id": "circuit-breaker-playground:duplicate",
                            "name": "duplicate",
                            "repository": "circuit-breaker-playground",
                            "url": "https://api.github.com/repos/caarlos0/circuit-breaker-playground/labels/duplicate"
                        },
                        "meta": {},
                        "tainted": false
                    },
                    "deposed": [],
                    "provider": ""
                },
                "github_issue_label.duplicate-label.14": {
                    "type": "github_issue_label",
                    "depends_on": [],
                    "primary": {
                        "id": "clone-org:duplicate",
                        "attributes": {
                            "color": "cccccc",
                            "id": "clone-org:duplicate",
                            "name": "duplicate",
                            "repository": "clone-org",
                            "url": "https://api.github.com/repos/caarlos0/clone-org/labels/duplicate"
                        },
                        "meta": {},
                        "tainted": false
                    },
                    "deposed": [],
                    "provider": ""
                },
                "github_issue_label.duplicate-label.15": {
                    "type": "github_issue_label",
                    "depends_on": [],
                    "primary": {
                        "id": "coinbase:duplicate",
                        "attributes": {
                            "color": "cccccc",
                            "id": "coinbase:duplicate",
                            "name": "duplicate",
                            "repository": "coinbase",
                            "url": "https://api.github.com/repos/caarlos0/coinbase/labels/duplicate"
                        },
                        "meta": {},
                        "tainted": false
                    },
                    "deposed": [],
                    "provider": ""
                },
                "github_issue_label.duplicate-label.16": {
                    "type": "github_issue_label",
                    "depends_on": [],
                    "primary": {
                        "id": "coverage-incrementer:duplicate",
                        "attributes": {
                            "color": "cccccc",
                            "id": "coverage-incrementer:duplicate",
                            "name": "duplicate",
                            "repository": "coverage-incrementer",
                            "url": "https://api.github.com/repos/caarlos0/coverage-incrementer/labels/duplicate"
                        },
                        "meta": {},
                        "tainted": false
                    },
                    "deposed": [],
                    "provider": ""
                },
                "github_issue_label.duplicate-label.17": {
                    "type": "github_issue_label",
                    "depends_on": [],
                    "primary": {
                        "id": "coverage-maven-plugin:duplicate",
                        "attributes": {
                            "color": "cccccc",
                            "id": "coverage-maven-plugin:duplicate",
                            "name": "duplicate",
                            "repository": "coverage-maven-plugin",
                            "url": "https://api.github.com/repos/caarlos0/coverage-maven-plugin/labels/duplicate"
                        },
                        "meta": {},
                        "tainted": false
                    },
                    "deposed": [],
                    "provider": ""
                },
                "github_issue_label.duplicate-label.18": {
                    "type": "github_issue_label",
                    "depends_on": [],
                    "primary": {
                        "id": "css3-microsoft-metro-buttons-rails:duplicate",
                        "attributes": {
                            "color": "cccccc",
                            "id": "css3-microsoft-metro-buttons-rails:duplicate",
                            "name": "duplicate",
                            "repository": "css3-microsoft-metro-buttons-rails",
                            "url": "https://api.github.com/repos/caarlos0/css3-microsoft-metro-buttons-rails/labels/duplicate"
                        },
                        "meta": {},
                        "tainted": false
                    },
                    "deposed": [],
                    "provider": ""
                },
                "github_issue_label.duplicate-label.19": {
                    "type": "github_issue_label",
                    "depends_on": [],
                    "primary": {
                        "id": "danfe-server:duplicate",
                        "attributes": {
                            "color": "cccccc",
                            "id": "danfe-server:duplicate",
                            "name": "duplicate",
                            "repository": "danfe-server",
                            "url": "https://api.github.com/repos/caarlos0/danfe-server/labels/duplicate"
                        },
                        "meta": {},
                        "tainted": false
                    },
                    "deposed": [],
                    "provider": ""
                },
                "github_issue_label.duplicate-label.2": {
                    "type": "github_issue_label",
                    "depends_on": [],
                    "primary": {
                        "id": "alelogo:duplicate",
                        "attributes": {
                            "color": "cccccc",
                            "id": "alelogo:duplicate",
                            "name": "duplicate",
                            "repository": "alelogo",
                            "url": "https://api.github.com/repos/caarlos0/alelogo/labels/duplicate"
                        },
                        "meta": {},
                        "tainted": false
                    },
                    "deposed": [],
                    "provider": ""
                },
                "github_issue_label.duplicate-label.20": {
                    "type": "github_issue_label",
                    "depends_on": [],
                    "primary": {
                        "id": "datedsl:duplicate",
                        "attributes": {
                            "color": "cccccc",
                            "id": "datedsl:duplicate",
                            "name": "duplicate",
                            "repository": "datedsl",
                            "url": "https://api.github.com/repos/caarlos0/datedsl/labels/duplicate"
                        },
                        "meta": {},
                        "tainted": false
                    },
                    "deposed": [],
                    "provider": ""
                },
                "github_issue_label.duplicate-label.21": {
                    "type": "github_issue_label",
                    "depends_on": [],
                    "primary": {
                        "id": "displayer:duplicate",
                        "attributes": {
                            "color": "cccccc",
                            "id": "displayer:duplicate",
                            "name": "duplicate",
                            "repository": "displayer",
                            "url": "https://api.github.com/repos/caarlos0/displayer/labels/duplicate"
                        },
                        "meta": {},
                        "tainted": false
                    },
                    "deposed": [],
                    "provider": ""
                },
                "github_issue_label.duplicate-label.22": {
                    "type": "github_issue_label",
                    "depends_on": [],
                    "primary": {
                        "id": "docker-alpine-go:duplicate",
                        "attributes": {
                            "color": "cccccc",
                            "id": "docker-alpine-go:duplicate",
                            "name": "duplicate",
                            "repository": "docker-alpine-go",
                            "url": "https://api.github.com/repos/caarlos0/docker-alpine-go/labels/duplicate"
                        },
                        "meta": {},
                        "tainted": false
                    },
                    "deposed": [],
                    "provider": ""
                },
                "github_issue_label.duplicate-label.23": {
                    "type": "github_issue_label",
                    "depends_on": [],
                    "primary": {
                        "id": "docker-alpine-oraclejdk7:duplicate",
                        "attributes": {
                            "color": "cccccc",
                            "id": "docker-alpine-oraclejdk7:duplicate",
                            "name": "duplicate",
                            "repository": "docker-alpine-oraclejdk7",
                            "url": "https://api.github.com/repos/caarlos0/docker-alpine-oraclejdk7/labels/duplicate"
                        },
                        "meta": {},
                        "tainted": false
                    },
                    "deposed": [],
                    "provider": ""
                },
                "github_issue_label.duplicate-label.24": {
                    "type": "github_issue_label",
                    "depends_on": [],
                    "primary": {
                        "id": "docker-alpine-oraclejdk7-mvn:duplicate",
                        "attributes": {
                            "color": "cccccc",
                            "id": "docker-alpine-oraclejdk7-mvn:duplicate",
                            "name": "duplicate",
                            "repository": "docker-alpine-oraclejdk7-mvn",
                            "url": "https://api.github.com/repos/caarlos0/docker-alpine-oraclejdk7-mvn/labels/duplicate"
                        },
                        "meta": {},
                        "tainted": false
                    },
                    "deposed": [],
                    "provider": ""
                },
                "github_issue_label.duplicate-label.25": {
                    "type": "github_issue_label",
                    "depends_on": [],
                    "primary": {
                        "id": "dotfiles:duplicate",
                        "attributes": {
                            "color": "cccccc",
                            "id": "dotfiles:duplicate",
                            "name": "duplicate",
                            "repository": "dotfiles",
                            "url": "https://api.github.com/repos/caarlos0/dotfiles/labels/duplicate"
                        },
                        "meta": {},
                        "tainted": false
                    },
                    "deposed": [],
                    "provider": ""
                },
                "github_issue_label.duplicate-label.26": {
                    "type": "github_issue_label",
                    "depends_on": [],
                    "primary": {
                        "id": "elixir-playground:duplicate",
                        "attributes": {
                            "color": "cccccc",
                            "id": "elixir-playground:duplicate",
                            "name": "duplicate",
                            "repository": "elixir-playground",
                            "url": "https://api.github.com/repos/caarlos0/elixir-playground/labels/duplicate"
                        },
                        "meta": {},
                        "tainted": false
                    },
                    "deposed": [],
                    "provider": ""
                },
                "github_issue_label.duplicate-label.27": {
                    "type": "github_issue_label",
                    "depends_on": [],
                    "primary": {
                        "id": "env:duplicate",
                        "attributes": {
                            "color": "cccccc",
                            "id": "env:duplicate",
                            "name": "duplicate",
                            "repository": "env",
                            "url": "https://api.github.com/repos/caarlos0/env/labels/duplicate"
                        },
                        "meta": {},
                        "tainted": false
                    },
                    "deposed": [],
                    "provider": ""
                },
                "github_issue_label.duplicate-label.28": {
                    "type": "github_issue_label",
                    "depends_on": [],
                    "primary": {
                        "id": "erlang-playground:duplicate",
                        "attributes": {
                            "color": "cccccc",
                            "id": "erlang-playground:duplicate",
                            "name": "duplicate",
                            "repository": "erlang-playground",
                            "url": "https://api.github.com/repos/caarlos0/erlang-playground/labels/duplicate"
                        },
                        "meta": {},
                        "tainted": false
                    },
                    "deposed": [],
                    "provider": ""
                },
                "github_issue_label.duplicate-label.29": {
                    "type": "github_issue_label",
                    "depends_on": [],
                    "primary": {
                        "id": "example:duplicate",
                        "attributes": {
                            "color": "cccccc",
                            "id": "example:duplicate",
                            "name": "duplicate",
                            "repository": "example",
                            "url": "https://api.github.com/repos/caarlos0/example/labels/duplicate"
                        },
                        "meta": {},
                        "tainted": false
                    },
                    "deposed": [],
                    "provider": ""
                },
                "github_issue_label.duplicate-label.3": {
                    "type": "github_issue_label",
                    "depends_on": [],
                    "primary": {
                        "id": "am-i-working:duplicate",
                        "attributes": {
                            "color": "cccccc",
                            "id": "am-i-working:duplicate",
                            "name": "duplicate",
                            "repository": "am-i-working",
                            "url": "https://api.github.com/repos/caarlos0/am-i-working/labels/duplicate"
                        },
                        "meta": {},
                        "tainted": false
                    },
                    "deposed": [],
                    "provider": ""
                },
                "github_issue_label.duplicate-label.30": {
                    "type": "github_issue_label",
                    "depends_on": [],
                    "primary": {
                        "id": "fork-cleaner:duplicate",
                        "attributes": {
                            "color": "cccccc",
                            "id": "fork-cleaner:duplicate",
                            "name": "duplicate",
                            "repository": "fork-cleaner",
                            "url": "https://api.github.com/repos/caarlos0/fork-cleaner/labels/duplicate"
                        },
                        "meta": {},
                        "tainted": false
                    },
                    "deposed": [],
                    "provider": ""
                },
                "github_issue_label.duplicate-label.31": {
                    "type": "github_issue_label",
                    "depends_on": [],
                    "primary": {
                        "id": "FRaaS:duplicate",
                        "attributes": {
                            "color": "cccccc",
                            "id": "FRaaS:duplicate",
                            "name": "duplicate",
                            "repository": "FRaaS",
                            "url": "https://api.github.com/repos/caarlos0/FRaaS/labels/duplicate"
                        },
                        "meta": {},
                        "tainted": false
                    },
                    "deposed": [],
                    "provider": ""
                },
                "github_issue_label.duplicate-label.32": {
                    "type": "github_issue_label",
                    "depends_on": [],
                    "primary": {
                        "id": "git-add-remote:duplicate",
                        "attributes": {
                            "color": "cccccc",
                            "id": "git-add-remote:duplicate",
                            "name": "duplicate",
                            "repository": "git-add-remote",
                            "url": "https://api.github.com/repos/caarlos0/git-add-remote/labels/duplicate"
                        },
                        "meta": {},
                        "tainted": false
                    },
                    "deposed": [],
                    "provider": ""
                },
                "github_issue_label.duplicate-label.33": {
                    "type": "github_issue_label",
                    "depends_on": [],
                    "primary": {
                        "id": "git-gc:duplicate",
                        "attributes": {
                            "color": "cccccc",
                            "id": "git-gc:duplicate",
                            "name": "duplicate",
                            "repository": "git-gc",
                            "url": "https://api.github.com/repos/caarlos0/git-gc/labels/duplicate"
                        },
                        "meta": {},
                        "tainted": false
                    },
                    "deposed": [],
                    "provider": ""
                },
                "github_issue_label.duplicate-label.34": {
                    "type": "github_issue_label",
                    "depends_on": [],
                    "primary": {
                        "id": "github:duplicate",
                        "attributes": {
                            "color": "cccccc",
                            "id": "github:duplicate",
                            "name": "duplicate",
                            "repository": "github",
                            "url": "https://api.github.com/repos/caarlos0/github/labels/duplicate"
                        },
                        "meta": {},
                        "tainted": false
                    },
                    "deposed": [],
                    "provider": ""
                },
                "github_issue_label.duplicate-label.35": {
                    "type": "github_issue_label",
                    "depends_on": [],
                    "primary": {
                        "id": "github-buildkite-wire:duplicate",
                        "attributes": {
                            "color": "cccccc",
                            "id": "github-buildkite-wire:duplicate",
                            "name": "duplicate",
                            "repository": "github-buildkite-wire",
                            "url": "https://api.github.com/repos/caarlos0/github-buildkite-wire/labels/duplicate"
                        },
                        "meta": {},
                        "tainted": false
                    },
                    "deposed": [],
                    "provider": ""
                },
                "github_issue_label.duplicate-label.36": {
                    "type": "github_issue_label",
                    "depends_on": [],
                    "primary": {
                        "id": "github-integrator:duplicate",
                        "attributes": {
                            "color": "cccccc",
                            "id": "github-integrator:duplicate",
                            "name": "duplicate",
                            "repository": "github-integrator",
                            "url": "https://api.github.com/repos/caarlos0/github-integrator/labels/duplicate"
                        },
                        "meta": {},
                        "tainted": false
                    },
                    "deposed": [],
                    "provider": ""
                },
                "github_issue_label.duplicate-label.37": {
                    "type": "github_issue_label",
                    "depends_on": [],
                    "primary": {
                        "id": "github-vacations:duplicate",
                        "attributes": {
                            "color": "cccccc",
                            "id": "github-vacations:duplicate",
                            "name": "duplicate",
                            "repository": "github-vacations",
                            "url": "https://api.github.com/repos/caarlos0/github-vacations/labels/duplicate"
                        },
                        "meta": {},
                        "tainted": false
                    },
                    "deposed": [],
                    "provider": ""
                },
                "github_issue_label.duplicate-label.38": {
                    "type": "github_issue_label",
                    "depends_on": [],
                    "primary": {
                        "id": "go-idioms:duplicate",
                        "attributes": {
                            "color": "cccccc",
                            "id": "go-idioms:duplicate",
                            "name": "duplicate",
                            "repository": "go-idioms",
                            "url": "https://api.github.com/repos/caarlos0/go-idioms/labels/duplicate"
                        },
                        "meta": {},
                        "tainted": false
                    },
                    "deposed": [],
                    "provider": ""
                },
                "github_issue_label.duplicate-label.39": {
                    "type": "github_issue_label",
                    "depends_on": [],
                    "primary": {
                        "id": "go-playground:duplicate",
                        "attributes": {
                            "color": "cccccc",
                            "id": "go-playground:duplicate",
                            "name": "duplicate",
                            "repository": "go-playground",
                            "url": "https://api.github.com/repos/caarlos0/go-playground/labels/duplicate"
                        },
                        "meta": {},
                        "tainted": false
                    },
                    "deposed": [],
                    "provider": ""
                },
                "github_issue_label.duplicate-label.4": {
                    "type": "github_issue_label",
                    "depends_on": [],
                    "primary": {
                        "id": "angular-js-playground:duplicate",
                        "attributes": {
                            "color": "cccccc",
                            "id": "angular-js-playground:duplicate",
                            "name": "duplicate",
                            "repository": "angular-js-playground",
                            "url": "https://api.github.com/repos/caarlos0/angular-js-playground/labels/duplicate"
                        },
                        "meta": {},
                        "tainted": false
                    },
                    "deposed": [],
                    "provider": ""
                },
                "github_issue_label.duplicate-label.40": {
                    "type": "github_issue_label",
                    "depends_on": [],
                    "primary": {
                        "id": "go-victorops:duplicate",
                        "attributes": {
                            "color": "cccccc",
                            "id": "go-victorops:duplicate",
                            "name": "duplicate",
                            "repository": "go-victorops",
                            "url": "https://api.github.com/repos/caarlos0/go-victorops/labels/duplicate"
                        },
                        "meta": {},
                        "tainted": false
                    },
                    "deposed": [],
                    "provider": ""
                },
                "github_issue_label.duplicate-label.41": {
                    "type": "github_issue_label",
                    "depends_on": [],
                    "primary": {
                        "id": "go-web-api-example:duplicate",
                        "attributes": {
                            "color": "cccccc",
                            "id": "go-web-api-example:duplicate",
                            "name": "duplicate",
                            "repository": "go-web-api-example",
                            "url": "https://api.github.com/repos/caarlos0/go-web-api-example/labels/duplicate"
                        },
                        "meta": {},
                        "tainted": false
                    },
                    "deposed": [],
                    "provider": ""
                },
                "github_issue_label.duplicate-label.42": {
                    "type": "github_issue_label",
                    "depends_on": [],
                    "primary": {
                        "id": "gohome:duplicate",
                        "attributes": {
                            "color": "cccccc",
                            "id": "gohome:duplicate",
                            "name": "duplicate",
                            "repository": "gohome",
                            "url": "https://api.github.com/repos/caarlos0/gohome/labels/duplicate"
                        },
                        "meta": {},
                        "tainted": false
                    },
                    "deposed": [],
                    "provider": ""
                },
                "github_issue_label.duplicate-label.43": {
                    "type": "github_issue_label",
                    "depends_on": [],
                    "primary": {
                        "id": "goreleaser-users:duplicate",
                        "attributes": {
                            "color": "cccccc",
                            "id": "goreleaser-users:duplicate",
                            "name": "duplicate",
                            "repository": "goreleaser-users",
                            "url": "https://api.github.com/repos/caarlos0/goreleaser-users/labels/duplicate"
                        },
                        "meta": {},
                        "tainted": false
                    },
                    "deposed": [],
                    "provider": ""
                },
                "github_issue_label.duplicate-label.44": {
                    "type": "github_issue_label",
                    "depends_on": [],
                    "primary": {
                        "id": "guice-junit-test-runner:duplicate",
                        "attributes": {
                            "color": "cccccc",
                            "id": "guice-junit-test-runner:duplicate",
                            "name": "duplicate",
                            "repository": "guice-junit-test-runner",
                            "url": "https://api.github.com/repos/caarlos0/guice-junit-test-runner/labels/duplicate"
                        },
                        "meta": {},
                        "tainted": false
                    },
                    "deposed": [],
                    "provider": ""
                },
                "github_issue_label.duplicate-label.45": {
                    "type": "github_issue_label",
                    "depends_on": [],
                    "primary": {
                        "id": "gwt-scrum-manager:duplicate",
                        "attributes": {
                            "color": "cccccc",
                            "id": "gwt-scrum-manager:duplicate",
                            "name": "duplicate",
                            "repository": "gwt-scrum-manager",
                            "url": "https://api.github.com/repos/caarlos0/gwt-scrum-manager/labels/duplicate"
                        },
                        "meta": {},
                        "tainted": false
                    },
                    "deposed": [],
                    "provider": ""
                },
                "github_issue_label.duplicate-label.46": {
                    "type": "github_issue_label",
                    "depends_on": [],
                    "primary": {
                        "id": "happy-doxygen:duplicate",
                        "attributes": {
                            "color": "cccccc",
                            "id": "happy-doxygen:duplicate",
                            "name": "duplicate",
                            "repository": "happy-doxygen",
                            "url": "https://api.github.com/repos/caarlos0/happy-doxygen/labels/duplicate"
                        },
                        "meta": {},
                        "tainted": false
                    },
                    "deposed": [],
                    "provider": ""
                },
                "github_issue_label.duplicate-label.47": {
                    "type": "github_issue_label",
                    "depends_on": [],
                    "primary": {
                        "id": "haskell-playground:duplicate",
                        "attributes": {
                            "color": "cccccc",
                            "id": "haskell-playground:duplicate",
                            "name": "duplicate",
                            "repository": "haskell-playground",
                            "url": "https://api.github.com/repos/caarlos0/haskell-playground/labels/duplicate"
                        },
                        "meta": {},
                        "tainted": false
                    },
                    "deposed": [],
                    "provider": ""
                },
                "github_issue_label.duplicate-label.48": {
                    "type": "github_issue_label",
                    "depends_on": [],
                    "primary": {
                        "id": "hazelcast-bug:duplicate",
                        "attributes": {
                            "color": "cccccc",
                            "id": "hazelcast-bug:duplicate",
                            "name": "duplicate",
                            "repository": "hazelcast-bug",
                            "url": "https://api.github.com/repos/caarlos0/hazelcast-bug/labels/duplicate"
                        },
                        "meta": {},
                        "tainted": false
                    },
                    "deposed": [],
                    "provider": ""
                },
                "github_issue_label.duplicate-label.49": {
                    "type": "github_issue_label",
                    "depends_on": [],
                    "primary": {
                        "id": "homebrew-core:duplicate",
                        "attributes": {
                            "color": "cccccc",
                            "id": "homebrew-core:duplicate",
                            "name": "duplicate",
                            "repository": "homebrew-core",
                            "url": "https://api.github.com/repos/caarlos0/homebrew-core/labels/duplicate"
                        },
                        "meta": {},
                        "tainted": false
                    },
                    "deposed": [],
                    "provider": ""
                },
                "github_issue_label.duplicate-label.5": {
                    "type": "github_issue_label",
                    "depends_on": [],
                    "primary": {
                        "id": "ansible-role-eclipse:duplicate",
                        "attributes": {
                            "color": "cccccc",
                            "id": "ansible-role-eclipse:duplicate",
                            "name": "duplicate",
                            "repository": "ansible-role-eclipse",
                            "url": "https://api.github.com/repos/caarlos0/ansible-role-eclipse/labels/duplicate"
                        },
                        "meta": {},
                        "tainted": false
                    },
                    "deposed": [],
                    "provider": ""
                },
                "github_issue_label.duplicate-label.50": {
                    "type": "github_issue_label",
                    "depends_on": [],
                    "primary": {
                        "id": "homebrew-tap:duplicate",
                        "attributes": {
                            "color": "cccccc",
                            "id": "homebrew-tap:duplicate",
                            "name": "duplicate",
                            "repository": "homebrew-tap",
                            "url": "https://api.github.com/repos/caarlos0/homebrew-tap/labels/duplicate"
                        },
                        "meta": {},
                        "tainted": false
                    },
                    "deposed": [],
                    "provider": ""
                },
                "github_issue_label.duplicate-label.51": {
                    "type": "github_issue_label",
                    "depends_on": [],
                    "primary": {
                        "id": "is-shit:duplicate",
                        "attributes": {
                            "color": "cccccc",
                            "id": "is-shit:duplicate",
                            "name": "duplicate",
                            "repository": "is-shit",
                            "url": "https://api.github.com/repos/caarlos0/is-shit/labels/duplicate"
                        },
                        "meta": {},
                        "tainted": false
                    },
                    "deposed": [],
                    "provider": ""
                },
                "github_issue_label.duplicate-label.52": {
                    "type": "github_issue_label",
                    "depends_on": [],
                    "primary": {
                        "id": "it:duplicate",
                        "attributes": {
                            "color": "cccccc",
                            "id": "it:duplicate",
                            "name": "duplicate",
                            "repository": "it",
                            "url": "https://api.github.com/repos/caarlos0/it/labels/duplicate"
                        },
                        "meta": {},
                        "tainted": false
                    },
                    "deposed": [],
                    "provider": ""
                },
                "github_issue_label.duplicate-label.53": {
                    "type": "github_issue_label",
                    "depends_on": [],
                    "primary": {
                        "id": "java-best-practices:duplicate",
                        "attributes": {
                            "color": "cccccc",
                            "id": "java-best-practices:duplicate",
                            "name": "duplicate",
                            "repository": "java-best-practices",
                            "url": "https://api.github.com/repos/caarlos0/java-best-practices/labels/duplicate"
                        },
                        "meta": {},
                        "tainted": false
                    },
                    "deposed": [],
                    "provider": ""
                },
                "github_issue_label.duplicate-label.54": {
                    "type": "github_issue_label",
                    "depends_on": [],
                    "primary": {
                        "id": "java-katas:duplicate",
                        "attributes": {
                            "color": "cccccc",
                            "id": "java-katas:duplicate",
                            "name": "duplicate",
                            "repository": "java-katas",
                            "url": "https://api.github.com/repos/caarlos0/java-katas/labels/duplicate"
                        },
                        "meta": {},
                        "tainted": false
                    },
                    "deposed": [],
                    "provider": ""
                },
                "github_issue_label.duplicate-label.55": {
                    "type": "github_issue_label",
                    "depends_on": [],
                    "primary": {
                        "id": "jProtractor:duplicate",
                        "attributes": {
                            "color": "cccccc",
                            "id": "jProtractor:duplicate",
                            "name": "duplicate",
                            "repository": "jProtractor",
                            "url": "https://api.github.com/repos/caarlos0/jProtractor/labels/duplicate"
                        },
                        "meta": {},
                        "tainted": false
                    },
                    "deposed": [],
                    "provider": ""
                },
                "github_issue_label.duplicate-label.56": {
                    "type": "github_issue_label",
                    "depends_on": [],
                    "primary": {
                        "id": "junit-slowest-tests:duplicate",
                        "attributes": {
                            "color": "cccccc",
                            "id": "junit-slowest-tests:duplicate",
                            "name": "duplicate",
                            "repository": "junit-slowest-tests",
                            "url": "https://api.github.com/repos/caarlos0/junit-slowest-tests/labels/duplicate"
                        },
                        "meta": {},
                        "tainted": false
                    },
                    "deposed": [],
                    "provider": ""
                },
                "github_issue_label.duplicate-label.57": {
                    "type": "github_issue_label",
                    "depends_on": [],
                    "primary": {
                        "id": "jvm:duplicate",
                        "attributes": {
                            "color": "cccccc",
                            "id": "jvm:duplicate",
                            "name": "duplicate",
                            "repository": "jvm",
                            "url": "https://api.github.com/repos/caarlos0/jvm/labels/duplicate"
                        },
                        "meta": {},
                        "tainted": false
                    },
                    "deposed": [],
                    "provider": ""
                },
                "github_issue_label.duplicate-label.58": {
                    "type": "github_issue_label",
                    "depends_on": [],
                    "primary": {
                        "id": "karmahub:duplicate",
                        "attributes": {
                            "color": "cccccc",
                            "id": "karmahub:duplicate",
                            "name": "duplicate",
                            "repository": "karmahub",
                            "url": "https://api.github.com/repos/caarlos0/karmahub/labels/duplicate"
                        },
                        "meta": {},
                        "tainted": false
                    },
                    "deposed": [],
                    "provider": ""
                },
                "github_issue_label.duplicate-label.59": {
                    "type": "github_issue_label",
                    "depends_on": [],
                    "primary": {
                        "id": "Layr:duplicate",
                        "attributes": {
                            "color": "cccccc",
                            "id": "Layr:duplicate",
                            "name": "duplicate",
                            "repository": "Layr",
                            "url": "https://api.github.com/repos/caarlos0/Layr/labels/duplicate"
                        },
                        "meta": {},
                        "tainted": false
                    },
                    "deposed": [],
                    "provider": ""
                },
                "github_issue_label.duplicate-label.6": {
                    "type": "github_issue_label",
                    "depends_on": [],
                    "primary": {
                        "id": "ansible-role-java-dev:duplicate",
                        "attributes": {
                            "color": "cccccc",
                            "id": "ansible-role-java-dev:duplicate",
                            "name": "duplicate",
                            "repository": "ansible-role-java-dev",
                            "url": "https://api.github.com/repos/caarlos0/ansible-role-java-dev/labels/duplicate"
                        },
                        "meta": {},
                        "tainted": false
                    },
                    "deposed": [],
                    "provider": ""
                },
                "github_issue_label.duplicate-label.60": {
                    "type": "github_issue_label",
                    "depends_on": [],
                    "primary": {
                        "id": "lila:duplicate",
                        "attributes": {
                            "color": "cccccc",
                            "id": "lila:duplicate",
                            "name": "duplicate",
                            "repository": "lila",
                            "url": "https://api.github.com/repos/caarlos0/lila/labels/duplicate"
                        },
                        "meta": {},
                        "tainted": false
                    },
                    "deposed": [],
                    "provider": ""
                },
                "github_issue_label.duplicate-label.61": {
                    "type": "github_issue_label",
                    "depends_on": [],
                    "primary": {
                        "id": "lila-aop:duplicate",
                        "attributes": {
                            "color": "cccccc",
                            "id": "lila-aop:duplicate",
                            "name": "duplicate",
                            "repository": "lila-aop",
                            "url": "https://api.github.com/repos/caarlos0/lila-aop/labels/duplicate"
                        },
                        "meta": {},
                        "tainted": false
                    },
                    "deposed": [],
                    "provider": ""
                },
                "github_issue_label.duplicate-label.62": {
                    "type": "github_issue_label",
                    "depends_on": [],
                    "primary": {
                        "id": "machine:duplicate",
                        "attributes": {
                            "color": "cccccc",
                            "id": "machine:duplicate",
                            "name": "duplicate",
                            "repository": "machine",
                            "url": "https://api.github.com/repos/caarlos0/machine/labels/duplicate"
                        },
                        "meta": {},
                        "tainted": false
                    },
                    "deposed": [],
                    "provider": ""
                },
                "github_issue_label.duplicate-label.63": {
                    "type": "github_issue_label",
                    "depends_on": [],
                    "primary": {
                        "id": "macOS:duplicate",
                        "attributes": {
                            "color": "cccccc",
                            "id": "macOS:duplicate",
                            "name": "duplicate",
                            "repository": "macOS",
                            "url": "https://api.github.com/repos/caarlos0/macOS/labels/duplicate"
                        },
                        "meta": {},
                        "tainted": false
                    },
                    "deposed": [],
                    "provider": ""
                },
                "github_issue_label.duplicate-label.64": {
                    "type": "github_issue_label",
                    "depends_on": [],
                    "primary": {
                        "id": "maskedinput-rails:duplicate",
                        "attributes": {
                            "color": "cccccc",
                            "id": "maskedinput-rails:duplicate",
                            "name": "duplicate",
                            "repository": "maskedinput-rails",
                            "url": "https://api.github.com/repos/caarlos0/maskedinput-rails/labels/duplicate"
                        },
                        "meta": {},
                        "tainted": false
                    },
                    "deposed": [],
                    "provider": ""
                },
                "github_issue_label.duplicate-label.65": {
                    "type": "github_issue_label",
                    "depends_on": [],
                    "primary": {
                        "id": "maskmoney-rails:duplicate",
                        "attributes": {
                            "color": "cccccc",
                            "id": "maskmoney-rails:duplicate",
                            "name": "duplicate",
                            "repository": "maskmoney-rails",
                            "url": "https://api.github.com/repos/caarlos0/maskmoney-rails/labels/duplicate"
                        },
                        "meta": {},
                        "tainted": false
                    },
                    "deposed": [],
                    "provider": ""
                },
                "github_issue_label.duplicate-label.66": {
                    "type": "github_issue_label",
                    "depends_on": [],
                    "primary": {
                        "id": "maven:duplicate",
                        "attributes": {
                            "color": "cccccc",
                            "id": "maven:duplicate",
                            "name": "duplicate",
                            "repository": "maven",
                            "url": "https://api.github.com/repos/caarlos0/maven/labels/duplicate"
                        },
                        "meta": {},
                        "tainted": false
                    },
                    "deposed": [],
                    "provider": ""
                },
                "github_issue_label.duplicate-label.67": {
                    "type": "github_issue_label",
                    "depends_on": [],
                    "primary": {
                        "id": "meditec:duplicate",
                        "attributes": {
                            "color": "cccccc",
                            "id": "meditec:duplicate",
                            "name": "duplicate",
                            "repository": "meditec",
                            "url": "https://api.github.com/repos/caarlos0/meditec/labels/duplicate"
                        },
                        "meta": {},
                        "tainted": false
                    },
                    "deposed": [],
                    "provider": ""
                },
                "github_issue_label.duplicate-label.68": {
                    "type": "github_issue_label",
                    "depends_on": [],
                    "primary": {
                        "id": "modular-build:duplicate",
                        "attributes": {
                            "color": "cccccc",
                            "id": "modular-build:duplicate",
                            "name": "duplicate",
                            "repository": "modular-build",
                            "url": "https://api.github.com/repos/caarlos0/modular-build/labels/duplicate"
                        },
                        "meta": {},
                        "tainted": false
                    },
                    "deposed": [],
                    "provider": ""
                },
                "github_issue_label.duplicate-label.69": {
                    "type": "github_issue_label",
                    "depends_on": [],
                    "primary": {
                        "id": "msfonts:duplicate",
                        "attributes": {
                            "color": "cccccc",
                            "id": "msfonts:duplicate",
                            "name": "duplicate",
                            "repository": "msfonts",
                            "url": "https://api.github.com/repos/caarlos0/msfonts/labels/duplicate"
                        },
                        "meta": {},
                        "tainted": false
                    },
                    "deposed": [],
                    "provider": ""
                },
                "github_issue_label.duplicate-label.7": {
                    "type": "github_issue_label",
                    "depends_on": [],
                    "primary": {
                        "id": "bitstarter:duplicate",
                        "attributes": {
                            "color": "cccccc",
                            "id": "bitstarter:duplicate",
                            "name": "duplicate",
                            "repository": "bitstarter",
                            "url": "https://api.github.com/repos/caarlos0/bitstarter/labels/duplicate"
                        },
                        "meta": {},
                        "tainted": false
                    },
                    "deposed": [],
                    "provider": ""
                },
                "github_issue_label.duplicate-label.70": {
                    "type": "github_issue_label",
                    "depends_on": [],
                    "primary": {
                        "id": "nodejs-playground:duplicate",
                        "attributes": {
                            "color": "cccccc",
                            "id": "nodejs-playground:duplicate",
                            "name": "duplicate",
                            "repository": "nodejs-playground",
                            "url": "https://api.github.com/repos/caarlos0/nodejs-playground/labels/duplicate"
                        },
                        "meta": {},
                        "tainted": false
                    },
                    "deposed": [],
                    "provider": ""
                },
                "github_issue_label.duplicate-label.71": {
                    "type": "github_issue_label",
                    "depends_on": [],
                    "primary": {
                        "id": "nprogress-rails:duplicate",
                        "attributes": {
                            "color": "cccccc",
                            "id": "nprogress-rails:duplicate",
                            "name": "duplicate",
                            "repository": "nprogress-rails",
                            "url": "https://api.github.com/repos/caarlos0/nprogress-rails/labels/duplicate"
                        },
                        "meta": {},
                        "tainted": false
                    },
                    "deposed": [],
                    "provider": ""
                },
                "github_issue_label.duplicate-label.72": {
                    "type": "github_issue_label",
                    "depends_on": [],
                    "primary": {
                        "id": "ocjp-resources:duplicate",
                        "attributes": {
                            "color": "cccccc",
                            "id": "ocjp-resources:duplicate",
                            "name": "duplicate",
                            "repository": "ocjp-resources",
                            "url": "https://api.github.com/repos/caarlos0/ocjp-resources/labels/duplicate"
                        },
                        "meta": {},
                        "tainted": false
                    },
                    "deposed": [],
                    "provider": ""
                },
                "github_issue_label.duplicate-label.73": {
                    "type": "github_issue_label",
                    "depends_on": [],
                    "primary": {
                        "id": "oop-clock:duplicate",
                        "attributes": {
                            "color": "cccccc",
                            "id": "oop-clock:duplicate",
                            "name": "duplicate",
                            "repository": "oop-clock",
                            "url": "https://api.github.com/repos/caarlos0/oop-clock/labels/duplicate"
                        },
                        "meta": {},
                        "tainted": false
                    },
                    "deposed": [],
                    "provider": ""
                },
                "github_issue_label.duplicate-label.74": {
                    "type": "github_issue_label",
                    "depends_on": [],
                    "primary": {
                        "id": "org-stats:duplicate",
                        "attributes": {
                            "color": "cccccc",
                            "id": "org-stats:duplicate",
                            "name": "duplicate",
                            "repository": "org-stats",
                            "url": "https://api.github.com/repos/caarlos0/org-stats/labels/duplicate"
                        },
                        "meta": {},
                        "tainted": false
                    },
                    "deposed": [],
                    "provider": ""
                },
                "github_issue_label.duplicate-label.75": {
                    "type": "github_issue_label",
                    "depends_on": [],
                    "primary": {
                        "id": "parent-pom:duplicate",
                        "attributes": {
                            "color": "cccccc",
                            "id": "parent-pom:duplicate",
                            "name": "duplicate",
                            "repository": "parent-pom",
                            "url": "https://api.github.com/repos/caarlos0/parent-pom/labels/duplicate"
                        },
                        "meta": {},
                        "tainted": false
                    },
                    "deposed": [],
                    "provider": ""
                },
                "github_issue_label.duplicate-label.76": {
                    "type": "github_issue_label",
                    "depends_on": [],
                    "primary": {
                        "id": "persistence-base:duplicate",
                        "attributes": {
                            "color": "cccccc",
                            "id": "persistence-base:duplicate",
                            "name": "duplicate",
                            "repository": "persistence-base",
                            "url": "https://api.github.com/repos/caarlos0/persistence-base/labels/duplicate"
                        },
                        "meta": {},
                        "tainted": false
                    },
                    "deposed": [],
                    "provider": ""
                },
                "github_issue_label.duplicate-label.77": {
                    "type": "github_issue_label",
                    "depends_on": [],
                    "primary": {
                        "id": "ports:duplicate",
                        "attributes": {
                            "color": "cccccc",
                            "id": "ports:duplicate",
                            "name": "duplicate",
                            "repository": "ports",
                            "url": "https://api.github.com/repos/caarlos0/ports/labels/duplicate"
                        },
                        "meta": {},
                        "tainted": false
                    },
                    "deposed": [],
                    "provider": ""
                },
                "github_issue_label.duplicate-label.78": {
                    "type": "github_issue_label",
                    "depends_on": [],
                    "primary": {
                        "id": "progfun-003:duplicate",
                        "attributes": {
                            "color": "cccccc",
                            "id": "progfun-003:duplicate",
                            "name": "duplicate",
                            "repository": "progfun-003",
                            "url": "https://api.github.com/repos/caarlos0/progfun-003/labels/duplicate"
                        },
                        "meta": {},
                        "tainted": false
                    },
                    "deposed": [],
                    "provider": ""
                },
                "github_issue_label.duplicate-label.79": {
                    "type": "github_issue_label",
                    "depends_on": [],
                    "primary": {
                        "id": "proglang-002:duplicate",
                        "attributes": {
                            "color": "cccccc",
                            "id": "proglang-002:duplicate",
                            "name": "duplicate",
                            "repository": "proglang-002",
                            "url": "https://api.github.com/repos/caarlos0/proglang-002/labels/duplicate"
                        },
                        "meta": {},
                        "tainted": false
                    },
                    "deposed": [],
                    "provider": ""
                },
                "github_issue_label.duplicate-label.8": {
                    "type": "github_issue_label",
                    "depends_on": [],
                    "primary": {
                        "id": "bootstrap-daterangepicker-rails:duplicate",
                        "attributes": {
                            "color": "cccccc",
                            "id": "bootstrap-daterangepicker-rails:duplicate",
                            "name": "duplicate",
                            "repository": "bootstrap-daterangepicker-rails",
                            "url": "https://api.github.com/repos/caarlos0/bootstrap-daterangepicker-rails/labels/duplicate"
                        },
                        "meta": {},
                        "tainted": false
                    },
                    "deposed": [],
                    "provider": ""
                },
                "github_issue_label.duplicate-label.80": {
                    "type": "github_issue_label",
                    "depends_on": [],
                    "primary": {
                        "id": "promfmt:duplicate",
                        "attributes": {
                            "color": "cccccc",
                            "id": "promfmt:duplicate",
                            "name": "duplicate",
                            "repository": "promfmt",
                            "url": "https://api.github.com/repos/caarlos0/promfmt/labels/duplicate"
                        },
                        "meta": {},
                        "tainted": false
                    },
                    "deposed": [],
                    "provider": ""
                },
                "github_issue_label.duplicate-label.81": {
                    "type": "github_issue_label",
                    "depends_on": [],
                    "primary": {
                        "id": "rails-bootstrap-toggle-buttons:duplicate",
                        "attributes": {
                            "color": "cccccc",
                            "id": "rails-bootstrap-toggle-buttons:duplicate",
                            "name": "duplicate",
                            "repository": "rails-bootstrap-toggle-buttons",
                            "url": "https://api.github.com/repos/caarlos0/rails-bootstrap-toggle-buttons/labels/duplicate"
                        },
                        "meta": {},
                        "tainted": false
                    },
                    "deposed": [],
                    "provider": ""
                },
                "github_issue_label.duplicate-label.82": {
                    "type": "github_issue_label",
                    "depends_on": [],
                    "primary": {
                        "id": "railscasts-downloader:duplicate",
                        "attributes": {
                            "color": "cccccc",
                            "id": "railscasts-downloader:duplicate",
                            "name": "duplicate",
                            "repository": "railscasts-downloader",
                            "url": "https://api.github.com/repos/caarlos0/railscasts-downloader/labels/duplicate"
                        },
                        "meta": {},
                        "tainted": false
                    },
                    "deposed": [],
                    "provider": ""
                },
                "github_issue_label.duplicate-label.83": {
                    "type": "github_issue_label",
                    "depends_on": [],
                    "primary": {
                        "id": "rca:duplicate",
                        "attributes": {
                            "color": "cccccc",
                            "id": "rca:duplicate",
                            "name": "duplicate",
                            "repository": "rca",
                            "url": "https://api.github.com/repos/caarlos0/rca/labels/duplicate"
                        },
                        "meta": {},
                        "tainted": false
                    },
                    "deposed": [],
                    "provider": ""
                },
                "github_issue_label.duplicate-label.84": {
                    "type": "github_issue_label",
                    "depends_on": [],
                    "primary": {
                        "id": "repo-watcher:duplicate",
                        "attributes": {
                            "color": "cccccc",
                            "id": "repo-watcher:duplicate",
                            "name": "duplicate",
                            "repository": "repo-watcher",
                            "url": "https://api.github.com/repos/caarlos0/repo-watcher/labels/duplicate"
                        },
                        "meta": {},
                        "tainted": false
                    },
                    "deposed": [],
                    "provider": ""
                },
                "github_issue_label.duplicate-label.85": {
                    "type": "github_issue_label",
                    "depends_on": [],
                    "primary": {
                        "id": "route53-cleaner:duplicate",
                        "attributes": {
                            "color": "cccccc",
                            "id": "route53-cleaner:duplicate",
                            "name": "duplicate",
                            "repository": "route53-cleaner",
                            "url": "https://api.github.com/repos/caarlos0/route53-cleaner/labels/duplicate"
                        },
                        "meta": {},
                        "tainted": false
                    },
                    "deposed": [],
                    "provider": ""
                },
                "github_issue_label.duplicate-label.86": {
                    "type": "github_issue_label",
                    "depends_on": [],
                    "primary": {
                        "id": "ruby-katas:duplicate",
                        "attributes": {
                            "color": "cccccc",
                            "id": "ruby-katas:duplicate",
                            "name": "duplicate",
                            "repository": "ruby-katas",
                            "url": "https://api.github.com/repos/caarlos0/ruby-katas/labels/duplicate"
                        },
                        "meta": {},
                        "tainted": false
                    },
                    "deposed": [],
                    "provider": ""
                },
                "github_issue_label.duplicate-label.87": {
                    "type": "github_issue_label",
                    "depends_on": [],
                    "primary": {
                        "id": "sc-niozip:duplicate",
                        "attributes": {
                            "color": "cccccc",
                            "id": "sc-niozip:duplicate",
                            "name": "duplicate",
                            "repository": "sc-niozip",
                            "url": "https://api.github.com/repos/caarlos0/sc-niozip/labels/duplicate"
                        },
                        "meta": {},
                        "tainted": false
                    },
                    "deposed": [],
                    "provider": ""
                },
                "github_issue_label.duplicate-label.88": {
                    "type": "github_issue_label",
                    "depends_on": [],
                    "primary": {
                        "id": "scala-playground:duplicate",
                        "attributes": {
                            "color": "cccccc",
                            "id": "scala-playground:duplicate",
                            "name": "duplicate",
                            "repository": "scala-playground",
                            "url": "https://api.github.com/repos/caarlos0/scala-playground/labels/duplicate"
                        },
                        "meta": {},
                        "tainted": false
                    },
                    "deposed": [],
                    "provider": ""
                },
                "github_issue_label.duplicate-label.89": {
                    "type": "github_issue_label",
                    "depends_on": [],
                    "primary": {
                        "id": "selenium-grid-on-docker-example:duplicate",
                        "attributes": {
                            "color": "cccccc",
                            "id": "selenium-grid-on-docker-example:duplicate",
                            "name": "duplicate",
                            "repository": "selenium-grid-on-docker-example",
                            "url": "https://api.github.com/repos/caarlos0/selenium-grid-on-docker-example/labels/duplicate"
                        },
                        "meta": {},
                        "tainted": false
                    },
                    "deposed": [],
                    "provider": ""
                },
                "github_issue_label.duplicate-label.9": {
                    "type": "github_issue_label",
                    "depends_on": [],
                    "primary": {
                        "id": "caarlos0.github.com:duplicate",
                        "attributes": {
                            "color": "cccccc",
                            "id": "caarlos0.github.com:duplicate",
                            "name": "duplicate",
                            "repository": "caarlos0.github.com",
                            "url": "https://api.github.com/repos/caarlos0/caarlos0.github.com/labels/duplicate"
                        },
                        "meta": {},
                        "tainted": false
                    },
                    "deposed": [],
                    "provider": ""
                },
                "github_issue_label.duplicate-label.90": {
                    "type": "github_issue_label",
                    "depends_on": [],
                    "primary": {
                        "id": "shcheck:duplicate",
                        "attributes": {
                            "color": "cccccc",
                            "id": "shcheck:duplicate",
                            "name": "duplicate",
                            "repository": "shcheck",
                            "url": "https://api.github.com/repos/caarlos0/shcheck/labels/duplicate"
                        },
                        "meta": {},
                        "tainted": false
                    },
                    "deposed": [],
                    "provider": ""
                },
                "github_issue_label.duplicate-label.91": {
                    "type": "github_issue_label",
                    "depends_on": [],
                    "primary": {
                        "id": "shell-ci-build:duplicate",
                        "attributes": {
                            "color": "cccccc",
                            "id": "shell-ci-build:duplicate",
                            "name": "duplicate",
                            "repository": "shell-ci-build",
                            "url": "https://api.github.com/repos/caarlos0/shell-ci-build/labels/duplicate"
                        },
                        "meta": {},
                        "tainted": false
                    },
                    "deposed": [],
                    "provider": ""
                },
                "github_issue_label.duplicate-label.92": {
                    "type": "github_issue_label",
                    "depends_on": [],
                    "primary": {
                        "id": "shellcheck-docker:duplicate",
                        "attributes": {
                            "color": "cccccc",
                            "id": "shellcheck-docker:duplicate",
                            "name": "duplicate",
                            "repository": "shellcheck-docker",
                            "url": "https://api.github.com/repos/caarlos0/shellcheck-docker/labels/duplicate"
                        },
                        "meta": {},
                        "tainted": false
                    },
                    "deposed": [],
                    "provider": ""
                },
                "github_issue_label.duplicate-label.93": {
                    "type": "github_issue_label",
                    "depends_on": [],
                    "primary": {
                        "id": "shellstyle:duplicate",
                        "attributes": {
                            "color": "cccccc",
                            "id": "shellstyle:duplicate",
                            "name": "duplicate",
                            "repository": "shellstyle",
                            "url": "https://api.github.com/repos/caarlos0/shellstyle/labels/duplicate"
                        },
                        "meta": {},
                        "tainted": false
                    },
                    "deposed": [],
                    "provider": ""
                },
                "github_issue_label.duplicate-label.94": {
                    "type": "github_issue_label",
                    "depends_on": [],
                    "primary": {
                        "id": "shippable-minv2-last-maven:duplicate",
                        "attributes": {
                            "color": "cccccc",
                            "id": "shippable-minv2-last-maven:duplicate",
                            "name": "duplicate",
                            "repository": "shippable-minv2-last-maven",
                            "url": "https://api.github.com/repos/caarlos0/shippable-minv2-last-maven/labels/duplicate"
                        },
                        "meta": {},
                        "tainted": false
                    },
                    "deposed": [],
                    "provider": ""
                },
                "github_issue_label.duplicate-label.95": {
                    "type": "github_issue_label",
                    "depends_on": [],
                    "primary": {
                        "id": "shippable-minv2-maven32:duplicate",
                        "attributes": {
                            "color": "cccccc",
                            "id": "shippable-minv2-maven32:duplicate",
                            "name": "duplicate",
                            "repository": "shippable-minv2-maven32",
                            "url": "https://api.github.com/repos/caarlos0/shippable-minv2-maven32/labels/duplicate"
                        },
                        "meta": {},
                        "tainted": false
                    },
                    "deposed": [],
                    "provider": ""
                },
                "github_issue_label.duplicate-label.96": {
                    "type": "github_issue_label",
                    "depends_on": [],
                    "primary": {
                        "id": "simple-cdi-examples:duplicate",
                        "attributes": {
                            "color": "cccccc",
                            "id": "simple-cdi-examples:duplicate",
                            "name": "duplicate",
                            "repository": "simple-cdi-examples",
                            "url": "https://api.github.com/repos/caarlos0/simple-cdi-examples/labels/duplicate"
                        },
                        "meta": {},
                        "tainted": false
                    },
                    "deposed": [],
                    "provider": ""
                },
                "github_issue_label.duplicate-label.97": {
                    "type": "github_issue_label",
                    "depends_on": [],
                    "primary": {
                        "id": "sinatra_examples:duplicate",
                        "attributes": {
                            "color": "cccccc",
                            "id": "sinatra_examples:duplicate",
                            "name": "duplicate",
                            "repository": "sinatra_examples",
                            "url": "https://api.github.com/repos/caarlos0/sinatra_examples/labels/duplicate"
                        },
                        "meta": {},
                        "tainted": false
                    },
                    "deposed": [],
                    "provider": ""
                },
                "github_issue_label.duplicate-label.98": {
                    "type": "github_issue_label",
                    "depends_on": [],
                    "primary": {
                        "id": "small-go-app-container-example:duplicate",
                        "attributes": {
                            "color": "cccccc",
                            "id": "small-go-app-container-example:duplicate",
                            "name": "duplicate",
                            "repository": "small-go-app-container-example",
                            "url": "https://api.github.com/repos/caarlos0/small-go-app-container-example/labels/duplicate"
                        },
                        "meta": {},
                        "tainted": false
                    },
                    "deposed": [],
                    "provider": ""
                },
                "github_issue_label.duplicate-label.99": {
                    "type": "github_issue_label",
                    "depends_on": [],
                    "primary": {
                        "id": "spin:duplicate",
                        "attributes": {
                            "color": "cccccc",
                            "id": "spin:duplicate",
                            "name": "duplicate",
                            "repository": "spin",
                            "url": "https://api.github.com/repos/caarlos0/spin/labels/duplicate"
                        },
                        "meta": {},
                        "tainted": false
                    },
                    "deposed": [],
                    "provider": ""
                },
                "github_issue_label.feature-label.0": {
                    "type": "github_issue_label",
                    "depends_on": [],
                    "primary": {
                        "id": "ajaxspin:feature",
                        "attributes": {
                            "color": "84b6eb",
                            "id": "ajaxspin:feature",
                            "name": "feature",
                            "repository": "ajaxspin",
                            "url": "https://api.github.com/repos/caarlos0/ajaxspin/labels/feature"
                        },
                        "meta": {},
                        "tainted": false
                    },
                    "deposed": [],
                    "provider": ""
                },
                "github_issue_label.feature-label.1": {
                    "type": "github_issue_label",
                    "depends_on": [],
                    "primary": {
                        "id": "alelobot:feature",
                        "attributes": {
                            "color": "84b6eb",
                            "id": "alelobot:feature",
                            "name": "feature",
                            "repository": "alelobot",
                            "url": "https://api.github.com/repos/caarlos0/alelobot/labels/feature"
                        },
                        "meta": {},
                        "tainted": false
                    },
                    "deposed": [],
                    "provider": ""
                },
                "github_issue_label.feature-label.10": {
                    "type": "github_issue_label",
                    "depends_on": [],
                    "primary": {
                        "id": "casa-robot:feature",
                        "attributes": {
                            "color": "84b6eb",
                            "id": "casa-robot:feature",
                            "name": "feature",
                            "repository": "casa-robot",
                            "url": "https://api.github.com/repos/caarlos0/casa-robot/labels/feature"
                        },
                        "meta": {},
                        "tainted": false
                    },
                    "deposed": [],
                    "provider": ""
                },
                "github_issue_label.feature-label.11": {
                    "type": "github_issue_label",
                    "depends_on": [],
                    "primary": {
                        "id": "cepinator:feature",
                        "attributes": {
                            "color": "84b6eb",
                            "id": "cepinator:feature",
                            "name": "feature",
                            "repository": "cepinator",
                            "url": "https://api.github.com/repos/caarlos0/cepinator/labels/feature"
                        },
                        "meta": {},
                        "tainted": false
                    },
                    "deposed": [],
                    "provider": ""
                },
                "github_issue_label.feature-label.12": {
                    "type": "github_issue_label",
                    "depends_on": [],
                    "primary": {
                        "id": "chosen-sass-bootstrap-rails:feature",
                        "attributes": {
                            "color": "84b6eb",
                            "id": "chosen-sass-bootstrap-rails:feature",
                            "name": "feature",
                            "repository": "chosen-sass-bootstrap-rails",
                            "url": "https://api.github.com/repos/caarlos0/chosen-sass-bootstrap-rails/labels/feature"
                        },
                        "meta": {},
                        "tainted": false
                    },
                    "deposed": [],
                    "provider": ""
                },
                "github_issue_label.feature-label.13": {
                    "type": "github_issue_label",
                    "depends_on": [],
                    "primary": {
                        "id": "circuit-breaker-playground:feature",
                        "attributes": {
                            "color": "84b6eb",
                            "id": "circuit-breaker-playground:feature",
                            "name": "feature",
                            "repository": "circuit-breaker-playground",
                            "url": "https://api.github.com/repos/caarlos0/circuit-breaker-playground/labels/feature"
                        },
                        "meta": {},
                        "tainted": false
                    },
                    "deposed": [],
                    "provider": ""
                },
                "github_issue_label.feature-label.14": {
                    "type": "github_issue_label",
                    "depends_on": [],
                    "primary": {
                        "id": "clone-org:feature",
                        "attributes": {
                            "color": "84b6eb",
                            "id": "clone-org:feature",
                            "name": "feature",
                            "repository": "clone-org",
                            "url": "https://api.github.com/repos/caarlos0/clone-org/labels/feature"
                        },
                        "meta": {},
                        "tainted": false
                    },
                    "deposed": [],
                    "provider": ""
                },
                "github_issue_label.feature-label.15": {
                    "type": "github_issue_label",
                    "depends_on": [],
                    "primary": {
                        "id": "coinbase:feature",
                        "attributes": {
                            "color": "84b6eb",
                            "id": "coinbase:feature",
                            "name": "feature",
                            "repository": "coinbase",
                            "url": "https://api.github.com/repos/caarlos0/coinbase/labels/feature"
                        },
                        "meta": {},
                        "tainted": false
                    },
                    "deposed": [],
                    "provider": ""
                },
                "github_issue_label.feature-label.16": {
                    "type": "github_issue_label",
                    "depends_on": [],
                    "primary": {
                        "id": "coverage-incrementer:feature",
                        "attributes": {
                            "color": "84b6eb",
                            "id": "coverage-incrementer:feature",
                            "name": "feature",
                            "repository": "coverage-incrementer",
                            "url": "https://api.github.com/repos/caarlos0/coverage-incrementer/labels/feature"
                        },
                        "meta": {},
                        "tainted": false
                    },
                    "deposed": [],
                    "provider": ""
                },
                "github_issue_label.feature-label.17": {
                    "type": "github_issue_label",
                    "depends_on": [],
                    "primary": {
                        "id": "coverage-maven-plugin:feature",
                        "attributes": {
                            "color": "84b6eb",
                            "id": "coverage-maven-plugin:feature",
                            "name": "feature",
                            "repository": "coverage-maven-plugin",
                            "url": "https://api.github.com/repos/caarlos0/coverage-maven-plugin/labels/feature"
                        },
                        "meta": {},
                        "tainted": false
                    },
                    "deposed": [],
                    "provider": ""
                },
                "github_issue_label.feature-label.18": {
                    "type": "github_issue_label",
                    "depends_on": [],
                    "primary": {
                        "id": "css3-microsoft-metro-buttons-rails:feature",
                        "attributes": {
                            "color": "84b6eb",
                            "id": "css3-microsoft-metro-buttons-rails:feature",
                            "name": "feature",
                            "repository": "css3-microsoft-metro-buttons-rails",
                            "url": "https://api.github.com/repos/caarlos0/css3-microsoft-metro-buttons-rails/labels/feature"
                        },
                        "meta": {},
                        "tainted": false
                    },
                    "deposed": [],
                    "provider": ""
                },
                "github_issue_label.feature-label.19": {
                    "type": "github_issue_label",
                    "depends_on": [],
                    "primary": {
                        "id": "danfe-server:feature",
                        "attributes": {
                            "color": "84b6eb",
                            "id": "danfe-server:feature",
                            "name": "feature",
                            "repository": "danfe-server",
                            "url": "https://api.github.com/repos/caarlos0/danfe-server/labels/feature"
                        },
                        "meta": {},
                        "tainted": false
                    },
                    "deposed": [],
                    "provider": ""
                },
                "github_issue_label.feature-label.2": {
                    "type": "github_issue_label",
                    "depends_on": [],
                    "primary": {
                        "id": "alelogo:feature",
                        "attributes": {
                            "color": "84b6eb",
                            "id": "alelogo:feature",
                            "name": "feature",
                            "repository": "alelogo",
                            "url": "https://api.github.com/repos/caarlos0/alelogo/labels/feature"
                        },
                        "meta": {},
                        "tainted": false
                    },
                    "deposed": [],
                    "provider": ""
                },
                "github_issue_label.feature-label.20": {
                    "type": "github_issue_label",
                    "depends_on": [],
                    "primary": {
                        "id": "datedsl:feature",
                        "attributes": {
                            "color": "84b6eb",
                            "id": "datedsl:feature",
                            "name": "feature",
                            "repository": "datedsl",
                            "url": "https://api.github.com/repos/caarlos0/datedsl/labels/feature"
                        },
                        "meta": {},
                        "tainted": false
                    },
                    "deposed": [],
                    "provider": ""
                },
                "github_issue_label.feature-label.21": {
                    "type": "github_issue_label",
                    "depends_on": [],
                    "primary": {
                        "id": "displayer:feature",
                        "attributes": {
                            "color": "84b6eb",
                            "id": "displayer:feature",
                            "name": "feature",
                            "repository": "displayer",
                            "url": "https://api.github.com/repos/caarlos0/displayer/labels/feature"
                        },
                        "meta": {},
                        "tainted": false
                    },
                    "deposed": [],
                    "provider": ""
                },
                "github_issue_label.feature-label.22": {
                    "type": "github_issue_label",
                    "depends_on": [],
                    "primary": {
                        "id": "docker-alpine-go:feature",
                        "attributes": {
                            "color": "84b6eb",
                            "id": "docker-alpine-go:feature",
                            "name": "feature",
                            "repository": "docker-alpine-go",
                            "url": "https://api.github.com/repos/caarlos0/docker-alpine-go/labels/feature"
                        },
                        "meta": {},
                        "tainted": false
                    },
                    "deposed": [],
                    "provider": ""
                },
                "github_issue_label.feature-label.23": {
                    "type": "github_issue_label",
                    "depends_on": [],
                    "primary": {
                        "id": "docker-alpine-oraclejdk7:feature",
                        "attributes": {
                            "color": "84b6eb",
                            "id": "docker-alpine-oraclejdk7:feature",
                            "name": "feature",
                            "repository": "docker-alpine-oraclejdk7",
                            "url": "https://api.github.com/repos/caarlos0/docker-alpine-oraclejdk7/labels/feature"
                        },
                        "meta": {},
                        "tainted": false
                    },
                    "deposed": [],
                    "provider": ""
                },
                "github_issue_label.feature-label.24": {
                    "type": "github_issue_label",
                    "depends_on": [],
                    "primary": {
                        "id": "docker-alpine-oraclejdk7-mvn:feature",
                        "attributes": {
                            "color": "84b6eb",
                            "id": "docker-alpine-oraclejdk7-mvn:feature",
                            "name": "feature",
                            "repository": "docker-alpine-oraclejdk7-mvn",
                            "url": "https://api.github.com/repos/caarlos0/docker-alpine-oraclejdk7-mvn/labels/feature"
                        },
                        "meta": {},
                        "tainted": false
                    },
                    "deposed": [],
                    "provider": ""
                },
                "github_issue_label.feature-label.25": {
                    "type": "github_issue_label",
                    "depends_on": [],
                    "primary": {
                        "id": "dotfiles:feature",
                        "attributes": {
                            "color": "84b6eb",
                            "id": "dotfiles:feature",
                            "name": "feature",
                            "repository": "dotfiles",
                            "url": "https://api.github.com/repos/caarlos0/dotfiles/labels/feature"
                        },
                        "meta": {},
                        "tainted": false
                    },
                    "deposed": [],
                    "provider": ""
                },
                "github_issue_label.feature-label.26": {
                    "type": "github_issue_label",
                    "depends_on": [],
                    "primary": {
                        "id": "elixir-playground:feature",
                        "attributes": {
                            "color": "84b6eb",
                            "id": "elixir-playground:feature",
                            "name": "feature",
                            "repository": "elixir-playground",
                            "url": "https://api.github.com/repos/caarlos0/elixir-playground/labels/feature"
                        },
                        "meta": {},
                        "tainted": false
                    },
                    "deposed": [],
                    "provider": ""
                },
                "github_issue_label.feature-label.27": {
                    "type": "github_issue_label",
                    "depends_on": [],
                    "primary": {
                        "id": "env:feature",
                        "attributes": {
                            "color": "84b6eb",
                            "id": "env:feature",
                            "name": "feature",
                            "repository": "env",
                            "url": "https://api.github.com/repos/caarlos0/env/labels/feature"
                        },
                        "meta": {},
                        "tainted": false
                    },
                    "deposed": [],
                    "provider": ""
                },
                "github_issue_label.feature-label.28": {
                    "type": "github_issue_label",
                    "depends_on": [],
                    "primary": {
                        "id": "erlang-playground:feature",
                        "attributes": {
                            "color": "84b6eb",
                            "id": "erlang-playground:feature",
                            "name": "feature",
                            "repository": "erlang-playground",
                            "url": "https://api.github.com/repos/caarlos0/erlang-playground/labels/feature"
                        },
                        "meta": {},
                        "tainted": false
                    },
                    "deposed": [],
                    "provider": ""
                },
                "github_issue_label.feature-label.29": {
                    "type": "github_issue_label",
                    "depends_on": [],
                    "primary": {
                        "id": "example:feature",
                        "attributes": {
                            "color": "84b6eb",
                            "id": "example:feature",
                            "name": "feature",
                            "repository": "example",
                            "url": "https://api.github.com/repos/caarlos0/example/labels/feature"
                        },
                        "meta": {},
                        "tainted": false
                    },
                    "deposed": [],
                    "provider": ""
                },
                "github_issue_label.feature-label.3": {
                    "type": "github_issue_label",
                    "depends_on": [],
                    "primary": {
                        "id": "am-i-working:feature",
                        "attributes": {
                            "color": "84b6eb",
                            "id": "am-i-working:feature",
                            "name": "feature",
                            "repository": "am-i-working",
                            "url": "https://api.github.com/repos/caarlos0/am-i-working/labels/feature"
                        },
                        "meta": {},
                        "tainted": false
                    },
                    "deposed": [],
                    "provider": ""
                },
                "github_issue_label.feature-label.30": {
                    "type": "github_issue_label",
                    "depends_on": [],
                    "primary": {
                        "id": "fork-cleaner:feature",
                        "attributes": {
                            "color": "84b6eb",
                            "id": "fork-cleaner:feature",
                            "name": "feature",
                            "repository": "fork-cleaner",
                            "url": "https://api.github.com/repos/caarlos0/fork-cleaner/labels/feature"
                        },
                        "meta": {},
                        "tainted": false
                    },
                    "deposed": [],
                    "provider": ""
                },
                "github_issue_label.feature-label.31": {
                    "type": "github_issue_label",
                    "depends_on": [],
                    "primary": {
                        "id": "FRaaS:feature",
                        "attributes": {
                            "color": "84b6eb",
                            "id": "FRaaS:feature",
                            "name": "feature",
                            "repository": "FRaaS",
                            "url": "https://api.github.com/repos/caarlos0/FRaaS/labels/feature"
                        },
                        "meta": {},
                        "tainted": false
                    },
                    "deposed": [],
                    "provider": ""
                },
                "github_issue_label.feature-label.32": {
                    "type": "github_issue_label",
                    "depends_on": [],
                    "primary": {
                        "id": "git-add-remote:feature",
                        "attributes": {
                            "color": "84b6eb",
                            "id": "git-add-remote:feature",
                            "name": "feature",
                            "repository": "git-add-remote",
                            "url": "https://api.github.com/repos/caarlos0/git-add-remote/labels/feature"
                        },
                        "meta": {},
                        "tainted": false
                    },
                    "deposed": [],
                    "provider": ""
                },
                "github_issue_label.feature-label.33": {
                    "type": "github_issue_label",
                    "depends_on": [],
                    "primary": {
                        "id": "git-gc:feature",
                        "attributes": {
                            "color": "84b6eb",
                            "id": "git-gc:feature",
                            "name": "feature",
                            "repository": "git-gc",
                            "url": "https://api.github.com/repos/caarlos0/git-gc/labels/feature"
                        },
                        "meta": {},
                        "tainted": false
                    },
                    "deposed": [],
                    "provider": ""
                },
                "github_issue_label.feature-label.34": {
                    "type": "github_issue_label",
                    "depends_on": [],
                    "primary": {
                        "id": "github:feature",
                        "attributes": {
                            "color": "84b6eb",
                            "id": "github:feature",
                            "name": "feature",
                            "repository": "github",
                            "url": "https://api.github.com/repos/caarlos0/github/labels/feature"
                        },
                        "meta": {},
                        "tainted": false
                    },
                    "deposed": [],
                    "provider": ""
                },
                "github_issue_label.feature-label.35": {
                    "type": "github_issue_label",
                    "depends_on": [],
                    "primary": {
                        "id": "github-buildkite-wire:feature",
                        "attributes": {
                            "color": "84b6eb",
                            "id": "github-buildkite-wire:feature",
                            "name": "feature",
                            "repository": "github-buildkite-wire",
                            "url": "https://api.github.com/repos/caarlos0/github-buildkite-wire/labels/feature"
                        },
                        "meta": {},
                        "tainted": false
                    },
                    "deposed": [],
                    "provider": ""
                },
                "github_issue_label.feature-label.36": {
                    "type": "github_issue_label",
                    "depends_on": [],
                    "primary": {
                        "id": "github-integrator:feature",
                        "attributes": {
                            "color": "84b6eb",
                            "id": "github-integrator:feature",
                            "name": "feature",
                            "repository": "github-integrator",
                            "url": "https://api.github.com/repos/caarlos0/github-integrator/labels/feature"
                        },
                        "meta": {},
                        "tainted": false
                    },
                    "deposed": [],
                    "provider": ""
                },
                "github_issue_label.feature-label.37": {
                    "type": "github_issue_label",
                    "depends_on": [],
                    "primary": {
                        "id": "github-vacations:feature",
                        "attributes": {
                            "color": "84b6eb",
                            "id": "github-vacations:feature",
                            "name": "feature",
                            "repository": "github-vacations",
                            "url": "https://api.github.com/repos/caarlos0/github-vacations/labels/feature"
                        },
                        "meta": {},
                        "tainted": false
                    },
                    "deposed": [],
                    "provider": ""
                },
                "github_issue_label.feature-label.38": {
                    "type": "github_issue_label",
                    "depends_on": [],
                    "primary": {
                        "id": "go-idioms:feature",
                        "attributes": {
                            "color": "84b6eb",
                            "id": "go-idioms:feature",
                            "name": "feature",
                            "repository": "go-idioms",
                            "url": "https://api.github.com/repos/caarlos0/go-idioms/labels/feature"
                        },
                        "meta": {},
                        "tainted": false
                    },
                    "deposed": [],
                    "provider": ""
                },
                "github_issue_label.feature-label.39": {
                    "type": "github_issue_label",
                    "depends_on": [],
                    "primary": {
                        "id": "go-playground:feature",
                        "attributes": {
                            "color": "84b6eb",
                            "id": "go-playground:feature",
                            "name": "feature",
                            "repository": "go-playground",
                            "url": "https://api.github.com/repos/caarlos0/go-playground/labels/feature"
                        },
                        "meta": {},
                        "tainted": false
                    },
                    "deposed": [],
                    "provider": ""
                },
                "github_issue_label.feature-label.4": {
                    "type": "github_issue_label",
                    "depends_on": [],
                    "primary": {
                        "id": "angular-js-playground:feature",
                        "attributes": {
                            "color": "84b6eb",
                            "id": "angular-js-playground:feature",
                            "name": "feature",
                            "repository": "angular-js-playground",
                            "url": "https://api.github.com/repos/caarlos0/angular-js-playground/labels/feature"
                        },
                        "meta": {},
                        "tainted": false
                    },
                    "deposed": [],
                    "provider": ""
                },
                "github_issue_label.feature-label.40": {
                    "type": "github_issue_label",
                    "depends_on": [],
                    "primary": {
                        "id": "go-victorops:feature",
                        "attributes": {
                            "color": "84b6eb",
                            "id": "go-victorops:feature",
                            "name": "feature",
                            "repository": "go-victorops",
                            "url": "https://api.github.com/repos/caarlos0/go-victorops/labels/feature"
                        },
                        "meta": {},
                        "tainted": false
                    },
                    "deposed": [],
                    "provider": ""
                },
                "github_issue_label.feature-label.41": {
                    "type": "github_issue_label",
                    "depends_on": [],
                    "primary": {
                        "id": "go-web-api-example:feature",
                        "attributes": {
                            "color": "84b6eb",
                            "id": "go-web-api-example:feature",
                            "name": "feature",
                            "repository": "go-web-api-example",
                            "url": "https://api.github.com/repos/caarlos0/go-web-api-example/labels/feature"
                        },
                        "meta": {},
                        "tainted": false
                    },
                    "deposed": [],
                    "provider": ""
                },
                "github_issue_label.feature-label.42": {
                    "type": "github_issue_label",
                    "depends_on": [],
                    "primary": {
                        "id": "gohome:feature",
                        "attributes": {
                            "color": "84b6eb",
                            "id": "gohome:feature",
                            "name": "feature",
                            "repository": "gohome",
                            "url": "https://api.github.com/repos/caarlos0/gohome/labels/feature"
                        },
                        "meta": {},
                        "tainted": false
                    },
                    "deposed": [],
                    "provider": ""
                },
                "github_issue_label.feature-label.43": {
                    "type": "github_issue_label",
                    "depends_on": [],
                    "primary": {
                        "id": "goreleaser-users:feature",
                        "attributes": {
                            "color": "84b6eb",
                            "id": "goreleaser-users:feature",
                            "name": "feature",
                            "repository": "goreleaser-users",
                            "url": "https://api.github.com/repos/caarlos0/goreleaser-users/labels/feature"
                        },
                        "meta": {},
                        "tainted": false
                    },
                    "deposed": [],
                    "provider": ""
                },
                "github_issue_label.feature-label.44": {
                    "type": "github_issue_label",
                    "depends_on": [],
                    "primary": {
                        "id": "guice-junit-test-runner:feature",
                        "attributes": {
                            "color": "84b6eb",
                            "id": "guice-junit-test-runner:feature",
                            "name": "feature",
                            "repository": "guice-junit-test-runner",
                            "url": "https://api.github.com/repos/caarlos0/guice-junit-test-runner/labels/feature"
                        },
                        "meta": {},
                        "tainted": false
                    },
                    "deposed": [],
                    "provider": ""
                },
                "github_issue_label.feature-label.45": {
                    "type": "github_issue_label",
                    "depends_on": [],
                    "primary": {
                        "id": "gwt-scrum-manager:feature",
                        "attributes": {
                            "color": "84b6eb",
                            "id": "gwt-scrum-manager:feature",
                            "name": "feature",
                            "repository": "gwt-scrum-manager",
                            "url": "https://api.github.com/repos/caarlos0/gwt-scrum-manager/labels/feature"
                        },
                        "meta": {},
                        "tainted": false
                    },
                    "deposed": [],
                    "provider": ""
                },
                "github_issue_label.feature-label.46": {
                    "type": "github_issue_label",
                    "depends_on": [],
                    "primary": {
                        "id": "happy-doxygen:feature",
                        "attributes": {
                            "color": "84b6eb",
                            "id": "happy-doxygen:feature",
                            "name": "feature",
                            "repository": "happy-doxygen",
                            "url": "https://api.github.com/repos/caarlos0/happy-doxygen/labels/feature"
                        },
                        "meta": {},
                        "tainted": false
                    },
                    "deposed": [],
                    "provider": ""
                },
                "github_issue_label.feature-label.47": {
                    "type": "github_issue_label",
                    "depends_on": [],
                    "primary": {
                        "id": "haskell-playground:feature",
                        "attributes": {
                            "color": "84b6eb",
                            "id": "haskell-playground:feature",
                            "name": "feature",
                            "repository": "haskell-playground",
                            "url": "https://api.github.com/repos/caarlos0/haskell-playground/labels/feature"
                        },
                        "meta": {},
                        "tainted": false
                    },
                    "deposed": [],
                    "provider": ""
                },
                "github_issue_label.feature-label.48": {
                    "type": "github_issue_label",
                    "depends_on": [],
                    "primary": {
                        "id": "hazelcast-bug:feature",
                        "attributes": {
                            "color": "84b6eb",
                            "id": "hazelcast-bug:feature",
                            "name": "feature",
                            "repository": "hazelcast-bug",
                            "url": "https://api.github.com/repos/caarlos0/hazelcast-bug/labels/feature"
                        },
                        "meta": {},
                        "tainted": false
                    },
                    "deposed": [],
                    "provider": ""
                },
                "github_issue_label.feature-label.49": {
                    "type": "github_issue_label",
                    "depends_on": [],
                    "primary": {
                        "id": "homebrew-core:feature",
                        "attributes": {
                            "color": "84b6eb",
                            "id": "homebrew-core:feature",
                            "name": "feature",
                            "repository": "homebrew-core",
                            "url": "https://api.github.com/repos/caarlos0/homebrew-core/labels/feature"
                        },
                        "meta": {},
                        "tainted": false
                    },
                    "deposed": [],
                    "provider": ""
                },
                "github_issue_label.feature-label.5": {
                    "type": "github_issue_label",
                    "depends_on": [],
                    "primary": {
                        "id": "ansible-role-eclipse:feature",
                        "attributes": {
                            "color": "84b6eb",
                            "id": "ansible-role-eclipse:feature",
                            "name": "feature",
                            "repository": "ansible-role-eclipse",
                            "url": "https://api.github.com/repos/caarlos0/ansible-role-eclipse/labels/feature"
                        },
                        "meta": {},
                        "tainted": false
                    },
                    "deposed": [],
                    "provider": ""
                },
                "github_issue_label.feature-label.50": {
                    "type": "github_issue_label",
                    "depends_on": [],
                    "primary": {
                        "id": "homebrew-tap:feature",
                        "attributes": {
                            "color": "84b6eb",
                            "id": "homebrew-tap:feature",
                            "name": "feature",
                            "repository": "homebrew-tap",
                            "url": "https://api.github.com/repos/caarlos0/homebrew-tap/labels/feature"
                        },
                        "meta": {},
                        "tainted": false
                    },
                    "deposed": [],
                    "provider": ""
                },
                "github_issue_label.feature-label.51": {
                    "type": "github_issue_label",
                    "depends_on": [],
                    "primary": {
                        "id": "is-shit:feature",
                        "attributes": {
                            "color": "84b6eb",
                            "id": "is-shit:feature",
                            "name": "feature",
                            "repository": "is-shit",
                            "url": "https://api.github.com/repos/caarlos0/is-shit/labels/feature"
                        },
                        "meta": {},
                        "tainted": false
                    },
                    "deposed": [],
                    "provider": ""
                },
                "github_issue_label.feature-label.52": {
                    "type": "github_issue_label",
                    "depends_on": [],
                    "primary": {
                        "id": "it:feature",
                        "attributes": {
                            "color": "84b6eb",
                            "id": "it:feature",
                            "name": "feature",
                            "repository": "it",
                            "url": "https://api.github.com/repos/caarlos0/it/labels/feature"
                        },
                        "meta": {},
                        "tainted": false
                    },
                    "deposed": [],
                    "provider": ""
                },
                "github_issue_label.feature-label.53": {
                    "type": "github_issue_label",
                    "depends_on": [],
                    "primary": {
                        "id": "java-best-practices:feature",
                        "attributes": {
                            "color": "84b6eb",
                            "id": "java-best-practices:feature",
                            "name": "feature",
                            "repository": "java-best-practices",
                            "url": "https://api.github.com/repos/caarlos0/java-best-practices/labels/feature"
                        },
                        "meta": {},
                        "tainted": false
                    },
                    "deposed": [],
                    "provider": ""
                },
                "github_issue_label.feature-label.54": {
                    "type": "github_issue_label",
                    "depends_on": [],
                    "primary": {
                        "id": "java-katas:feature",
                        "attributes": {
                            "color": "84b6eb",
                            "id": "java-katas:feature",
                            "name": "feature",
                            "repository": "java-katas",
                            "url": "https://api.github.com/repos/caarlos0/java-katas/labels/feature"
                        },
                        "meta": {},
                        "tainted": false
                    },
                    "deposed": [],
                    "provider": ""
                },
                "github_issue_label.feature-label.55": {
                    "type": "github_issue_label",
                    "depends_on": [],
                    "primary": {
                        "id": "jProtractor:feature",
                        "attributes": {
                            "color": "84b6eb",
                            "id": "jProtractor:feature",
                            "name": "feature",
                            "repository": "jProtractor",
                            "url": "https://api.github.com/repos/caarlos0/jProtractor/labels/feature"
                        },
                        "meta": {},
                        "tainted": false
                    },
                    "deposed": [],
                    "provider": ""
                },
                "github_issue_label.feature-label.56": {
                    "type": "github_issue_label",
                    "depends_on": [],
                    "primary": {
                        "id": "junit-slowest-tests:feature",
                        "attributes": {
                            "color": "84b6eb",
                            "id": "junit-slowest-tests:feature",
                            "name": "feature",
                            "repository": "junit-slowest-tests",
                            "url": "https://api.github.com/repos/caarlos0/junit-slowest-tests/labels/feature"
                        },
                        "meta": {},
                        "tainted": false
                    },
                    "deposed": [],
                    "provider": ""
                },
                "github_issue_label.feature-label.57": {
                    "type": "github_issue_label",
                    "depends_on": [],
                    "primary": {
                        "id": "jvm:feature",
                        "attributes": {
                            "color": "84b6eb",
                            "id": "jvm:feature",
                            "name": "feature",
                            "repository": "jvm",
                            "url": "https://api.github.com/repos/caarlos0/jvm/labels/feature"
                        },
                        "meta": {},
                        "tainted": false
                    },
                    "deposed": [],
                    "provider": ""
                },
                "github_issue_label.feature-label.58": {
                    "type": "github_issue_label",
                    "depends_on": [],
                    "primary": {
                        "id": "karmahub:feature",
                        "attributes": {
                            "color": "84b6eb",
                            "id": "karmahub:feature",
                            "name": "feature",
                            "repository": "karmahub",
                            "url": "https://api.github.com/repos/caarlos0/karmahub/labels/feature"
                        },
                        "meta": {},
                        "tainted": false
                    },
                    "deposed": [],
                    "provider": ""
                },
                "github_issue_label.feature-label.59": {
                    "type": "github_issue_label",
                    "depends_on": [],
                    "primary": {
                        "id": "Layr:feature",
                        "attributes": {
                            "color": "84b6eb",
                            "id": "Layr:feature",
                            "name": "feature",
                            "repository": "Layr",
                            "url": "https://api.github.com/repos/caarlos0/Layr/labels/feature"
                        },
                        "meta": {},
                        "tainted": false
                    },
                    "deposed": [],
                    "provider": ""
                },
                "github_issue_label.feature-label.6": {
                    "type": "github_issue_label",
                    "depends_on": [],
                    "primary": {
                        "id": "ansible-role-java-dev:feature",
                        "attributes": {
                            "color": "84b6eb",
                            "id": "ansible-role-java-dev:feature",
                            "name": "feature",
                            "repository": "ansible-role-java-dev",
                            "url": "https://api.github.com/repos/caarlos0/ansible-role-java-dev/labels/feature"
                        },
                        "meta": {},
                        "tainted": false
                    },
                    "deposed": [],
                    "provider": ""
                },
                "github_issue_label.feature-label.60": {
                    "type": "github_issue_label",
                    "depends_on": [],
                    "primary": {
                        "id": "lila:feature",
                        "attributes": {
                            "color": "84b6eb",
                            "id": "lila:feature",
                            "name": "feature",
                            "repository": "lila",
                            "url": "https://api.github.com/repos/caarlos0/lila/labels/feature"
                        },
                        "meta": {},
                        "tainted": false
                    },
                    "deposed": [],
                    "provider": ""
                },
                "github_issue_label.feature-label.61": {
                    "type": "github_issue_label",
                    "depends_on": [],
                    "primary": {
                        "id": "lila-aop:feature",
                        "attributes": {
                            "color": "84b6eb",
                            "id": "lila-aop:feature",
                            "name": "feature",
                            "repository": "lila-aop",
                            "url": "https://api.github.com/repos/caarlos0/lila-aop/labels/feature"
                        },
                        "meta": {},
                        "tainted": false
                    },
                    "deposed": [],
                    "provider": ""
                },
                "github_issue_label.feature-label.62": {
                    "type": "github_issue_label",
                    "depends_on": [],
                    "primary": {
                        "id": "machine:feature",
                        "attributes": {
                            "color": "84b6eb",
                            "id": "machine:feature",
                            "name": "feature",
                            "repository": "machine",
                            "url": "https://api.github.com/repos/caarlos0/machine/labels/feature"
                        },
                        "meta": {},
                        "tainted": false
                    },
                    "deposed": [],
                    "provider": ""
                },
                "github_issue_label.feature-label.63": {
                    "type": "github_issue_label",
                    "depends_on": [],
                    "primary": {
                        "id": "macOS:feature",
                        "attributes": {
                            "color": "84b6eb",
                            "id": "macOS:feature",
                            "name": "feature",
                            "repository": "macOS",
                            "url": "https://api.github.com/repos/caarlos0/macOS/labels/feature"
                        },
                        "meta": {},
                        "tainted": false
                    },
                    "deposed": [],
                    "provider": ""
                },
                "github_issue_label.feature-label.64": {
                    "type": "github_issue_label",
                    "depends_on": [],
                    "primary": {
                        "id": "maskedinput-rails:feature",
                        "attributes": {
                            "color": "84b6eb",
                            "id": "maskedinput-rails:feature",
                            "name": "feature",
                            "repository": "maskedinput-rails",
                            "url": "https://api.github.com/repos/caarlos0/maskedinput-rails/labels/feature"
                        },
                        "meta": {},
                        "tainted": false
                    },
                    "deposed": [],
                    "provider": ""
                },
                "github_issue_label.feature-label.65": {
                    "type": "github_issue_label",
                    "depends_on": [],
                    "primary": {
                        "id": "maskmoney-rails:feature",
                        "attributes": {
                            "color": "84b6eb",
                            "id": "maskmoney-rails:feature",
                            "name": "feature",
                            "repository": "maskmoney-rails",
                            "url": "https://api.github.com/repos/caarlos0/maskmoney-rails/labels/feature"
                        },
                        "meta": {},
                        "tainted": false
                    },
                    "deposed": [],
                    "provider": ""
                },
                "github_issue_label.feature-label.66": {
                    "type": "github_issue_label",
                    "depends_on": [],
                    "primary": {
                        "id": "maven:feature",
                        "attributes": {
                            "color": "84b6eb",
                            "id": "maven:feature",
                            "name": "feature",
                            "repository": "maven",
                            "url": "https://api.github.com/repos/caarlos0/maven/labels/feature"
                        },
                        "meta": {},
                        "tainted": false
                    },
                    "deposed": [],
                    "provider": ""
                },
                "github_issue_label.feature-label.67": {
                    "type": "github_issue_label",
                    "depends_on": [],
                    "primary": {
                        "id": "meditec:feature",
                        "attributes": {
                            "color": "84b6eb",
                            "id": "meditec:feature",
                            "name": "feature",
                            "repository": "meditec",
                            "url": "https://api.github.com/repos/caarlos0/meditec/labels/feature"
                        },
                        "meta": {},
                        "tainted": false
                    },
                    "deposed": [],
                    "provider": ""
                },
                "github_issue_label.feature-label.68": {
                    "type": "github_issue_label",
                    "depends_on": [],
                    "primary": {
                        "id": "modular-build:feature",
                        "attributes": {
                            "color": "84b6eb",
                            "id": "modular-build:feature",
                            "name": "feature",
                            "repository": "modular-build",
                            "url": "https://api.github.com/repos/caarlos0/modular-build/labels/feature"
                        },
                        "meta": {},
                        "tainted": false
                    },
                    "deposed": [],
                    "provider": ""
                },
                "github_issue_label.feature-label.69": {
                    "type": "github_issue_label",
                    "depends_on": [],
                    "primary": {
                        "id": "msfonts:feature",
                        "attributes": {
                            "color": "84b6eb",
                            "id": "msfonts:feature",
                            "name": "feature",
                            "repository": "msfonts",
                            "url": "https://api.github.com/repos/caarlos0/msfonts/labels/feature"
                        },
                        "meta": {},
                        "tainted": false
                    },
                    "deposed": [],
                    "provider": ""
                },
                "github_issue_label.feature-label.7": {
                    "type": "github_issue_label",
                    "depends_on": [],
                    "primary": {
                        "id": "bitstarter:feature",
                        "attributes": {
                            "color": "84b6eb",
                            "id": "bitstarter:feature",
                            "name": "feature",
                            "repository": "bitstarter",
                            "url": "https://api.github.com/repos/caarlos0/bitstarter/labels/feature"
                        },
                        "meta": {},
                        "tainted": false
                    },
                    "deposed": [],
                    "provider": ""
                },
                "github_issue_label.feature-label.70": {
                    "type": "github_issue_label",
                    "depends_on": [],
                    "primary": {
                        "id": "nodejs-playground:feature",
                        "attributes": {
                            "color": "84b6eb",
                            "id": "nodejs-playground:feature",
                            "name": "feature",
                            "repository": "nodejs-playground",
                            "url": "https://api.github.com/repos/caarlos0/nodejs-playground/labels/feature"
                        },
                        "meta": {},
                        "tainted": false
                    },
                    "deposed": [],
                    "provider": ""
                },
                "github_issue_label.feature-label.71": {
                    "type": "github_issue_label",
                    "depends_on": [],
                    "primary": {
                        "id": "nprogress-rails:feature",
                        "attributes": {
                            "color": "84b6eb",
                            "id": "nprogress-rails:feature",
                            "name": "feature",
                            "repository": "nprogress-rails",
                            "url": "https://api.github.com/repos/caarlos0/nprogress-rails/labels/feature"
                        },
                        "meta": {},
                        "tainted": false
                    },
                    "deposed": [],
                    "provider": ""
                },
                "github_issue_label.feature-label.72": {
                    "type": "github_issue_label",
                    "depends_on": [],
                    "primary": {
                        "id": "ocjp-resources:feature",
                        "attributes": {
                            "color": "84b6eb",
                            "id": "ocjp-resources:feature",
                            "name": "feature",
                            "repository": "ocjp-resources",
                            "url": "https://api.github.com/repos/caarlos0/ocjp-resources/labels/feature"
                        },
                        "meta": {},
                        "tainted": false
                    },
                    "deposed": [],
                    "provider": ""
                },
                "github_issue_label.feature-label.73": {
                    "type": "github_issue_label",
                    "depends_on": [],
                    "primary": {
                        "id": "oop-clock:feature",
                        "attributes": {
                            "color": "84b6eb",
                            "id": "oop-clock:feature",
                            "name": "feature",
                            "repository": "oop-clock",
                            "url": "https://api.github.com/repos/caarlos0/oop-clock/labels/feature"
                        },
                        "meta": {},
                        "tainted": false
                    },
                    "deposed": [],
                    "provider": ""
                },
                "github_issue_label.feature-label.74": {
                    "type": "github_issue_label",
                    "depends_on": [],
                    "primary": {
                        "id": "org-stats:feature",
                        "attributes": {
                            "color": "84b6eb",
                            "id": "org-stats:feature",
                            "name": "feature",
                            "repository": "org-stats",
                            "url": "https://api.github.com/repos/caarlos0/org-stats/labels/feature"
                        },
                        "meta": {},
                        "tainted": false
                    },
                    "deposed": [],
                    "provider": ""
                },
                "github_issue_label.feature-label.75": {
                    "type": "github_issue_label",
                    "depends_on": [],
                    "primary": {
                        "id": "parent-pom:feature",
                        "attributes": {
                            "color": "84b6eb",
                            "id": "parent-pom:feature",
                            "name": "feature",
                            "repository": "parent-pom",
                            "url": "https://api.github.com/repos/caarlos0/parent-pom/labels/feature"
                        },
                        "meta": {},
                        "tainted": false
                    },
                    "deposed": [],
                    "provider": ""
                },
                "github_issue_label.feature-label.76": {
                    "type": "github_issue_label",
                    "depends_on": [],
                    "primary": {
                        "id": "persistence-base:feature",
                        "attributes": {
                            "color": "84b6eb",
                            "id": "persistence-base:feature",
                            "name": "feature",
                            "repository": "persistence-base",
                            "url": "https://api.github.com/repos/caarlos0/persistence-base/labels/feature"
                        },
                        "meta": {},
                        "tainted": false
                    },
                    "deposed": [],
                    "provider": ""
                },
                "github_issue_label.feature-label.77": {
                    "type": "github_issue_label",
                    "depends_on": [],
                    "primary": {
                        "id": "ports:feature",
                        "attributes": {
                            "color": "84b6eb",
                            "id": "ports:feature",
                            "name": "feature",
                            "repository": "ports",
                            "url": "https://api.github.com/repos/caarlos0/ports/labels/feature"
                        },
                        "meta": {},
                        "tainted": false
                    },
                    "deposed": [],
                    "provider": ""
                },
                "github_issue_label.feature-label.78": {
                    "type": "github_issue_label",
                    "depends_on": [],
                    "primary": {
                        "id": "progfun-003:feature",
                        "attributes": {
                            "color": "84b6eb",
                            "id": "progfun-003:feature",
                            "name": "feature",
                            "repository": "progfun-003",
                            "url": "https://api.github.com/repos/caarlos0/progfun-003/labels/feature"
                        },
                        "meta": {},
                        "tainted": false
                    },
                    "deposed": [],
                    "provider": ""
                },
                "github_issue_label.feature-label.79": {
                    "type": "github_issue_label",
                    "depends_on": [],
                    "primary": {
                        "id": "proglang-002:feature",
                        "attributes": {
                            "color": "84b6eb",
                            "id": "proglang-002:feature",
                            "name": "feature",
                            "repository": "proglang-002",
                            "url": "https://api.github.com/repos/caarlos0/proglang-002/labels/feature"
                        },
                        "meta": {},
                        "tainted": false
                    },
                    "deposed": [],
                    "provider": ""
                },
                "github_issue_label.feature-label.8": {
                    "type": "github_issue_label",
                    "depends_on": [],
                    "primary": {
                        "id": "bootstrap-daterangepicker-rails:feature",
                        "attributes": {
                            "color": "84b6eb",
                            "id": "bootstrap-daterangepicker-rails:feature",
                            "name": "feature",
                            "repository": "bootstrap-daterangepicker-rails",
                            "url": "https://api.github.com/repos/caarlos0/bootstrap-daterangepicker-rails/labels/feature"
                        },
                        "meta": {},
                        "tainted": false
                    },
                    "deposed": [],
                    "provider": ""
                },
                "github_issue_label.feature-label.80": {
                    "type": "github_issue_label",
                    "depends_on": [],
                    "primary": {
                        "id": "promfmt:feature",
                        "attributes": {
                            "color": "84b6eb",
                            "id": "promfmt:feature",
                            "name": "feature",
                            "repository": "promfmt",
                            "url": "https://api.github.com/repos/caarlos0/promfmt/labels/feature"
                        },
                        "meta": {},
                        "tainted": false
                    },
                    "deposed": [],
                    "provider": ""
                },
                "github_issue_label.feature-label.81": {
                    "type": "github_issue_label",
                    "depends_on": [],
                    "primary": {
                        "id": "rails-bootstrap-toggle-buttons:feature",
                        "attributes": {
                            "color": "84b6eb",
                            "id": "rails-bootstrap-toggle-buttons:feature",
                            "name": "feature",
                            "repository": "rails-bootstrap-toggle-buttons",
                            "url": "https://api.github.com/repos/caarlos0/rails-bootstrap-toggle-buttons/labels/feature"
                        },
                        "meta": {},
                        "tainted": false
                    },
                    "deposed": [],
                    "provider": ""
                },
                "github_issue_label.feature-label.82": {
                    "type": "github_issue_label",
                    "depends_on": [],
                    "primary": {
                        "id": "railscasts-downloader:feature",
                        "attributes": {
                            "color": "84b6eb",
                            "id": "railscasts-downloader:feature",
                            "name": "feature",
                            "repository": "railscasts-downloader",
                            "url": "https://api.github.com/repos/caarlos0/railscasts-downloader/labels/feature"
                        },
                        "meta": {},
                        "tainted": false
                    },
                    "deposed": [],
                    "provider": ""
                },
                "github_issue_label.feature-label.83": {
                    "type": "github_issue_label",
                    "depends_on": [],
                    "primary": {
                        "id": "rca:feature",
                        "attributes": {
                            "color": "84b6eb",
                            "id": "rca:feature",
                            "name": "feature",
                            "repository": "rca",
                            "url": "https://api.github.com/repos/caarlos0/rca/labels/feature"
                        },
                        "meta": {},
                        "tainted": false
                    },
                    "deposed": [],
                    "provider": ""
                },
                "github_issue_label.feature-label.84": {
                    "type": "github_issue_label",
                    "depends_on": [],
                    "primary": {
                        "id": "repo-watcher:feature",
                        "attributes": {
                            "color": "84b6eb",
                            "id": "repo-watcher:feature",
                            "name": "feature",
                            "repository": "repo-watcher",
                            "url": "https://api.github.com/repos/caarlos0/repo-watcher/labels/feature"
                        },
                        "meta": {},
                        "tainted": false
                    },
                    "deposed": [],
                    "provider": ""
                },
                "github_issue_label.feature-label.85": {
                    "type": "github_issue_label",
                    "depends_on": [],
                    "primary": {
                        "id": "route53-cleaner:feature",
                        "attributes": {
                            "color": "84b6eb",
                            "id": "route53-cleaner:feature",
                            "name": "feature",
                            "repository": "route53-cleaner",
                            "url": "https://api.github.com/repos/caarlos0/route53-cleaner/labels/feature"
                        },
                        "meta": {},
                        "tainted": false
                    },
                    "deposed": [],
                    "provider": ""
                },
                "github_issue_label.feature-label.86": {
                    "type": "github_issue_label",
                    "depends_on": [],
                    "primary": {
                        "id": "ruby-katas:feature",
                        "attributes": {
                            "color": "84b6eb",
                            "id": "ruby-katas:feature",
                            "name": "feature",
                            "repository": "ruby-katas",
                            "url": "https://api.github.com/repos/caarlos0/ruby-katas/labels/feature"
                        },
                        "meta": {},
                        "tainted": false
                    },
                    "deposed": [],
                    "provider": ""
                },
                "github_issue_label.feature-label.87": {
                    "type": "github_issue_label",
                    "depends_on": [],
                    "primary": {
                        "id": "sc-niozip:feature",
                        "attributes": {
                            "color": "84b6eb",
                            "id": "sc-niozip:feature",
                            "name": "feature",
                            "repository": "sc-niozip",
                            "url": "https://api.github.com/repos/caarlos0/sc-niozip/labels/feature"
                        },
                        "meta": {},
                        "tainted": false
                    },
                    "deposed": [],
                    "provider": ""
                },
                "github_issue_label.feature-label.88": {
                    "type": "github_issue_label",
                    "depends_on": [],
                    "primary": {
                        "id": "scala-playground:feature",
                        "attributes": {
                            "color": "84b6eb",
                            "id": "scala-playground:feature",
                            "name": "feature",
                            "repository": "scala-playground",
                            "url": "https://api.github.com/repos/caarlos0/scala-playground/labels/feature"
                        },
                        "meta": {},
                        "tainted": false
                    },
                    "deposed": [],
                    "provider": ""
                },
                "github_issue_label.feature-label.89": {
                    "type": "github_issue_label",
                    "depends_on": [],
                    "primary": {
                        "id": "selenium-grid-on-docker-example:feature",
                        "attributes": {
                            "color": "84b6eb",
                            "id": "selenium-grid-on-docker-example:feature",
                            "name": "feature",
                            "repository": "selenium-grid-on-docker-example",
                            "url": "https://api.github.com/repos/caarlos0/selenium-grid-on-docker-example/labels/feature"
                        },
                        "meta": {},
                        "tainted": false
                    },
                    "deposed": [],
                    "provider": ""
                },
                "github_issue_label.feature-label.9": {
                    "type": "github_issue_label",
                    "depends_on": [],
                    "primary": {
                        "id": "caarlos0.github.com:feature",
                        "attributes": {
                            "color": "84b6eb",
                            "id": "caarlos0.github.com:feature",
                            "name": "feature",
                            "repository": "caarlos0.github.com",
                            "url": "https://api.github.com/repos/caarlos0/caarlos0.github.com/labels/feature"
                        },
                        "meta": {},
                        "tainted": false
                    },
                    "deposed": [],
                    "provider": ""
                },
                "github_issue_label.feature-label.90": {
                    "type": "github_issue_label",
                    "depends_on": [],
                    "primary": {
                        "id": "shcheck:feature",
                        "attributes": {
                            "color": "84b6eb",
                            "id": "shcheck:feature",
                            "name": "feature",
                            "repository": "shcheck",
                            "url": "https://api.github.com/repos/caarlos0/shcheck/labels/feature"
                        },
                        "meta": {},
                        "tainted": false
                    },
                    "deposed": [],
                    "provider": ""
                },
                "github_issue_label.feature-label.91": {
                    "type": "github_issue_label",
                    "depends_on": [],
                    "primary": {
                        "id": "shell-ci-build:feature",
                        "attributes": {
                            "color": "84b6eb",
                            "id": "shell-ci-build:feature",
                            "name": "feature",
                            "repository": "shell-ci-build",
                            "url": "https://api.github.com/repos/caarlos0/shell-ci-build/labels/feature"
                        },
                        "meta": {},
                        "tainted": false
                    },
                    "deposed": [],
                    "provider": ""
                },
                "github_issue_label.feature-label.92": {
                    "type": "github_issue_label",
                    "depends_on": [],
                    "primary": {
                        "id": "shellcheck-docker:feature",
                        "attributes": {
                            "color": "84b6eb",
                            "id": "shellcheck-docker:feature",
                            "name": "feature",
                            "repository": "shellcheck-docker",
                            "url": "https://api.github.com/repos/caarlos0/shellcheck-docker/labels/feature"
                        },
                        "meta": {},
                        "tainted": false
                    },
                    "deposed": [],
                    "provider": ""
                },
                "github_issue_label.feature-label.93": {
                    "type": "github_issue_label",
                    "depends_on": [],
                    "primary": {
                        "id": "shellstyle:feature",
                        "attributes": {
                            "color": "84b6eb",
                            "id": "shellstyle:feature",
                            "name": "feature",
                            "repository": "shellstyle",
                            "url": "https://api.github.com/repos/caarlos0/shellstyle/labels/feature"
                        },
                        "meta": {},
                        "tainted": false
                    },
                    "deposed": [],
                    "provider": ""
                },
                "github_issue_label.feature-label.94": {
                    "type": "github_issue_label",
                    "depends_on": [],
                    "primary": {
                        "id": "shippable-minv2-last-maven:feature",
                        "attributes": {
                            "color": "84b6eb",
                            "id": "shippable-minv2-last-maven:feature",
                            "name": "feature",
                            "repository": "shippable-minv2-last-maven",
                            "url": "https://api.github.com/repos/caarlos0/shippable-minv2-last-maven/labels/feature"
                        },
                        "meta": {},
                        "tainted": false
                    },
                    "deposed": [],
                    "provider": ""
                },
                "github_issue_label.feature-label.95": {
                    "type": "github_issue_label",
                    "depends_on": [],
                    "primary": {
                        "id": "shippable-minv2-maven32:feature",
                        "attributes": {
                            "color": "84b6eb",
                            "id": "shippable-minv2-maven32:feature",
                            "name": "feature",
                            "repository": "shippable-minv2-maven32",
                            "url": "https://api.github.com/repos/caarlos0/shippable-minv2-maven32/labels/feature"
                        },
                        "meta": {},
                        "tainted": false
                    },
                    "deposed": [],
                    "provider": ""
                },
                "github_issue_label.feature-label.96": {
                    "type": "github_issue_label",
                    "depends_on": [],
                    "primary": {
                        "id": "simple-cdi-examples:feature",
                        "attributes": {
                            "color": "84b6eb",
                            "id": "simple-cdi-examples:feature",
                            "name": "feature",
                            "repository": "simple-cdi-examples",
                            "url": "https://api.github.com/repos/caarlos0/simple-cdi-examples/labels/feature"
                        },
                        "meta": {},
                        "tainted": false
                    },
                    "deposed": [],
                    "provider": ""
                },
                "github_issue_label.feature-label.97": {
                    "type": "github_issue_label",
                    "depends_on": [],
                    "primary": {
                        "id": "sinatra_examples:feature",
                        "attributes": {
                            "color": "84b6eb",
                            "id": "sinatra_examples:feature",
                            "name": "feature",
                            "repository": "sinatra_examples",
                            "url": "https://api.github.com/repos/caarlos0/sinatra_examples/labels/feature"
                        },
                        "meta": {},
                        "tainted": false
                    },
                    "deposed": [],
                    "provider": ""
                },
                "github_issue_label.feature-label.98": {
                    "type": "github_issue_label",
                    "depends_on": [],
                    "primary": {
                        "id": "small-go-app-container-example:feature",
                        "attributes": {
                            "color": "84b6eb",
                            "id": "small-go-app-container-example:feature",
                            "name": "feature",
                            "repository": "small-go-app-container-example",
                            "url": "https://api.github.com/repos/caarlos0/small-go-app-container-example/labels/feature"
                        },
                        "meta": {},
                        "tainted": false
                    },
                    "deposed": [],
                    "provider": ""
                },
                "github_issue_label.feature-label.99": {
                    "type": "github_issue_label",
                    "depends_on": [],
                    "primary": {
                        "id": "spin:feature",
                        "attributes": {
                            "color": "84b6eb",
                            "id": "spin:feature",
                            "name": "feature",
                            "repository": "spin",
                            "url": "https://api.github.com/repos/caarlos0/spin/labels/feature"
                        },
                        "meta": {},
                        "tainted": false
                    },
                    "deposed": [],
                    "provider": ""
                },
                "github_issue_label.good-first-patch-label.0": {
                    "type": "github_issue_label",
                    "depends_on": [],
                    "primary": {
                        "id": "ajaxspin:good-first-patch",
                        "attributes": {
                            "color": "128A0C",
                            "id": "ajaxspin:good-first-patch",
                            "name": "good-first-patch",
                            "repository": "ajaxspin",
                            "url": "https://api.github.com/repos/caarlos0/ajaxspin/labels/good-first-patch"
                        },
                        "meta": {},
                        "tainted": false
                    },
                    "deposed": [],
                    "provider": ""
                },
                "github_issue_label.good-first-patch-label.1": {
                    "type": "github_issue_label",
                    "depends_on": [],
                    "primary": {
                        "id": "alelobot:good-first-patch",
                        "attributes": {
                            "color": "128A0C",
                            "id": "alelobot:good-first-patch",
                            "name": "good-first-patch",
                            "repository": "alelobot",
                            "url": "https://api.github.com/repos/caarlos0/alelobot/labels/good-first-patch"
                        },
                        "meta": {},
                        "tainted": false
                    },
                    "deposed": [],
                    "provider": ""
                },
                "github_issue_label.good-first-patch-label.10": {
                    "type": "github_issue_label",
                    "depends_on": [],
                    "primary": {
                        "id": "casa-robot:good-first-patch",
                        "attributes": {
                            "color": "128A0C",
                            "id": "casa-robot:good-first-patch",
                            "name": "good-first-patch",
                            "repository": "casa-robot",
                            "url": "https://api.github.com/repos/caarlos0/casa-robot/labels/good-first-patch"
                        },
                        "meta": {},
                        "tainted": false
                    },
                    "deposed": [],
                    "provider": ""
                },
                "github_issue_label.good-first-patch-label.11": {
                    "type": "github_issue_label",
                    "depends_on": [],
                    "primary": {
                        "id": "cepinator:good-first-patch",
                        "attributes": {
                            "color": "128A0C",
                            "id": "cepinator:good-first-patch",
                            "name": "good-first-patch",
                            "repository": "cepinator",
                            "url": "https://api.github.com/repos/caarlos0/cepinator/labels/good-first-patch"
                        },
                        "meta": {},
                        "tainted": false
                    },
                    "deposed": [],
                    "provider": ""
                },
                "github_issue_label.good-first-patch-label.12": {
                    "type": "github_issue_label",
                    "depends_on": [],
                    "primary": {
                        "id": "chosen-sass-bootstrap-rails:good-first-patch",
                        "attributes": {
                            "color": "128A0C",
                            "id": "chosen-sass-bootstrap-rails:good-first-patch",
                            "name": "good-first-patch",
                            "repository": "chosen-sass-bootstrap-rails",
                            "url": "https://api.github.com/repos/caarlos0/chosen-sass-bootstrap-rails/labels/good-first-patch"
                        },
                        "meta": {},
                        "tainted": false
                    },
                    "deposed": [],
                    "provider": ""
                },
                "github_issue_label.good-first-patch-label.13": {
                    "type": "github_issue_label",
                    "depends_on": [],
                    "primary": {
                        "id": "circuit-breaker-playground:good-first-patch",
                        "attributes": {
                            "color": "128A0C",
                            "id": "circuit-breaker-playground:good-first-patch",
                            "name": "good-first-patch",
                            "repository": "circuit-breaker-playground",
                            "url": "https://api.github.com/repos/caarlos0/circuit-breaker-playground/labels/good-first-patch"
                        },
                        "meta": {},
                        "tainted": false
                    },
                    "deposed": [],
                    "provider": ""
                },
                "github_issue_label.good-first-patch-label.14": {
                    "type": "github_issue_label",
                    "depends_on": [],
                    "primary": {
                        "id": "clone-org:good-first-patch",
                        "attributes": {
                            "color": "128A0C",
                            "id": "clone-org:good-first-patch",
                            "name": "good-first-patch",
                            "repository": "clone-org",
                            "url": "https://api.github.com/repos/caarlos0/clone-org/labels/good-first-patch"
                        },
                        "meta": {},
                        "tainted": false
                    },
                    "deposed": [],
                    "provider": ""
                },
                "github_issue_label.good-first-patch-label.15": {
                    "type": "github_issue_label",
                    "depends_on": [],
                    "primary": {
                        "id": "coinbase:good-first-patch",
                        "attributes": {
                            "color": "128A0C",
                            "id": "coinbase:good-first-patch",
                            "name": "good-first-patch",
                            "repository": "coinbase",
                            "url": "https://api.github.com/repos/caarlos0/coinbase/labels/good-first-patch"
                        },
                        "meta": {},
                        "tainted": false
                    },
                    "deposed": [],
                    "provider": ""
                },
                "github_issue_label.good-first-patch-label.16": {
                    "type": "github_issue_label",
                    "depends_on": [],
                    "primary": {
                        "id": "coverage-incrementer:good-first-patch",
                        "attributes": {
                            "color": "128A0C",
                            "id": "coverage-incrementer:good-first-patch",
                            "name": "good-first-patch",
                            "repository": "coverage-incrementer",
                            "url": "https://api.github.com/repos/caarlos0/coverage-incrementer/labels/good-first-patch"
                        },
                        "meta": {},
                        "tainted": false
                    },
                    "deposed": [],
                    "provider": ""
                },
                "github_issue_label.good-first-patch-label.17": {
                    "type": "github_issue_label",
                    "depends_on": [],
                    "primary": {
                        "id": "coverage-maven-plugin:good-first-patch",
                        "attributes": {
                            "color": "128A0C",
                            "id": "coverage-maven-plugin:good-first-patch",
                            "name": "good-first-patch",
                            "repository": "coverage-maven-plugin",
                            "url": "https://api.github.com/repos/caarlos0/coverage-maven-plugin/labels/good-first-patch"
                        },
                        "meta": {},
                        "tainted": false
                    },
                    "deposed": [],
                    "provider": ""
                },
                "github_issue_label.good-first-patch-label.18": {
                    "type": "github_issue_label",
                    "depends_on": [],
                    "primary": {
                        "id": "css3-microsoft-metro-buttons-rails:good-first-patch",
                        "attributes": {
                            "color": "128A0C",
                            "id": "css3-microsoft-metro-buttons-rails:good-first-patch",
                            "name": "good-first-patch",
                            "repository": "css3-microsoft-metro-buttons-rails",
                            "url": "https://api.github.com/repos/caarlos0/css3-microsoft-metro-buttons-rails/labels/good-first-patch"
                        },
                        "meta": {},
                        "tainted": false
                    },
                    "deposed": [],
                    "provider": ""
                },
                "github_issue_label.good-first-patch-label.19": {
                    "type": "github_issue_label",
                    "depends_on": [],
                    "primary": {
                        "id": "danfe-server:good-first-patch",
                        "attributes": {
                            "color": "128A0C",
                            "id": "danfe-server:good-first-patch",
                            "name": "good-first-patch",
                            "repository": "danfe-server",
                            "url": "https://api.github.com/repos/caarlos0/danfe-server/labels/good-first-patch"
                        },
                        "meta": {},
                        "tainted": false
                    },
                    "deposed": [],
                    "provider": ""
                },
                "github_issue_label.good-first-patch-label.2": {
                    "type": "github_issue_label",
                    "depends_on": [],
                    "primary": {
                        "id": "alelogo:good-first-patch",
                        "attributes": {
                            "color": "128A0C",
                            "id": "alelogo:good-first-patch",
                            "name": "good-first-patch",
                            "repository": "alelogo",
                            "url": "https://api.github.com/repos/caarlos0/alelogo/labels/good-first-patch"
                        },
                        "meta": {},
                        "tainted": false
                    },
                    "deposed": [],
                    "provider": ""
                },
                "github_issue_label.good-first-patch-label.20": {
                    "type": "github_issue_label",
                    "depends_on": [],
                    "primary": {
                        "id": "datedsl:good-first-patch",
                        "attributes": {
                            "color": "128A0C",
                            "id": "datedsl:good-first-patch",
                            "name": "good-first-patch",
                            "repository": "datedsl",
                            "url": "https://api.github.com/repos/caarlos0/datedsl/labels/good-first-patch"
                        },
                        "meta": {},
                        "tainted": false
                    },
                    "deposed": [],
                    "provider": ""
                },
                "github_issue_label.good-first-patch-label.21": {
                    "type": "github_issue_label",
                    "depends_on": [],
                    "primary": {
                        "id": "displayer:good-first-patch",
                        "attributes": {
                            "color": "128A0C",
                            "id": "displayer:good-first-patch",
                            "name": "good-first-patch",
                            "repository": "displayer",
                            "url": "https://api.github.com/repos/caarlos0/displayer/labels/good-first-patch"
                        },
                        "meta": {},
                        "tainted": false
                    },
                    "deposed": [],
                    "provider": ""
                },
                "github_issue_label.good-first-patch-label.22": {
                    "type": "github_issue_label",
                    "depends_on": [],
                    "primary": {
                        "id": "docker-alpine-go:good-first-patch",
                        "attributes": {
                            "color": "128A0C",
                            "id": "docker-alpine-go:good-first-patch",
                            "name": "good-first-patch",
                            "repository": "docker-alpine-go",
                            "url": "https://api.github.com/repos/caarlos0/docker-alpine-go/labels/good-first-patch"
                        },
                        "meta": {},
                        "tainted": false
                    },
                    "deposed": [],
                    "provider": ""
                },
                "github_issue_label.good-first-patch-label.23": {
                    "type": "github_issue_label",
                    "depends_on": [],
                    "primary": {
                        "id": "docker-alpine-oraclejdk7:good-first-patch",
                        "attributes": {
                            "color": "128A0C",
                            "id": "docker-alpine-oraclejdk7:good-first-patch",
                            "name": "good-first-patch",
                            "repository": "docker-alpine-oraclejdk7",
                            "url": "https://api.github.com/repos/caarlos0/docker-alpine-oraclejdk7/labels/good-first-patch"
                        },
                        "meta": {},
                        "tainted": false
                    },
                    "deposed": [],
                    "provider": ""
                },
                "github_issue_label.good-first-patch-label.24": {
                    "type": "github_issue_label",
                    "depends_on": [],
                    "primary": {
                        "id": "docker-alpine-oraclejdk7-mvn:good-first-patch",
                        "attributes": {
                            "color": "128A0C",
                            "id": "docker-alpine-oraclejdk7-mvn:good-first-patch",
                            "name": "good-first-patch",
                            "repository": "docker-alpine-oraclejdk7-mvn",
                            "url": "https://api.github.com/repos/caarlos0/docker-alpine-oraclejdk7-mvn/labels/good-first-patch"
                        },
                        "meta": {},
                        "tainted": false
                    },
                    "deposed": [],
                    "provider": ""
                },
                "github_issue_label.good-first-patch-label.25": {
                    "type": "github_issue_label",
                    "depends_on": [],
                    "primary": {
                        "id": "dotfiles:good-first-patch",
                        "attributes": {
                            "color": "128A0C",
                            "id": "dotfiles:good-first-patch",
                            "name": "good-first-patch",
                            "repository": "dotfiles",
                            "url": "https://api.github.com/repos/caarlos0/dotfiles/labels/good-first-patch"
                        },
                        "meta": {},
                        "tainted": false
                    },
                    "deposed": [],
                    "provider": ""
                },
                "github_issue_label.good-first-patch-label.26": {
                    "type": "github_issue_label",
                    "depends_on": [],
                    "primary": {
                        "id": "elixir-playground:good-first-patch",
                        "attributes": {
                            "color": "128A0C",
                            "id": "elixir-playground:good-first-patch",
                            "name": "good-first-patch",
                            "repository": "elixir-playground",
                            "url": "https://api.github.com/repos/caarlos0/elixir-playground/labels/good-first-patch"
                        },
                        "meta": {},
                        "tainted": false
                    },
                    "deposed": [],
                    "provider": ""
                },
                "github_issue_label.good-first-patch-label.27": {
                    "type": "github_issue_label",
                    "depends_on": [],
                    "primary": {
                        "id": "env:good-first-patch",
                        "attributes": {
                            "color": "128A0C",
                            "id": "env:good-first-patch",
                            "name": "good-first-patch",
                            "repository": "env",
                            "url": "https://api.github.com/repos/caarlos0/env/labels/good-first-patch"
                        },
                        "meta": {},
                        "tainted": false
                    },
                    "deposed": [],
                    "provider": ""
                },
                "github_issue_label.good-first-patch-label.28": {
                    "type": "github_issue_label",
                    "depends_on": [],
                    "primary": {
                        "id": "erlang-playground:good-first-patch",
                        "attributes": {
                            "color": "128A0C",
                            "id": "erlang-playground:good-first-patch",
                            "name": "good-first-patch",
                            "repository": "erlang-playground",
                            "url": "https://api.github.com/repos/caarlos0/erlang-playground/labels/good-first-patch"
                        },
                        "meta": {},
                        "tainted": false
                    },
                    "deposed": [],
                    "provider": ""
                },
                "github_issue_label.good-first-patch-label.29": {
                    "type": "github_issue_label",
                    "depends_on": [],
                    "primary": {
                        "id": "example:good-first-patch",
                        "attributes": {
                            "color": "128A0C",
                            "id": "example:good-first-patch",
                            "name": "good-first-patch",
                            "repository": "example",
                            "url": "https://api.github.com/repos/caarlos0/example/labels/good-first-patch"
                        },
                        "meta": {},
                        "tainted": false
                    },
                    "deposed": [],
                    "provider": ""
                },
                "github_issue_label.good-first-patch-label.3": {
                    "type": "github_issue_label",
                    "depends_on": [],
                    "primary": {
                        "id": "am-i-working:good-first-patch",
                        "attributes": {
                            "color": "128A0C",
                            "id": "am-i-working:good-first-patch",
                            "name": "good-first-patch",
                            "repository": "am-i-working",
                            "url": "https://api.github.com/repos/caarlos0/am-i-working/labels/good-first-patch"
                        },
                        "meta": {},
                        "tainted": false
                    },
                    "deposed": [],
                    "provider": ""
                },
                "github_issue_label.good-first-patch-label.30": {
                    "type": "github_issue_label",
                    "depends_on": [],
                    "primary": {
                        "id": "fork-cleaner:good-first-patch",
                        "attributes": {
                            "color": "128A0C",
                            "id": "fork-cleaner:good-first-patch",
                            "name": "good-first-patch",
                            "repository": "fork-cleaner",
                            "url": "https://api.github.com/repos/caarlos0/fork-cleaner/labels/good-first-patch"
                        },
                        "meta": {},
                        "tainted": false
                    },
                    "deposed": [],
                    "provider": ""
                },
                "github_issue_label.good-first-patch-label.31": {
                    "type": "github_issue_label",
                    "depends_on": [],
                    "primary": {
                        "id": "FRaaS:good-first-patch",
                        "attributes": {
                            "color": "128A0C",
                            "id": "FRaaS:good-first-patch",
                            "name": "good-first-patch",
                            "repository": "FRaaS",
                            "url": "https://api.github.com/repos/caarlos0/FRaaS/labels/good-first-patch"
                        },
                        "meta": {},
                        "tainted": false
                    },
                    "deposed": [],
                    "provider": ""
                },
                "github_issue_label.good-first-patch-label.32": {
                    "type": "github_issue_label",
                    "depends_on": [],
                    "primary": {
                        "id": "git-add-remote:good-first-patch",
                        "attributes": {
                            "color": "128A0C",
                            "id": "git-add-remote:good-first-patch",
                            "name": "good-first-patch",
                            "repository": "git-add-remote",
                            "url": "https://api.github.com/repos/caarlos0/git-add-remote/labels/good-first-patch"
                        },
                        "meta": {},
                        "tainted": false
                    },
                    "deposed": [],
                    "provider": ""
                },
                "github_issue_label.good-first-patch-label.33": {
                    "type": "github_issue_label",
                    "depends_on": [],
                    "primary": {
                        "id": "git-gc:good-first-patch",
                        "attributes": {
                            "color": "128A0C",
                            "id": "git-gc:good-first-patch",
                            "name": "good-first-patch",
                            "repository": "git-gc",
                            "url": "https://api.github.com/repos/caarlos0/git-gc/labels/good-first-patch"
                        },
                        "meta": {},
                        "tainted": false
                    },
                    "deposed": [],
                    "provider": ""
                },
                "github_issue_label.good-first-patch-label.34": {
                    "type": "github_issue_label",
                    "depends_on": [],
                    "primary": {
                        "id": "github:good-first-patch",
                        "attributes": {
                            "color": "128A0C",
                            "id": "github:good-first-patch",
                            "name": "good-first-patch",
                            "repository": "github",
                            "url": "https://api.github.com/repos/caarlos0/github/labels/good-first-patch"
                        },
                        "meta": {},
                        "tainted": false
                    },
                    "deposed": [],
                    "provider": ""
                },
                "github_issue_label.good-first-patch-label.35": {
                    "type": "github_issue_label",
                    "depends_on": [],
                    "primary": {
                        "id": "github-buildkite-wire:good-first-patch",
                        "attributes": {
                            "color": "128A0C",
                            "id": "github-buildkite-wire:good-first-patch",
                            "name": "good-first-patch",
                            "repository": "github-buildkite-wire",
                            "url": "https://api.github.com/repos/caarlos0/github-buildkite-wire/labels/good-first-patch"
                        },
                        "meta": {},
                        "tainted": false
                    },
                    "deposed": [],
                    "provider": ""
                },
                "github_issue_label.good-first-patch-label.36": {
                    "type": "github_issue_label",
                    "depends_on": [],
                    "primary": {
                        "id": "github-integrator:good-first-patch",
                        "attributes": {
                            "color": "128A0C",
                            "id": "github-integrator:good-first-patch",
                            "name": "good-first-patch",
                            "repository": "github-integrator",
                            "url": "https://api.github.com/repos/caarlos0/github-integrator/labels/good-first-patch"
                        },
                        "meta": {},
                        "tainted": false
                    },
                    "deposed": [],
                    "provider": ""
                },
                "github_issue_label.good-first-patch-label.37": {
                    "type": "github_issue_label",
                    "depends_on": [],
                    "primary": {
                        "id": "github-vacations:good-first-patch",
                        "attributes": {
                            "color": "128A0C",
                            "id": "github-vacations:good-first-patch",
                            "name": "good-first-patch",
                            "repository": "github-vacations",
                            "url": "https://api.github.com/repos/caarlos0/github-vacations/labels/good-first-patch"
                        },
                        "meta": {},
                        "tainted": false
                    },
                    "deposed": [],
                    "provider": ""
                },
                "github_issue_label.good-first-patch-label.38": {
                    "type": "github_issue_label",
                    "depends_on": [],
                    "primary": {
                        "id": "go-idioms:good-first-patch",
                        "attributes": {
                            "color": "128A0C",
                            "id": "go-idioms:good-first-patch",
                            "name": "good-first-patch",
                            "repository": "go-idioms",
                            "url": "https://api.github.com/repos/caarlos0/go-idioms/labels/good-first-patch"
                        },
                        "meta": {},
                        "tainted": false
                    },
                    "deposed": [],
                    "provider": ""
                },
                "github_issue_label.good-first-patch-label.39": {
                    "type": "github_issue_label",
                    "depends_on": [],
                    "primary": {
                        "id": "go-playground:good-first-patch",
                        "attributes": {
                            "color": "128A0C",
                            "id": "go-playground:good-first-patch",
                            "name": "good-first-patch",
                            "repository": "go-playground",
                            "url": "https://api.github.com/repos/caarlos0/go-playground/labels/good-first-patch"
                        },
                        "meta": {},
                        "tainted": false
                    },
                    "deposed": [],
                    "provider": ""
                },
                "github_issue_label.good-first-patch-label.4": {
                    "type": "github_issue_label",
                    "depends_on": [],
                    "primary": {
                        "id": "angular-js-playground:good-first-patch",
                        "attributes": {
                            "color": "128A0C",
                            "id": "angular-js-playground:good-first-patch",
                            "name": "good-first-patch",
                            "repository": "angular-js-playground",
                            "url": "https://api.github.com/repos/caarlos0/angular-js-playground/labels/good-first-patch"
                        },
                        "meta": {},
                        "tainted": false
                    },
                    "deposed": [],
                    "provider": ""
                },
                "github_issue_label.good-first-patch-label.40": {
                    "type": "github_issue_label",
                    "depends_on": [],
                    "primary": {
                        "id": "go-victorops:good-first-patch",
                        "attributes": {
                            "color": "128A0C",
                            "id": "go-victorops:good-first-patch",
                            "name": "good-first-patch",
                            "repository": "go-victorops",
                            "url": "https://api.github.com/repos/caarlos0/go-victorops/labels/good-first-patch"
                        },
                        "meta": {},
                        "tainted": false
                    },
                    "deposed": [],
                    "provider": ""
                },
                "github_issue_label.good-first-patch-label.41": {
                    "type": "github_issue_label",
                    "depends_on": [],
                    "primary": {
                        "id": "go-web-api-example:good-first-patch",
                        "attributes": {
                            "color": "128A0C",
                            "id": "go-web-api-example:good-first-patch",
                            "name": "good-first-patch",
                            "repository": "go-web-api-example",
                            "url": "https://api.github.com/repos/caarlos0/go-web-api-example/labels/good-first-patch"
                        },
                        "meta": {},
                        "tainted": false
                    },
                    "deposed": [],
                    "provider": ""
                },
                "github_issue_label.good-first-patch-label.42": {
                    "type": "github_issue_label",
                    "depends_on": [],
                    "primary": {
                        "id": "gohome:good-first-patch",
                        "attributes": {
                            "color": "128A0C",
                            "id": "gohome:good-first-patch",
                            "name": "good-first-patch",
                            "repository": "gohome",
                            "url": "https://api.github.com/repos/caarlos0/gohome/labels/good-first-patch"
                        },
                        "meta": {},
                        "tainted": false
                    },
                    "deposed": [],
                    "provider": ""
                },
                "github_issue_label.good-first-patch-label.43": {
                    "type": "github_issue_label",
                    "depends_on": [],
                    "primary": {
                        "id": "goreleaser-users:good-first-patch",
                        "attributes": {
                            "color": "128A0C",
                            "id": "goreleaser-users:good-first-patch",
                            "name": "good-first-patch",
                            "repository": "goreleaser-users",
                            "url": "https://api.github.com/repos/caarlos0/goreleaser-users/labels/good-first-patch"
                        },
                        "meta": {},
                        "tainted": false
                    },
                    "deposed": [],
                    "provider": ""
                },
                "github_issue_label.good-first-patch-label.44": {
                    "type": "github_issue_label",
                    "depends_on": [],
                    "primary": {
                        "id": "guice-junit-test-runner:good-first-patch",
                        "attributes": {
                            "color": "128A0C",
                            "id": "guice-junit-test-runner:good-first-patch",
                            "name": "good-first-patch",
                            "repository": "guice-junit-test-runner",
                            "url": "https://api.github.com/repos/caarlos0/guice-junit-test-runner/labels/good-first-patch"
                        },
                        "meta": {},
                        "tainted": false
                    },
                    "deposed": [],
                    "provider": ""
                },
                "github_issue_label.good-first-patch-label.45": {
                    "type": "github_issue_label",
                    "depends_on": [],
                    "primary": {
                        "id": "gwt-scrum-manager:good-first-patch",
                        "attributes": {
                            "color": "128A0C",
                            "id": "gwt-scrum-manager:good-first-patch",
                            "name": "good-first-patch",
                            "repository": "gwt-scrum-manager",
                            "url": "https://api.github.com/repos/caarlos0/gwt-scrum-manager/labels/good-first-patch"
                        },
                        "meta": {},
                        "tainted": false
                    },
                    "deposed": [],
                    "provider": ""
                },
                "github_issue_label.good-first-patch-label.46": {
                    "type": "github_issue_label",
                    "depends_on": [],
                    "primary": {
                        "id": "happy-doxygen:good-first-patch",
                        "attributes": {
                            "color": "128A0C",
                            "id": "happy-doxygen:good-first-patch",
                            "name": "good-first-patch",
                            "repository": "happy-doxygen",
                            "url": "https://api.github.com/repos/caarlos0/happy-doxygen/labels/good-first-patch"
                        },
                        "meta": {},
                        "tainted": false
                    },
                    "deposed": [],
                    "provider": ""
                },
                "github_issue_label.good-first-patch-label.47": {
                    "type": "github_issue_label",
                    "depends_on": [],
                    "primary": {
                        "id": "haskell-playground:good-first-patch",
                        "attributes": {
                            "color": "128A0C",
                            "id": "haskell-playground:good-first-patch",
                            "name": "good-first-patch",
                            "repository": "haskell-playground",
                            "url": "https://api.github.com/repos/caarlos0/haskell-playground/labels/good-first-patch"
                        },
                        "meta": {},
                        "tainted": false
                    },
                    "deposed": [],
                    "provider": ""
                },
                "github_issue_label.good-first-patch-label.48": {
                    "type": "github_issue_label",
                    "depends_on": [],
                    "primary": {
                        "id": "hazelcast-bug:good-first-patch",
                        "attributes": {
                            "color": "128A0C",
                            "id": "hazelcast-bug:good-first-patch",
                            "name": "good-first-patch",
                            "repository": "hazelcast-bug",
                            "url": "https://api.github.com/repos/caarlos0/hazelcast-bug/labels/good-first-patch"
                        },
                        "meta": {},
                        "tainted": false
                    },
                    "deposed": [],
                    "provider": ""
                },
                "github_issue_label.good-first-patch-label.49": {
                    "type": "github_issue_label",
                    "depends_on": [],
                    "primary": {
                        "id": "homebrew-core:good-first-patch",
                        "attributes": {
                            "color": "128A0C",
                            "id": "homebrew-core:good-first-patch",
                            "name": "good-first-patch",
                            "repository": "homebrew-core",
                            "url": "https://api.github.com/repos/caarlos0/homebrew-core/labels/good-first-patch"
                        },
                        "meta": {},
                        "tainted": false
                    },
                    "deposed": [],
                    "provider": ""
                },
                "github_issue_label.good-first-patch-label.5": {
                    "type": "github_issue_label",
                    "depends_on": [],
                    "primary": {
                        "id": "ansible-role-eclipse:good-first-patch",
                        "attributes": {
                            "color": "128A0C",
                            "id": "ansible-role-eclipse:good-first-patch",
                            "name": "good-first-patch",
                            "repository": "ansible-role-eclipse",
                            "url": "https://api.github.com/repos/caarlos0/ansible-role-eclipse/labels/good-first-patch"
                        },
                        "meta": {},
                        "tainted": false
                    },
                    "deposed": [],
                    "provider": ""
                },
                "github_issue_label.good-first-patch-label.50": {
                    "type": "github_issue_label",
                    "depends_on": [],
                    "primary": {
                        "id": "homebrew-tap:good-first-patch",
                        "attributes": {
                            "color": "128A0C",
                            "id": "homebrew-tap:good-first-patch",
                            "name": "good-first-patch",
                            "repository": "homebrew-tap",
                            "url": "https://api.github.com/repos/caarlos0/homebrew-tap/labels/good-first-patch"
                        },
                        "meta": {},
                        "tainted": false
                    },
                    "deposed": [],
                    "provider": ""
                },
                "github_issue_label.good-first-patch-label.51": {
                    "type": "github_issue_label",
                    "depends_on": [],
                    "primary": {
                        "id": "is-shit:good-first-patch",
                        "attributes": {
                            "color": "128A0C",
                            "id": "is-shit:good-first-patch",
                            "name": "good-first-patch",
                            "repository": "is-shit",
                            "url": "https://api.github.com/repos/caarlos0/is-shit/labels/good-first-patch"
                        },
                        "meta": {},
                        "tainted": false
                    },
                    "deposed": [],
                    "provider": ""
                },
                "github_issue_label.good-first-patch-label.52": {
                    "type": "github_issue_label",
                    "depends_on": [],
                    "primary": {
                        "id": "it:good-first-patch",
                        "attributes": {
                            "color": "128A0C",
                            "id": "it:good-first-patch",
                            "name": "good-first-patch",
                            "repository": "it",
                            "url": "https://api.github.com/repos/caarlos0/it/labels/good-first-patch"
                        },
                        "meta": {},
                        "tainted": false
                    },
                    "deposed": [],
                    "provider": ""
                },
                "github_issue_label.good-first-patch-label.53": {
                    "type": "github_issue_label",
                    "depends_on": [],
                    "primary": {
                        "id": "java-best-practices:good-first-patch",
                        "attributes": {
                            "color": "128A0C",
                            "id": "java-best-practices:good-first-patch",
                            "name": "good-first-patch",
                            "repository": "java-best-practices",
                            "url": "https://api.github.com/repos/caarlos0/java-best-practices/labels/good-first-patch"
                        },
                        "meta": {},
                        "tainted": false
                    },
                    "deposed": [],
                    "provider": ""
                },
                "github_issue_label.good-first-patch-label.54": {
                    "type": "github_issue_label",
                    "depends_on": [],
                    "primary": {
                        "id": "java-katas:good-first-patch",
                        "attributes": {
                            "color": "128A0C",
                            "id": "java-katas:good-first-patch",
                            "name": "good-first-patch",
                            "repository": "java-katas",
                            "url": "https://api.github.com/repos/caarlos0/java-katas/labels/good-first-patch"
                        },
                        "meta": {},
                        "tainted": false
                    },
                    "deposed": [],
                    "provider": ""
                },
                "github_issue_label.good-first-patch-label.55": {
                    "type": "github_issue_label",
                    "depends_on": [],
                    "primary": {
                        "id": "jProtractor:good-first-patch",
                        "attributes": {
                            "color": "128A0C",
                            "id": "jProtractor:good-first-patch",
                            "name": "good-first-patch",
                            "repository": "jProtractor",
                            "url": "https://api.github.com/repos/caarlos0/jProtractor/labels/good-first-patch"
                        },
                        "meta": {},
                        "tainted": false
                    },
                    "deposed": [],
                    "provider": ""
                },
                "github_issue_label.good-first-patch-label.56": {
                    "type": "github_issue_label",
                    "depends_on": [],
                    "primary": {
                        "id": "junit-slowest-tests:good-first-patch",
                        "attributes": {
                            "color": "128A0C",
                            "id": "junit-slowest-tests:good-first-patch",
                            "name": "good-first-patch",
                            "repository": "junit-slowest-tests",
                            "url": "https://api.github.com/repos/caarlos0/junit-slowest-tests/labels/good-first-patch"
                        },
                        "meta": {},
                        "tainted": false
                    },
                    "deposed": [],
                    "provider": ""
                },
                "github_issue_label.good-first-patch-label.57": {
                    "type": "github_issue_label",
                    "depends_on": [],
                    "primary": {
                        "id": "jvm:good-first-patch",
                        "attributes": {
                            "color": "128A0C",
                            "id": "jvm:good-first-patch",
                            "name": "good-first-patch",
                            "repository": "jvm",
                            "url": "https://api.github.com/repos/caarlos0/jvm/labels/good-first-patch"
                        },
                        "meta": {},
                        "tainted": false
                    },
                    "deposed": [],
                    "provider": ""
                },
                "github_issue_label.good-first-patch-label.58": {
                    "type": "github_issue_label",
                    "depends_on": [],
                    "primary": {
                        "id": "karmahub:good-first-patch",
                        "attributes": {
                            "color": "128A0C",
                            "id": "karmahub:good-first-patch",
                            "name": "good-first-patch",
                            "repository": "karmahub",
                            "url": "https://api.github.com/repos/caarlos0/karmahub/labels/good-first-patch"
                        },
                        "meta": {},
                        "tainted": false
                    },
                    "deposed": [],
                    "provider": ""
                },
                "github_issue_label.good-first-patch-label.59": {
                    "type": "github_issue_label",
                    "depends_on": [],
                    "primary": {
                        "id": "Layr:good-first-patch",
                        "attributes": {
                            "color": "128A0C",
                            "id": "Layr:good-first-patch",
                            "name": "good-first-patch",
                            "repository": "Layr",
                            "url": "https://api.github.com/repos/caarlos0/Layr/labels/good-first-patch"
                        },
                        "meta": {},
                        "tainted": false
                    },
                    "deposed": [],
                    "provider": ""
                },
                "github_issue_label.good-first-patch-label.6": {
                    "type": "github_issue_label",
                    "depends_on": [],
                    "primary": {
                        "id": "ansible-role-java-dev:good-first-patch",
                        "attributes": {
                            "color": "128A0C",
                            "id": "ansible-role-java-dev:good-first-patch",
                            "name": "good-first-patch",
                            "repository": "ansible-role-java-dev",
                            "url": "https://api.github.com/repos/caarlos0/ansible-role-java-dev/labels/good-first-patch"
                        },
                        "meta": {},
                        "tainted": false
                    },
                    "deposed": [],
                    "provider": ""
                },
                "github_issue_label.good-first-patch-label.60": {
                    "type": "github_issue_label",
                    "depends_on": [],
                    "primary": {
                        "id": "lila:good-first-patch",
                        "attributes": {
                            "color": "128A0C",
                            "id": "lila:good-first-patch",
                            "name": "good-first-patch",
                            "repository": "lila",
                            "url": "https://api.github.com/repos/caarlos0/lila/labels/good-first-patch"
                        },
                        "meta": {},
                        "tainted": false
                    },
                    "deposed": [],
                    "provider": ""
                },
                "github_issue_label.good-first-patch-label.61": {
                    "type": "github_issue_label",
                    "depends_on": [],
                    "primary": {
                        "id": "lila-aop:good-first-patch",
                        "attributes": {
                            "color": "128A0C",
                            "id": "lila-aop:good-first-patch",
                            "name": "good-first-patch",
                            "repository": "lila-aop",
                            "url": "https://api.github.com/repos/caarlos0/lila-aop/labels/good-first-patch"
                        },
                        "meta": {},
                        "tainted": false
                    },
                    "deposed": [],
                    "provider": ""
                },
                "github_issue_label.good-first-patch-label.62": {
                    "type": "github_issue_label",
                    "depends_on": [],
                    "primary": {
                        "id": "machine:good-first-patch",
                        "attributes": {
                            "color": "128A0C",
                            "id": "machine:good-first-patch",
                            "name": "good-first-patch",
                            "repository": "machine",
                            "url": "https://api.github.com/repos/caarlos0/machine/labels/good-first-patch"
                        },
                        "meta": {},
                        "tainted": false
                    },
                    "deposed": [],
                    "provider": ""
                },
                "github_issue_label.good-first-patch-label.63": {
                    "type": "github_issue_label",
                    "depends_on": [],
                    "primary": {
                        "id": "macOS:good-first-patch",
                        "attributes": {
                            "color": "128A0C",
                            "id": "macOS:good-first-patch",
                            "name": "good-first-patch",
                            "repository": "macOS",
                            "url": "https://api.github.com/repos/caarlos0/macOS/labels/good-first-patch"
                        },
                        "meta": {},
                        "tainted": false
                    },
                    "deposed": [],
                    "provider": ""
                },
                "github_issue_label.good-first-patch-label.64": {
                    "type": "github_issue_label",
                    "depends_on": [],
                    "primary": {
                        "id": "maskedinput-rails:good-first-patch",
                        "attributes": {
                            "color": "128A0C",
                            "id": "maskedinput-rails:good-first-patch",
                            "name": "good-first-patch",
                            "repository": "maskedinput-rails",
                            "url": "https://api.github.com/repos/caarlos0/maskedinput-rails/labels/good-first-patch"
                        },
                        "meta": {},
                        "tainted": false
                    },
                    "deposed": [],
                    "provider": ""
                },
                "github_issue_label.good-first-patch-label.65": {
                    "type": "github_issue_label",
                    "depends_on": [],
                    "primary": {
                        "id": "maskmoney-rails:good-first-patch",
                        "attributes": {
                            "color": "128A0C",
                            "id": "maskmoney-rails:good-first-patch",
                            "name": "good-first-patch",
                            "repository": "maskmoney-rails",
                            "url": "https://api.github.com/repos/caarlos0/maskmoney-rails/labels/good-first-patch"
                        },
                        "meta": {},
                        "tainted": false
                    },
                    "deposed": [],
                    "provider": ""
                },
                "github_issue_label.good-first-patch-label.66": {
                    "type": "github_issue_label",
                    "depends_on": [],
                    "primary": {
                        "id": "maven:good-first-patch",
                        "attributes": {
                            "color": "128A0C",
                            "id": "maven:good-first-patch",
                            "name": "good-first-patch",
                            "repository": "maven",
                            "url": "https://api.github.com/repos/caarlos0/maven/labels/good-first-patch"
                        },
                        "meta": {},
                        "tainted": false
                    },
                    "deposed": [],
                    "provider": ""
                },
                "github_issue_label.good-first-patch-label.67": {
                    "type": "github_issue_label",
                    "depends_on": [],
                    "primary": {
                        "id": "meditec:good-first-patch",
                        "attributes": {
                            "color": "128A0C",
                            "id": "meditec:good-first-patch",
                            "name": "good-first-patch",
                            "repository": "meditec",
                            "url": "https://api.github.com/repos/caarlos0/meditec/labels/good-first-patch"
                        },
                        "meta": {},
                        "tainted": false
                    },
                    "deposed": [],
                    "provider": ""
                },
                "github_issue_label.good-first-patch-label.68": {
                    "type": "github_issue_label",
                    "depends_on": [],
                    "primary": {
                        "id": "modular-build:good-first-patch",
                        "attributes": {
                            "color": "128A0C",
                            "id": "modular-build:good-first-patch",
                            "name": "good-first-patch",
                            "repository": "modular-build",
                            "url": "https://api.github.com/repos/caarlos0/modular-build/labels/good-first-patch"
                        },
                        "meta": {},
                        "tainted": false
                    },
                    "deposed": [],
                    "provider": ""
                },
                "github_issue_label.good-first-patch-label.69": {
                    "type": "github_issue_label",
                    "depends_on": [],
                    "primary": {
                        "id": "msfonts:good-first-patch",
                        "attributes": {
                            "color": "128A0C",
                            "id": "msfonts:good-first-patch",
                            "name": "good-first-patch",
                            "repository": "msfonts",
                            "url": "https://api.github.com/repos/caarlos0/msfonts/labels/good-first-patch"
                        },
                        "meta": {},
                        "tainted": false
                    },
                    "deposed": [],
                    "provider": ""
                },
                "github_issue_label.good-first-patch-label.7": {
                    "type": "github_issue_label",
                    "depends_on": [],
                    "primary": {
                        "id": "bitstarter:good-first-patch",
                        "attributes": {
                            "color": "128A0C",
                            "id": "bitstarter:good-first-patch",
                            "name": "good-first-patch",
                            "repository": "bitstarter",
                            "url": "https://api.github.com/repos/caarlos0/bitstarter/labels/good-first-patch"
                        },
                        "meta": {},
                        "tainted": false
                    },
                    "deposed": [],
                    "provider": ""
                },
                "github_issue_label.good-first-patch-label.70": {
                    "type": "github_issue_label",
                    "depends_on": [],
                    "primary": {
                        "id": "nodejs-playground:good-first-patch",
                        "attributes": {
                            "color": "128A0C",
                            "id": "nodejs-playground:good-first-patch",
                            "name": "good-first-patch",
                            "repository": "nodejs-playground",
                            "url": "https://api.github.com/repos/caarlos0/nodejs-playground/labels/good-first-patch"
                        },
                        "meta": {},
                        "tainted": false
                    },
                    "deposed": [],
                    "provider": ""
                },
                "github_issue_label.good-first-patch-label.71": {
                    "type": "github_issue_label",
                    "depends_on": [],
                    "primary": {
                        "id": "nprogress-rails:good-first-patch",
                        "attributes": {
                            "color": "128A0C",
                            "id": "nprogress-rails:good-first-patch",
                            "name": "good-first-patch",
                            "repository": "nprogress-rails",
                            "url": "https://api.github.com/repos/caarlos0/nprogress-rails/labels/good-first-patch"
                        },
                        "meta": {},
                        "tainted": false
                    },
                    "deposed": [],
                    "provider": ""
                },
                "github_issue_label.good-first-patch-label.72": {
                    "type": "github_issue_label",
                    "depends_on": [],
                    "primary": {
                        "id": "ocjp-resources:good-first-patch",
                        "attributes": {
                            "color": "128A0C",
                            "id": "ocjp-resources:good-first-patch",
                            "name": "good-first-patch",
                            "repository": "ocjp-resources",
                            "url": "https://api.github.com/repos/caarlos0/ocjp-resources/labels/good-first-patch"
                        },
                        "meta": {},
                        "tainted": false
                    },
                    "deposed": [],
                    "provider": ""
                },
                "github_issue_label.good-first-patch-label.73": {
                    "type": "github_issue_label",
                    "depends_on": [],
                    "primary": {
                        "id": "oop-clock:good-first-patch",
                        "attributes": {
                            "color": "128A0C",
                            "id": "oop-clock:good-first-patch",
                            "name": "good-first-patch",
                            "repository": "oop-clock",
                            "url": "https://api.github.com/repos/caarlos0/oop-clock/labels/good-first-patch"
                        },
                        "meta": {},
                        "tainted": false
                    },
                    "deposed": [],
                    "provider": ""
                },
                "github_issue_label.good-first-patch-label.74": {
                    "type": "github_issue_label",
                    "depends_on": [],
                    "primary": {
                        "id": "org-stats:good-first-patch",
                        "attributes": {
                            "color": "128A0C",
                            "id": "org-stats:good-first-patch",
                            "name": "good-first-patch",
                            "repository": "org-stats",
                            "url": "https://api.github.com/repos/caarlos0/org-stats/labels/good-first-patch"
                        },
                        "meta": {},
                        "tainted": false
                    },
                    "deposed": [],
                    "provider": ""
                },
                "github_issue_label.good-first-patch-label.75": {
                    "type": "github_issue_label",
                    "depends_on": [],
                    "primary": {
                        "id": "parent-pom:good-first-patch",
                        "attributes": {
                            "color": "128A0C",
                            "id": "parent-pom:good-first-patch",
                            "name": "good-first-patch",
                            "repository": "parent-pom",
                            "url": "https://api.github.com/repos/caarlos0/parent-pom/labels/good-first-patch"
                        },
                        "meta": {},
                        "tainted": false
                    },
                    "deposed": [],
                    "provider": ""
                },
                "github_issue_label.good-first-patch-label.76": {
                    "type": "github_issue_label",
                    "depends_on": [],
                    "primary": {
                        "id": "persistence-base:good-first-patch",
                        "attributes": {
                            "color": "128A0C",
                            "id": "persistence-base:good-first-patch",
                            "name": "good-first-patch",
                            "repository": "persistence-base",
                            "url": "https://api.github.com/repos/caarlos0/persistence-base/labels/good-first-patch"
                        },
                        "meta": {},
                        "tainted": false
                    },
                    "deposed": [],
                    "provider": ""
                },
                "github_issue_label.good-first-patch-label.77": {
                    "type": "github_issue_label",
                    "depends_on": [],
                    "primary": {
                        "id": "ports:good-first-patch",
                        "attributes": {
                            "color": "128A0C",
                            "id": "ports:good-first-patch",
                            "name": "good-first-patch",
                            "repository": "ports",
                            "url": "https://api.github.com/repos/caarlos0/ports/labels/good-first-patch"
                        },
                        "meta": {},
                        "tainted": false
                    },
                    "deposed": [],
                    "provider": ""
                },
                "github_issue_label.good-first-patch-label.78": {
                    "type": "github_issue_label",
                    "depends_on": [],
                    "primary": {
                        "id": "progfun-003:good-first-patch",
                        "attributes": {
                            "color": "128A0C",
                            "id": "progfun-003:good-first-patch",
                            "name": "good-first-patch",
                            "repository": "progfun-003",
                            "url": "https://api.github.com/repos/caarlos0/progfun-003/labels/good-first-patch"
                        },
                        "meta": {},
                        "tainted": false
                    },
                    "deposed": [],
                    "provider": ""
                },
                "github_issue_label.good-first-patch-label.79": {
                    "type": "github_issue_label",
                    "depends_on": [],
                    "primary": {
                        "id": "proglang-002:good-first-patch",
                        "attributes": {
                            "color": "128A0C",
                            "id": "proglang-002:good-first-patch",
                            "name": "good-first-patch",
                            "repository": "proglang-002",
                            "url": "https://api.github.com/repos/caarlos0/proglang-002/labels/good-first-patch"
                        },
                        "meta": {},
                        "tainted": false
                    },
                    "deposed": [],
                    "provider": ""
                },
                "github_issue_label.good-first-patch-label.8": {
                    "type": "github_issue_label",
                    "depends_on": [],
                    "primary": {
                        "id": "bootstrap-daterangepicker-rails:good-first-patch",
                        "attributes": {
                            "color": "128A0C",
                            "id": "bootstrap-daterangepicker-rails:good-first-patch",
                            "name": "good-first-patch",
                            "repository": "bootstrap-daterangepicker-rails",
                            "url": "https://api.github.com/repos/caarlos0/bootstrap-daterangepicker-rails/labels/good-first-patch"
                        },
                        "meta": {},
                        "tainted": false
                    },
                    "deposed": [],
                    "provider": ""
                },
                "github_issue_label.good-first-patch-label.80": {
                    "type": "github_issue_label",
                    "depends_on": [],
                    "primary": {
                        "id": "promfmt:good-first-patch",
                        "attributes": {
                            "color": "128A0C",
                            "id": "promfmt:good-first-patch",
                            "name": "good-first-patch",
                            "repository": "promfmt",
                            "url": "https://api.github.com/repos/caarlos0/promfmt/labels/good-first-patch"
                        },
                        "meta": {},
                        "tainted": false
                    },
                    "deposed": [],
                    "provider": ""
                },
                "github_issue_label.good-first-patch-label.81": {
                    "type": "github_issue_label",
                    "depends_on": [],
                    "primary": {
                        "id": "rails-bootstrap-toggle-buttons:good-first-patch",
                        "attributes": {
                            "color": "128A0C",
                            "id": "rails-bootstrap-toggle-buttons:good-first-patch",
                            "name": "good-first-patch",
                            "repository": "rails-bootstrap-toggle-buttons",
                            "url": "https://api.github.com/repos/caarlos0/rails-bootstrap-toggle-buttons/labels/good-first-patch"
                        },
                        "meta": {},
                        "tainted": false
                    },
                    "deposed": [],
                    "provider": ""
                },
                "github_issue_label.good-first-patch-label.82": {
                    "type": "github_issue_label",
                    "depends_on": [],
                    "primary": {
                        "id": "railscasts-downloader:good-first-patch",
                        "attributes": {
                            "color": "128A0C",
                            "id": "railscasts-downloader:good-first-patch",
                            "name": "good-first-patch",
                            "repository": "railscasts-downloader",
                            "url": "https://api.github.com/repos/caarlos0/railscasts-downloader/labels/good-first-patch"
                        },
                        "meta": {},
                        "tainted": false
                    },
                    "deposed": [],
                    "provider": ""
                },
                "github_issue_label.good-first-patch-label.83": {
                    "type": "github_issue_label",
                    "depends_on": [],
                    "primary": {
                        "id": "rca:good-first-patch",
                        "attributes": {
                            "color": "128A0C",
                            "id": "rca:good-first-patch",
                            "name": "good-first-patch",
                            "repository": "rca",
                            "url": "https://api.github.com/repos/caarlos0/rca/labels/good-first-patch"
                        },
                        "meta": {},
                        "tainted": false
                    },
                    "deposed": [],
                    "provider": ""
                },
                "github_issue_label.good-first-patch-label.84": {
                    "type": "github_issue_label",
                    "depends_on": [],
                    "primary": {
                        "id": "repo-watcher:good-first-patch",
                        "attributes": {
                            "color": "128A0C",
                            "id": "repo-watcher:good-first-patch",
                            "name": "good-first-patch",
                            "repository": "repo-watcher",
                            "url": "https://api.github.com/repos/caarlos0/repo-watcher/labels/good-first-patch"
                        },
                        "meta": {},
                        "tainted": false
                    },
                    "deposed": [],
                    "provider": ""
                },
                "github_issue_label.good-first-patch-label.85": {
                    "type": "github_issue_label",
                    "depends_on": [],
                    "primary": {
                        "id": "route53-cleaner:good-first-patch",
                        "attributes": {
                            "color": "128A0C",
                            "id": "route53-cleaner:good-first-patch",
                            "name": "good-first-patch",
                            "repository": "route53-cleaner",
                            "url": "https://api.github.com/repos/caarlos0/route53-cleaner/labels/good-first-patch"
                        },
                        "meta": {},
                        "tainted": false
                    },
                    "deposed": [],
                    "provider": ""
                },
                "github_issue_label.good-first-patch-label.86": {
                    "type": "github_issue_label",
                    "depends_on": [],
                    "primary": {
                        "id": "ruby-katas:good-first-patch",
                        "attributes": {
                            "color": "128A0C",
                            "id": "ruby-katas:good-first-patch",
                            "name": "good-first-patch",
                            "repository": "ruby-katas",
                            "url": "https://api.github.com/repos/caarlos0/ruby-katas/labels/good-first-patch"
                        },
                        "meta": {},
                        "tainted": false
                    },
                    "deposed": [],
                    "provider": ""
                },
                "github_issue_label.good-first-patch-label.87": {
                    "type": "github_issue_label",
                    "depends_on": [],
                    "primary": {
                        "id": "sc-niozip:good-first-patch",
                        "attributes": {
                            "color": "128A0C",
                            "id": "sc-niozip:good-first-patch",
                            "name": "good-first-patch",
                            "repository": "sc-niozip",
                            "url": "https://api.github.com/repos/caarlos0/sc-niozip/labels/good-first-patch"
                        },
                        "meta": {},
                        "tainted": false
                    },
                    "deposed": [],
                    "provider": ""
                },
                "github_issue_label.good-first-patch-label.88": {
                    "type": "github_issue_label",
                    "depends_on": [],
                    "primary": {
                        "id": "scala-playground:good-first-patch",
                        "attributes": {
                            "color": "128A0C",
                            "id": "scala-playground:good-first-patch",
                            "name": "good-first-patch",
                            "repository": "scala-playground",
                            "url": "https://api.github.com/repos/caarlos0/scala-playground/labels/good-first-patch"
                        },
                        "meta": {},
                        "tainted": false
                    },
                    "deposed": [],
                    "provider": ""
                },
                "github_issue_label.good-first-patch-label.89": {
                    "type": "github_issue_label",
                    "depends_on": [],
                    "primary": {
                        "id": "selenium-grid-on-docker-example:good-first-patch",
                        "attributes": {
                            "color": "128A0C",
                            "id": "selenium-grid-on-docker-example:good-first-patch",
                            "name": "good-first-patch",
                            "repository": "selenium-grid-on-docker-example",
                            "url": "https://api.github.com/repos/caarlos0/selenium-grid-on-docker-example/labels/good-first-patch"
                        },
                        "meta": {},
                        "tainted": false
                    },
                    "deposed": [],
                    "provider": ""
                },
                "github_issue_label.good-first-patch-label.9": {
                    "type": "github_issue_label",
                    "depends_on": [],
                    "primary": {
                        "id": "caarlos0.github.com:good-first-patch",
                        "attributes": {
                            "color": "128A0C",
                            "id": "caarlos0.github.com:good-first-patch",
                            "name": "good-first-patch",
                            "repository": "caarlos0.github.com",
                            "url": "https://api.github.com/repos/caarlos0/caarlos0.github.com/labels/good-first-patch"
                        },
                        "meta": {},
                        "tainted": false
                    },
                    "deposed": [],
                    "provider": ""
                },
                "github_issue_label.good-first-patch-label.90": {
                    "type": "github_issue_label",
                    "depends_on": [],
                    "primary": {
                        "id": "shcheck:good-first-patch",
                        "attributes": {
                            "color": "128A0C",
                            "id": "shcheck:good-first-patch",
                            "name": "good-first-patch",
                            "repository": "shcheck",
                            "url": "https://api.github.com/repos/caarlos0/shcheck/labels/good-first-patch"
                        },
                        "meta": {},
                        "tainted": false
                    },
                    "deposed": [],
                    "provider": ""
                },
                "github_issue_label.good-first-patch-label.91": {
                    "type": "github_issue_label",
                    "depends_on": [],
                    "primary": {
                        "id": "shell-ci-build:good-first-patch",
                        "attributes": {
                            "color": "128A0C",
                            "id": "shell-ci-build:good-first-patch",
                            "name": "good-first-patch",
                            "repository": "shell-ci-build",
                            "url": "https://api.github.com/repos/caarlos0/shell-ci-build/labels/good-first-patch"
                        },
                        "meta": {},
                        "tainted": false
                    },
                    "deposed": [],
                    "provider": ""
                },
                "github_issue_label.good-first-patch-label.92": {
                    "type": "github_issue_label",
                    "depends_on": [],
                    "primary": {
                        "id": "shellcheck-docker:good-first-patch",
                        "attributes": {
                            "color": "128A0C",
                            "id": "shellcheck-docker:good-first-patch",
                            "name": "good-first-patch",
                            "repository": "shellcheck-docker",
                            "url": "https://api.github.com/repos/caarlos0/shellcheck-docker/labels/good-first-patch"
                        },
                        "meta": {},
                        "tainted": false
                    },
                    "deposed": [],
                    "provider": ""
                },
                "github_issue_label.good-first-patch-label.93": {
                    "type": "github_issue_label",
                    "depends_on": [],
                    "primary": {
                        "id": "shellstyle:good-first-patch",
                        "attributes": {
                            "color": "128A0C",
                            "id": "shellstyle:good-first-patch",
                            "name": "good-first-patch",
                            "repository": "shellstyle",
                            "url": "https://api.github.com/repos/caarlos0/shellstyle/labels/good-first-patch"
                        },
                        "meta": {},
                        "tainted": false
                    },
                    "deposed": [],
                    "provider": ""
                },
                "github_issue_label.good-first-patch-label.94": {
                    "type": "github_issue_label",
                    "depends_on": [],
                    "primary": {
                        "id": "shippable-minv2-last-maven:good-first-patch",
                        "attributes": {
                            "color": "128A0C",
                            "id": "shippable-minv2-last-maven:good-first-patch",
                            "name": "good-first-patch",
                            "repository": "shippable-minv2-last-maven",
                            "url": "https://api.github.com/repos/caarlos0/shippable-minv2-last-maven/labels/good-first-patch"
                        },
                        "meta": {},
                        "tainted": false
                    },
                    "deposed": [],
                    "provider": ""
                },
                "github_issue_label.good-first-patch-label.95": {
                    "type": "github_issue_label",
                    "depends_on": [],
                    "primary": {
                        "id": "shippable-minv2-maven32:good-first-patch",
                        "attributes": {
                            "color": "128A0C",
                            "id": "shippable-minv2-maven32:good-first-patch",
                            "name": "good-first-patch",
                            "repository": "shippable-minv2-maven32",
                            "url": "https://api.github.com/repos/caarlos0/shippable-minv2-maven32/labels/good-first-patch"
                        },
                        "meta": {},
                        "tainted": false
                    },
                    "deposed": [],
                    "provider": ""
                },
                "github_issue_label.good-first-patch-label.96": {
                    "type": "github_issue_label",
                    "depends_on": [],
                    "primary": {
                        "id": "simple-cdi-examples:good-first-patch",
                        "attributes": {
                            "color": "128A0C",
                            "id": "simple-cdi-examples:good-first-patch",
                            "name": "good-first-patch",
                            "repository": "simple-cdi-examples",
                            "url": "https://api.github.com/repos/caarlos0/simple-cdi-examples/labels/good-first-patch"
                        },
                        "meta": {},
                        "tainted": false
                    },
                    "deposed": [],
                    "provider": ""
                },
                "github_issue_label.good-first-patch-label.97": {
                    "type": "github_issue_label",
                    "depends_on": [],
                    "primary": {
                        "id": "sinatra_examples:good-first-patch",
                        "attributes": {
                            "color": "128A0C",
                            "id": "sinatra_examples:good-first-patch",
                            "name": "good-first-patch",
                            "repository": "sinatra_examples",
                            "url": "https://api.github.com/repos/caarlos0/sinatra_examples/labels/good-first-patch"
                        },
                        "meta": {},
                        "tainted": false
                    },
                    "deposed": [],
                    "provider": ""
                },
                "github_issue_label.good-first-patch-label.98": {
                    "type": "github_issue_label",
                    "depends_on": [],
                    "primary": {
                        "id": "small-go-app-container-example:good-first-patch",
                        "attributes": {
                            "color": "128A0C",
                            "id": "small-go-app-container-example:good-first-patch",
                            "name": "good-first-patch",
                            "repository": "small-go-app-container-example",
                            "url": "https://api.github.com/repos/caarlos0/small-go-app-container-example/labels/good-first-patch"
                        },
                        "meta": {},
                        "tainted": false
                    },
                    "deposed": [],
                    "provider": ""
                },
                "github_issue_label.good-first-patch-label.99": {
                    "type": "github_issue_label",
                    "depends_on": [],
                    "primary": {
                        "id": "spin:good-first-patch",
                        "attributes": {
                            "color": "128A0C",
                            "id": "spin:good-first-patch",
                            "name": "good-first-patch",
                            "repository": "spin",
                            "url": "https://api.github.com/repos/caarlos0/spin/labels/good-first-patch"
                        },
                        "meta": {},
                        "tainted": false
                    },
                    "deposed": [],
                    "provider": ""
                },
                "github_issue_label.question-label.0": {
                    "type": "github_issue_label",
                    "depends_on": [],
                    "primary": {
                        "id": "ajaxspin:question",
                        "attributes": {
                            "color": "cc317c",
                            "id": "ajaxspin:question",
                            "name": "question",
                            "repository": "ajaxspin",
                            "url": "https://api.github.com/repos/caarlos0/ajaxspin/labels/question"
                        },
                        "meta": {},
                        "tainted": false
                    },
                    "deposed": [],
                    "provider": ""
                },
                "github_issue_label.question-label.1": {
                    "type": "github_issue_label",
                    "depends_on": [],
                    "primary": {
                        "id": "alelobot:question",
                        "attributes": {
                            "color": "cc317c",
                            "id": "alelobot:question",
                            "name": "question",
                            "repository": "alelobot",
                            "url": "https://api.github.com/repos/caarlos0/alelobot/labels/question"
                        },
                        "meta": {},
                        "tainted": false
                    },
                    "deposed": [],
                    "provider": ""
                },
                "github_issue_label.question-label.10": {
                    "type": "github_issue_label",
                    "depends_on": [],
                    "primary": {
                        "id": "casa-robot:question",
                        "attributes": {
                            "color": "cc317c",
                            "id": "casa-robot:question",
                            "name": "question",
                            "repository": "casa-robot",
                            "url": "https://api.github.com/repos/caarlos0/casa-robot/labels/question"
                        },
                        "meta": {},
                        "tainted": false
                    },
                    "deposed": [],
                    "provider": ""
                },
                "github_issue_label.question-label.11": {
                    "type": "github_issue_label",
                    "depends_on": [],
                    "primary": {
                        "id": "cepinator:question",
                        "attributes": {
                            "color": "cc317c",
                            "id": "cepinator:question",
                            "name": "question",
                            "repository": "cepinator",
                            "url": "https://api.github.com/repos/caarlos0/cepinator/labels/question"
                        },
                        "meta": {},
                        "tainted": false
                    },
                    "deposed": [],
                    "provider": ""
                },
                "github_issue_label.question-label.12": {
                    "type": "github_issue_label",
                    "depends_on": [],
                    "primary": {
                        "id": "chosen-sass-bootstrap-rails:question",
                        "attributes": {
                            "color": "cc317c",
                            "id": "chosen-sass-bootstrap-rails:question",
                            "name": "question",
                            "repository": "chosen-sass-bootstrap-rails",
                            "url": "https://api.github.com/repos/caarlos0/chosen-sass-bootstrap-rails/labels/question"
                        },
                        "meta": {},
                        "tainted": false
                    },
                    "deposed": [],
                    "provider": ""
                },
                "github_issue_label.question-label.13": {
                    "type": "github_issue_label",
                    "depends_on": [],
                    "primary": {
                        "id": "circuit-breaker-playground:question",
                        "attributes": {
                            "color": "cc317c",
                            "id": "circuit-breaker-playground:question",
                            "name": "question",
                            "repository": "circuit-breaker-playground",
                            "url": "https://api.github.com/repos/caarlos0/circuit-breaker-playground/labels/question"
                        },
                        "meta": {},
                        "tainted": false
                    },
                    "deposed": [],
                    "provider": ""
                },
                "github_issue_label.question-label.14": {
                    "type": "github_issue_label",
                    "depends_on": [],
                    "primary": {
                        "id": "clone-org:question",
                        "attributes": {
                            "color": "cc317c",
                            "id": "clone-org:question",
                            "name": "question",
                            "repository": "clone-org",
                            "url": "https://api.github.com/repos/caarlos0/clone-org/labels/question"
                        },
                        "meta": {},
                        "tainted": false
                    },
                    "deposed": [],
                    "provider": ""
                },
                "github_issue_label.question-label.15": {
                    "type": "github_issue_label",
                    "depends_on": [],
                    "primary": {
                        "id": "coinbase:question",
                        "attributes": {
                            "color": "cc317c",
                            "id": "coinbase:question",
                            "name": "question",
                            "repository": "coinbase",
                            "url": "https://api.github.com/repos/caarlos0/coinbase/labels/question"
                        },
                        "meta": {},
                        "tainted": false
                    },
                    "deposed": [],
                    "provider": ""
                },
                "github_issue_label.question-label.16": {
                    "type": "github_issue_label",
                    "depends_on": [],
                    "primary": {
                        "id": "coverage-incrementer:question",
                        "attributes": {
                            "color": "cc317c",
                            "id": "coverage-incrementer:question",
                            "name": "question",
                            "repository": "coverage-incrementer",
                            "url": "https://api.github.com/repos/caarlos0/coverage-incrementer/labels/question"
                        },
                        "meta": {},
                        "tainted": false
                    },
                    "deposed": [],
                    "provider": ""
                },
                "github_issue_label.question-label.17": {
                    "type": "github_issue_label",
                    "depends_on": [],
                    "primary": {
                        "id": "coverage-maven-plugin:question",
                        "attributes": {
                            "color": "cc317c",
                            "id": "coverage-maven-plugin:question",
                            "name": "question",
                            "repository": "coverage-maven-plugin",
                            "url": "https://api.github.com/repos/caarlos0/coverage-maven-plugin/labels/question"
                        },
                        "meta": {},
                        "tainted": false
                    },
                    "deposed": [],
                    "provider": ""
                },
                "github_issue_label.question-label.18": {
                    "type": "github_issue_label",
                    "depends_on": [],
                    "primary": {
                        "id": "css3-microsoft-metro-buttons-rails:question",
                        "attributes": {
                            "color": "cc317c",
                            "id": "css3-microsoft-metro-buttons-rails:question",
                            "name": "question",
                            "repository": "css3-microsoft-metro-buttons-rails",
                            "url": "https://api.github.com/repos/caarlos0/css3-microsoft-metro-buttons-rails/labels/question"
                        },
                        "meta": {},
                        "tainted": false
                    },
                    "deposed": [],
                    "provider": ""
                },
                "github_issue_label.question-label.19": {
                    "type": "github_issue_label",
                    "depends_on": [],
                    "primary": {
                        "id": "danfe-server:question",
                        "attributes": {
                            "color": "cc317c",
                            "id": "danfe-server:question",
                            "name": "question",
                            "repository": "danfe-server",
                            "url": "https://api.github.com/repos/caarlos0/danfe-server/labels/question"
                        },
                        "meta": {},
                        "tainted": false
                    },
                    "deposed": [],
                    "provider": ""
                },
                "github_issue_label.question-label.2": {
                    "type": "github_issue_label",
                    "depends_on": [],
                    "primary": {
                        "id": "alelogo:question",
                        "attributes": {
                            "color": "cc317c",
                            "id": "alelogo:question",
                            "name": "question",
                            "repository": "alelogo",
                            "url": "https://api.github.com/repos/caarlos0/alelogo/labels/question"
                        },
                        "meta": {},
                        "tainted": false
                    },
                    "deposed": [],
                    "provider": ""
                },
                "github_issue_label.question-label.20": {
                    "type": "github_issue_label",
                    "depends_on": [],
                    "primary": {
                        "id": "datedsl:question",
                        "attributes": {
                            "color": "cc317c",
                            "id": "datedsl:question",
                            "name": "question",
                            "repository": "datedsl",
                            "url": "https://api.github.com/repos/caarlos0/datedsl/labels/question"
                        },
                        "meta": {},
                        "tainted": false
                    },
                    "deposed": [],
                    "provider": ""
                },
                "github_issue_label.question-label.21": {
                    "type": "github_issue_label",
                    "depends_on": [],
                    "primary": {
                        "id": "displayer:question",
                        "attributes": {
                            "color": "cc317c",
                            "id": "displayer:question",
                            "name": "question",
                            "repository": "displayer",
                            "url": "https://api.github.com/repos/caarlos0/displayer/labels/question"
                        },
                        "meta": {},
                        "tainted": false
                    },
                    "deposed": [],
                    "provider": ""
                },
                "github_issue_label.question-label.22": {
                    "type": "github_issue_label",
                    "depends_on": [],
                    "primary": {
                        "id": "docker-alpine-go:question",
                        "attributes": {
                            "color": "cc317c",
                            "id": "docker-alpine-go:question",
                            "name": "question",
                            "repository": "docker-alpine-go",
                            "url": "https://api.github.com/repos/caarlos0/docker-alpine-go/labels/question"
                        },
                        "meta": {},
                        "tainted": false
                    },
                    "deposed": [],
                    "provider": ""
                },
                "github_issue_label.question-label.23": {
                    "type": "github_issue_label",
                    "depends_on": [],
                    "primary": {
                        "id": "docker-alpine-oraclejdk7:question",
                        "attributes": {
                            "color": "cc317c",
                            "id": "docker-alpine-oraclejdk7:question",
                            "name": "question",
                            "repository": "docker-alpine-oraclejdk7",
                            "url": "https://api.github.com/repos/caarlos0/docker-alpine-oraclejdk7/labels/question"
                        },
                        "meta": {},
                        "tainted": false
                    },
                    "deposed": [],
                    "provider": ""
                },
                "github_issue_label.question-label.24": {
                    "type": "github_issue_label",
                    "depends_on": [],
                    "primary": {
                        "id": "docker-alpine-oraclejdk7-mvn:question",
                        "attributes": {
                            "color": "cc317c",
                            "id": "docker-alpine-oraclejdk7-mvn:question",
                            "name": "question",
                            "repository": "docker-alpine-oraclejdk7-mvn",
                            "url": "https://api.github.com/repos/caarlos0/docker-alpine-oraclejdk7-mvn/labels/question"
                        },
                        "meta": {},
                        "tainted": false
                    },
                    "deposed": [],
                    "provider": ""
                },
                "github_issue_label.question-label.25": {
                    "type": "github_issue_label",
                    "depends_on": [],
                    "primary": {
                        "id": "dotfiles:question",
                        "attributes": {
                            "color": "cc317c",
                            "id": "dotfiles:question",
                            "name": "question",
                            "repository": "dotfiles",
                            "url": "https://api.github.com/repos/caarlos0/dotfiles/labels/question"
                        },
                        "meta": {},
                        "tainted": false
                    },
                    "deposed": [],
                    "provider": ""
                },
                "github_issue_label.question-label.26": {
                    "type": "github_issue_label",
                    "depends_on": [],
                    "primary": {
                        "id": "elixir-playground:question",
                        "attributes": {
                            "color": "cc317c",
                            "id": "elixir-playground:question",
                            "name": "question",
                            "repository": "elixir-playground",
                            "url": "https://api.github.com/repos/caarlos0/elixir-playground/labels/question"
                        },
                        "meta": {},
                        "tainted": false
                    },
                    "deposed": [],
                    "provider": ""
                },
                "github_issue_label.question-label.27": {
                    "type": "github_issue_label",
                    "depends_on": [],
                    "primary": {
                        "id": "env:question",
                        "attributes": {
                            "color": "cc317c",
                            "id": "env:question",
                            "name": "question",
                            "repository": "env",
                            "url": "https://api.github.com/repos/caarlos0/env/labels/question"
                        },
                        "meta": {},
                        "tainted": false
                    },
                    "deposed": [],
                    "provider": ""
                },
                "github_issue_label.question-label.28": {
                    "type": "github_issue_label",
                    "depends_on": [],
                    "primary": {
                        "id": "erlang-playground:question",
                        "attributes": {
                            "color": "cc317c",
                            "id": "erlang-playground:question",
                            "name": "question",
                            "repository": "erlang-playground",
                            "url": "https://api.github.com/repos/caarlos0/erlang-playground/labels/question"
                        },
                        "meta": {},
                        "tainted": false
                    },
                    "deposed": [],
                    "provider": ""
                },
                "github_issue_label.question-label.29": {
                    "type": "github_issue_label",
                    "depends_on": [],
                    "primary": {
                        "id": "example:question",
                        "attributes": {
                            "color": "cc317c",
                            "id": "example:question",
                            "name": "question",
                            "repository": "example",
                            "url": "https://api.github.com/repos/caarlos0/example/labels/question"
                        },
                        "meta": {},
                        "tainted": false
                    },
                    "deposed": [],
                    "provider": ""
                },
                "github_issue_label.question-label.3": {
                    "type": "github_issue_label",
                    "depends_on": [],
                    "primary": {
                        "id": "am-i-working:question",
                        "attributes": {
                            "color": "cc317c",
                            "id": "am-i-working:question",
                            "name": "question",
                            "repository": "am-i-working",
                            "url": "https://api.github.com/repos/caarlos0/am-i-working/labels/question"
                        },
                        "meta": {},
                        "tainted": false
                    },
                    "deposed": [],
                    "provider": ""
                },
                "github_issue_label.question-label.30": {
                    "type": "github_issue_label",
                    "depends_on": [],
                    "primary": {
                        "id": "fork-cleaner:question",
                        "attributes": {
                            "color": "cc317c",
                            "id": "fork-cleaner:question",
                            "name": "question",
                            "repository": "fork-cleaner",
                            "url": "https://api.github.com/repos/caarlos0/fork-cleaner/labels/question"
                        },
                        "meta": {},
                        "tainted": false
                    },
                    "deposed": [],
                    "provider": ""
                },
                "github_issue_label.question-label.31": {
                    "type": "github_issue_label",
                    "depends_on": [],
                    "primary": {
                        "id": "FRaaS:question",
                        "attributes": {
                            "color": "cc317c",
                            "id": "FRaaS:question",
                            "name": "question",
                            "repository": "FRaaS",
                            "url": "https://api.github.com/repos/caarlos0/FRaaS/labels/question"
                        },
                        "meta": {},
                        "tainted": false
                    },
                    "deposed": [],
                    "provider": ""
                },
                "github_issue_label.question-label.32": {
                    "type": "github_issue_label",
                    "depends_on": [],
                    "primary": {
                        "id": "git-add-remote:question",
                        "attributes": {
                            "color": "cc317c",
                            "id": "git-add-remote:question",
                            "name": "question",
                            "repository": "git-add-remote",
                            "url": "https://api.github.com/repos/caarlos0/git-add-remote/labels/question"
                        },
                        "meta": {},
                        "tainted": false
                    },
                    "deposed": [],
                    "provider": ""
                },
                "github_issue_label.question-label.33": {
                    "type": "github_issue_label",
                    "depends_on": [],
                    "primary": {
                        "id": "git-gc:question",
                        "attributes": {
                            "color": "cc317c",
                            "id": "git-gc:question",
                            "name": "question",
                            "repository": "git-gc",
                            "url": "https://api.github.com/repos/caarlos0/git-gc/labels/question"
                        },
                        "meta": {},
                        "tainted": false
                    },
                    "deposed": [],
                    "provider": ""
                },
                "github_issue_label.question-label.34": {
                    "type": "github_issue_label",
                    "depends_on": [],
                    "primary": {
                        "id": "github:question",
                        "attributes": {
                            "color": "cc317c",
                            "id": "github:question",
                            "name": "question",
                            "repository": "github",
                            "url": "https://api.github.com/repos/caarlos0/github/labels/question"
                        },
                        "meta": {},
                        "tainted": false
                    },
                    "deposed": [],
                    "provider": ""
                },
                "github_issue_label.question-label.35": {
                    "type": "github_issue_label",
                    "depends_on": [],
                    "primary": {
                        "id": "github-buildkite-wire:question",
                        "attributes": {
                            "color": "cc317c",
                            "id": "github-buildkite-wire:question",
                            "name": "question",
                            "repository": "github-buildkite-wire",
                            "url": "https://api.github.com/repos/caarlos0/github-buildkite-wire/labels/question"
                        },
                        "meta": {},
                        "tainted": false
                    },
                    "deposed": [],
                    "provider": ""
                },
                "github_issue_label.question-label.36": {
                    "type": "github_issue_label",
                    "depends_on": [],
                    "primary": {
                        "id": "github-integrator:question",
                        "attributes": {
                            "color": "cc317c",
                            "id": "github-integrator:question",
                            "name": "question",
                            "repository": "github-integrator",
                            "url": "https://api.github.com/repos/caarlos0/github-integrator/labels/question"
                        },
                        "meta": {},
                        "tainted": false
                    },
                    "deposed": [],
                    "provider": ""
                },
                "github_issue_label.question-label.37": {
                    "type": "github_issue_label",
                    "depends_on": [],
                    "primary": {
                        "id": "github-vacations:question",
                        "attributes": {
                            "color": "cc317c",
                            "id": "github-vacations:question",
                            "name": "question",
                            "repository": "github-vacations",
                            "url": "https://api.github.com/repos/caarlos0/github-vacations/labels/question"
                        },
                        "meta": {},
                        "tainted": false
                    },
                    "deposed": [],
                    "provider": ""
                },
                "github_issue_label.question-label.38": {
                    "type": "github_issue_label",
                    "depends_on": [],
                    "primary": {
                        "id": "go-idioms:question",
                        "attributes": {
                            "color": "cc317c",
                            "id": "go-idioms:question",
                            "name": "question",
                            "repository": "go-idioms",
                            "url": "https://api.github.com/repos/caarlos0/go-idioms/labels/question"
                        },
                        "meta": {},
                        "tainted": false
                    },
                    "deposed": [],
                    "provider": ""
                },
                "github_issue_label.question-label.39": {
                    "type": "github_issue_label",
                    "depends_on": [],
                    "primary": {
                        "id": "go-playground:question",
                        "attributes": {
                            "color": "cc317c",
                            "id": "go-playground:question",
                            "name": "question",
                            "repository": "go-playground",
                            "url": "https://api.github.com/repos/caarlos0/go-playground/labels/question"
                        },
                        "meta": {},
                        "tainted": false
                    },
                    "deposed": [],
                    "provider": ""
                },
                "github_issue_label.question-label.4": {
                    "type": "github_issue_label",
                    "depends_on": [],
                    "primary": {
                        "id": "angular-js-playground:question",
                        "attributes": {
                            "color": "cc317c",
                            "id": "angular-js-playground:question",
                            "name": "question",
                            "repository": "angular-js-playground",
                            "url": "https://api.github.com/repos/caarlos0/angular-js-playground/labels/question"
                        },
                        "meta": {},
                        "tainted": false
                    },
                    "deposed": [],
                    "provider": ""
                },
                "github_issue_label.question-label.40": {
                    "type": "github_issue_label",
                    "depends_on": [],
                    "primary": {
                        "id": "go-victorops:question",
                        "attributes": {
                            "color": "cc317c",
                            "id": "go-victorops:question",
                            "name": "question",
                            "repository": "go-victorops",
                            "url": "https://api.github.com/repos/caarlos0/go-victorops/labels/question"
                        },
                        "meta": {},
                        "tainted": false
                    },
                    "deposed": [],
                    "provider": ""
                },
                "github_issue_label.question-label.41": {
                    "type": "github_issue_label",
                    "depends_on": [],
                    "primary": {
                        "id": "go-web-api-example:question",
                        "attributes": {
                            "color": "cc317c",
                            "id": "go-web-api-example:question",
                            "name": "question",
                            "repository": "go-web-api-example",
                            "url": "https://api.github.com/repos/caarlos0/go-web-api-example/labels/question"
                        },
                        "meta": {},
                        "tainted": false
                    },
                    "deposed": [],
                    "provider": ""
                },
                "github_issue_label.question-label.42": {
                    "type": "github_issue_label",
                    "depends_on": [],
                    "primary": {
                        "id": "gohome:question",
                        "attributes": {
                            "color": "cc317c",
                            "id": "gohome:question",
                            "name": "question",
                            "repository": "gohome",
                            "url": "https://api.github.com/repos/caarlos0/gohome/labels/question"
                        },
                        "meta": {},
                        "tainted": false
                    },
                    "deposed": [],
                    "provider": ""
                },
                "github_issue_label.question-label.43": {
                    "type": "github_issue_label",
                    "depends_on": [],
                    "primary": {
                        "id": "goreleaser-users:question",
                        "attributes": {
                            "color": "cc317c",
                            "id": "goreleaser-users:question",
                            "name": "question",
                            "repository": "goreleaser-users",
                            "url": "https://api.github.com/repos/caarlos0/goreleaser-users/labels/question"
                        },
                        "meta": {},
                        "tainted": false
                    },
                    "deposed": [],
                    "provider": ""
                },
                "github_issue_label.question-label.44": {
                    "type": "github_issue_label",
                    "depends_on": [],
                    "primary": {
                        "id": "guice-junit-test-runner:question",
                        "attributes": {
                            "color": "cc317c",
                            "id": "guice-junit-test-runner:question",
                            "name": "question",
                            "repository": "guice-junit-test-runner",
                            "url": "https://api.github.com/repos/caarlos0/guice-junit-test-runner/labels/question"
                        },
                        "meta": {},
                        "tainted": false
                    },
                    "deposed": [],
                    "provider": ""
                },
                "github_issue_label.question-label.45": {
                    "type": "github_issue_label",
                    "depends_on": [],
                    "primary": {
                        "id": "gwt-scrum-manager:question",
                        "attributes": {
                            "color": "cc317c",
                            "id": "gwt-scrum-manager:question",
                            "name": "question",
                            "repository": "gwt-scrum-manager",
                            "url": "https://api.github.com/repos/caarlos0/gwt-scrum-manager/labels/question"
                        },
                        "meta": {},
                        "tainted": false
                    },
                    "deposed": [],
                    "provider": ""
                },
                "github_issue_label.question-label.46": {
                    "type": "github_issue_label",
                    "depends_on": [],
                    "primary": {
                        "id": "happy-doxygen:question",
                        "attributes": {
                            "color": "cc317c",
                            "id": "happy-doxygen:question",
                            "name": "question",
                            "repository": "happy-doxygen",
                            "url": "https://api.github.com/repos/caarlos0/happy-doxygen/labels/question"
                        },
                        "meta": {},
                        "tainted": false
                    },
                    "deposed": [],
                    "provider": ""
                },
                "github_issue_label.question-label.47": {
                    "type": "github_issue_label",
                    "depends_on": [],
                    "primary": {
                        "id": "haskell-playground:question",
                        "attributes": {
                            "color": "cc317c",
                            "id": "haskell-playground:question",
                            "name": "question",
                            "repository": "haskell-playground",
                            "url": "https://api.github.com/repos/caarlos0/haskell-playground/labels/question"
                        },
                        "meta": {},
                        "tainted": false
                    },
                    "deposed": [],
                    "provider": ""
                },
                "github_issue_label.question-label.48": {
                    "type": "github_issue_label",
                    "depends_on": [],
                    "primary": {
                        "id": "hazelcast-bug:question",
                        "attributes": {
                            "color": "cc317c",
                            "id": "hazelcast-bug:question",
                            "name": "question",
                            "repository": "hazelcast-bug",
                            "url": "https://api.github.com/repos/caarlos0/hazelcast-bug/labels/question"
                        },
                        "meta": {},
                        "tainted": false
                    },
                    "deposed": [],
                    "provider": ""
                },
                "github_issue_label.question-label.49": {
                    "type": "github_issue_label",
                    "depends_on": [],
                    "primary": {
                        "id": "homebrew-core:question",
                        "attributes": {
                            "color": "cc317c",
                            "id": "homebrew-core:question",
                            "name": "question",
                            "repository": "homebrew-core",
                            "url": "https://api.github.com/repos/caarlos0/homebrew-core/labels/question"
                        },
                        "meta": {},
                        "tainted": false
                    },
                    "deposed": [],
                    "provider": ""
                },
                "github_issue_label.question-label.5": {
                    "type": "github_issue_label",
                    "depends_on": [],
                    "primary": {
                        "id": "ansible-role-eclipse:question",
                        "attributes": {
                            "color": "cc317c",
                            "id": "ansible-role-eclipse:question",
                            "name": "question",
                            "repository": "ansible-role-eclipse",
                            "url": "https://api.github.com/repos/caarlos0/ansible-role-eclipse/labels/question"
                        },
                        "meta": {},
                        "tainted": false
                    },
                    "deposed": [],
                    "provider": ""
                },
                "github_issue_label.question-label.50": {
                    "type": "github_issue_label",
                    "depends_on": [],
                    "primary": {
                        "id": "homebrew-tap:question",
                        "attributes": {
                            "color": "cc317c",
                            "id": "homebrew-tap:question",
                            "name": "question",
                            "repository": "homebrew-tap",
                            "url": "https://api.github.com/repos/caarlos0/homebrew-tap/labels/question"
                        },
                        "meta": {},
                        "tainted": false
                    },
                    "deposed": [],
                    "provider": ""
                },
                "github_issue_label.question-label.51": {
                    "type": "github_issue_label",
                    "depends_on": [],
                    "primary": {
                        "id": "is-shit:question",
                        "attributes": {
                            "color": "cc317c",
                            "id": "is-shit:question",
                            "name": "question",
                            "repository": "is-shit",
                            "url": "https://api.github.com/repos/caarlos0/is-shit/labels/question"
                        },
                        "meta": {},
                        "tainted": false
                    },
                    "deposed": [],
                    "provider": ""
                },
                "github_issue_label.question-label.52": {
                    "type": "github_issue_label",
                    "depends_on": [],
                    "primary": {
                        "id": "it:question",
                        "attributes": {
                            "color": "cc317c",
                            "id": "it:question",
                            "name": "question",
                            "repository": "it",
                            "url": "https://api.github.com/repos/caarlos0/it/labels/question"
                        },
                        "meta": {},
                        "tainted": false
                    },
                    "deposed": [],
                    "provider": ""
                },
                "github_issue_label.question-label.53": {
                    "type": "github_issue_label",
                    "depends_on": [],
                    "primary": {
                        "id": "java-best-practices:question",
                        "attributes": {
                            "color": "cc317c",
                            "id": "java-best-practices:question",
                            "name": "question",
                            "repository": "java-best-practices",
                            "url": "https://api.github.com/repos/caarlos0/java-best-practices/labels/question"
                        },
                        "meta": {},
                        "tainted": false
                    },
                    "deposed": [],
                    "provider": ""
                },
                "github_issue_label.question-label.54": {
                    "type": "github_issue_label",
                    "depends_on": [],
                    "primary": {
                        "id": "java-katas:question",
                        "attributes": {
                            "color": "cc317c",
                            "id": "java-katas:question",
                            "name": "question",
                            "repository": "java-katas",
                            "url": "https://api.github.com/repos/caarlos0/java-katas/labels/question"
                        },
                        "meta": {},
                        "tainted": false
                    },
                    "deposed": [],
                    "provider": ""
                },
                "github_issue_label.question-label.55": {
                    "type": "github_issue_label",
                    "depends_on": [],
                    "primary": {
                        "id": "jProtractor:question",
                        "attributes": {
                            "color": "cc317c",
                            "id": "jProtractor:question",
                            "name": "question",
                            "repository": "jProtractor",
                            "url": "https://api.github.com/repos/caarlos0/jProtractor/labels/question"
                        },
                        "meta": {},
                        "tainted": false
                    },
                    "deposed": [],
                    "provider": ""
                },
                "github_issue_label.question-label.56": {
                    "type": "github_issue_label",
                    "depends_on": [],
                    "primary": {
                        "id": "junit-slowest-tests:question",
                        "attributes": {
                            "color": "cc317c",
                            "id": "junit-slowest-tests:question",
                            "name": "question",
                            "repository": "junit-slowest-tests",
                            "url": "https://api.github.com/repos/caarlos0/junit-slowest-tests/labels/question"
                        },
                        "meta": {},
                        "tainted": false
                    },
                    "deposed": [],
                    "provider": ""
                },
                "github_issue_label.question-label.57": {
                    "type": "github_issue_label",
                    "depends_on": [],
                    "primary": {
                        "id": "jvm:question",
                        "attributes": {
                            "color": "cc317c",
                            "id": "jvm:question",
                            "name": "question",
                            "repository": "jvm",
                            "url": "https://api.github.com/repos/caarlos0/jvm/labels/question"
                        },
                        "meta": {},
                        "tainted": false
                    },
                    "deposed": [],
                    "provider": ""
                },
                "github_issue_label.question-label.58": {
                    "type": "github_issue_label",
                    "depends_on": [],
                    "primary": {
                        "id": "karmahub:question",
                        "attributes": {
                            "color": "cc317c",
                            "id": "karmahub:question",
                            "name": "question",
                            "repository": "karmahub",
                            "url": "https://api.github.com/repos/caarlos0/karmahub/labels/question"
                        },
                        "meta": {},
                        "tainted": false
                    },
                    "deposed": [],
                    "provider": ""
                },
                "github_issue_label.question-label.59": {
                    "type": "github_issue_label",
                    "depends_on": [],
                    "primary": {
                        "id": "Layr:question",
                        "attributes": {
                            "color": "cc317c",
                            "id": "Layr:question",
                            "name": "question",
                            "repository": "Layr",
                            "url": "https://api.github.com/repos/caarlos0/Layr/labels/question"
                        },
                        "meta": {},
                        "tainted": false
                    },
                    "deposed": [],
                    "provider": ""
                },
                "github_issue_label.question-label.6": {
                    "type": "github_issue_label",
                    "depends_on": [],
                    "primary": {
                        "id": "ansible-role-java-dev:question",
                        "attributes": {
                            "color": "cc317c",
                            "id": "ansible-role-java-dev:question",
                            "name": "question",
                            "repository": "ansible-role-java-dev",
                            "url": "https://api.github.com/repos/caarlos0/ansible-role-java-dev/labels/question"
                        },
                        "meta": {},
                        "tainted": false
                    },
                    "deposed": [],
                    "provider": ""
                },
                "github_issue_label.question-label.60": {
                    "type": "github_issue_label",
                    "depends_on": [],
                    "primary": {
                        "id": "lila:question",
                        "attributes": {
                            "color": "cc317c",
                            "id": "lila:question",
                            "name": "question",
                            "repository": "lila",
                            "url": "https://api.github.com/repos/caarlos0/lila/labels/question"
                        },
                        "meta": {},
                        "tainted": false
                    },
                    "deposed": [],
                    "provider": ""
                },
                "github_issue_label.question-label.61": {
                    "type": "github_issue_label",
                    "depends_on": [],
                    "primary": {
                        "id": "lila-aop:question",
                        "attributes": {
                            "color": "cc317c",
                            "id": "lila-aop:question",
                            "name": "question",
                            "repository": "lila-aop",
                            "url": "https://api.github.com/repos/caarlos0/lila-aop/labels/question"
                        },
                        "meta": {},
                        "tainted": false
                    },
                    "deposed": [],
                    "provider": ""
                },
                "github_issue_label.question-label.62": {
                    "type": "github_issue_label",
                    "depends_on": [],
                    "primary": {
                        "id": "machine:question",
                        "attributes": {
                            "color": "cc317c",
                            "id": "machine:question",
                            "name": "question",
                            "repository": "machine",
                            "url": "https://api.github.com/repos/caarlos0/machine/labels/question"
                        },
                        "meta": {},
                        "tainted": false
                    },
                    "deposed": [],
                    "provider": ""
                },
                "github_issue_label.question-label.63": {
                    "type": "github_issue_label",
                    "depends_on": [],
                    "primary": {
                        "id": "macOS:question",
                        "attributes": {
                            "color": "cc317c",
                            "id": "macOS:question",
                            "name": "question",
                            "repository": "macOS",
                            "url": "https://api.github.com/repos/caarlos0/macOS/labels/question"
                        },
                        "meta": {},
                        "tainted": false
                    },
                    "deposed": [],
                    "provider": ""
                },
                "github_issue_label.question-label.64": {
                    "type": "github_issue_label",
                    "depends_on": [],
                    "primary": {
                        "id": "maskedinput-rails:question",
                        "attributes": {
                            "color": "cc317c",
                            "id": "maskedinput-rails:question",
                            "name": "question",
                            "repository": "maskedinput-rails",
                            "url": "https://api.github.com/repos/caarlos0/maskedinput-rails/labels/question"
                        },
                        "meta": {},
                        "tainted": false
                    },
                    "deposed": [],
                    "provider": ""
                },
                "github_issue_label.question-label.65": {
                    "type": "github_issue_label",
                    "depends_on": [],
                    "primary": {
                        "id": "maskmoney-rails:question",
                        "attributes": {
                            "color": "cc317c",
                            "id": "maskmoney-rails:question",
                            "name": "question",
                            "repository": "maskmoney-rails",
                            "url": "https://api.github.com/repos/caarlos0/maskmoney-rails/labels/question"
                        },
                        "meta": {},
                        "tainted": false
                    },
                    "deposed": [],
                    "provider": ""
                },
                "github_issue_label.question-label.66": {
                    "type": "github_issue_label",
                    "depends_on": [],
                    "primary": {
                        "id": "maven:question",
                        "attributes": {
                            "color": "cc317c",
                            "id": "maven:question",
                            "name": "question",
                            "repository": "maven",
                            "url": "https://api.github.com/repos/caarlos0/maven/labels/question"
                        },
                        "meta": {},
                        "tainted": false
                    },
                    "deposed": [],
                    "provider": ""
                },
                "github_issue_label.question-label.67": {
                    "type": "github_issue_label",
                    "depends_on": [],
                    "primary": {
                        "id": "meditec:question",
                        "attributes": {
                            "color": "cc317c",
                            "id": "meditec:question",
                            "name": "question",
                            "repository": "meditec",
                            "url": "https://api.github.com/repos/caarlos0/meditec/labels/question"
                        },
                        "meta": {},
                        "tainted": false
                    },
                    "deposed": [],
                    "provider": ""
                },
                "github_issue_label.question-label.68": {
                    "type": "github_issue_label",
                    "depends_on": [],
                    "primary": {
                        "id": "modular-build:question",
                        "attributes": {
                            "color": "cc317c",
                            "id": "modular-build:question",
                            "name": "question",
                            "repository": "modular-build",
                            "url": "https://api.github.com/repos/caarlos0/modular-build/labels/question"
                        },
                        "meta": {},
                        "tainted": false
                    },
                    "deposed": [],
                    "provider": ""
                },
                "github_issue_label.question-label.69": {
                    "type": "github_issue_label",
                    "depends_on": [],
                    "primary": {
                        "id": "msfonts:question",
                        "attributes": {
                            "color": "cc317c",
                            "id": "msfonts:question",
                            "name": "question",
                            "repository": "msfonts",
                            "url": "https://api.github.com/repos/caarlos0/msfonts/labels/question"
                        },
                        "meta": {},
                        "tainted": false
                    },
                    "deposed": [],
                    "provider": ""
                },
                "github_issue_label.question-label.7": {
                    "type": "github_issue_label",
                    "depends_on": [],
                    "primary": {
                        "id": "bitstarter:question",
                        "attributes": {
                            "color": "cc317c",
                            "id": "bitstarter:question",
                            "name": "question",
                            "repository": "bitstarter",
                            "url": "https://api.github.com/repos/caarlos0/bitstarter/labels/question"
                        },
                        "meta": {},
                        "tainted": false
                    },
                    "deposed": [],
                    "provider": ""
                },
                "github_issue_label.question-label.70": {
                    "type": "github_issue_label",
                    "depends_on": [],
                    "primary": {
                        "id": "nodejs-playground:question",
                        "attributes": {
                            "color": "cc317c",
                            "id": "nodejs-playground:question",
                            "name": "question",
                            "repository": "nodejs-playground",
                            "url": "https://api.github.com/repos/caarlos0/nodejs-playground/labels/question"
                        },
                        "meta": {},
                        "tainted": false
                    },
                    "deposed": [],
                    "provider": ""
                },
                "github_issue_label.question-label.71": {
                    "type": "github_issue_label",
                    "depends_on": [],
                    "primary": {
                        "id": "nprogress-rails:question",
                        "attributes": {
                            "color": "cc317c",
                            "id": "nprogress-rails:question",
                            "name": "question",
                            "repository": "nprogress-rails",
                            "url": "https://api.github.com/repos/caarlos0/nprogress-rails/labels/question"
                        },
                        "meta": {},
                        "tainted": false
                    },
                    "deposed": [],
                    "provider": ""
                },
                "github_issue_label.question-label.72": {
                    "type": "github_issue_label",
                    "depends_on": [],
                    "primary": {
                        "id": "ocjp-resources:question",
                        "attributes": {
                            "color": "cc317c",
                            "id": "ocjp-resources:question",
                            "name": "question",
                            "repository": "ocjp-resources",
                            "url": "https://api.github.com/repos/caarlos0/ocjp-resources/labels/question"
                        },
                        "meta": {},
                        "tainted": false
                    },
                    "deposed": [],
                    "provider": ""
                },
                "github_issue_label.question-label.73": {
                    "type": "github_issue_label",
                    "depends_on": [],
                    "primary": {
                        "id": "oop-clock:question",
                        "attributes": {
                            "color": "cc317c",
                            "id": "oop-clock:question",
                            "name": "question",
                            "repository": "oop-clock",
                            "url": "https://api.github.com/repos/caarlos0/oop-clock/labels/question"
                        },
                        "meta": {},
                        "tainted": false
                    },
                    "deposed": [],
                    "provider": ""
                },
                "github_issue_label.question-label.74": {
                    "type": "github_issue_label",
                    "depends_on": [],
                    "primary": {
                        "id": "org-stats:question",
                        "attributes": {
                            "color": "cc317c",
                            "id": "org-stats:question",
                            "name": "question",
                            "repository": "org-stats",
                            "url": "https://api.github.com/repos/caarlos0/org-stats/labels/question"
                        },
                        "meta": {},
                        "tainted": false
                    },
                    "deposed": [],
                    "provider": ""
                },
                "github_issue_label.question-label.75": {
                    "type": "github_issue_label",
                    "depends_on": [],
                    "primary": {
                        "id": "parent-pom:question",
                        "attributes": {
                            "color": "cc317c",
                            "id": "parent-pom:question",
                            "name": "question",
                            "repository": "parent-pom",
                            "url": "https://api.github.com/repos/caarlos0/parent-pom/labels/question"
                        },
                        "meta": {},
                        "tainted": false
                    },
                    "deposed": [],
                    "provider": ""
                },
                "github_issue_label.question-label.76": {
                    "type": "github_issue_label",
                    "depends_on": [],
                    "primary": {
                        "id": "persistence-base:question",
                        "attributes": {
                            "color": "cc317c",
                            "id": "persistence-base:question",
                            "name": "question",
                            "repository": "persistence-base",
                            "url": "https://api.github.com/repos/caarlos0/persistence-base/labels/question"
                        },
                        "meta": {},
                        "tainted": false
                    },
                    "deposed": [],
                    "provider": ""
                },
                "github_issue_label.question-label.77": {
                    "type": "github_issue_label",
                    "depends_on": [],
                    "primary": {
                        "id": "ports:question",
                        "attributes": {
                            "color": "cc317c",
                            "id": "ports:question",
                            "name": "question",
                            "repository": "ports",
                            "url": "https://api.github.com/repos/caarlos0/ports/labels/question"
                        },
                        "meta": {},
                        "tainted": false
                    },
                    "deposed": [],
                    "provider": ""
                },
                "github_issue_label.question-label.78": {
                    "type": "github_issue_label",
                    "depends_on": [],
                    "primary": {
                        "id": "progfun-003:question",
                        "attributes": {
                            "color": "cc317c",
                            "id": "progfun-003:question",
                            "name": "question",
                            "repository": "progfun-003",
                            "url": "https://api.github.com/repos/caarlos0/progfun-003/labels/question"
                        },
                        "meta": {},
                        "tainted": false
                    },
                    "deposed": [],
                    "provider": ""
                },
                "github_issue_label.question-label.79": {
                    "type": "github_issue_label",
                    "depends_on": [],
                    "primary": {
                        "id": "proglang-002:question",
                        "attributes": {
                            "color": "cc317c",
                            "id": "proglang-002:question",
                            "name": "question",
                            "repository": "proglang-002",
                            "url": "https://api.github.com/repos/caarlos0/proglang-002/labels/question"
                        },
                        "meta": {},
                        "tainted": false
                    },
                    "deposed": [],
                    "provider": ""
                },
                "github_issue_label.question-label.8": {
                    "type": "github_issue_label",
                    "depends_on": [],
                    "primary": {
                        "id": "bootstrap-daterangepicker-rails:question",
                        "attributes": {
                            "color": "cc317c",
                            "id": "bootstrap-daterangepicker-rails:question",
                            "name": "question",
                            "repository": "bootstrap-daterangepicker-rails",
                            "url": "https://api.github.com/repos/caarlos0/bootstrap-daterangepicker-rails/labels/question"
                        },
                        "meta": {},
                        "tainted": false
                    },
                    "deposed": [],
                    "provider": ""
                },
                "github_issue_label.question-label.80": {
                    "type": "github_issue_label",
                    "depends_on": [],
                    "primary": {
                        "id": "promfmt:question",
                        "attributes": {
                            "color": "cc317c",
                            "id": "promfmt:question",
                            "name": "question",
                            "repository": "promfmt",
                            "url": "https://api.github.com/repos/caarlos0/promfmt/labels/question"
                        },
                        "meta": {},
                        "tainted": false
                    },
                    "deposed": [],
                    "provider": ""
                },
                "github_issue_label.question-label.81": {
                    "type": "github_issue_label",
                    "depends_on": [],
                    "primary": {
                        "id": "rails-bootstrap-toggle-buttons:question",
                        "attributes": {
                            "color": "cc317c",
                            "id": "rails-bootstrap-toggle-buttons:question",
                            "name": "question",
                            "repository": "rails-bootstrap-toggle-buttons",
                            "url": "https://api.github.com/repos/caarlos0/rails-bootstrap-toggle-buttons/labels/question"
                        },
                        "meta": {},
                        "tainted": false
                    },
                    "deposed": [],
                    "provider": ""
                },
                "github_issue_label.question-label.82": {
                    "type": "github_issue_label",
                    "depends_on": [],
                    "primary": {
                        "id": "railscasts-downloader:question",
                        "attributes": {
                            "color": "cc317c",
                            "id": "railscasts-downloader:question",
                            "name": "question",
                            "repository": "railscasts-downloader",
                            "url": "https://api.github.com/repos/caarlos0/railscasts-downloader/labels/question"
                        },
                        "meta": {},
                        "tainted": false
                    },
                    "deposed": [],
                    "provider": ""
                },
                "github_issue_label.question-label.83": {
                    "type": "github_issue_label",
                    "depends_on": [],
                    "primary": {
                        "id": "rca:question",
                        "attributes": {
                            "color": "cc317c",
                            "id": "rca:question",
                            "name": "question",
                            "repository": "rca",
                            "url": "https://api.github.com/repos/caarlos0/rca/labels/question"
                        },
                        "meta": {},
                        "tainted": false
                    },
                    "deposed": [],
                    "provider": ""
                },
                "github_issue_label.question-label.84": {
                    "type": "github_issue_label",
                    "depends_on": [],
                    "primary": {
                        "id": "repo-watcher:question",
                        "attributes": {
                            "color": "cc317c",
                            "id": "repo-watcher:question",
                            "name": "question",
                            "repository": "repo-watcher",
                            "url": "https://api.github.com/repos/caarlos0/repo-watcher/labels/question"
                        },
                        "meta": {},
                        "tainted": false
                    },
                    "deposed": [],
                    "provider": ""
                },
                "github_issue_label.question-label.85": {
                    "type": "github_issue_label",
                    "depends_on": [],
                    "primary": {
                        "id": "route53-cleaner:question",
                        "attributes": {
                            "color": "cc317c",
                            "id": "route53-cleaner:question",
                            "name": "question",
                            "repository": "route53-cleaner",
                            "url": "https://api.github.com/repos/caarlos0/route53-cleaner/labels/question"
                        },
                        "meta": {},
                        "tainted": false
                    },
                    "deposed": [],
                    "provider": ""
                },
                "github_issue_label.question-label.86": {
                    "type": "github_issue_label",
                    "depends_on": [],
                    "primary": {
                        "id": "ruby-katas:question",
                        "attributes": {
                            "color": "cc317c",
                            "id": "ruby-katas:question",
                            "name": "question",
                            "repository": "ruby-katas",
                            "url": "https://api.github.com/repos/caarlos0/ruby-katas/labels/question"
                        },
                        "meta": {},
                        "tainted": false
                    },
                    "deposed": [],
                    "provider": ""
                },
                "github_issue_label.question-label.87": {
                    "type": "github_issue_label",
                    "depends_on": [],
                    "primary": {
                        "id": "sc-niozip:question",
                        "attributes": {
                            "color": "cc317c",
                            "id": "sc-niozip:question",
                            "name": "question",
                            "repository": "sc-niozip",
                            "url": "https://api.github.com/repos/caarlos0/sc-niozip/labels/question"
                        },
                        "meta": {},
                        "tainted": false
                    },
                    "deposed": [],
                    "provider": ""
                },
                "github_issue_label.question-label.88": {
                    "type": "github_issue_label",
                    "depends_on": [],
                    "primary": {
                        "id": "scala-playground:question",
                        "attributes": {
                            "color": "cc317c",
                            "id": "scala-playground:question",
                            "name": "question",
                            "repository": "scala-playground",
                            "url": "https://api.github.com/repos/caarlos0/scala-playground/labels/question"
                        },
                        "meta": {},
                        "tainted": false
                    },
                    "deposed": [],
                    "provider": ""
                },
                "github_issue_label.question-label.89": {
                    "type": "github_issue_label",
                    "depends_on": [],
                    "primary": {
                        "id": "selenium-grid-on-docker-example:question",
                        "attributes": {
                            "color": "cc317c",
                            "id": "selenium-grid-on-docker-example:question",
                            "name": "question",
                            "repository": "selenium-grid-on-docker-example",
                            "url": "https://api.github.com/repos/caarlos0/selenium-grid-on-docker-example/labels/question"
                        },
                        "meta": {},
                        "tainted": false
                    },
                    "deposed": [],
                    "provider": ""
                },
                "github_issue_label.question-label.9": {
                    "type": "github_issue_label",
                    "depends_on": [],
                    "primary": {
                        "id": "caarlos0.github.com:question",
                        "attributes": {
                            "color": "cc317c",
                            "id": "caarlos0.github.com:question",
                            "name": "question",
                            "repository": "caarlos0.github.com",
                            "url": "https://api.github.com/repos/caarlos0/caarlos0.github.com/labels/question"
                        },
                        "meta": {},
                        "tainted": false
                    },
                    "deposed": [],
                    "provider": ""
                },
                "github_issue_label.question-label.90": {
                    "type": "github_issue_label",
                    "depends_on": [],
                    "primary": {
                        "id": "shcheck:question",
                        "attributes": {
                            "color": "cc317c",
                            "id": "shcheck:question",
                            "name": "question",
                            "repository": "shcheck",
                            "url": "https://api.github.com/repos/caarlos0/shcheck/labels/question"
                        },
                        "meta": {},
                        "tainted": false
                    },
                    "deposed": [],
                    "provider": ""
                },
                "github_issue_label.question-label.91": {
                    "type": "github_issue_label",
                    "depends_on": [],
                    "primary": {
                        "id": "shell-ci-build:question",
                        "attributes": {
                            "color": "cc317c",
                            "id": "shell-ci-build:question",
                            "name": "question",
                            "repository": "shell-ci-build",
                            "url": "https://api.github.com/repos/caarlos0/shell-ci-build/labels/question"
                        },
                        "meta": {},
                        "tainted": false
                    },
                    "deposed": [],
                    "provider": ""
                },
                "github_issue_label.question-label.92": {
                    "type": "github_issue_label",
                    "depends_on": [],
                    "primary": {
                        "id": "shellcheck-docker:question",
                        "attributes": {
                            "color": "cc317c",
                            "id": "shellcheck-docker:question",
                            "name": "question",
                            "repository": "shellcheck-docker",
                            "url": "https://api.github.com/repos/caarlos0/shellcheck-docker/labels/question"
                        },
                        "meta": {},
                        "tainted": false
                    },
                    "deposed": [],
                    "provider": ""
                },
                "github_issue_label.question-label.93": {
                    "type": "github_issue_label",
                    "depends_on": [],
                    "primary": {
                        "id": "shellstyle:question",
                        "attributes": {
                            "color": "cc317c",
                            "id": "shellstyle:question",
                            "name": "question",
                            "repository": "shellstyle",
                            "url": "https://api.github.com/repos/caarlos0/shellstyle/labels/question"
                        },
                        "meta": {},
                        "tainted": false
                    },
                    "deposed": [],
                    "provider": ""
                },
                "github_issue_label.question-label.94": {
                    "type": "github_issue_label",
                    "depends_on": [],
                    "primary": {
                        "id": "shippable-minv2-last-maven:question",
                        "attributes": {
                            "color": "cc317c",
                            "id": "shippable-minv2-last-maven:question",
                            "name": "question",
                            "repository": "shippable-minv2-last-maven",
                            "url": "https://api.github.com/repos/caarlos0/shippable-minv2-last-maven/labels/question"
                        },
                        "meta": {},
                        "tainted": false
                    },
                    "deposed": [],
                    "provider": ""
                },
                "github_issue_label.question-label.95": {
                    "type": "github_issue_label",
                    "depends_on": [],
                    "primary": {
                        "id": "shippable-minv2-maven32:question",
                        "attributes": {
                            "color": "cc317c",
                            "id": "shippable-minv2-maven32:question",
                            "name": "question",
                            "repository": "shippable-minv2-maven32",
                            "url": "https://api.github.com/repos/caarlos0/shippable-minv2-maven32/labels/question"
                        },
                        "meta": {},
                        "tainted": false
                    },
                    "deposed": [],
                    "provider": ""
                },
                "github_issue_label.question-label.96": {
                    "type": "github_issue_label",
                    "depends_on": [],
                    "primary": {
                        "id": "simple-cdi-examples:question",
                        "attributes": {
                            "color": "cc317c",
                            "id": "simple-cdi-examples:question",
                            "name": "question",
                            "repository": "simple-cdi-examples",
                            "url": "https://api.github.com/repos/caarlos0/simple-cdi-examples/labels/question"
                        },
                        "meta": {},
                        "tainted": false
                    },
                    "deposed": [],
                    "provider": ""
                },
                "github_issue_label.question-label.97": {
                    "type": "github_issue_label",
                    "depends_on": [],
                    "primary": {
                        "id": "sinatra_examples:question",
                        "attributes": {
                            "color": "cc317c",
                            "id": "sinatra_examples:question",
                            "name": "question",
                            "repository": "sinatra_examples",
                            "url": "https://api.github.com/repos/caarlos0/sinatra_examples/labels/question"
                        },
                        "meta": {},
                        "tainted": false
                    },
                    "deposed": [],
                    "provider": ""
                },
                "github_issue_label.question-label.98": {
                    "type": "github_issue_label",
                    "depends_on": [],
                    "primary": {
                        "id": "small-go-app-container-example:question",
                        "attributes": {
                            "color": "cc317c",
                            "id": "small-go-app-container-example:question",
                            "name": "question",
                            "repository": "small-go-app-container-example",
                            "url": "https://api.github.com/repos/caarlos0/small-go-app-container-example/labels/question"
                        },
                        "meta": {},
                        "tainted": false
                    },
                    "deposed": [],
                    "provider": ""
                },
                "github_issue_label.question-label.99": {
                    "type": "github_issue_label",
                    "depends_on": [],
                    "primary": {
                        "id": "spin:question",
                        "attributes": {
                            "color": "cc317c",
                            "id": "spin:question",
                            "name": "question",
                            "repository": "spin",
                            "url": "https://api.github.com/repos/caarlos0/spin/labels/question"
                        },
                        "meta": {},
                        "tainted": false
                    },
                    "deposed": [],
                    "provider": ""
                },
                "github_issue_label.wontfix-label.0": {
                    "type": "github_issue_label",
                    "depends_on": [],
                    "primary": {
                        "id": "ajaxspin:wontfix",
                        "attributes": {
                            "color": "ffffff",
                            "id": "ajaxspin:wontfix",
                            "name": "wontfix",
                            "repository": "ajaxspin",
                            "url": "https://api.github.com/repos/caarlos0/ajaxspin/labels/wontfix"
                        },
                        "meta": {},
                        "tainted": false
                    },
                    "deposed": [],
                    "provider": ""
                },
                "github_issue_label.wontfix-label.1": {
                    "type": "github_issue_label",
                    "depends_on": [],
                    "primary": {
                        "id": "alelobot:wontfix",
                        "attributes": {
                            "color": "ffffff",
                            "id": "alelobot:wontfix",
                            "name": "wontfix",
                            "repository": "alelobot",
                            "url": "https://api.github.com/repos/caarlos0/alelobot/labels/wontfix"
                        },
                        "meta": {},
                        "tainted": false
                    },
                    "deposed": [],
                    "provider": ""
                },
                "github_issue_label.wontfix-label.10": {
                    "type": "github_issue_label",
                    "depends_on": [],
                    "primary": {
                        "id": "casa-robot:wontfix",
                        "attributes": {
                            "color": "ffffff",
                            "id": "casa-robot:wontfix",
                            "name": "wontfix",
                            "repository": "casa-robot",
                            "url": "https://api.github.com/repos/caarlos0/casa-robot/labels/wontfix"
                        },
                        "meta": {},
                        "tainted": false
                    },
                    "deposed": [],
                    "provider": ""
                },
                "github_issue_label.wontfix-label.11": {
                    "type": "github_issue_label",
                    "depends_on": [],
                    "primary": {
                        "id": "cepinator:wontfix",
                        "attributes": {
                            "color": "ffffff",
                            "id": "cepinator:wontfix",
                            "name": "wontfix",
                            "repository": "cepinator",
                            "url": "https://api.github.com/repos/caarlos0/cepinator/labels/wontfix"
                        },
                        "meta": {},
                        "tainted": false
                    },
                    "deposed": [],
                    "provider": ""
                },
                "github_issue_label.wontfix-label.12": {
                    "type": "github_issue_label",
                    "depends_on": [],
                    "primary": {
                        "id": "chosen-sass-bootstrap-rails:wontfix",
                        "attributes": {
                            "color": "ffffff",
                            "id": "chosen-sass-bootstrap-rails:wontfix",
                            "name": "wontfix",
                            "repository": "chosen-sass-bootstrap-rails",
                            "url": "https://api.github.com/repos/caarlos0/chosen-sass-bootstrap-rails/labels/wontfix"
                        },
                        "meta": {},
                        "tainted": false
                    },
                    "deposed": [],
                    "provider": ""
                },
                "github_issue_label.wontfix-label.13": {
                    "type": "github_issue_label",
                    "depends_on": [],
                    "primary": {
                        "id": "circuit-breaker-playground:wontfix",
                        "attributes": {
                            "color": "ffffff",
                            "id": "circuit-breaker-playground:wontfix",
                            "name": "wontfix",
                            "repository": "circuit-breaker-playground",
                            "url": "https://api.github.com/repos/caarlos0/circuit-breaker-playground/labels/wontfix"
                        },
                        "meta": {},
                        "tainted": false
                    },
                    "deposed": [],
                    "provider": ""
                },
                "github_issue_label.wontfix-label.14": {
                    "type": "github_issue_label",
                    "depends_on": [],
                    "primary": {
                        "id": "clone-org:wontfix",
                        "attributes": {
                            "color": "ffffff",
                            "id": "clone-org:wontfix",
                            "name": "wontfix",
                            "repository": "clone-org",
                            "url": "https://api.github.com/repos/caarlos0/clone-org/labels/wontfix"
                        },
                        "meta": {},
                        "tainted": false
                    },
                    "deposed": [],
                    "provider": ""
                },
                "github_issue_label.wontfix-label.15": {
                    "type": "github_issue_label",
                    "depends_on": [],
                    "primary": {
                        "id": "coinbase:wontfix",
                        "attributes": {
                            "color": "ffffff",
                            "id": "coinbase:wontfix",
                            "name": "wontfix",
                            "repository": "coinbase",
                            "url": "https://api.github.com/repos/caarlos0/coinbase/labels/wontfix"
                        },
                        "meta": {},
                        "tainted": false
                    },
                    "deposed": [],
                    "provider": ""
                },
                "github_issue_label.wontfix-label.16": {
                    "type": "github_issue_label",
                    "depends_on": [],
                    "primary": {
                        "id": "coverage-incrementer:wontfix",
                        "attributes": {
                            "color": "ffffff",
                            "id": "coverage-incrementer:wontfix",
                            "name": "wontfix",
                            "repository": "coverage-incrementer",
                            "url": "https://api.github.com/repos/caarlos0/coverage-incrementer/labels/wontfix"
                        },
                        "meta": {},
                        "tainted": false
                    },
                    "deposed": [],
                    "provider": ""
                },
                "github_issue_label.wontfix-label.17": {
                    "type": "github_issue_label",
                    "depends_on": [],
                    "primary": {
                        "id": "coverage-maven-plugin:wontfix",
                        "attributes": {
                            "color": "ffffff",
                            "id": "coverage-maven-plugin:wontfix",
                            "name": "wontfix",
                            "repository": "coverage-maven-plugin",
                            "url": "https://api.github.com/repos/caarlos0/coverage-maven-plugin/labels/wontfix"
                        },
                        "meta": {},
                        "tainted": false
                    },
                    "deposed": [],
                    "provider": ""
                },
                "github_issue_label.wontfix-label.18": {
                    "type": "github_issue_label",
                    "depends_on": [],
                    "primary": {
                        "id": "css3-microsoft-metro-buttons-rails:wontfix",
                        "attributes": {
                            "color": "ffffff",
                            "id": "css3-microsoft-metro-buttons-rails:wontfix",
                            "name": "wontfix",
                            "repository": "css3-microsoft-metro-buttons-rails",
                            "url": "https://api.github.com/repos/caarlos0/css3-microsoft-metro-buttons-rails/labels/wontfix"
                        },
                        "meta": {},
                        "tainted": false
                    },
                    "deposed": [],
                    "provider": ""
                },
                "github_issue_label.wontfix-label.19": {
                    "type": "github_issue_label",
                    "depends_on": [],
                    "primary": {
                        "id": "danfe-server:wontfix",
                        "attributes": {
                            "color": "ffffff",
                            "id": "danfe-server:wontfix",
                            "name": "wontfix",
                            "repository": "danfe-server",
                            "url": "https://api.github.com/repos/caarlos0/danfe-server/labels/wontfix"
                        },
                        "meta": {},
                        "tainted": false
                    },
                    "deposed": [],
                    "provider": ""
                },
                "github_issue_label.wontfix-label.2": {
                    "type": "github_issue_label",
                    "depends_on": [],
                    "primary": {
                        "id": "alelogo:wontfix",
                        "attributes": {
                            "color": "ffffff",
                            "id": "alelogo:wontfix",
                            "name": "wontfix",
                            "repository": "alelogo",
                            "url": "https://api.github.com/repos/caarlos0/alelogo/labels/wontfix"
                        },
                        "meta": {},
                        "tainted": false
                    },
                    "deposed": [],
                    "provider": ""
                },
                "github_issue_label.wontfix-label.20": {
                    "type": "github_issue_label",
                    "depends_on": [],
                    "primary": {
                        "id": "datedsl:wontfix",
                        "attributes": {
                            "color": "ffffff",
                            "id": "datedsl:wontfix",
                            "name": "wontfix",
                            "repository": "datedsl",
                            "url": "https://api.github.com/repos/caarlos0/datedsl/labels/wontfix"
                        },
                        "meta": {},
                        "tainted": false
                    },
                    "deposed": [],
                    "provider": ""
                },
                "github_issue_label.wontfix-label.21": {
                    "type": "github_issue_label",
                    "depends_on": [],
                    "primary": {
                        "id": "displayer:wontfix",
                        "attributes": {
                            "color": "ffffff",
                            "id": "displayer:wontfix",
                            "name": "wontfix",
                            "repository": "displayer",
                            "url": "https://api.github.com/repos/caarlos0/displayer/labels/wontfix"
                        },
                        "meta": {},
                        "tainted": false
                    },
                    "deposed": [],
                    "provider": ""
                },
                "github_issue_label.wontfix-label.22": {
                    "type": "github_issue_label",
                    "depends_on": [],
                    "primary": {
                        "id": "docker-alpine-go:wontfix",
                        "attributes": {
                            "color": "ffffff",
                            "id": "docker-alpine-go:wontfix",
                            "name": "wontfix",
                            "repository": "docker-alpine-go",
                            "url": "https://api.github.com/repos/caarlos0/docker-alpine-go/labels/wontfix"
                        },
                        "meta": {},
                        "tainted": false
                    },
                    "deposed": [],
                    "provider": ""
                },
                "github_issue_label.wontfix-label.23": {
                    "type": "github_issue_label",
                    "depends_on": [],
                    "primary": {
                        "id": "docker-alpine-oraclejdk7:wontfix",
                        "attributes": {
                            "color": "ffffff",
                            "id": "docker-alpine-oraclejdk7:wontfix",
                            "name": "wontfix",
                            "repository": "docker-alpine-oraclejdk7",
                            "url": "https://api.github.com/repos/caarlos0/docker-alpine-oraclejdk7/labels/wontfix"
                        },
                        "meta": {},
                        "tainted": false
                    },
                    "deposed": [],
                    "provider": ""
                },
                "github_issue_label.wontfix-label.24": {
                    "type": "github_issue_label",
                    "depends_on": [],
                    "primary": {
                        "id": "docker-alpine-oraclejdk7-mvn:wontfix",
                        "attributes": {
                            "color": "ffffff",
                            "id": "docker-alpine-oraclejdk7-mvn:wontfix",
                            "name": "wontfix",
                            "repository": "docker-alpine-oraclejdk7-mvn",
                            "url": "https://api.github.com/repos/caarlos0/docker-alpine-oraclejdk7-mvn/labels/wontfix"
                        },
                        "meta": {},
                        "tainted": false
                    },
                    "deposed": [],
                    "provider": ""
                },
                "github_issue_label.wontfix-label.25": {
                    "type": "github_issue_label",
                    "depends_on": [],
                    "primary": {
                        "id": "dotfiles:wontfix",
                        "attributes": {
                            "color": "ffffff",
                            "id": "dotfiles:wontfix",
                            "name": "wontfix",
                            "repository": "dotfiles",
                            "url": "https://api.github.com/repos/caarlos0/dotfiles/labels/wontfix"
                        },
                        "meta": {},
                        "tainted": false
                    },
                    "deposed": [],
                    "provider": ""
                },
                "github_issue_label.wontfix-label.26": {
                    "type": "github_issue_label",
                    "depends_on": [],
                    "primary": {
                        "id": "elixir-playground:wontfix",
                        "attributes": {
                            "color": "ffffff",
                            "id": "elixir-playground:wontfix",
                            "name": "wontfix",
                            "repository": "elixir-playground",
                            "url": "https://api.github.com/repos/caarlos0/elixir-playground/labels/wontfix"
                        },
                        "meta": {},
                        "tainted": false
                    },
                    "deposed": [],
                    "provider": ""
                },
                "github_issue_label.wontfix-label.27": {
                    "type": "github_issue_label",
                    "depends_on": [],
                    "primary": {
                        "id": "env:wontfix",
                        "attributes": {
                            "color": "ffffff",
                            "id": "env:wontfix",
                            "name": "wontfix",
                            "repository": "env",
                            "url": "https://api.github.com/repos/caarlos0/env/labels/wontfix"
                        },
                        "meta": {},
                        "tainted": false
                    },
                    "deposed": [],
                    "provider": ""
                },
                "github_issue_label.wontfix-label.28": {
                    "type": "github_issue_label",
                    "depends_on": [],
                    "primary": {
                        "id": "erlang-playground:wontfix",
                        "attributes": {
                            "color": "ffffff",
                            "id": "erlang-playground:wontfix",
                            "name": "wontfix",
                            "repository": "erlang-playground",
                            "url": "https://api.github.com/repos/caarlos0/erlang-playground/labels/wontfix"
                        },
                        "meta": {},
                        "tainted": false
                    },
                    "deposed": [],
                    "provider": ""
                },
                "github_issue_label.wontfix-label.29": {
                    "type": "github_issue_label",
                    "depends_on": [],
                    "primary": {
                        "id": "example:wontfix",
                        "attributes": {
                            "color": "ffffff",
                            "id": "example:wontfix",
                            "name": "wontfix",
                            "repository": "example",
                            "url": "https://api.github.com/repos/caarlos0/example/labels/wontfix"
                        },
                        "meta": {},
                        "tainted": false
                    },
                    "deposed": [],
                    "provider": ""
                },
                "github_issue_label.wontfix-label.3": {
                    "type": "github_issue_label",
                    "depends_on": [],
                    "primary": {
                        "id": "am-i-working:wontfix",
                        "attributes": {
                            "color": "ffffff",
                            "id": "am-i-working:wontfix",
                            "name": "wontfix",
                            "repository": "am-i-working",
                            "url": "https://api.github.com/repos/caarlos0/am-i-working/labels/wontfix"
                        },
                        "meta": {},
                        "tainted": false
                    },
                    "deposed": [],
                    "provider": ""
                },
                "github_issue_label.wontfix-label.30": {
                    "type": "github_issue_label",
                    "depends_on": [],
                    "primary": {
                        "id": "fork-cleaner:wontfix",
                        "attributes": {
                            "color": "ffffff",
                            "id": "fork-cleaner:wontfix",
                            "name": "wontfix",
                            "repository": "fork-cleaner",
                            "url": "https://api.github.com/repos/caarlos0/fork-cleaner/labels/wontfix"
                        },
                        "meta": {},
                        "tainted": false
                    },
                    "deposed": [],
                    "provider": ""
                },
                "github_issue_label.wontfix-label.31": {
                    "type": "github_issue_label",
                    "depends_on": [],
                    "primary": {
                        "id": "FRaaS:wontfix",
                        "attributes": {
                            "color": "ffffff",
                            "id": "FRaaS:wontfix",
                            "name": "wontfix",
                            "repository": "FRaaS",
                            "url": "https://api.github.com/repos/caarlos0/FRaaS/labels/wontfix"
                        },
                        "meta": {},
                        "tainted": false
                    },
                    "deposed": [],
                    "provider": ""
                },
                "github_issue_label.wontfix-label.32": {
                    "type": "github_issue_label",
                    "depends_on": [],
                    "primary": {
                        "id": "git-add-remote:wontfix",
                        "attributes": {
                            "color": "ffffff",
                            "id": "git-add-remote:wontfix",
                            "name": "wontfix",
                            "repository": "git-add-remote",
                            "url": "https://api.github.com/repos/caarlos0/git-add-remote/labels/wontfix"
                        },
                        "meta": {},
                        "tainted": false
                    },
                    "deposed": [],
                    "provider": ""
                },
                "github_issue_label.wontfix-label.33": {
                    "type": "github_issue_label",
                    "depends_on": [],
                    "primary": {
                        "id": "git-gc:wontfix",
                        "attributes": {
                            "color": "ffffff",
                            "id": "git-gc:wontfix",
                            "name": "wontfix",
                            "repository": "git-gc",
                            "url": "https://api.github.com/repos/caarlos0/git-gc/labels/wontfix"
                        },
                        "meta": {},
                        "tainted": false
                    },
                    "deposed": [],
                    "provider": ""
                },
                "github_issue_label.wontfix-label.34": {
                    "type": "github_issue_label",
                    "depends_on": [],
                    "primary": {
                        "id": "github:wontfix",
                        "attributes": {
                            "color": "ffffff",
                            "id": "github:wontfix",
                            "name": "wontfix",
                            "repository": "github",
                            "url": "https://api.github.com/repos/caarlos0/github/labels/wontfix"
                        },
                        "meta": {},
                        "tainted": false
                    },
                    "deposed": [],
                    "provider": ""
                },
                "github_issue_label.wontfix-label.35": {
                    "type": "github_issue_label",
                    "depends_on": [],
                    "primary": {
                        "id": "github-buildkite-wire:wontfix",
                        "attributes": {
                            "color": "ffffff",
                            "id": "github-buildkite-wire:wontfix",
                            "name": "wontfix",
                            "repository": "github-buildkite-wire",
                            "url": "https://api.github.com/repos/caarlos0/github-buildkite-wire/labels/wontfix"
                        },
                        "meta": {},
                        "tainted": false
                    },
                    "deposed": [],
                    "provider": ""
                },
                "github_issue_label.wontfix-label.36": {
                    "type": "github_issue_label",
                    "depends_on": [],
                    "primary": {
                        "id": "github-integrator:wontfix",
                        "attributes": {
                            "color": "ffffff",
                            "id": "github-integrator:wontfix",
                            "name": "wontfix",
                            "repository": "github-integrator",
                            "url": "https://api.github.com/repos/caarlos0/github-integrator/labels/wontfix"
                        },
                        "meta": {},
                        "tainted": false
                    },
                    "deposed": [],
                    "provider": ""
                },
                "github_issue_label.wontfix-label.37": {
                    "type": "github_issue_label",
                    "depends_on": [],
                    "primary": {
                        "id": "github-vacations:wontfix",
                        "attributes": {
                            "color": "ffffff",
                            "id": "github-vacations:wontfix",
                            "name": "wontfix",
                            "repository": "github-vacations",
                            "url": "https://api.github.com/repos/caarlos0/github-vacations/labels/wontfix"
                        },
                        "meta": {},
                        "tainted": false
                    },
                    "deposed": [],
                    "provider": ""
                },
                "github_issue_label.wontfix-label.38": {
                    "type": "github_issue_label",
                    "depends_on": [],
                    "primary": {
                        "id": "go-idioms:wontfix",
                        "attributes": {
                            "color": "ffffff",
                            "id": "go-idioms:wontfix",
                            "name": "wontfix",
                            "repository": "go-idioms",
                            "url": "https://api.github.com/repos/caarlos0/go-idioms/labels/wontfix"
                        },
                        "meta": {},
                        "tainted": false
                    },
                    "deposed": [],
                    "provider": ""
                },
                "github_issue_label.wontfix-label.39": {
                    "type": "github_issue_label",
                    "depends_on": [],
                    "primary": {
                        "id": "go-playground:wontfix",
                        "attributes": {
                            "color": "ffffff",
                            "id": "go-playground:wontfix",
                            "name": "wontfix",
                            "repository": "go-playground",
                            "url": "https://api.github.com/repos/caarlos0/go-playground/labels/wontfix"
                        },
                        "meta": {},
                        "tainted": false
                    },
                    "deposed": [],
                    "provider": ""
                },
                "github_issue_label.wontfix-label.4": {
                    "type": "github_issue_label",
                    "depends_on": [],
                    "primary": {
                        "id": "angular-js-playground:wontfix",
                        "attributes": {
                            "color": "ffffff",
                            "id": "angular-js-playground:wontfix",
                            "name": "wontfix",
                            "repository": "angular-js-playground",
                            "url": "https://api.github.com/repos/caarlos0/angular-js-playground/labels/wontfix"
                        },
                        "meta": {},
                        "tainted": false
                    },
                    "deposed": [],
                    "provider": ""
                },
                "github_issue_label.wontfix-label.40": {
                    "type": "github_issue_label",
                    "depends_on": [],
                    "primary": {
                        "id": "go-victorops:wontfix",
                        "attributes": {
                            "color": "ffffff",
                            "id": "go-victorops:wontfix",
                            "name": "wontfix",
                            "repository": "go-victorops",
                            "url": "https://api.github.com/repos/caarlos0/go-victorops/labels/wontfix"
                        },
                        "meta": {},
                        "tainted": false
                    },
                    "deposed": [],
                    "provider": ""
                },
                "github_issue_label.wontfix-label.41": {
                    "type": "github_issue_label",
                    "depends_on": [],
                    "primary": {
                        "id": "go-web-api-example:wontfix",
                        "attributes": {
                            "color": "ffffff",
                            "id": "go-web-api-example:wontfix",
                            "name": "wontfix",
                            "repository": "go-web-api-example",
                            "url": "https://api.github.com/repos/caarlos0/go-web-api-example/labels/wontfix"
                        },
                        "meta": {},
                        "tainted": false
                    },
                    "deposed": [],
                    "provider": ""
                },
                "github_issue_label.wontfix-label.42": {
                    "type": "github_issue_label",
                    "depends_on": [],
                    "primary": {
                        "id": "gohome:wontfix",
                        "attributes": {
                            "color": "ffffff",
                            "id": "gohome:wontfix",
                            "name": "wontfix",
                            "repository": "gohome",
                            "url": "https://api.github.com/repos/caarlos0/gohome/labels/wontfix"
                        },
                        "meta": {},
                        "tainted": false
                    },
                    "deposed": [],
                    "provider": ""
                },
                "github_issue_label.wontfix-label.43": {
                    "type": "github_issue_label",
                    "depends_on": [],
                    "primary": {
                        "id": "goreleaser-users:wontfix",
                        "attributes": {
                            "color": "ffffff",
                            "id": "goreleaser-users:wontfix",
                            "name": "wontfix",
                            "repository": "goreleaser-users",
                            "url": "https://api.github.com/repos/caarlos0/goreleaser-users/labels/wontfix"
                        },
                        "meta": {},
                        "tainted": false
                    },
                    "deposed": [],
                    "provider": ""
                },
                "github_issue_label.wontfix-label.44": {
                    "type": "github_issue_label",
                    "depends_on": [],
                    "primary": {
                        "id": "guice-junit-test-runner:wontfix",
                        "attributes": {
                            "color": "ffffff",
                            "id": "guice-junit-test-runner:wontfix",
                            "name": "wontfix",
                            "repository": "guice-junit-test-runner",
                            "url": "https://api.github.com/repos/caarlos0/guice-junit-test-runner/labels/wontfix"
                        },
                        "meta": {},
                        "tainted": false
                    },
                    "deposed": [],
                    "provider": ""
                },
                "github_issue_label.wontfix-label.45": {
                    "type": "github_issue_label",
                    "depends_on": [],
                    "primary": {
                        "id": "gwt-scrum-manager:wontfix",
                        "attributes": {
                            "color": "ffffff",
                            "id": "gwt-scrum-manager:wontfix",
                            "name": "wontfix",
                            "repository": "gwt-scrum-manager",
                            "url": "https://api.github.com/repos/caarlos0/gwt-scrum-manager/labels/wontfix"
                        },
                        "meta": {},
                        "tainted": false
                    },
                    "deposed": [],
                    "provider": ""
                },
                "github_issue_label.wontfix-label.46": {
                    "type": "github_issue_label",
                    "depends_on": [],
                    "primary": {
                        "id": "happy-doxygen:wontfix",
                        "attributes": {
                            "color": "ffffff",
                            "id": "happy-doxygen:wontfix",
                            "name": "wontfix",
                            "repository": "happy-doxygen",
                            "url": "https://api.github.com/repos/caarlos0/happy-doxygen/labels/wontfix"
                        },
                        "meta": {},
                        "tainted": false
                    },
                    "deposed": [],
                    "provider": ""
                },
                "github_issue_label.wontfix-label.47": {
                    "type": "github_issue_label",
                    "depends_on": [],
                    "primary": {
                        "id": "haskell-playground:wontfix",
                        "attributes": {
                            "color": "ffffff",
                            "id": "haskell-playground:wontfix",
                            "name": "wontfix",
                            "repository": "haskell-playground",
                            "url": "https://api.github.com/repos/caarlos0/haskell-playground/labels/wontfix"
                        },
                        "meta": {},
                        "tainted": false
                    },
                    "deposed": [],
                    "provider": ""
                },
                "github_issue_label.wontfix-label.48": {
                    "type": "github_issue_label",
                    "depends_on": [],
                    "primary": {
                        "id": "hazelcast-bug:wontfix",
                        "attributes": {
                            "color": "ffffff",
                            "id": "hazelcast-bug:wontfix",
                            "name": "wontfix",
                            "repository": "hazelcast-bug",
                            "url": "https://api.github.com/repos/caarlos0/hazelcast-bug/labels/wontfix"
                        },
                        "meta": {},
                        "tainted": false
                    },
                    "deposed": [],
                    "provider": ""
                },
                "github_issue_label.wontfix-label.49": {
                    "type": "github_issue_label",
                    "depends_on": [],
                    "primary": {
                        "id": "homebrew-core:wontfix",
                        "attributes": {
                            "color": "ffffff",
                            "id": "homebrew-core:wontfix",
                            "name": "wontfix",
                            "repository": "homebrew-core",
                            "url": "https://api.github.com/repos/caarlos0/homebrew-core/labels/wontfix"
                        },
                        "meta": {},
                        "tainted": false
                    },
                    "deposed": [],
                    "provider": ""
                },
                "github_issue_label.wontfix-label.5": {
                    "type": "github_issue_label",
                    "depends_on": [],
                    "primary": {
                        "id": "ansible-role-eclipse:wontfix",
                        "attributes": {
                            "color": "ffffff",
                            "id": "ansible-role-eclipse:wontfix",
                            "name": "wontfix",
                            "repository": "ansible-role-eclipse",
                            "url": "https://api.github.com/repos/caarlos0/ansible-role-eclipse/labels/wontfix"
                        },
                        "meta": {},
                        "tainted": false
                    },
                    "deposed": [],
                    "provider": ""
                },
                "github_issue_label.wontfix-label.50": {
                    "type": "github_issue_label",
                    "depends_on": [],
                    "primary": {
                        "id": "homebrew-tap:wontfix",
                        "attributes": {
                            "color": "ffffff",
                            "id": "homebrew-tap:wontfix",
                            "name": "wontfix",
                            "repository": "homebrew-tap",
                            "url": "https://api.github.com/repos/caarlos0/homebrew-tap/labels/wontfix"
                        },
                        "meta": {},
                        "tainted": false
                    },
                    "deposed": [],
                    "provider": ""
                },
                "github_issue_label.wontfix-label.51": {
                    "type": "github_issue_label",
                    "depends_on": [],
                    "primary": {
                        "id": "is-shit:wontfix",
                        "attributes": {
                            "color": "ffffff",
                            "id": "is-shit:wontfix",
                            "name": "wontfix",
                            "repository": "is-shit",
                            "url": "https://api.github.com/repos/caarlos0/is-shit/labels/wontfix"
                        },
                        "meta": {},
                        "tainted": false
                    },
                    "deposed": [],
                    "provider": ""
                },
                "github_issue_label.wontfix-label.52": {
                    "type": "github_issue_label",
                    "depends_on": [],
                    "primary": {
                        "id": "it:wontfix",
                        "attributes": {
                            "color": "ffffff",
                            "id": "it:wontfix",
                            "name": "wontfix",
                            "repository": "it",
                            "url": "https://api.github.com/repos/caarlos0/it/labels/wontfix"
                        },
                        "meta": {},
                        "tainted": false
                    },
                    "deposed": [],
                    "provider": ""
                },
                "github_issue_label.wontfix-label.53": {
                    "type": "github_issue_label",
                    "depends_on": [],
                    "primary": {
                        "id": "java-best-practices:wontfix",
                        "attributes": {
                            "color": "ffffff",
                            "id": "java-best-practices:wontfix",
                            "name": "wontfix",
                            "repository": "java-best-practices",
                            "url": "https://api.github.com/repos/caarlos0/java-best-practices/labels/wontfix"
                        },
                        "meta": {},
                        "tainted": false
                    },
                    "deposed": [],
                    "provider": ""
                },
                "github_issue_label.wontfix-label.54": {
                    "type": "github_issue_label",
                    "depends_on": [],
                    "primary": {
                        "id": "java-katas:wontfix",
                        "attributes": {
                            "color": "ffffff",
                            "id": "java-katas:wontfix",
                            "name": "wontfix",
                            "repository": "java-katas",
                            "url": "https://api.github.com/repos/caarlos0/java-katas/labels/wontfix"
                        },
                        "meta": {},
                        "tainted": false
                    },
                    "deposed": [],
                    "provider": ""
                },
                "github_issue_label.wontfix-label.55": {
                    "type": "github_issue_label",
                    "depends_on": [],
                    "primary": {
                        "id": "jProtractor:wontfix",
                        "attributes": {
                            "color": "ffffff",
                            "id": "jProtractor:wontfix",
                            "name": "wontfix",
                            "repository": "jProtractor",
                            "url": "https://api.github.com/repos/caarlos0/jProtractor/labels/wontfix"
                        },
                        "meta": {},
                        "tainted": false
                    },
                    "deposed": [],
                    "provider": ""
                },
                "github_issue_label.wontfix-label.56": {
                    "type": "github_issue_label",
                    "depends_on": [],
                    "primary": {
                        "id": "junit-slowest-tests:wontfix",
                        "attributes": {
                            "color": "ffffff",
                            "id": "junit-slowest-tests:wontfix",
                            "name": "wontfix",
                            "repository": "junit-slowest-tests",
                            "url": "https://api.github.com/repos/caarlos0/junit-slowest-tests/labels/wontfix"
                        },
                        "meta": {},
                        "tainted": false
                    },
                    "deposed": [],
                    "provider": ""
                },
                "github_issue_label.wontfix-label.57": {
                    "type": "github_issue_label",
                    "depends_on": [],
                    "primary": {
                        "id": "jvm:wontfix",
                        "attributes": {
                            "color": "ffffff",
                            "id": "jvm:wontfix",
                            "name": "wontfix",
                            "repository": "jvm",
                            "url": "https://api.github.com/repos/caarlos0/jvm/labels/wontfix"
                        },
                        "meta": {},
                        "tainted": false
                    },
                    "deposed": [],
                    "provider": ""
                },
                "github_issue_label.wontfix-label.58": {
                    "type": "github_issue_label",
                    "depends_on": [],
                    "primary": {
                        "id": "karmahub:wontfix",
                        "attributes": {
                            "color": "ffffff",
                            "id": "karmahub:wontfix",
                            "name": "wontfix",
                            "repository": "karmahub",
                            "url": "https://api.github.com/repos/caarlos0/karmahub/labels/wontfix"
                        },
                        "meta": {},
                        "tainted": false
                    },
                    "deposed": [],
                    "provider": ""
                },
                "github_issue_label.wontfix-label.59": {
                    "type": "github_issue_label",
                    "depends_on": [],
                    "primary": {
                        "id": "Layr:wontfix",
                        "attributes": {
                            "color": "ffffff",
                            "id": "Layr:wontfix",
                            "name": "wontfix",
                            "repository": "Layr",
                            "url": "https://api.github.com/repos/caarlos0/Layr/labels/wontfix"
                        },
                        "meta": {},
                        "tainted": false
                    },
                    "deposed": [],
                    "provider": ""
                },
                "github_issue_label.wontfix-label.6": {
                    "type": "github_issue_label",
                    "depends_on": [],
                    "primary": {
                        "id": "ansible-role-java-dev:wontfix",
                        "attributes": {
                            "color": "ffffff",
                            "id": "ansible-role-java-dev:wontfix",
                            "name": "wontfix",
                            "repository": "ansible-role-java-dev",
                            "url": "https://api.github.com/repos/caarlos0/ansible-role-java-dev/labels/wontfix"
                        },
                        "meta": {},
                        "tainted": false
                    },
                    "deposed": [],
                    "provider": ""
                },
                "github_issue_label.wontfix-label.60": {
                    "type": "github_issue_label",
                    "depends_on": [],
                    "primary": {
                        "id": "lila:wontfix",
                        "attributes": {
                            "color": "ffffff",
                            "id": "lila:wontfix",
                            "name": "wontfix",
                            "repository": "lila",
                            "url": "https://api.github.com/repos/caarlos0/lila/labels/wontfix"
                        },
                        "meta": {},
                        "tainted": false
                    },
                    "deposed": [],
                    "provider": ""
                },
                "github_issue_label.wontfix-label.61": {
                    "type": "github_issue_label",
                    "depends_on": [],
                    "primary": {
                        "id": "lila-aop:wontfix",
                        "attributes": {
                            "color": "ffffff",
                            "id": "lila-aop:wontfix",
                            "name": "wontfix",
                            "repository": "lila-aop",
                            "url": "https://api.github.com/repos/caarlos0/lila-aop/labels/wontfix"
                        },
                        "meta": {},
                        "tainted": false
                    },
                    "deposed": [],
                    "provider": ""
                },
                "github_issue_label.wontfix-label.62": {
                    "type": "github_issue_label",
                    "depends_on": [],
                    "primary": {
                        "id": "machine:wontfix",
                        "attributes": {
                            "color": "ffffff",
                            "id": "machine:wontfix",
                            "name": "wontfix",
                            "repository": "machine",
                            "url": "https://api.github.com/repos/caarlos0/machine/labels/wontfix"
                        },
                        "meta": {},
                        "tainted": false
                    },
                    "deposed": [],
                    "provider": ""
                },
                "github_issue_label.wontfix-label.63": {
                    "type": "github_issue_label",
                    "depends_on": [],
                    "primary": {
                        "id": "macOS:wontfix",
                        "attributes": {
                            "color": "ffffff",
                            "id": "macOS:wontfix",
                            "name": "wontfix",
                            "repository": "macOS",
                            "url": "https://api.github.com/repos/caarlos0/macOS/labels/wontfix"
                        },
                        "meta": {},
                        "tainted": false
                    },
                    "deposed": [],
                    "provider": ""
                },
                "github_issue_label.wontfix-label.64": {
                    "type": "github_issue_label",
                    "depends_on": [],
                    "primary": {
                        "id": "maskedinput-rails:wontfix",
                        "attributes": {
                            "color": "ffffff",
                            "id": "maskedinput-rails:wontfix",
                            "name": "wontfix",
                            "repository": "maskedinput-rails",
                            "url": "https://api.github.com/repos/caarlos0/maskedinput-rails/labels/wontfix"
                        },
                        "meta": {},
                        "tainted": false
                    },
                    "deposed": [],
                    "provider": ""
                },
                "github_issue_label.wontfix-label.65": {
                    "type": "github_issue_label",
                    "depends_on": [],
                    "primary": {
                        "id": "maskmoney-rails:wontfix",
                        "attributes": {
                            "color": "ffffff",
                            "id": "maskmoney-rails:wontfix",
                            "name": "wontfix",
                            "repository": "maskmoney-rails",
                            "url": "https://api.github.com/repos/caarlos0/maskmoney-rails/labels/wontfix"
                        },
                        "meta": {},
                        "tainted": false
                    },
                    "deposed": [],
                    "provider": ""
                },
                "github_issue_label.wontfix-label.66": {
                    "type": "github_issue_label",
                    "depends_on": [],
                    "primary": {
                        "id": "maven:wontfix",
                        "attributes": {
                            "color": "ffffff",
                            "id": "maven:wontfix",
                            "name": "wontfix",
                            "repository": "maven",
                            "url": "https://api.github.com/repos/caarlos0/maven/labels/wontfix"
                        },
                        "meta": {},
                        "tainted": false
                    },
                    "deposed": [],
                    "provider": ""
                },
                "github_issue_label.wontfix-label.67": {
                    "type": "github_issue_label",
                    "depends_on": [],
                    "primary": {
                        "id": "meditec:wontfix",
                        "attributes": {
                            "color": "ffffff",
                            "id": "meditec:wontfix",
                            "name": "wontfix",
                            "repository": "meditec",
                            "url": "https://api.github.com/repos/caarlos0/meditec/labels/wontfix"
                        },
                        "meta": {},
                        "tainted": false
                    },
                    "deposed": [],
                    "provider": ""
                },
                "github_issue_label.wontfix-label.68": {
                    "type": "github_issue_label",
                    "depends_on": [],
                    "primary": {
                        "id": "modular-build:wontfix",
                        "attributes": {
                            "color": "ffffff",
                            "id": "modular-build:wontfix",
                            "name": "wontfix",
                            "repository": "modular-build",
                            "url": "https://api.github.com/repos/caarlos0/modular-build/labels/wontfix"
                        },
                        "meta": {},
                        "tainted": false
                    },
                    "deposed": [],
                    "provider": ""
                },
                "github_issue_label.wontfix-label.69": {
                    "type": "github_issue_label",
                    "depends_on": [],
                    "primary": {
                        "id": "msfonts:wontfix",
                        "attributes": {
                            "color": "ffffff",
                            "id": "msfonts:wontfix",
                            "name": "wontfix",
                            "repository": "msfonts",
                            "url": "https://api.github.com/repos/caarlos0/msfonts/labels/wontfix"
                        },
                        "meta": {},
                        "tainted": false
                    },
                    "deposed": [],
                    "provider": ""
                },
                "github_issue_label.wontfix-label.7": {
                    "type": "github_issue_label",
                    "depends_on": [],
                    "primary": {
                        "id": "bitstarter:wontfix",
                        "attributes": {
                            "color": "ffffff",
                            "id": "bitstarter:wontfix",
                            "name": "wontfix",
                            "repository": "bitstarter",
                            "url": "https://api.github.com/repos/caarlos0/bitstarter/labels/wontfix"
                        },
                        "meta": {},
                        "tainted": false
                    },
                    "deposed": [],
                    "provider": ""
                },
                "github_issue_label.wontfix-label.70": {
                    "type": "github_issue_label",
                    "depends_on": [],
                    "primary": {
                        "id": "nodejs-playground:wontfix",
                        "attributes": {
                            "color": "ffffff",
                            "id": "nodejs-playground:wontfix",
                            "name": "wontfix",
                            "repository": "nodejs-playground",
                            "url": "https://api.github.com/repos/caarlos0/nodejs-playground/labels/wontfix"
                        },
                        "meta": {},
                        "tainted": false
                    },
                    "deposed": [],
                    "provider": ""
                },
                "github_issue_label.wontfix-label.71": {
                    "type": "github_issue_label",
                    "depends_on": [],
                    "primary": {
                        "id": "nprogress-rails:wontfix",
                        "attributes": {
                            "color": "ffffff",
                            "id": "nprogress-rails:wontfix",
                            "name": "wontfix",
                            "repository": "nprogress-rails",
                            "url": "https://api.github.com/repos/caarlos0/nprogress-rails/labels/wontfix"
                        },
                        "meta": {},
                        "tainted": false
                    },
                    "deposed": [],
                    "provider": ""
                },
                "github_issue_label.wontfix-label.72": {
                    "type": "github_issue_label",
                    "depends_on": [],
                    "primary": {
                        "id": "ocjp-resources:wontfix",
                        "attributes": {
                            "color": "ffffff",
                            "id": "ocjp-resources:wontfix",
                            "name": "wontfix",
                            "repository": "ocjp-resources",
                            "url": "https://api.github.com/repos/caarlos0/ocjp-resources/labels/wontfix"
                        },
                        "meta": {},
                        "tainted": false
                    },
                    "deposed": [],
                    "provider": ""
                },
                "github_issue_label.wontfix-label.73": {
                    "type": "github_issue_label",
                    "depends_on": [],
                    "primary": {
                        "id": "oop-clock:wontfix",
                        "attributes": {
                            "color": "ffffff",
                            "id": "oop-clock:wontfix",
                            "name": "wontfix",
                            "repository": "oop-clock",
                            "url": "https://api.github.com/repos/caarlos0/oop-clock/labels/wontfix"
                        },
                        "meta": {},
                        "tainted": false
                    },
                    "deposed": [],
                    "provider": ""
                },
                "github_issue_label.wontfix-label.74": {
                    "type": "github_issue_label",
                    "depends_on": [],
                    "primary": {
                        "id": "org-stats:wontfix",
                        "attributes": {
                            "color": "ffffff",
                            "id": "org-stats:wontfix",
                            "name": "wontfix",
                            "repository": "org-stats",
                            "url": "https://api.github.com/repos/caarlos0/org-stats/labels/wontfix"
                        },
                        "meta": {},
                        "tainted": false
                    },
                    "deposed": [],
                    "provider": ""
                },
                "github_issue_label.wontfix-label.75": {
                    "type": "github_issue_label",
                    "depends_on": [],
                    "primary": {
                        "id": "parent-pom:wontfix",
                        "attributes": {
                            "color": "ffffff",
                            "id": "parent-pom:wontfix",
                            "name": "wontfix",
                            "repository": "parent-pom",
                            "url": "https://api.github.com/repos/caarlos0/parent-pom/labels/wontfix"
                        },
                        "meta": {},
                        "tainted": false
                    },
                    "deposed": [],
                    "provider": ""
                },
                "github_issue_label.wontfix-label.76": {
                    "type": "github_issue_label",
                    "depends_on": [],
                    "primary": {
                        "id": "persistence-base:wontfix",
                        "attributes": {
                            "color": "ffffff",
                            "id": "persistence-base:wontfix",
                            "name": "wontfix",
                            "repository": "persistence-base",
                            "url": "https://api.github.com/repos/caarlos0/persistence-base/labels/wontfix"
                        },
                        "meta": {},
                        "tainted": false
                    },
                    "deposed": [],
                    "provider": ""
                },
                "github_issue_label.wontfix-label.77": {
                    "type": "github_issue_label",
                    "depends_on": [],
                    "primary": {
                        "id": "ports:wontfix",
                        "attributes": {
                            "color": "ffffff",
                            "id": "ports:wontfix",
                            "name": "wontfix",
                            "repository": "ports",
                            "url": "https://api.github.com/repos/caarlos0/ports/labels/wontfix"
                        },
                        "meta": {},
                        "tainted": false
                    },
                    "deposed": [],
                    "provider": ""
                },
                "github_issue_label.wontfix-label.78": {
                    "type": "github_issue_label",
                    "depends_on": [],
                    "primary": {
                        "id": "progfun-003:wontfix",
                        "attributes": {
                            "color": "ffffff",
                            "id": "progfun-003:wontfix",
                            "name": "wontfix",
                            "repository": "progfun-003",
                            "url": "https://api.github.com/repos/caarlos0/progfun-003/labels/wontfix"
                        },
                        "meta": {},
                        "tainted": false
                    },
                    "deposed": [],
                    "provider": ""
                },
                "github_issue_label.wontfix-label.79": {
                    "type": "github_issue_label",
                    "depends_on": [],
                    "primary": {
                        "id": "proglang-002:wontfix",
                        "attributes": {
                            "color": "ffffff",
                            "id": "proglang-002:wontfix",
                            "name": "wontfix",
                            "repository": "proglang-002",
                            "url": "https://api.github.com/repos/caarlos0/proglang-002/labels/wontfix"
                        },
                        "meta": {},
                        "tainted": false
                    },
                    "deposed": [],
                    "provider": ""
                },
                "github_issue_label.wontfix-label.8": {
                    "type": "github_issue_label",
                    "depends_on": [],
                    "primary": {
                        "id": "bootstrap-daterangepicker-rails:wontfix",
                        "attributes": {
                            "color": "ffffff",
                            "id": "bootstrap-daterangepicker-rails:wontfix",
                            "name": "wontfix",
                            "repository": "bootstrap-daterangepicker-rails",
                            "url": "https://api.github.com/repos/caarlos0/bootstrap-daterangepicker-rails/labels/wontfix"
                        },
                        "meta": {},
                        "tainted": false
                    },
                    "deposed": [],
                    "provider": ""
                },
                "github_issue_label.wontfix-label.80": {
                    "type": "github_issue_label",
                    "depends_on": [],
                    "primary": {
                        "id": "promfmt:wontfix",
                        "attributes": {
                            "color": "ffffff",
                            "id": "promfmt:wontfix",
                            "name": "wontfix",
                            "repository": "promfmt",
                            "url": "https://api.github.com/repos/caarlos0/promfmt/labels/wontfix"
                        },
                        "meta": {},
                        "tainted": false
                    },
                    "deposed": [],
                    "provider": ""
                },
                "github_issue_label.wontfix-label.81": {
                    "type": "github_issue_label",
                    "depends_on": [],
                    "primary": {
                        "id": "rails-bootstrap-toggle-buttons:wontfix",
                        "attributes": {
                            "color": "ffffff",
                            "id": "rails-bootstrap-toggle-buttons:wontfix",
                            "name": "wontfix",
                            "repository": "rails-bootstrap-toggle-buttons",
                            "url": "https://api.github.com/repos/caarlos0/rails-bootstrap-toggle-buttons/labels/wontfix"
                        },
                        "meta": {},
                        "tainted": false
                    },
                    "deposed": [],
                    "provider": ""
                },
                "github_issue_label.wontfix-label.82": {
                    "type": "github_issue_label",
                    "depends_on": [],
                    "primary": {
                        "id": "railscasts-downloader:wontfix",
                        "attributes": {
                            "color": "ffffff",
                            "id": "railscasts-downloader:wontfix",
                            "name": "wontfix",
                            "repository": "railscasts-downloader",
                            "url": "https://api.github.com/repos/caarlos0/railscasts-downloader/labels/wontfix"
                        },
                        "meta": {},
                        "tainted": false
                    },
                    "deposed": [],
                    "provider": ""
                },
                "github_issue_label.wontfix-label.83": {
                    "type": "github_issue_label",
                    "depends_on": [],
                    "primary": {
                        "id": "rca:wontfix",
                        "attributes": {
                            "color": "ffffff",
                            "id": "rca:wontfix",
                            "name": "wontfix",
                            "repository": "rca",
                            "url": "https://api.github.com/repos/caarlos0/rca/labels/wontfix"
                        },
                        "meta": {},
                        "tainted": false
                    },
                    "deposed": [],
                    "provider": ""
                },
                "github_issue_label.wontfix-label.84": {
                    "type": "github_issue_label",
                    "depends_on": [],
                    "primary": {
                        "id": "repo-watcher:wontfix",
                        "attributes": {
                            "color": "ffffff",
                            "id": "repo-watcher:wontfix",
                            "name": "wontfix",
                            "repository": "repo-watcher",
                            "url": "https://api.github.com/repos/caarlos0/repo-watcher/labels/wontfix"
                        },
                        "meta": {},
                        "tainted": false
                    },
                    "deposed": [],
                    "provider": ""
                },
                "github_issue_label.wontfix-label.85": {
                    "type": "github_issue_label",
                    "depends_on": [],
                    "primary": {
                        "id": "route53-cleaner:wontfix",
                        "attributes": {
                            "color": "ffffff",
                            "id": "route53-cleaner:wontfix",
                            "name": "wontfix",
                            "repository": "route53-cleaner",
                            "url": "https://api.github.com/repos/caarlos0/route53-cleaner/labels/wontfix"
                        },
                        "meta": {},
                        "tainted": false
                    },
                    "deposed": [],
                    "provider": ""
                },
                "github_issue_label.wontfix-label.86": {
                    "type": "github_issue_label",
                    "depends_on": [],
                    "primary": {
                        "id": "ruby-katas:wontfix",
                        "attributes": {
                            "color": "ffffff",
                            "id": "ruby-katas:wontfix",
                            "name": "wontfix",
                            "repository": "ruby-katas",
                            "url": "https://api.github.com/repos/caarlos0/ruby-katas/labels/wontfix"
                        },
                        "meta": {},
                        "tainted": false
                    },
                    "deposed": [],
                    "provider": ""
                },
                "github_issue_label.wontfix-label.87": {
                    "type": "github_issue_label",
                    "depends_on": [],
                    "primary": {
                        "id": "sc-niozip:wontfix",
                        "attributes": {
                            "color": "ffffff",
                            "id": "sc-niozip:wontfix",
                            "name": "wontfix",
                            "repository": "sc-niozip",
                            "url": "https://api.github.com/repos/caarlos0/sc-niozip/labels/wontfix"
                        },
                        "meta": {},
                        "tainted": false
                    },
                    "deposed": [],
                    "provider": ""
                },
                "github_issue_label.wontfix-label.88": {
                    "type": "github_issue_label",
                    "depends_on": [],
                    "primary": {
                        "id": "scala-playground:wontfix",
                        "attributes": {
                            "color": "ffffff",
                            "id": "scala-playground:wontfix",
                            "name": "wontfix",
                            "repository": "scala-playground",
                            "url": "https://api.github.com/repos/caarlos0/scala-playground/labels/wontfix"
                        },
                        "meta": {},
                        "tainted": false
                    },
                    "deposed": [],
                    "provider": ""
                },
                "github_issue_label.wontfix-label.89": {
                    "type": "github_issue_label",
                    "depends_on": [],
                    "primary": {
                        "id": "selenium-grid-on-docker-example:wontfix",
                        "attributes": {
                            "color": "ffffff",
                            "id": "selenium-grid-on-docker-example:wontfix",
                            "name": "wontfix",
                            "repository": "selenium-grid-on-docker-example",
                            "url": "https://api.github.com/repos/caarlos0/selenium-grid-on-docker-example/labels/wontfix"
                        },
                        "meta": {},
                        "tainted": false
                    },
                    "deposed": [],
                    "provider": ""
                },
                "github_issue_label.wontfix-label.9": {
                    "type": "github_issue_label",
                    "depends_on": [],
                    "primary": {
                        "id": "caarlos0.github.com:wontfix",
                        "attributes": {
                            "color": "ffffff",
                            "id": "caarlos0.github.com:wontfix",
                            "name": "wontfix",
                            "repository": "caarlos0.github.com",
                            "url": "https://api.github.com/repos/caarlos0/caarlos0.github.com/labels/wontfix"
                        },
                        "meta": {},
                        "tainted": false
                    },
                    "deposed": [],
                    "provider": ""
                },
                "github_issue_label.wontfix-label.90": {
                    "type": "github_issue_label",
                    "depends_on": [],
                    "primary": {
                        "id": "shcheck:wontfix",
                        "attributes": {
                            "color": "ffffff",
                            "id": "shcheck:wontfix",
                            "name": "wontfix",
                            "repository": "shcheck",
                            "url": "https://api.github.com/repos/caarlos0/shcheck/labels/wontfix"
                        },
                        "meta": {},
                        "tainted": false
                    },
                    "deposed": [],
                    "provider": ""
                },
                "github_issue_label.wontfix-label.91": {
                    "type": "github_issue_label",
                    "depends_on": [],
                    "primary": {
                        "id": "shell-ci-build:wontfix",
                        "attributes": {
                            "color": "ffffff",
                            "id": "shell-ci-build:wontfix",
                            "name": "wontfix",
                            "repository": "shell-ci-build",
                            "url": "https://api.github.com/repos/caarlos0/shell-ci-build/labels/wontfix"
                        },
                        "meta": {},
                        "tainted": false
                    },
                    "deposed": [],
                    "provider": ""
                },
                "github_issue_label.wontfix-label.92": {
                    "type": "github_issue_label",
                    "depends_on": [],
                    "primary": {
                        "id": "shellcheck-docker:wontfix",
                        "attributes": {
                            "color": "ffffff",
                            "id": "shellcheck-docker:wontfix",
                            "name": "wontfix",
                            "repository": "shellcheck-docker",
                            "url": "https://api.github.com/repos/caarlos0/shellcheck-docker/labels/wontfix"
                        },
                        "meta": {},
                        "tainted": false
                    },
                    "deposed": [],
                    "provider": ""
                },
                "github_issue_label.wontfix-label.93": {
                    "type": "github_issue_label",
                    "depends_on": [],
                    "primary": {
                        "id": "shellstyle:wontfix",
                        "attributes": {
                            "color": "ffffff",
                            "id": "shellstyle:wontfix",
                            "name": "wontfix",
                            "repository": "shellstyle",
                            "url": "https://api.github.com/repos/caarlos0/shellstyle/labels/wontfix"
                        },
                        "meta": {},
                        "tainted": false
                    },
                    "deposed": [],
                    "provider": ""
                },
                "github_issue_label.wontfix-label.94": {
                    "type": "github_issue_label",
                    "depends_on": [],
                    "primary": {
                        "id": "shippable-minv2-last-maven:wontfix",
                        "attributes": {
                            "color": "ffffff",
                            "id": "shippable-minv2-last-maven:wontfix",
                            "name": "wontfix",
                            "repository": "shippable-minv2-last-maven",
                            "url": "https://api.github.com/repos/caarlos0/shippable-minv2-last-maven/labels/wontfix"
                        },
                        "meta": {},
                        "tainted": false
                    },
                    "deposed": [],
                    "provider": ""
                },
                "github_issue_label.wontfix-label.95": {
                    "type": "github_issue_label",
                    "depends_on": [],
                    "primary": {
                        "id": "shippable-minv2-maven32:wontfix",
                        "attributes": {
                            "color": "ffffff",
                            "id": "shippable-minv2-maven32:wontfix",
                            "name": "wontfix",
                            "repository": "shippable-minv2-maven32",
                            "url": "https://api.github.com/repos/caarlos0/shippable-minv2-maven32/labels/wontfix"
                        },
                        "meta": {},
                        "tainted": false
                    },
                    "deposed": [],
                    "provider": ""
                },
                "github_issue_label.wontfix-label.96": {
                    "type": "github_issue_label",
                    "depends_on": [],
                    "primary": {
                        "id": "simple-cdi-examples:wontfix",
                        "attributes": {
                            "color": "ffffff",
                            "id": "simple-cdi-examples:wontfix",
                            "name": "wontfix",
                            "repository": "simple-cdi-examples",
                            "url": "https://api.github.com/repos/caarlos0/simple-cdi-examples/labels/wontfix"
                        },
                        "meta": {},
                        "tainted": false
                    },
                    "deposed": [],
                    "provider": ""
                },
                "github_issue_label.wontfix-label.97": {
                    "type": "github_issue_label",
                    "depends_on": [],
                    "primary": {
                        "id": "sinatra_examples:wontfix",
                        "attributes": {
                            "color": "ffffff",
                            "id": "sinatra_examples:wontfix",
                            "name": "wontfix",
                            "repository": "sinatra_examples",
                            "url": "https://api.github.com/repos/caarlos0/sinatra_examples/labels/wontfix"
                        },
                        "meta": {},
                        "tainted": false
                    },
                    "deposed": [],
                    "provider": ""
                },
                "github_issue_label.wontfix-label.98": {
                    "type": "github_issue_label",
                    "depends_on": [],
                    "primary": {
                        "id": "small-go-app-container-example:wontfix",
                        "attributes": {
                            "color": "ffffff",
                            "id": "small-go-app-container-example:wontfix",
                            "name": "wontfix",
                            "repository": "small-go-app-container-example",
                            "url": "https://api.github.com/repos/caarlos0/small-go-app-container-example/labels/wontfix"
                        },
                        "meta": {},
                        "tainted": false
                    },
                    "deposed": [],
                    "provider": ""
                },
                "github_issue_label.wontfix-label.99": {
                    "type": "github_issue_label",
                    "depends_on": [],
                    "primary": {
                        "id": "spin:wontfix",
                        "attributes": {
                            "color": "ffffff",
                            "id": "spin:wontfix",
                            "name": "wontfix",
                            "repository": "spin",
                            "url": "https://api.github.com/repos/caarlos0/spin/labels/wontfix"
                        },
                        "meta": {},
                        "tainted": false
                    },
                    "deposed": [],
                    "provider": ""
                }
            },
            "depends_on": []
        }
    ]
}
