{
    "version": 3,
    "terraform_version": "0.10.3",
    "serial": 1,
    "lineage": "c67d3cbb-d5a1-40a5-9c12-a429d22cf874",
    "modules": [
        {
            "path": [
                "root"
            ],
            "outputs": {},
            "resources": {
                "github_issue_label.bug-label.0": {
                    "type": "github_issue_label",
                    "depends_on": [],
                    "primary": {
                        "id": "alelobot:bug",
                        "attributes": {
                            "color": "ee0701",
                            "id": "alelobot:bug",
                            "name": "bug",
                            "repository": "alelobot",
                            "url": "https://api.github.com/repos/caarlos0/alelobot/labels/bug"
                        },
                        "meta": {},
                        "tainted": false
                    },
                    "deposed": [],
                    "provider": ""
                },
                "github_issue_label.bug-label.1": {
                    "type": "github_issue_label",
                    "depends_on": [],
                    "primary": {
                        "id": "alelogo:bug",
                        "attributes": {
                            "color": "ee0701",
                            "id": "alelogo:bug",
                            "name": "bug",
                            "repository": "alelogo",
                            "url": "https://api.github.com/repos/caarlos0/alelogo/labels/bug"
                        },
                        "meta": {},
                        "tainted": false
                    },
                    "deposed": [],
                    "provider": ""
                },
                "github_issue_label.bug-label.10": {
                    "type": "github_issue_label",
                    "depends_on": [],
                    "primary": {
                        "id": "git-gc:bug",
                        "attributes": {
                            "color": "ee0701",
                            "id": "git-gc:bug",
                            "name": "bug",
                            "repository": "git-gc",
                            "url": "https://api.github.com/repos/caarlos0/git-gc/labels/bug"
                        },
                        "meta": {},
                        "tainted": false
                    },
                    "deposed": [],
                    "provider": ""
                },
                "github_issue_label.bug-label.11": {
                    "type": "github_issue_label",
                    "depends_on": [],
                    "primary": {
                        "id": "github:bug",
                        "attributes": {
                            "color": "ee0701",
                            "id": "github:bug",
                            "name": "bug",
                            "repository": "github",
                            "url": "https://api.github.com/repos/caarlos0/github/labels/bug"
                        },
                        "meta": {},
                        "tainted": false
                    },
                    "deposed": [],
                    "provider": ""
                },
                "github_issue_label.bug-label.12": {
                    "type": "github_issue_label",
                    "depends_on": [],
                    "primary": {
                        "id": "github-buildkite-wire:bug",
                        "attributes": {
                            "color": "ee0701",
                            "id": "github-buildkite-wire:bug",
                            "name": "bug",
                            "repository": "github-buildkite-wire",
                            "url": "https://api.github.com/repos/caarlos0/github-buildkite-wire/labels/bug"
                        },
                        "meta": {},
                        "tainted": false
                    },
                    "deposed": [],
                    "provider": ""
                },
                "github_issue_label.bug-label.13": {
                    "type": "github_issue_label",
                    "depends_on": [],
                    "primary": {
                        "id": "github-vacations:bug",
                        "attributes": {
                            "color": "ee0701",
                            "id": "github-vacations:bug",
                            "name": "bug",
                            "repository": "github-vacations",
                            "url": "https://api.github.com/repos/caarlos0/github-vacations/labels/bug"
                        },
                        "meta": {},
                        "tainted": false
                    },
                    "deposed": [],
                    "provider": ""
                },
                "github_issue_label.bug-label.14": {
                    "type": "github_issue_label",
                    "depends_on": [],
                    "primary": {
                        "id": "go-victorops:bug",
                        "attributes": {
                            "color": "ee0701",
                            "id": "go-victorops:bug",
                            "name": "bug",
                            "repository": "go-victorops",
                            "url": "https://api.github.com/repos/caarlos0/go-victorops/labels/bug"
                        },
                        "meta": {},
                        "tainted": false
                    },
                    "deposed": [],
                    "provider": ""
                },
                "github_issue_label.bug-label.15": {
                    "type": "github_issue_label",
                    "depends_on": [],
                    "primary": {
                        "id": "go-web-api-example:bug",
                        "attributes": {
                            "color": "ee0701",
                            "id": "go-web-api-example:bug",
                            "name": "bug",
                            "repository": "go-web-api-example",
                            "url": "https://api.github.com/repos/caarlos0/go-web-api-example/labels/bug"
                        },
                        "meta": {},
                        "tainted": false
                    },
                    "deposed": [],
                    "provider": ""
                },
                "github_issue_label.bug-label.16": {
                    "type": "github_issue_label",
                    "depends_on": [],
                    "primary": {
                        "id": "gohome:bug",
                        "attributes": {
                            "color": "ee0701",
                            "id": "gohome:bug",
                            "name": "bug",
                            "repository": "gohome",
                            "url": "https://api.github.com/repos/caarlos0/gohome/labels/bug"
                        },
                        "meta": {},
                        "tainted": false
                    },
                    "deposed": [],
                    "provider": ""
                },
                "github_issue_label.bug-label.17": {
                    "type": "github_issue_label",
                    "depends_on": [],
                    "primary": {
                        "id": "gravekeeper:bug",
                        "attributes": {
                            "color": "ee0701",
                            "id": "gravekeeper:bug",
                            "name": "bug",
                            "repository": "gravekeeper",
                            "url": "https://api.github.com/repos/caarlos0/gravekeeper/labels/bug"
                        },
                        "meta": {},
                        "tainted": false
                    },
                    "deposed": [],
                    "provider": ""
                },
                "github_issue_label.bug-label.18": {
                    "type": "github_issue_label",
                    "depends_on": [],
                    "primary": {
                        "id": "homebrew-tap:bug",
                        "attributes": {
                            "color": "ee0701",
                            "id": "homebrew-tap:bug",
                            "name": "bug",
                            "repository": "homebrew-tap",
                            "url": "https://api.github.com/repos/caarlos0/homebrew-tap/labels/bug"
                        },
                        "meta": {},
                        "tainted": false
                    },
                    "deposed": [],
                    "provider": ""
                },
                "github_issue_label.bug-label.19": {
                    "type": "github_issue_label",
                    "depends_on": [],
                    "primary": {
                        "id": "is-shit:bug",
                        "attributes": {
                            "color": "ee0701",
                            "id": "is-shit:bug",
                            "name": "bug",
                            "repository": "is-shit",
                            "url": "https://api.github.com/repos/caarlos0/is-shit/labels/bug"
                        },
                        "meta": {},
                        "tainted": false
                    },
                    "deposed": [],
                    "provider": ""
                },
                "github_issue_label.bug-label.2": {
                    "type": "github_issue_label",
                    "depends_on": [],
                    "primary": {
                        "id": "am-i-working:bug",
                        "attributes": {
                            "color": "ee0701",
                            "id": "am-i-working:bug",
                            "name": "bug",
                            "repository": "am-i-working",
                            "url": "https://api.github.com/repos/caarlos0/am-i-working/labels/bug"
                        },
                        "meta": {},
                        "tainted": false
                    },
                    "deposed": [],
                    "provider": ""
                },
                "github_issue_label.bug-label.20": {
                    "type": "github_issue_label",
                    "depends_on": [],
                    "primary": {
                        "id": "jvm:bug",
                        "attributes": {
                            "color": "ee0701",
                            "id": "jvm:bug",
                            "name": "bug",
                            "repository": "jvm",
                            "url": "https://api.github.com/repos/caarlos0/jvm/labels/bug"
                        },
                        "meta": {},
                        "tainted": false
                    },
                    "deposed": [],
                    "provider": ""
                },
                "github_issue_label.bug-label.21": {
                    "type": "github_issue_label",
                    "depends_on": [],
                    "primary": {
                        "id": "karmahub:bug",
                        "attributes": {
                            "color": "ee0701",
                            "id": "karmahub:bug",
                            "name": "bug",
                            "repository": "karmahub",
                            "url": "https://api.github.com/repos/caarlos0/karmahub/labels/bug"
                        },
                        "meta": {},
                        "tainted": false
                    },
                    "deposed": [],
                    "provider": ""
                },
                "github_issue_label.bug-label.22": {
                    "type": "github_issue_label",
                    "depends_on": [],
                    "primary": {
                        "id": "Layr:bug",
                        "attributes": {
                            "color": "ee0701",
                            "id": "Layr:bug",
                            "name": "bug",
                            "repository": "Layr",
                            "url": "https://api.github.com/repos/caarlos0/Layr/labels/bug"
                        },
                        "meta": {},
                        "tainted": false
                    },
                    "deposed": [],
                    "provider": ""
                },
                "github_issue_label.bug-label.23": {
                    "type": "github_issue_label",
                    "depends_on": [],
                    "primary": {
                        "id": "machine:bug",
                        "attributes": {
                            "color": "ee0701",
                            "id": "machine:bug",
                            "name": "bug",
                            "repository": "machine",
                            "url": "https://api.github.com/repos/caarlos0/machine/labels/bug"
                        },
                        "meta": {},
                        "tainted": false
                    },
                    "deposed": [],
                    "provider": ""
                },
                "github_issue_label.bug-label.24": {
                    "type": "github_issue_label",
                    "depends_on": [],
                    "primary": {
                        "id": "macOS:bug",
                        "attributes": {
                            "color": "ee0701",
                            "id": "macOS:bug",
                            "name": "bug",
                            "repository": "macOS",
                            "url": "https://api.github.com/repos/caarlos0/macOS/labels/bug"
                        },
                        "meta": {},
                        "tainted": false
                    },
                    "deposed": [],
                    "provider": ""
                },
                "github_issue_label.bug-label.25": {
                    "type": "github_issue_label",
                    "depends_on": [],
                    "primary": {
                        "id": "org-stats:bug",
                        "attributes": {
                            "color": "ee0701",
                            "id": "org-stats:bug",
                            "name": "bug",
                            "repository": "org-stats",
                            "url": "https://api.github.com/repos/caarlos0/org-stats/labels/bug"
                        },
                        "meta": {},
                        "tainted": false
                    },
                    "deposed": [],
                    "provider": ""
                },
                "github_issue_label.bug-label.26": {
                    "type": "github_issue_label",
                    "depends_on": [],
                    "primary": {
                        "id": "ports:bug",
                        "attributes": {
                            "color": "ee0701",
                            "id": "ports:bug",
                            "name": "bug",
                            "repository": "ports",
                            "url": "https://api.github.com/repos/caarlos0/ports/labels/bug"
                        },
                        "meta": {},
                        "tainted": false
                    },
                    "deposed": [],
                    "provider": ""
                },
                "github_issue_label.bug-label.27": {
                    "type": "github_issue_label",
                    "depends_on": [],
                    "primary": {
                        "id": "promfmt:bug",
                        "attributes": {
                            "color": "ee0701",
                            "id": "promfmt:bug",
                            "name": "bug",
                            "repository": "promfmt",
                            "url": "https://api.github.com/repos/caarlos0/promfmt/labels/bug"
                        },
                        "meta": {},
                        "tainted": false
                    },
                    "deposed": [],
                    "provider": ""
                },
                "github_issue_label.bug-label.28": {
                    "type": "github_issue_label",
                    "depends_on": [],
                    "primary": {
                        "id": "route53-cleaner:bug",
                        "attributes": {
                            "color": "ee0701",
                            "id": "route53-cleaner:bug",
                            "name": "bug",
                            "repository": "route53-cleaner",
                            "url": "https://api.github.com/repos/caarlos0/route53-cleaner/labels/bug"
                        },
                        "meta": {},
                        "tainted": false
                    },
                    "deposed": [],
                    "provider": ""
                },
                "github_issue_label.bug-label.29": {
                    "type": "github_issue_label",
                    "depends_on": [],
                    "primary": {
                        "id": "shcheck:bug",
                        "attributes": {
                            "color": "ee0701",
                            "id": "shcheck:bug",
                            "name": "bug",
                            "repository": "shcheck",
                            "url": "https://api.github.com/repos/caarlos0/shcheck/labels/bug"
                        },
                        "meta": {},
                        "tainted": false
                    },
                    "deposed": [],
                    "provider": ""
                },
                "github_issue_label.bug-label.3": {
                    "type": "github_issue_label",
                    "depends_on": [],
                    "primary": {
                        "id": "caarlos0.github.com:bug",
                        "attributes": {
                            "color": "ee0701",
                            "id": "caarlos0.github.com:bug",
                            "name": "bug",
                            "repository": "caarlos0.github.com",
                            "url": "https://api.github.com/repos/caarlos0/caarlos0.github.com/labels/bug"
                        },
                        "meta": {},
                        "tainted": false
                    },
                    "deposed": [],
                    "provider": ""
                },
                "github_issue_label.bug-label.30": {
                    "type": "github_issue_label",
                    "depends_on": [],
                    "primary": {
                        "id": "shell-ci-build:bug",
                        "attributes": {
                            "color": "ee0701",
                            "id": "shell-ci-build:bug",
                            "name": "bug",
                            "repository": "shell-ci-build",
                            "url": "https://api.github.com/repos/caarlos0/shell-ci-build/labels/bug"
                        },
                        "meta": {},
                        "tainted": false
                    },
                    "deposed": [],
                    "provider": ""
                },
                "github_issue_label.bug-label.31": {
                    "type": "github_issue_label",
                    "depends_on": [],
                    "primary": {
                        "id": "shellcheck-docker:bug",
                        "attributes": {
                            "color": "ee0701",
                            "id": "shellcheck-docker:bug",
                            "name": "bug",
                            "repository": "shellcheck-docker",
                            "url": "https://api.github.com/repos/caarlos0/shellcheck-docker/labels/bug"
                        },
                        "meta": {},
                        "tainted": false
                    },
                    "deposed": [],
                    "provider": ""
                },
                "github_issue_label.bug-label.32": {
                    "type": "github_issue_label",
                    "depends_on": [],
                    "primary": {
                        "id": "spin:bug",
                        "attributes": {
                            "color": "ee0701",
                            "id": "spin:bug",
                            "name": "bug",
                            "repository": "spin",
                            "url": "https://api.github.com/repos/caarlos0/spin/labels/bug"
                        },
                        "meta": {},
                        "tainted": false
                    },
                    "deposed": [],
                    "provider": ""
                },
                "github_issue_label.bug-label.33": {
                    "type": "github_issue_label",
                    "depends_on": [],
                    "primary": {
                        "id": "starcharts:bug",
                        "attributes": {
                            "color": "ee0701",
                            "id": "starcharts:bug",
                            "name": "bug",
                            "repository": "starcharts",
                            "url": "https://api.github.com/repos/caarlos0/starcharts/labels/bug"
                        },
                        "meta": {},
                        "tainted": false
                    },
                    "deposed": [],
                    "provider": ""
                },
                "github_issue_label.bug-label.34": {
                    "type": "github_issue_label",
                    "depends_on": [],
                    "primary": {
                        "id": "test:bug",
                        "attributes": {
                            "color": "ee0701",
                            "id": "test:bug",
                            "name": "bug",
                            "repository": "test",
                            "url": "https://api.github.com/repos/caarlos0/test/labels/bug"
                        },
                        "meta": {},
                        "tainted": false
                    },
                    "deposed": [],
                    "provider": ""
                },
                "github_issue_label.bug-label.35": {
                    "type": "github_issue_label",
                    "depends_on": [],
                    "primary": {
                        "id": "twatcher:bug",
                        "attributes": {
                            "color": "ee0701",
                            "id": "twatcher:bug",
                            "name": "bug",
                            "repository": "twatcher",
                            "url": "https://api.github.com/repos/caarlos0/twatcher/labels/bug"
                        },
                        "meta": {},
                        "tainted": false
                    },
                    "deposed": [],
                    "provider": ""
                },
                "github_issue_label.bug-label.36": {
                    "type": "github_issue_label",
                    "depends_on": [],
                    "primary": {
                        "id": "victorops-notifier:bug",
                        "attributes": {
                            "color": "ee0701",
                            "id": "victorops-notifier:bug",
                            "name": "bug",
                            "repository": "victorops-notifier",
                            "url": "https://api.github.com/repos/caarlos0/victorops-notifier/labels/bug"
                        },
                        "meta": {},
                        "tainted": false
                    },
                    "deposed": [],
                    "provider": ""
                },
                "github_issue_label.bug-label.37": {
                    "type": "github_issue_label",
                    "depends_on": [],
                    "primary": {
                        "id": "vimfiles:bug",
                        "attributes": {
                            "color": "ee0701",
                            "id": "vimfiles:bug",
                            "name": "bug",
                            "repository": "vimfiles",
                            "url": "https://api.github.com/repos/caarlos0/vimfiles/labels/bug"
                        },
                        "meta": {},
                        "tainted": false
                    },
                    "deposed": [],
                    "provider": ""
                },
                "github_issue_label.bug-label.38": {
                    "type": "github_issue_label",
                    "depends_on": [],
                    "primary": {
                        "id": "watchub:bug",
                        "attributes": {
                            "color": "ee0701",
                            "id": "watchub:bug",
                            "name": "bug",
                            "repository": "watchub",
                            "url": "https://api.github.com/repos/caarlos0/watchub/labels/bug"
                        },
                        "meta": {},
                        "tainted": false
                    },
                    "deposed": [],
                    "provider": ""
                },
                "github_issue_label.bug-label.39": {
                    "type": "github_issue_label",
                    "depends_on": [],
                    "primary": {
                        "id": "weavenet-rmpeers:bug",
                        "attributes": {
                            "color": "ee0701",
                            "id": "weavenet-rmpeers:bug",
                            "name": "bug",
                            "repository": "weavenet-rmpeers",
                            "url": "https://api.github.com/repos/caarlos0/weavenet-rmpeers/labels/bug"
                        },
                        "meta": {},
                        "tainted": false
                    },
                    "deposed": [],
                    "provider": ""
                },
                "github_issue_label.bug-label.4": {
                    "type": "github_issue_label",
                    "depends_on": [],
                    "primary": {
                        "id": "clone-org:bug",
                        "attributes": {
                            "color": "ee0701",
                            "id": "clone-org:bug",
                            "name": "bug",
                            "repository": "clone-org",
                            "url": "https://api.github.com/repos/caarlos0/clone-org/labels/bug"
                        },
                        "meta": {},
                        "tainted": false
                    },
                    "deposed": [],
                    "provider": ""
                },
                "github_issue_label.bug-label.40": {
                    "type": "github_issue_label",
                    "depends_on": [],
                    "primary": {
                        "id": "zsh-git-fetch-merge:bug",
                        "attributes": {
                            "color": "ee0701",
                            "id": "zsh-git-fetch-merge:bug",
                            "name": "bug",
                            "repository": "zsh-git-fetch-merge",
                            "url": "https://api.github.com/repos/caarlos0/zsh-git-fetch-merge/labels/bug"
                        },
                        "meta": {},
                        "tainted": false
                    },
                    "deposed": [],
                    "provider": ""
                },
                "github_issue_label.bug-label.41": {
                    "type": "github_issue_label",
                    "depends_on": [],
                    "primary": {
                        "id": "zsh-git-sync:bug",
                        "attributes": {
                            "color": "ee0701",
                            "id": "zsh-git-sync:bug",
                            "name": "bug",
                            "repository": "zsh-git-sync",
                            "url": "https://api.github.com/repos/caarlos0/zsh-git-sync/labels/bug"
                        },
                        "meta": {},
                        "tainted": false
                    },
                    "deposed": [],
                    "provider": ""
                },
                "github_issue_label.bug-label.42": {
                    "type": "github_issue_label",
                    "depends_on": [],
                    "primary": {
                        "id": "zsh-mkc:bug",
                        "attributes": {
                            "color": "ee0701",
                            "id": "zsh-mkc:bug",
                            "name": "bug",
                            "repository": "zsh-mkc",
                            "url": "https://api.github.com/repos/caarlos0/zsh-mkc/labels/bug"
                        },
                        "meta": {},
                        "tainted": false
                    },
                    "deposed": [],
                    "provider": ""
                },
                "github_issue_label.bug-label.43": {
                    "type": "github_issue_label",
                    "depends_on": [],
                    "primary": {
                        "id": "zsh-open-pr:bug",
                        "attributes": {
                            "color": "ee0701",
                            "id": "zsh-open-pr:bug",
                            "name": "bug",
                            "repository": "zsh-open-pr",
                            "url": "https://api.github.com/repos/caarlos0/zsh-open-pr/labels/bug"
                        },
                        "meta": {},
                        "tainted": false
                    },
                    "deposed": [],
                    "provider": ""
                },
                "github_issue_label.bug-label.5": {
                    "type": "github_issue_label",
                    "depends_on": [],
                    "primary": {
                        "id": "dotfiles:bug",
                        "attributes": {
                            "color": "ee0701",
                            "id": "dotfiles:bug",
                            "name": "bug",
                            "repository": "dotfiles",
                            "url": "https://api.github.com/repos/caarlos0/dotfiles/labels/bug"
                        },
                        "meta": {},
                        "tainted": false
                    },
                    "deposed": [],
                    "provider": ""
                },
                "github_issue_label.bug-label.6": {
                    "type": "github_issue_label",
                    "depends_on": [],
                    "primary": {
                        "id": "env:bug",
                        "attributes": {
                            "color": "ee0701",
                            "id": "env:bug",
                            "name": "bug",
                            "repository": "env",
                            "url": "https://api.github.com/repos/caarlos0/env/labels/bug"
                        },
                        "meta": {},
                        "tainted": false
                    },
                    "deposed": [],
                    "provider": ""
                },
                "github_issue_label.bug-label.7": {
                    "type": "github_issue_label",
                    "depends_on": [],
                    "primary": {
                        "id": "example:bug",
                        "attributes": {
                            "color": "ee0701",
                            "id": "example:bug",
                            "name": "bug",
                            "repository": "example",
                            "url": "https://api.github.com/repos/caarlos0/example/labels/bug"
                        },
                        "meta": {},
                        "tainted": false
                    },
                    "deposed": [],
                    "provider": ""
                },
                "github_issue_label.bug-label.8": {
                    "type": "github_issue_label",
                    "depends_on": [],
                    "primary": {
                        "id": "fork-cleaner:bug",
                        "attributes": {
                            "color": "ee0701",
                            "id": "fork-cleaner:bug",
                            "name": "bug",
                            "repository": "fork-cleaner",
                            "url": "https://api.github.com/repos/caarlos0/fork-cleaner/labels/bug"
                        },
                        "meta": {},
                        "tainted": false
                    },
                    "deposed": [],
                    "provider": ""
                },
                "github_issue_label.bug-label.9": {
                    "type": "github_issue_label",
                    "depends_on": [],
                    "primary": {
                        "id": "git-add-remote:bug",
                        "attributes": {
                            "color": "ee0701",
                            "id": "git-add-remote:bug",
                            "name": "bug",
                            "repository": "git-add-remote",
                            "url": "https://api.github.com/repos/caarlos0/git-add-remote/labels/bug"
                        },
                        "meta": {},
                        "tainted": false
                    },
                    "deposed": [],
                    "provider": ""
                },
                "github_issue_label.chore-label.0": {
                    "type": "github_issue_label",
                    "depends_on": [],
                    "primary": {
                        "id": "alelobot:chore",
                        "attributes": {
                            "color": "bfd4f2",
                            "id": "alelobot:chore",
                            "name": "chore",
                            "repository": "alelobot",
                            "url": "https://api.github.com/repos/caarlos0/alelobot/labels/chore"
                        },
                        "meta": {},
                        "tainted": false
                    },
                    "deposed": [],
                    "provider": ""
                },
                "github_issue_label.chore-label.1": {
                    "type": "github_issue_label",
                    "depends_on": [],
                    "primary": {
                        "id": "alelogo:chore",
                        "attributes": {
                            "color": "bfd4f2",
                            "id": "alelogo:chore",
                            "name": "chore",
                            "repository": "alelogo",
                            "url": "https://api.github.com/repos/caarlos0/alelogo/labels/chore"
                        },
                        "meta": {},
                        "tainted": false
                    },
                    "deposed": [],
                    "provider": ""
                },
                "github_issue_label.chore-label.10": {
                    "type": "github_issue_label",
                    "depends_on": [],
                    "primary": {
                        "id": "git-gc:chore",
                        "attributes": {
                            "color": "bfd4f2",
                            "id": "git-gc:chore",
                            "name": "chore",
                            "repository": "git-gc",
                            "url": "https://api.github.com/repos/caarlos0/git-gc/labels/chore"
                        },
                        "meta": {},
                        "tainted": false
                    },
                    "deposed": [],
                    "provider": ""
                },
                "github_issue_label.chore-label.11": {
                    "type": "github_issue_label",
                    "depends_on": [],
                    "primary": {
                        "id": "github:chore",
                        "attributes": {
                            "color": "bfd4f2",
                            "id": "github:chore",
                            "name": "chore",
                            "repository": "github",
                            "url": "https://api.github.com/repos/caarlos0/github/labels/chore"
                        },
                        "meta": {},
                        "tainted": false
                    },
                    "deposed": [],
                    "provider": ""
                },
                "github_issue_label.chore-label.12": {
                    "type": "github_issue_label",
                    "depends_on": [],
                    "primary": {
                        "id": "github-buildkite-wire:chore",
                        "attributes": {
                            "color": "bfd4f2",
                            "id": "github-buildkite-wire:chore",
                            "name": "chore",
                            "repository": "github-buildkite-wire",
                            "url": "https://api.github.com/repos/caarlos0/github-buildkite-wire/labels/chore"
                        },
                        "meta": {},
                        "tainted": false
                    },
                    "deposed": [],
                    "provider": ""
                },
                "github_issue_label.chore-label.13": {
                    "type": "github_issue_label",
                    "depends_on": [],
                    "primary": {
                        "id": "github-vacations:chore",
                        "attributes": {
                            "color": "bfd4f2",
                            "id": "github-vacations:chore",
                            "name": "chore",
                            "repository": "github-vacations",
                            "url": "https://api.github.com/repos/caarlos0/github-vacations/labels/chore"
                        },
                        "meta": {},
                        "tainted": false
                    },
                    "deposed": [],
                    "provider": ""
                },
                "github_issue_label.chore-label.14": {
                    "type": "github_issue_label",
                    "depends_on": [],
                    "primary": {
                        "id": "go-victorops:chore",
                        "attributes": {
                            "color": "bfd4f2",
                            "id": "go-victorops:chore",
                            "name": "chore",
                            "repository": "go-victorops",
                            "url": "https://api.github.com/repos/caarlos0/go-victorops/labels/chore"
                        },
                        "meta": {},
                        "tainted": false
                    },
                    "deposed": [],
                    "provider": ""
                },
                "github_issue_label.chore-label.15": {
                    "type": "github_issue_label",
                    "depends_on": [],
                    "primary": {
                        "id": "go-web-api-example:chore",
                        "attributes": {
                            "color": "bfd4f2",
                            "id": "go-web-api-example:chore",
                            "name": "chore",
                            "repository": "go-web-api-example",
                            "url": "https://api.github.com/repos/caarlos0/go-web-api-example/labels/chore"
                        },
                        "meta": {},
                        "tainted": false
                    },
                    "deposed": [],
                    "provider": ""
                },
                "github_issue_label.chore-label.16": {
                    "type": "github_issue_label",
                    "depends_on": [],
                    "primary": {
                        "id": "gohome:chore",
                        "attributes": {
                            "color": "bfd4f2",
                            "id": "gohome:chore",
                            "name": "chore",
                            "repository": "gohome",
                            "url": "https://api.github.com/repos/caarlos0/gohome/labels/chore"
                        },
                        "meta": {},
                        "tainted": false
                    },
                    "deposed": [],
                    "provider": ""
                },
                "github_issue_label.chore-label.17": {
                    "type": "github_issue_label",
                    "depends_on": [],
                    "primary": {
                        "id": "gravekeeper:chore",
                        "attributes": {
                            "color": "bfd4f2",
                            "id": "gravekeeper:chore",
                            "name": "chore",
                            "repository": "gravekeeper",
                            "url": "https://api.github.com/repos/caarlos0/gravekeeper/labels/chore"
                        },
                        "meta": {},
                        "tainted": false
                    },
                    "deposed": [],
                    "provider": ""
                },
                "github_issue_label.chore-label.18": {
                    "type": "github_issue_label",
                    "depends_on": [],
                    "primary": {
                        "id": "homebrew-tap:chore",
                        "attributes": {
                            "color": "bfd4f2",
                            "id": "homebrew-tap:chore",
                            "name": "chore",
                            "repository": "homebrew-tap",
                            "url": "https://api.github.com/repos/caarlos0/homebrew-tap/labels/chore"
                        },
                        "meta": {},
                        "tainted": false
                    },
                    "deposed": [],
                    "provider": ""
                },
                "github_issue_label.chore-label.19": {
                    "type": "github_issue_label",
                    "depends_on": [],
                    "primary": {
                        "id": "is-shit:chore",
                        "attributes": {
                            "color": "bfd4f2",
                            "id": "is-shit:chore",
                            "name": "chore",
                            "repository": "is-shit",
                            "url": "https://api.github.com/repos/caarlos0/is-shit/labels/chore"
                        },
                        "meta": {},
                        "tainted": false
                    },
                    "deposed": [],
                    "provider": ""
                },
                "github_issue_label.chore-label.2": {
                    "type": "github_issue_label",
                    "depends_on": [],
                    "primary": {
                        "id": "am-i-working:chore",
                        "attributes": {
                            "color": "bfd4f2",
                            "id": "am-i-working:chore",
                            "name": "chore",
                            "repository": "am-i-working",
                            "url": "https://api.github.com/repos/caarlos0/am-i-working/labels/chore"
                        },
                        "meta": {},
                        "tainted": false
                    },
                    "deposed": [],
                    "provider": ""
                },
                "github_issue_label.chore-label.20": {
                    "type": "github_issue_label",
                    "depends_on": [],
                    "primary": {
                        "id": "jvm:chore",
                        "attributes": {
                            "color": "bfd4f2",
                            "id": "jvm:chore",
                            "name": "chore",
                            "repository": "jvm",
                            "url": "https://api.github.com/repos/caarlos0/jvm/labels/chore"
                        },
                        "meta": {},
                        "tainted": false
                    },
                    "deposed": [],
                    "provider": ""
                },
                "github_issue_label.chore-label.21": {
                    "type": "github_issue_label",
                    "depends_on": [],
                    "primary": {
                        "id": "karmahub:chore",
                        "attributes": {
                            "color": "bfd4f2",
                            "id": "karmahub:chore",
                            "name": "chore",
                            "repository": "karmahub",
                            "url": "https://api.github.com/repos/caarlos0/karmahub/labels/chore"
                        },
                        "meta": {},
                        "tainted": false
                    },
                    "deposed": [],
                    "provider": ""
                },
                "github_issue_label.chore-label.22": {
                    "type": "github_issue_label",
                    "depends_on": [],
                    "primary": {
                        "id": "Layr:chore",
                        "attributes": {
                            "color": "bfd4f2",
                            "id": "Layr:chore",
                            "name": "chore",
                            "repository": "Layr",
                            "url": "https://api.github.com/repos/caarlos0/Layr/labels/chore"
                        },
                        "meta": {},
                        "tainted": false
                    },
                    "deposed": [],
                    "provider": ""
                },
                "github_issue_label.chore-label.23": {
                    "type": "github_issue_label",
                    "depends_on": [],
                    "primary": {
                        "id": "machine:chore",
                        "attributes": {
                            "color": "bfd4f2",
                            "id": "machine:chore",
                            "name": "chore",
                            "repository": "machine",
                            "url": "https://api.github.com/repos/caarlos0/machine/labels/chore"
                        },
                        "meta": {},
                        "tainted": false
                    },
                    "deposed": [],
                    "provider": ""
                },
                "github_issue_label.chore-label.24": {
                    "type": "github_issue_label",
                    "depends_on": [],
                    "primary": {
                        "id": "macOS:chore",
                        "attributes": {
                            "color": "bfd4f2",
                            "id": "macOS:chore",
                            "name": "chore",
                            "repository": "macOS",
                            "url": "https://api.github.com/repos/caarlos0/macOS/labels/chore"
                        },
                        "meta": {},
                        "tainted": false
                    },
                    "deposed": [],
                    "provider": ""
                },
                "github_issue_label.chore-label.25": {
                    "type": "github_issue_label",
                    "depends_on": [],
                    "primary": {
                        "id": "org-stats:chore",
                        "attributes": {
                            "color": "bfd4f2",
                            "id": "org-stats:chore",
                            "name": "chore",
                            "repository": "org-stats",
                            "url": "https://api.github.com/repos/caarlos0/org-stats/labels/chore"
                        },
                        "meta": {},
                        "tainted": false
                    },
                    "deposed": [],
                    "provider": ""
                },
                "github_issue_label.chore-label.26": {
                    "type": "github_issue_label",
                    "depends_on": [],
                    "primary": {
                        "id": "ports:chore",
                        "attributes": {
                            "color": "bfd4f2",
                            "id": "ports:chore",
                            "name": "chore",
                            "repository": "ports",
                            "url": "https://api.github.com/repos/caarlos0/ports/labels/chore"
                        },
                        "meta": {},
                        "tainted": false
                    },
                    "deposed": [],
                    "provider": ""
                },
                "github_issue_label.chore-label.27": {
                    "type": "github_issue_label",
                    "depends_on": [],
                    "primary": {
                        "id": "promfmt:chore",
                        "attributes": {
                            "color": "bfd4f2",
                            "id": "promfmt:chore",
                            "name": "chore",
                            "repository": "promfmt",
                            "url": "https://api.github.com/repos/caarlos0/promfmt/labels/chore"
                        },
                        "meta": {},
                        "tainted": false
                    },
                    "deposed": [],
                    "provider": ""
                },
                "github_issue_label.chore-label.28": {
                    "type": "github_issue_label",
                    "depends_on": [],
                    "primary": {
                        "id": "route53-cleaner:chore",
                        "attributes": {
                            "color": "bfd4f2",
                            "id": "route53-cleaner:chore",
                            "name": "chore",
                            "repository": "route53-cleaner",
                            "url": "https://api.github.com/repos/caarlos0/route53-cleaner/labels/chore"
                        },
                        "meta": {},
                        "tainted": false
                    },
                    "deposed": [],
                    "provider": ""
                },
                "github_issue_label.chore-label.29": {
                    "type": "github_issue_label",
                    "depends_on": [],
                    "primary": {
                        "id": "shcheck:chore",
                        "attributes": {
                            "color": "bfd4f2",
                            "id": "shcheck:chore",
                            "name": "chore",
                            "repository": "shcheck",
                            "url": "https://api.github.com/repos/caarlos0/shcheck/labels/chore"
                        },
                        "meta": {},
                        "tainted": false
                    },
                    "deposed": [],
                    "provider": ""
                },
                "github_issue_label.chore-label.3": {
                    "type": "github_issue_label",
                    "depends_on": [],
                    "primary": {
                        "id": "caarlos0.github.com:chore",
                        "attributes": {
                            "color": "bfd4f2",
                            "id": "caarlos0.github.com:chore",
                            "name": "chore",
                            "repository": "caarlos0.github.com",
                            "url": "https://api.github.com/repos/caarlos0/caarlos0.github.com/labels/chore"
                        },
                        "meta": {},
                        "tainted": false
                    },
                    "deposed": [],
                    "provider": ""
                },
                "github_issue_label.chore-label.30": {
                    "type": "github_issue_label",
                    "depends_on": [],
                    "primary": {
                        "id": "shell-ci-build:chore",
                        "attributes": {
                            "color": "bfd4f2",
                            "id": "shell-ci-build:chore",
                            "name": "chore",
                            "repository": "shell-ci-build",
                            "url": "https://api.github.com/repos/caarlos0/shell-ci-build/labels/chore"
                        },
                        "meta": {},
                        "tainted": false
                    },
                    "deposed": [],
                    "provider": ""
                },
                "github_issue_label.chore-label.31": {
                    "type": "github_issue_label",
                    "depends_on": [],
                    "primary": {
                        "id": "shellcheck-docker:chore",
                        "attributes": {
                            "color": "bfd4f2",
                            "id": "shellcheck-docker:chore",
                            "name": "chore",
                            "repository": "shellcheck-docker",
                            "url": "https://api.github.com/repos/caarlos0/shellcheck-docker/labels/chore"
                        },
                        "meta": {},
                        "tainted": false
                    },
                    "deposed": [],
                    "provider": ""
                },
                "github_issue_label.chore-label.32": {
                    "type": "github_issue_label",
                    "depends_on": [],
                    "primary": {
                        "id": "spin:chore",
                        "attributes": {
                            "color": "bfd4f2",
                            "id": "spin:chore",
                            "name": "chore",
                            "repository": "spin",
                            "url": "https://api.github.com/repos/caarlos0/spin/labels/chore"
                        },
                        "meta": {},
                        "tainted": false
                    },
                    "deposed": [],
                    "provider": ""
                },
                "github_issue_label.chore-label.33": {
                    "type": "github_issue_label",
                    "depends_on": [],
                    "primary": {
                        "id": "starcharts:chore",
                        "attributes": {
                            "color": "bfd4f2",
                            "id": "starcharts:chore",
                            "name": "chore",
                            "repository": "starcharts",
                            "url": "https://api.github.com/repos/caarlos0/starcharts/labels/chore"
                        },
                        "meta": {},
                        "tainted": false
                    },
                    "deposed": [],
                    "provider": ""
                },
                "github_issue_label.chore-label.34": {
                    "type": "github_issue_label",
                    "depends_on": [],
                    "primary": {
                        "id": "test:chore",
                        "attributes": {
                            "color": "bfd4f2",
                            "id": "test:chore",
                            "name": "chore",
                            "repository": "test",
                            "url": "https://api.github.com/repos/caarlos0/test/labels/chore"
                        },
                        "meta": {},
                        "tainted": false
                    },
                    "deposed": [],
                    "provider": ""
                },
                "github_issue_label.chore-label.35": {
                    "type": "github_issue_label",
                    "depends_on": [],
                    "primary": {
                        "id": "twatcher:chore",
                        "attributes": {
                            "color": "bfd4f2",
                            "id": "twatcher:chore",
                            "name": "chore",
                            "repository": "twatcher",
                            "url": "https://api.github.com/repos/caarlos0/twatcher/labels/chore"
                        },
                        "meta": {},
                        "tainted": false
                    },
                    "deposed": [],
                    "provider": ""
                },
                "github_issue_label.chore-label.36": {
                    "type": "github_issue_label",
                    "depends_on": [],
                    "primary": {
                        "id": "victorops-notifier:chore",
                        "attributes": {
                            "color": "bfd4f2",
                            "id": "victorops-notifier:chore",
                            "name": "chore",
                            "repository": "victorops-notifier",
                            "url": "https://api.github.com/repos/caarlos0/victorops-notifier/labels/chore"
                        },
                        "meta": {},
                        "tainted": false
                    },
                    "deposed": [],
                    "provider": ""
                },
                "github_issue_label.chore-label.37": {
                    "type": "github_issue_label",
                    "depends_on": [],
                    "primary": {
                        "id": "vimfiles:chore",
                        "attributes": {
                            "color": "bfd4f2",
                            "id": "vimfiles:chore",
                            "name": "chore",
                            "repository": "vimfiles",
                            "url": "https://api.github.com/repos/caarlos0/vimfiles/labels/chore"
                        },
                        "meta": {},
                        "tainted": false
                    },
                    "deposed": [],
                    "provider": ""
                },
                "github_issue_label.chore-label.38": {
                    "type": "github_issue_label",
                    "depends_on": [],
                    "primary": {
                        "id": "watchub:chore",
                        "attributes": {
                            "color": "bfd4f2",
                            "id": "watchub:chore",
                            "name": "chore",
                            "repository": "watchub",
                            "url": "https://api.github.com/repos/caarlos0/watchub/labels/chore"
                        },
                        "meta": {},
                        "tainted": false
                    },
                    "deposed": [],
                    "provider": ""
                },
                "github_issue_label.chore-label.39": {
                    "type": "github_issue_label",
                    "depends_on": [],
                    "primary": {
                        "id": "weavenet-rmpeers:chore",
                        "attributes": {
                            "color": "bfd4f2",
                            "id": "weavenet-rmpeers:chore",
                            "name": "chore",
                            "repository": "weavenet-rmpeers",
                            "url": "https://api.github.com/repos/caarlos0/weavenet-rmpeers/labels/chore"
                        },
                        "meta": {},
                        "tainted": false
                    },
                    "deposed": [],
                    "provider": ""
                },
                "github_issue_label.chore-label.4": {
                    "type": "github_issue_label",
                    "depends_on": [],
                    "primary": {
                        "id": "clone-org:chore",
                        "attributes": {
                            "color": "bfd4f2",
                            "id": "clone-org:chore",
                            "name": "chore",
                            "repository": "clone-org",
                            "url": "https://api.github.com/repos/caarlos0/clone-org/labels/chore"
                        },
                        "meta": {},
                        "tainted": false
                    },
                    "deposed": [],
                    "provider": ""
                },
                "github_issue_label.chore-label.40": {
                    "type": "github_issue_label",
                    "depends_on": [],
                    "primary": {
                        "id": "zsh-git-fetch-merge:chore",
                        "attributes": {
                            "color": "bfd4f2",
                            "id": "zsh-git-fetch-merge:chore",
                            "name": "chore",
                            "repository": "zsh-git-fetch-merge",
                            "url": "https://api.github.com/repos/caarlos0/zsh-git-fetch-merge/labels/chore"
                        },
                        "meta": {},
                        "tainted": false
                    },
                    "deposed": [],
                    "provider": ""
                },
                "github_issue_label.chore-label.41": {
                    "type": "github_issue_label",
                    "depends_on": [],
                    "primary": {
                        "id": "zsh-git-sync:chore",
                        "attributes": {
                            "color": "bfd4f2",
                            "id": "zsh-git-sync:chore",
                            "name": "chore",
                            "repository": "zsh-git-sync",
                            "url": "https://api.github.com/repos/caarlos0/zsh-git-sync/labels/chore"
                        },
                        "meta": {},
                        "tainted": false
                    },
                    "deposed": [],
                    "provider": ""
                },
                "github_issue_label.chore-label.42": {
                    "type": "github_issue_label",
                    "depends_on": [],
                    "primary": {
                        "id": "zsh-mkc:chore",
                        "attributes": {
                            "color": "bfd4f2",
                            "id": "zsh-mkc:chore",
                            "name": "chore",
                            "repository": "zsh-mkc",
                            "url": "https://api.github.com/repos/caarlos0/zsh-mkc/labels/chore"
                        },
                        "meta": {},
                        "tainted": false
                    },
                    "deposed": [],
                    "provider": ""
                },
                "github_issue_label.chore-label.43": {
                    "type": "github_issue_label",
                    "depends_on": [],
                    "primary": {
                        "id": "zsh-open-pr:chore",
                        "attributes": {
                            "color": "bfd4f2",
                            "id": "zsh-open-pr:chore",
                            "name": "chore",
                            "repository": "zsh-open-pr",
                            "url": "https://api.github.com/repos/caarlos0/zsh-open-pr/labels/chore"
                        },
                        "meta": {},
                        "tainted": false
                    },
                    "deposed": [],
                    "provider": ""
                },
                "github_issue_label.chore-label.5": {
                    "type": "github_issue_label",
                    "depends_on": [],
                    "primary": {
                        "id": "dotfiles:chore",
                        "attributes": {
                            "color": "bfd4f2",
                            "id": "dotfiles:chore",
                            "name": "chore",
                            "repository": "dotfiles",
                            "url": "https://api.github.com/repos/caarlos0/dotfiles/labels/chore"
                        },
                        "meta": {},
                        "tainted": false
                    },
                    "deposed": [],
                    "provider": ""
                },
                "github_issue_label.chore-label.6": {
                    "type": "github_issue_label",
                    "depends_on": [],
                    "primary": {
                        "id": "env:chore",
                        "attributes": {
                            "color": "bfd4f2",
                            "id": "env:chore",
                            "name": "chore",
                            "repository": "env",
                            "url": "https://api.github.com/repos/caarlos0/env/labels/chore"
                        },
                        "meta": {},
                        "tainted": false
                    },
                    "deposed": [],
                    "provider": ""
                },
                "github_issue_label.chore-label.7": {
                    "type": "github_issue_label",
                    "depends_on": [],
                    "primary": {
                        "id": "example:chore",
                        "attributes": {
                            "color": "bfd4f2",
                            "id": "example:chore",
                            "name": "chore",
                            "repository": "example",
                            "url": "https://api.github.com/repos/caarlos0/example/labels/chore"
                        },
                        "meta": {},
                        "tainted": false
                    },
                    "deposed": [],
                    "provider": ""
                },
                "github_issue_label.chore-label.8": {
                    "type": "github_issue_label",
                    "depends_on": [],
                    "primary": {
                        "id": "fork-cleaner:chore",
                        "attributes": {
                            "color": "bfd4f2",
                            "id": "fork-cleaner:chore",
                            "name": "chore",
                            "repository": "fork-cleaner",
                            "url": "https://api.github.com/repos/caarlos0/fork-cleaner/labels/chore"
                        },
                        "meta": {},
                        "tainted": false
                    },
                    "deposed": [],
                    "provider": ""
                },
                "github_issue_label.chore-label.9": {
                    "type": "github_issue_label",
                    "depends_on": [],
                    "primary": {
                        "id": "git-add-remote:chore",
                        "attributes": {
                            "color": "bfd4f2",
                            "id": "git-add-remote:chore",
                            "name": "chore",
                            "repository": "git-add-remote",
                            "url": "https://api.github.com/repos/caarlos0/git-add-remote/labels/chore"
                        },
                        "meta": {},
                        "tainted": false
                    },
                    "deposed": [],
                    "provider": ""
                },
                "github_issue_label.docs-label.0": {
                    "type": "github_issue_label",
                    "depends_on": [],
                    "primary": {
                        "id": "alelobot:docs",
                        "attributes": {
                            "color": "5319e7",
                            "id": "alelobot:docs",
                            "name": "docs",
                            "repository": "alelobot",
                            "url": "https://api.github.com/repos/caarlos0/alelobot/labels/docs"
                        },
                        "meta": {},
                        "tainted": false
                    },
                    "deposed": [],
                    "provider": ""
                },
                "github_issue_label.docs-label.1": {
                    "type": "github_issue_label",
                    "depends_on": [],
                    "primary": {
                        "id": "alelogo:docs",
                        "attributes": {
                            "color": "5319e7",
                            "id": "alelogo:docs",
                            "name": "docs",
                            "repository": "alelogo",
                            "url": "https://api.github.com/repos/caarlos0/alelogo/labels/docs"
                        },
                        "meta": {},
                        "tainted": false
                    },
                    "deposed": [],
                    "provider": ""
                },
                "github_issue_label.docs-label.10": {
                    "type": "github_issue_label",
                    "depends_on": [],
                    "primary": {
                        "id": "git-gc:docs",
                        "attributes": {
                            "color": "5319e7",
                            "id": "git-gc:docs",
                            "name": "docs",
                            "repository": "git-gc",
                            "url": "https://api.github.com/repos/caarlos0/git-gc/labels/docs"
                        },
                        "meta": {},
                        "tainted": false
                    },
                    "deposed": [],
                    "provider": ""
                },
                "github_issue_label.docs-label.11": {
                    "type": "github_issue_label",
                    "depends_on": [],
                    "primary": {
                        "id": "github:docs",
                        "attributes": {
                            "color": "5319e7",
                            "id": "github:docs",
                            "name": "docs",
                            "repository": "github",
                            "url": "https://api.github.com/repos/caarlos0/github/labels/docs"
                        },
                        "meta": {},
                        "tainted": false
                    },
                    "deposed": [],
                    "provider": ""
                },
                "github_issue_label.docs-label.12": {
                    "type": "github_issue_label",
                    "depends_on": [],
                    "primary": {
                        "id": "github-buildkite-wire:docs",
                        "attributes": {
                            "color": "5319e7",
                            "id": "github-buildkite-wire:docs",
                            "name": "docs",
                            "repository": "github-buildkite-wire",
                            "url": "https://api.github.com/repos/caarlos0/github-buildkite-wire/labels/docs"
                        },
                        "meta": {},
                        "tainted": false
                    },
                    "deposed": [],
                    "provider": ""
                },
                "github_issue_label.docs-label.13": {
                    "type": "github_issue_label",
                    "depends_on": [],
                    "primary": {
                        "id": "github-vacations:docs",
                        "attributes": {
                            "color": "5319e7",
                            "id": "github-vacations:docs",
                            "name": "docs",
                            "repository": "github-vacations",
                            "url": "https://api.github.com/repos/caarlos0/github-vacations/labels/docs"
                        },
                        "meta": {},
                        "tainted": false
                    },
                    "deposed": [],
                    "provider": ""
                },
                "github_issue_label.docs-label.14": {
                    "type": "github_issue_label",
                    "depends_on": [],
                    "primary": {
                        "id": "go-victorops:docs",
                        "attributes": {
                            "color": "5319e7",
                            "id": "go-victorops:docs",
                            "name": "docs",
                            "repository": "go-victorops",
                            "url": "https://api.github.com/repos/caarlos0/go-victorops/labels/docs"
                        },
                        "meta": {},
                        "tainted": false
                    },
                    "deposed": [],
                    "provider": ""
                },
                "github_issue_label.docs-label.15": {
                    "type": "github_issue_label",
                    "depends_on": [],
                    "primary": {
                        "id": "go-web-api-example:docs",
                        "attributes": {
                            "color": "5319e7",
                            "id": "go-web-api-example:docs",
                            "name": "docs",
                            "repository": "go-web-api-example",
                            "url": "https://api.github.com/repos/caarlos0/go-web-api-example/labels/docs"
                        },
                        "meta": {},
                        "tainted": false
                    },
                    "deposed": [],
                    "provider": ""
                },
                "github_issue_label.docs-label.16": {
                    "type": "github_issue_label",
                    "depends_on": [],
                    "primary": {
                        "id": "gohome:docs",
                        "attributes": {
                            "color": "5319e7",
                            "id": "gohome:docs",
                            "name": "docs",
                            "repository": "gohome",
                            "url": "https://api.github.com/repos/caarlos0/gohome/labels/docs"
                        },
                        "meta": {},
                        "tainted": false
                    },
                    "deposed": [],
                    "provider": ""
                },
                "github_issue_label.docs-label.17": {
                    "type": "github_issue_label",
                    "depends_on": [],
                    "primary": {
                        "id": "gravekeeper:docs",
                        "attributes": {
                            "color": "5319e7",
                            "id": "gravekeeper:docs",
                            "name": "docs",
                            "repository": "gravekeeper",
                            "url": "https://api.github.com/repos/caarlos0/gravekeeper/labels/docs"
                        },
                        "meta": {},
                        "tainted": false
                    },
                    "deposed": [],
                    "provider": ""
                },
                "github_issue_label.docs-label.18": {
                    "type": "github_issue_label",
                    "depends_on": [],
                    "primary": {
                        "id": "homebrew-tap:docs",
                        "attributes": {
                            "color": "5319e7",
                            "id": "homebrew-tap:docs",
                            "name": "docs",
                            "repository": "homebrew-tap",
                            "url": "https://api.github.com/repos/caarlos0/homebrew-tap/labels/docs"
                        },
                        "meta": {},
                        "tainted": false
                    },
                    "deposed": [],
                    "provider": ""
                },
                "github_issue_label.docs-label.19": {
                    "type": "github_issue_label",
                    "depends_on": [],
                    "primary": {
                        "id": "is-shit:docs",
                        "attributes": {
                            "color": "5319e7",
                            "id": "is-shit:docs",
                            "name": "docs",
                            "repository": "is-shit",
                            "url": "https://api.github.com/repos/caarlos0/is-shit/labels/docs"
                        },
                        "meta": {},
                        "tainted": false
                    },
                    "deposed": [],
                    "provider": ""
                },
                "github_issue_label.docs-label.2": {
                    "type": "github_issue_label",
                    "depends_on": [],
                    "primary": {
                        "id": "am-i-working:docs",
                        "attributes": {
                            "color": "5319e7",
                            "id": "am-i-working:docs",
                            "name": "docs",
                            "repository": "am-i-working",
                            "url": "https://api.github.com/repos/caarlos0/am-i-working/labels/docs"
                        },
                        "meta": {},
                        "tainted": false
                    },
                    "deposed": [],
                    "provider": ""
                },
                "github_issue_label.docs-label.20": {
                    "type": "github_issue_label",
                    "depends_on": [],
                    "primary": {
                        "id": "jvm:docs",
                        "attributes": {
                            "color": "5319e7",
                            "id": "jvm:docs",
                            "name": "docs",
                            "repository": "jvm",
                            "url": "https://api.github.com/repos/caarlos0/jvm/labels/docs"
                        },
                        "meta": {},
                        "tainted": false
                    },
                    "deposed": [],
                    "provider": ""
                },
                "github_issue_label.docs-label.21": {
                    "type": "github_issue_label",
                    "depends_on": [],
                    "primary": {
                        "id": "karmahub:docs",
                        "attributes": {
                            "color": "5319e7",
                            "id": "karmahub:docs",
                            "name": "docs",
                            "repository": "karmahub",
                            "url": "https://api.github.com/repos/caarlos0/karmahub/labels/docs"
                        },
                        "meta": {},
                        "tainted": false
                    },
                    "deposed": [],
                    "provider": ""
                },
                "github_issue_label.docs-label.22": {
                    "type": "github_issue_label",
                    "depends_on": [],
                    "primary": {
                        "id": "Layr:docs",
                        "attributes": {
                            "color": "5319e7",
                            "id": "Layr:docs",
                            "name": "docs",
                            "repository": "Layr",
                            "url": "https://api.github.com/repos/caarlos0/Layr/labels/docs"
                        },
                        "meta": {},
                        "tainted": false
                    },
                    "deposed": [],
                    "provider": ""
                },
                "github_issue_label.docs-label.23": {
                    "type": "github_issue_label",
                    "depends_on": [],
                    "primary": {
                        "id": "machine:docs",
                        "attributes": {
                            "color": "5319e7",
                            "id": "machine:docs",
                            "name": "docs",
                            "repository": "machine",
                            "url": "https://api.github.com/repos/caarlos0/machine/labels/docs"
                        },
                        "meta": {},
                        "tainted": false
                    },
                    "deposed": [],
                    "provider": ""
                },
                "github_issue_label.docs-label.24": {
                    "type": "github_issue_label",
                    "depends_on": [],
                    "primary": {
                        "id": "macOS:docs",
                        "attributes": {
                            "color": "5319e7",
                            "id": "macOS:docs",
                            "name": "docs",
                            "repository": "macOS",
                            "url": "https://api.github.com/repos/caarlos0/macOS/labels/docs"
                        },
                        "meta": {},
                        "tainted": false
                    },
                    "deposed": [],
                    "provider": ""
                },
                "github_issue_label.docs-label.25": {
                    "type": "github_issue_label",
                    "depends_on": [],
                    "primary": {
                        "id": "org-stats:docs",
                        "attributes": {
                            "color": "5319e7",
                            "id": "org-stats:docs",
                            "name": "docs",
                            "repository": "org-stats",
                            "url": "https://api.github.com/repos/caarlos0/org-stats/labels/docs"
                        },
                        "meta": {},
                        "tainted": false
                    },
                    "deposed": [],
                    "provider": ""
                },
                "github_issue_label.docs-label.26": {
                    "type": "github_issue_label",
                    "depends_on": [],
                    "primary": {
                        "id": "ports:docs",
                        "attributes": {
                            "color": "5319e7",
                            "id": "ports:docs",
                            "name": "docs",
                            "repository": "ports",
                            "url": "https://api.github.com/repos/caarlos0/ports/labels/docs"
                        },
                        "meta": {},
                        "tainted": false
                    },
                    "deposed": [],
                    "provider": ""
                },
                "github_issue_label.docs-label.27": {
                    "type": "github_issue_label",
                    "depends_on": [],
                    "primary": {
                        "id": "promfmt:docs",
                        "attributes": {
                            "color": "5319e7",
                            "id": "promfmt:docs",
                            "name": "docs",
                            "repository": "promfmt",
                            "url": "https://api.github.com/repos/caarlos0/promfmt/labels/docs"
                        },
                        "meta": {},
                        "tainted": false
                    },
                    "deposed": [],
                    "provider": ""
                },
                "github_issue_label.docs-label.28": {
                    "type": "github_issue_label",
                    "depends_on": [],
                    "primary": {
                        "id": "route53-cleaner:docs",
                        "attributes": {
                            "color": "5319e7",
                            "id": "route53-cleaner:docs",
                            "name": "docs",
                            "repository": "route53-cleaner",
                            "url": "https://api.github.com/repos/caarlos0/route53-cleaner/labels/docs"
                        },
                        "meta": {},
                        "tainted": false
                    },
                    "deposed": [],
                    "provider": ""
                },
                "github_issue_label.docs-label.29": {
                    "type": "github_issue_label",
                    "depends_on": [],
                    "primary": {
                        "id": "shcheck:docs",
                        "attributes": {
                            "color": "5319e7",
                            "id": "shcheck:docs",
                            "name": "docs",
                            "repository": "shcheck",
                            "url": "https://api.github.com/repos/caarlos0/shcheck/labels/docs"
                        },
                        "meta": {},
                        "tainted": false
                    },
                    "deposed": [],
                    "provider": ""
                },
                "github_issue_label.docs-label.3": {
                    "type": "github_issue_label",
                    "depends_on": [],
                    "primary": {
                        "id": "caarlos0.github.com:docs",
                        "attributes": {
                            "color": "5319e7",
                            "id": "caarlos0.github.com:docs",
                            "name": "docs",
                            "repository": "caarlos0.github.com",
                            "url": "https://api.github.com/repos/caarlos0/caarlos0.github.com/labels/docs"
                        },
                        "meta": {},
                        "tainted": false
                    },
                    "deposed": [],
                    "provider": ""
                },
                "github_issue_label.docs-label.30": {
                    "type": "github_issue_label",
                    "depends_on": [],
                    "primary": {
                        "id": "shell-ci-build:docs",
                        "attributes": {
                            "color": "5319e7",
                            "id": "shell-ci-build:docs",
                            "name": "docs",
                            "repository": "shell-ci-build",
                            "url": "https://api.github.com/repos/caarlos0/shell-ci-build/labels/docs"
                        },
                        "meta": {},
                        "tainted": false
                    },
                    "deposed": [],
                    "provider": ""
                },
                "github_issue_label.docs-label.31": {
                    "type": "github_issue_label",
                    "depends_on": [],
                    "primary": {
                        "id": "shellcheck-docker:docs",
                        "attributes": {
                            "color": "5319e7",
                            "id": "shellcheck-docker:docs",
                            "name": "docs",
                            "repository": "shellcheck-docker",
                            "url": "https://api.github.com/repos/caarlos0/shellcheck-docker/labels/docs"
                        },
                        "meta": {},
                        "tainted": false
                    },
                    "deposed": [],
                    "provider": ""
                },
                "github_issue_label.docs-label.32": {
                    "type": "github_issue_label",
                    "depends_on": [],
                    "primary": {
                        "id": "spin:docs",
                        "attributes": {
                            "color": "5319e7",
                            "id": "spin:docs",
                            "name": "docs",
                            "repository": "spin",
                            "url": "https://api.github.com/repos/caarlos0/spin/labels/docs"
                        },
                        "meta": {},
                        "tainted": false
                    },
                    "deposed": [],
                    "provider": ""
                },
                "github_issue_label.docs-label.33": {
                    "type": "github_issue_label",
                    "depends_on": [],
                    "primary": {
                        "id": "starcharts:docs",
                        "attributes": {
                            "color": "5319e7",
                            "id": "starcharts:docs",
                            "name": "docs",
                            "repository": "starcharts",
                            "url": "https://api.github.com/repos/caarlos0/starcharts/labels/docs"
                        },
                        "meta": {},
                        "tainted": false
                    },
                    "deposed": [],
                    "provider": ""
                },
                "github_issue_label.docs-label.34": {
                    "type": "github_issue_label",
                    "depends_on": [],
                    "primary": {
                        "id": "test:docs",
                        "attributes": {
                            "color": "5319e7",
                            "id": "test:docs",
                            "name": "docs",
                            "repository": "test",
                            "url": "https://api.github.com/repos/caarlos0/test/labels/docs"
                        },
                        "meta": {},
                        "tainted": false
                    },
                    "deposed": [],
                    "provider": ""
                },
                "github_issue_label.docs-label.35": {
                    "type": "github_issue_label",
                    "depends_on": [],
                    "primary": {
                        "id": "twatcher:docs",
                        "attributes": {
                            "color": "5319e7",
                            "id": "twatcher:docs",
                            "name": "docs",
                            "repository": "twatcher",
                            "url": "https://api.github.com/repos/caarlos0/twatcher/labels/docs"
                        },
                        "meta": {},
                        "tainted": false
                    },
                    "deposed": [],
                    "provider": ""
                },
                "github_issue_label.docs-label.36": {
                    "type": "github_issue_label",
                    "depends_on": [],
                    "primary": {
                        "id": "victorops-notifier:docs",
                        "attributes": {
                            "color": "5319e7",
                            "id": "victorops-notifier:docs",
                            "name": "docs",
                            "repository": "victorops-notifier",
                            "url": "https://api.github.com/repos/caarlos0/victorops-notifier/labels/docs"
                        },
                        "meta": {},
                        "tainted": false
                    },
                    "deposed": [],
                    "provider": ""
                },
                "github_issue_label.docs-label.37": {
                    "type": "github_issue_label",
                    "depends_on": [],
                    "primary": {
                        "id": "vimfiles:docs",
                        "attributes": {
                            "color": "5319e7",
                            "id": "vimfiles:docs",
                            "name": "docs",
                            "repository": "vimfiles",
                            "url": "https://api.github.com/repos/caarlos0/vimfiles/labels/docs"
                        },
                        "meta": {},
                        "tainted": false
                    },
                    "deposed": [],
                    "provider": ""
                },
                "github_issue_label.docs-label.38": {
                    "type": "github_issue_label",
                    "depends_on": [],
                    "primary": {
                        "id": "watchub:docs",
                        "attributes": {
                            "color": "5319e7",
                            "id": "watchub:docs",
                            "name": "docs",
                            "repository": "watchub",
                            "url": "https://api.github.com/repos/caarlos0/watchub/labels/docs"
                        },
                        "meta": {},
                        "tainted": false
                    },
                    "deposed": [],
                    "provider": ""
                },
                "github_issue_label.docs-label.39": {
                    "type": "github_issue_label",
                    "depends_on": [],
                    "primary": {
                        "id": "weavenet-rmpeers:docs",
                        "attributes": {
                            "color": "5319e7",
                            "id": "weavenet-rmpeers:docs",
                            "name": "docs",
                            "repository": "weavenet-rmpeers",
                            "url": "https://api.github.com/repos/caarlos0/weavenet-rmpeers/labels/docs"
                        },
                        "meta": {},
                        "tainted": false
                    },
                    "deposed": [],
                    "provider": ""
                },
                "github_issue_label.docs-label.4": {
                    "type": "github_issue_label",
                    "depends_on": [],
                    "primary": {
                        "id": "clone-org:docs",
                        "attributes": {
                            "color": "5319e7",
                            "id": "clone-org:docs",
                            "name": "docs",
                            "repository": "clone-org",
                            "url": "https://api.github.com/repos/caarlos0/clone-org/labels/docs"
                        },
                        "meta": {},
                        "tainted": false
                    },
                    "deposed": [],
                    "provider": ""
                },
                "github_issue_label.docs-label.40": {
                    "type": "github_issue_label",
                    "depends_on": [],
                    "primary": {
                        "id": "zsh-git-fetch-merge:docs",
                        "attributes": {
                            "color": "5319e7",
                            "id": "zsh-git-fetch-merge:docs",
                            "name": "docs",
                            "repository": "zsh-git-fetch-merge",
                            "url": "https://api.github.com/repos/caarlos0/zsh-git-fetch-merge/labels/docs"
                        },
                        "meta": {},
                        "tainted": false
                    },
                    "deposed": [],
                    "provider": ""
                },
                "github_issue_label.docs-label.41": {
                    "type": "github_issue_label",
                    "depends_on": [],
                    "primary": {
                        "id": "zsh-git-sync:docs",
                        "attributes": {
                            "color": "5319e7",
                            "id": "zsh-git-sync:docs",
                            "name": "docs",
                            "repository": "zsh-git-sync",
                            "url": "https://api.github.com/repos/caarlos0/zsh-git-sync/labels/docs"
                        },
                        "meta": {},
                        "tainted": false
                    },
                    "deposed": [],
                    "provider": ""
                },
                "github_issue_label.docs-label.42": {
                    "type": "github_issue_label",
                    "depends_on": [],
                    "primary": {
                        "id": "zsh-mkc:docs",
                        "attributes": {
                            "color": "5319e7",
                            "id": "zsh-mkc:docs",
                            "name": "docs",
                            "repository": "zsh-mkc",
                            "url": "https://api.github.com/repos/caarlos0/zsh-mkc/labels/docs"
                        },
                        "meta": {},
                        "tainted": false
                    },
                    "deposed": [],
                    "provider": ""
                },
                "github_issue_label.docs-label.43": {
                    "type": "github_issue_label",
                    "depends_on": [],
                    "primary": {
                        "id": "zsh-open-pr:docs",
                        "attributes": {
                            "color": "5319e7",
                            "id": "zsh-open-pr:docs",
                            "name": "docs",
                            "repository": "zsh-open-pr",
                            "url": "https://api.github.com/repos/caarlos0/zsh-open-pr/labels/docs"
                        },
                        "meta": {},
                        "tainted": false
                    },
                    "deposed": [],
                    "provider": ""
                },
                "github_issue_label.docs-label.5": {
                    "type": "github_issue_label",
                    "depends_on": [],
                    "primary": {
                        "id": "dotfiles:docs",
                        "attributes": {
                            "color": "5319e7",
                            "id": "dotfiles:docs",
                            "name": "docs",
                            "repository": "dotfiles",
                            "url": "https://api.github.com/repos/caarlos0/dotfiles/labels/docs"
                        },
                        "meta": {},
                        "tainted": false
                    },
                    "deposed": [],
                    "provider": ""
                },
                "github_issue_label.docs-label.6": {
                    "type": "github_issue_label",
                    "depends_on": [],
                    "primary": {
                        "id": "env:docs",
                        "attributes": {
                            "color": "5319e7",
                            "id": "env:docs",
                            "name": "docs",
                            "repository": "env",
                            "url": "https://api.github.com/repos/caarlos0/env/labels/docs"
                        },
                        "meta": {},
                        "tainted": false
                    },
                    "deposed": [],
                    "provider": ""
                },
                "github_issue_label.docs-label.7": {
                    "type": "github_issue_label",
                    "depends_on": [],
                    "primary": {
                        "id": "example:docs",
                        "attributes": {
                            "color": "5319e7",
                            "id": "example:docs",
                            "name": "docs",
                            "repository": "example",
                            "url": "https://api.github.com/repos/caarlos0/example/labels/docs"
                        },
                        "meta": {},
                        "tainted": false
                    },
                    "deposed": [],
                    "provider": ""
                },
                "github_issue_label.docs-label.8": {
                    "type": "github_issue_label",
                    "depends_on": [],
                    "primary": {
                        "id": "fork-cleaner:docs",
                        "attributes": {
                            "color": "5319e7",
                            "id": "fork-cleaner:docs",
                            "name": "docs",
                            "repository": "fork-cleaner",
                            "url": "https://api.github.com/repos/caarlos0/fork-cleaner/labels/docs"
                        },
                        "meta": {},
                        "tainted": false
                    },
                    "deposed": [],
                    "provider": ""
                },
                "github_issue_label.docs-label.9": {
                    "type": "github_issue_label",
                    "depends_on": [],
                    "primary": {
                        "id": "git-add-remote:docs",
                        "attributes": {
                            "color": "5319e7",
                            "id": "git-add-remote:docs",
                            "name": "docs",
                            "repository": "git-add-remote",
                            "url": "https://api.github.com/repos/caarlos0/git-add-remote/labels/docs"
                        },
                        "meta": {},
                        "tainted": false
                    },
                    "deposed": [],
                    "provider": ""
                },
                "github_issue_label.duplicate-label.0": {
                    "type": "github_issue_label",
                    "depends_on": [],
                    "primary": {
                        "id": "alelobot:duplicate",
                        "attributes": {
                            "color": "cccccc",
                            "id": "alelobot:duplicate",
                            "name": "duplicate",
                            "repository": "alelobot",
                            "url": "https://api.github.com/repos/caarlos0/alelobot/labels/duplicate"
                        },
                        "meta": {},
                        "tainted": false
                    },
                    "deposed": [],
                    "provider": ""
                },
                "github_issue_label.duplicate-label.1": {
                    "type": "github_issue_label",
                    "depends_on": [],
                    "primary": {
                        "id": "alelogo:duplicate",
                        "attributes": {
                            "color": "cccccc",
                            "id": "alelogo:duplicate",
                            "name": "duplicate",
                            "repository": "alelogo",
                            "url": "https://api.github.com/repos/caarlos0/alelogo/labels/duplicate"
                        },
                        "meta": {},
                        "tainted": false
                    },
                    "deposed": [],
                    "provider": ""
                },
                "github_issue_label.duplicate-label.10": {
                    "type": "github_issue_label",
                    "depends_on": [],
                    "primary": {
                        "id": "git-gc:duplicate",
                        "attributes": {
                            "color": "cccccc",
                            "id": "git-gc:duplicate",
                            "name": "duplicate",
                            "repository": "git-gc",
                            "url": "https://api.github.com/repos/caarlos0/git-gc/labels/duplicate"
                        },
                        "meta": {},
                        "tainted": false
                    },
                    "deposed": [],
                    "provider": ""
                },
                "github_issue_label.duplicate-label.11": {
                    "type": "github_issue_label",
                    "depends_on": [],
                    "primary": {
                        "id": "github:duplicate",
                        "attributes": {
                            "color": "cccccc",
                            "id": "github:duplicate",
                            "name": "duplicate",
                            "repository": "github",
                            "url": "https://api.github.com/repos/caarlos0/github/labels/duplicate"
                        },
                        "meta": {},
                        "tainted": false
                    },
                    "deposed": [],
                    "provider": ""
                },
                "github_issue_label.duplicate-label.12": {
                    "type": "github_issue_label",
                    "depends_on": [],
                    "primary": {
                        "id": "github-buildkite-wire:duplicate",
                        "attributes": {
                            "color": "cccccc",
                            "id": "github-buildkite-wire:duplicate",
                            "name": "duplicate",
                            "repository": "github-buildkite-wire",
                            "url": "https://api.github.com/repos/caarlos0/github-buildkite-wire/labels/duplicate"
                        },
                        "meta": {},
                        "tainted": false
                    },
                    "deposed": [],
                    "provider": ""
                },
                "github_issue_label.duplicate-label.13": {
                    "type": "github_issue_label",
                    "depends_on": [],
                    "primary": {
                        "id": "github-vacations:duplicate",
                        "attributes": {
                            "color": "cccccc",
                            "id": "github-vacations:duplicate",
                            "name": "duplicate",
                            "repository": "github-vacations",
                            "url": "https://api.github.com/repos/caarlos0/github-vacations/labels/duplicate"
                        },
                        "meta": {},
                        "tainted": false
                    },
                    "deposed": [],
                    "provider": ""
                },
                "github_issue_label.duplicate-label.14": {
                    "type": "github_issue_label",
                    "depends_on": [],
                    "primary": {
                        "id": "go-victorops:duplicate",
                        "attributes": {
                            "color": "cccccc",
                            "id": "go-victorops:duplicate",
                            "name": "duplicate",
                            "repository": "go-victorops",
                            "url": "https://api.github.com/repos/caarlos0/go-victorops/labels/duplicate"
                        },
                        "meta": {},
                        "tainted": false
                    },
                    "deposed": [],
                    "provider": ""
                },
                "github_issue_label.duplicate-label.15": {
                    "type": "github_issue_label",
                    "depends_on": [],
                    "primary": {
                        "id": "go-web-api-example:duplicate",
                        "attributes": {
                            "color": "cccccc",
                            "id": "go-web-api-example:duplicate",
                            "name": "duplicate",
                            "repository": "go-web-api-example",
                            "url": "https://api.github.com/repos/caarlos0/go-web-api-example/labels/duplicate"
                        },
                        "meta": {},
                        "tainted": false
                    },
                    "deposed": [],
                    "provider": ""
                },
                "github_issue_label.duplicate-label.16": {
                    "type": "github_issue_label",
                    "depends_on": [],
                    "primary": {
                        "id": "gohome:duplicate",
                        "attributes": {
                            "color": "cccccc",
                            "id": "gohome:duplicate",
                            "name": "duplicate",
                            "repository": "gohome",
                            "url": "https://api.github.com/repos/caarlos0/gohome/labels/duplicate"
                        },
                        "meta": {},
                        "tainted": false
                    },
                    "deposed": [],
                    "provider": ""
                },
                "github_issue_label.duplicate-label.17": {
                    "type": "github_issue_label",
                    "depends_on": [],
                    "primary": {
                        "id": "gravekeeper:duplicate",
                        "attributes": {
                            "color": "cccccc",
                            "id": "gravekeeper:duplicate",
                            "name": "duplicate",
                            "repository": "gravekeeper",
                            "url": "https://api.github.com/repos/caarlos0/gravekeeper/labels/duplicate"
                        },
                        "meta": {},
                        "tainted": false
                    },
                    "deposed": [],
                    "provider": ""
                },
                "github_issue_label.duplicate-label.18": {
                    "type": "github_issue_label",
                    "depends_on": [],
                    "primary": {
                        "id": "homebrew-tap:duplicate",
                        "attributes": {
                            "color": "cccccc",
                            "id": "homebrew-tap:duplicate",
                            "name": "duplicate",
                            "repository": "homebrew-tap",
                            "url": "https://api.github.com/repos/caarlos0/homebrew-tap/labels/duplicate"
                        },
                        "meta": {},
                        "tainted": false
                    },
                    "deposed": [],
                    "provider": ""
                },
                "github_issue_label.duplicate-label.19": {
                    "type": "github_issue_label",
                    "depends_on": [],
                    "primary": {
                        "id": "is-shit:duplicate",
                        "attributes": {
                            "color": "cccccc",
                            "id": "is-shit:duplicate",
                            "name": "duplicate",
                            "repository": "is-shit",
                            "url": "https://api.github.com/repos/caarlos0/is-shit/labels/duplicate"
                        },
                        "meta": {},
                        "tainted": false
                    },
                    "deposed": [],
                    "provider": ""
                },
                "github_issue_label.duplicate-label.2": {
                    "type": "github_issue_label",
                    "depends_on": [],
                    "primary": {
                        "id": "am-i-working:duplicate",
                        "attributes": {
                            "color": "cccccc",
                            "id": "am-i-working:duplicate",
                            "name": "duplicate",
                            "repository": "am-i-working",
                            "url": "https://api.github.com/repos/caarlos0/am-i-working/labels/duplicate"
                        },
                        "meta": {},
                        "tainted": false
                    },
                    "deposed": [],
                    "provider": ""
                },
                "github_issue_label.duplicate-label.20": {
                    "type": "github_issue_label",
                    "depends_on": [],
                    "primary": {
                        "id": "jvm:duplicate",
                        "attributes": {
                            "color": "cccccc",
                            "id": "jvm:duplicate",
                            "name": "duplicate",
                            "repository": "jvm",
                            "url": "https://api.github.com/repos/caarlos0/jvm/labels/duplicate"
                        },
                        "meta": {},
                        "tainted": false
                    },
                    "deposed": [],
                    "provider": ""
                },
                "github_issue_label.duplicate-label.21": {
                    "type": "github_issue_label",
                    "depends_on": [],
                    "primary": {
                        "id": "karmahub:duplicate",
                        "attributes": {
                            "color": "cccccc",
                            "id": "karmahub:duplicate",
                            "name": "duplicate",
                            "repository": "karmahub",
                            "url": "https://api.github.com/repos/caarlos0/karmahub/labels/duplicate"
                        },
                        "meta": {},
                        "tainted": false
                    },
                    "deposed": [],
                    "provider": ""
                },
                "github_issue_label.duplicate-label.22": {
                    "type": "github_issue_label",
                    "depends_on": [],
                    "primary": {
                        "id": "Layr:duplicate",
                        "attributes": {
                            "color": "cccccc",
                            "id": "Layr:duplicate",
                            "name": "duplicate",
                            "repository": "Layr",
                            "url": "https://api.github.com/repos/caarlos0/Layr/labels/duplicate"
                        },
                        "meta": {},
                        "tainted": false
                    },
                    "deposed": [],
                    "provider": ""
                },
                "github_issue_label.duplicate-label.23": {
                    "type": "github_issue_label",
                    "depends_on": [],
                    "primary": {
                        "id": "machine:duplicate",
                        "attributes": {
                            "color": "cccccc",
                            "id": "machine:duplicate",
                            "name": "duplicate",
                            "repository": "machine",
                            "url": "https://api.github.com/repos/caarlos0/machine/labels/duplicate"
                        },
                        "meta": {},
                        "tainted": false
                    },
                    "deposed": [],
                    "provider": ""
                },
                "github_issue_label.duplicate-label.24": {
                    "type": "github_issue_label",
                    "depends_on": [],
                    "primary": {
                        "id": "macOS:duplicate",
                        "attributes": {
                            "color": "cccccc",
                            "id": "macOS:duplicate",
                            "name": "duplicate",
                            "repository": "macOS",
                            "url": "https://api.github.com/repos/caarlos0/macOS/labels/duplicate"
                        },
                        "meta": {},
                        "tainted": false
                    },
                    "deposed": [],
                    "provider": ""
                },
                "github_issue_label.duplicate-label.25": {
                    "type": "github_issue_label",
                    "depends_on": [],
                    "primary": {
                        "id": "org-stats:duplicate",
                        "attributes": {
                            "color": "cccccc",
                            "id": "org-stats:duplicate",
                            "name": "duplicate",
                            "repository": "org-stats",
                            "url": "https://api.github.com/repos/caarlos0/org-stats/labels/duplicate"
                        },
                        "meta": {},
                        "tainted": false
                    },
                    "deposed": [],
                    "provider": ""
                },
                "github_issue_label.duplicate-label.26": {
                    "type": "github_issue_label",
                    "depends_on": [],
                    "primary": {
                        "id": "ports:duplicate",
                        "attributes": {
                            "color": "cccccc",
                            "id": "ports:duplicate",
                            "name": "duplicate",
                            "repository": "ports",
                            "url": "https://api.github.com/repos/caarlos0/ports/labels/duplicate"
                        },
                        "meta": {},
                        "tainted": false
                    },
                    "deposed": [],
                    "provider": ""
                },
                "github_issue_label.duplicate-label.27": {
                    "type": "github_issue_label",
                    "depends_on": [],
                    "primary": {
                        "id": "promfmt:duplicate",
                        "attributes": {
                            "color": "cccccc",
                            "id": "promfmt:duplicate",
                            "name": "duplicate",
                            "repository": "promfmt",
                            "url": "https://api.github.com/repos/caarlos0/promfmt/labels/duplicate"
                        },
                        "meta": {},
                        "tainted": false
                    },
                    "deposed": [],
                    "provider": ""
                },
                "github_issue_label.duplicate-label.28": {
                    "type": "github_issue_label",
                    "depends_on": [],
                    "primary": {
                        "id": "route53-cleaner:duplicate",
                        "attributes": {
                            "color": "cccccc",
                            "id": "route53-cleaner:duplicate",
                            "name": "duplicate",
                            "repository": "route53-cleaner",
                            "url": "https://api.github.com/repos/caarlos0/route53-cleaner/labels/duplicate"
                        },
                        "meta": {},
                        "tainted": false
                    },
                    "deposed": [],
                    "provider": ""
                },
                "github_issue_label.duplicate-label.29": {
                    "type": "github_issue_label",
                    "depends_on": [],
                    "primary": {
                        "id": "shcheck:duplicate",
                        "attributes": {
                            "color": "cccccc",
                            "id": "shcheck:duplicate",
                            "name": "duplicate",
                            "repository": "shcheck",
                            "url": "https://api.github.com/repos/caarlos0/shcheck/labels/duplicate"
                        },
                        "meta": {},
                        "tainted": false
                    },
                    "deposed": [],
                    "provider": ""
                },
                "github_issue_label.duplicate-label.3": {
                    "type": "github_issue_label",
                    "depends_on": [],
                    "primary": {
                        "id": "caarlos0.github.com:duplicate",
                        "attributes": {
                            "color": "cccccc",
                            "id": "caarlos0.github.com:duplicate",
                            "name": "duplicate",
                            "repository": "caarlos0.github.com",
                            "url": "https://api.github.com/repos/caarlos0/caarlos0.github.com/labels/duplicate"
                        },
                        "meta": {},
                        "tainted": false
                    },
                    "deposed": [],
                    "provider": ""
                },
                "github_issue_label.duplicate-label.30": {
                    "type": "github_issue_label",
                    "depends_on": [],
                    "primary": {
                        "id": "shell-ci-build:duplicate",
                        "attributes": {
                            "color": "cccccc",
                            "id": "shell-ci-build:duplicate",
                            "name": "duplicate",
                            "repository": "shell-ci-build",
                            "url": "https://api.github.com/repos/caarlos0/shell-ci-build/labels/duplicate"
                        },
                        "meta": {},
                        "tainted": false
                    },
                    "deposed": [],
                    "provider": ""
                },
                "github_issue_label.duplicate-label.31": {
                    "type": "github_issue_label",
                    "depends_on": [],
                    "primary": {
                        "id": "shellcheck-docker:duplicate",
                        "attributes": {
                            "color": "cccccc",
                            "id": "shellcheck-docker:duplicate",
                            "name": "duplicate",
                            "repository": "shellcheck-docker",
                            "url": "https://api.github.com/repos/caarlos0/shellcheck-docker/labels/duplicate"
                        },
                        "meta": {},
                        "tainted": false
                    },
                    "deposed": [],
                    "provider": ""
                },
                "github_issue_label.duplicate-label.32": {
                    "type": "github_issue_label",
                    "depends_on": [],
                    "primary": {
                        "id": "spin:duplicate",
                        "attributes": {
                            "color": "cccccc",
                            "id": "spin:duplicate",
                            "name": "duplicate",
                            "repository": "spin",
                            "url": "https://api.github.com/repos/caarlos0/spin/labels/duplicate"
                        },
                        "meta": {},
                        "tainted": false
                    },
                    "deposed": [],
                    "provider": ""
                },
                "github_issue_label.duplicate-label.33": {
                    "type": "github_issue_label",
                    "depends_on": [],
                    "primary": {
                        "id": "starcharts:duplicate",
                        "attributes": {
                            "color": "cccccc",
                            "id": "starcharts:duplicate",
                            "name": "duplicate",
                            "repository": "starcharts",
                            "url": "https://api.github.com/repos/caarlos0/starcharts/labels/duplicate"
                        },
                        "meta": {},
                        "tainted": false
                    },
                    "deposed": [],
                    "provider": ""
                },
                "github_issue_label.duplicate-label.34": {
                    "type": "github_issue_label",
                    "depends_on": [],
                    "primary": {
                        "id": "test:duplicate",
                        "attributes": {
                            "color": "cccccc",
                            "id": "test:duplicate",
                            "name": "duplicate",
                            "repository": "test",
                            "url": "https://api.github.com/repos/caarlos0/test/labels/duplicate"
                        },
                        "meta": {},
                        "tainted": false
                    },
                    "deposed": [],
                    "provider": ""
                },
                "github_issue_label.duplicate-label.35": {
                    "type": "github_issue_label",
                    "depends_on": [],
                    "primary": {
                        "id": "twatcher:duplicate",
                        "attributes": {
                            "color": "cccccc",
                            "id": "twatcher:duplicate",
                            "name": "duplicate",
                            "repository": "twatcher",
                            "url": "https://api.github.com/repos/caarlos0/twatcher/labels/duplicate"
                        },
                        "meta": {},
                        "tainted": false
                    },
                    "deposed": [],
                    "provider": ""
                },
                "github_issue_label.duplicate-label.36": {
                    "type": "github_issue_label",
                    "depends_on": [],
                    "primary": {
                        "id": "victorops-notifier:duplicate",
                        "attributes": {
                            "color": "cccccc",
                            "id": "victorops-notifier:duplicate",
                            "name": "duplicate",
                            "repository": "victorops-notifier",
                            "url": "https://api.github.com/repos/caarlos0/victorops-notifier/labels/duplicate"
                        },
                        "meta": {},
                        "tainted": false
                    },
                    "deposed": [],
                    "provider": ""
                },
                "github_issue_label.duplicate-label.37": {
                    "type": "github_issue_label",
                    "depends_on": [],
                    "primary": {
                        "id": "vimfiles:duplicate",
                        "attributes": {
                            "color": "cccccc",
                            "id": "vimfiles:duplicate",
                            "name": "duplicate",
                            "repository": "vimfiles",
                            "url": "https://api.github.com/repos/caarlos0/vimfiles/labels/duplicate"
                        },
                        "meta": {},
                        "tainted": false
                    },
                    "deposed": [],
                    "provider": ""
                },
                "github_issue_label.duplicate-label.38": {
                    "type": "github_issue_label",
                    "depends_on": [],
                    "primary": {
                        "id": "watchub:duplicate",
                        "attributes": {
                            "color": "cccccc",
                            "id": "watchub:duplicate",
                            "name": "duplicate",
                            "repository": "watchub",
                            "url": "https://api.github.com/repos/caarlos0/watchub/labels/duplicate"
                        },
                        "meta": {},
                        "tainted": false
                    },
                    "deposed": [],
                    "provider": ""
                },
                "github_issue_label.duplicate-label.39": {
                    "type": "github_issue_label",
                    "depends_on": [],
                    "primary": {
                        "id": "weavenet-rmpeers:duplicate",
                        "attributes": {
                            "color": "cccccc",
                            "id": "weavenet-rmpeers:duplicate",
                            "name": "duplicate",
                            "repository": "weavenet-rmpeers",
                            "url": "https://api.github.com/repos/caarlos0/weavenet-rmpeers/labels/duplicate"
                        },
                        "meta": {},
                        "tainted": false
                    },
                    "deposed": [],
                    "provider": ""
                },
                "github_issue_label.duplicate-label.4": {
                    "type": "github_issue_label",
                    "depends_on": [],
                    "primary": {
                        "id": "clone-org:duplicate",
                        "attributes": {
                            "color": "cccccc",
                            "id": "clone-org:duplicate",
                            "name": "duplicate",
                            "repository": "clone-org",
                            "url": "https://api.github.com/repos/caarlos0/clone-org/labels/duplicate"
                        },
                        "meta": {},
                        "tainted": false
                    },
                    "deposed": [],
                    "provider": ""
                },
                "github_issue_label.duplicate-label.40": {
                    "type": "github_issue_label",
                    "depends_on": [],
                    "primary": {
                        "id": "zsh-git-fetch-merge:duplicate",
                        "attributes": {
                            "color": "cccccc",
                            "id": "zsh-git-fetch-merge:duplicate",
                            "name": "duplicate",
                            "repository": "zsh-git-fetch-merge",
                            "url": "https://api.github.com/repos/caarlos0/zsh-git-fetch-merge/labels/duplicate"
                        },
                        "meta": {},
                        "tainted": false
                    },
                    "deposed": [],
                    "provider": ""
                },
                "github_issue_label.duplicate-label.41": {
                    "type": "github_issue_label",
                    "depends_on": [],
                    "primary": {
                        "id": "zsh-git-sync:duplicate",
                        "attributes": {
                            "color": "cccccc",
                            "id": "zsh-git-sync:duplicate",
                            "name": "duplicate",
                            "repository": "zsh-git-sync",
                            "url": "https://api.github.com/repos/caarlos0/zsh-git-sync/labels/duplicate"
                        },
                        "meta": {},
                        "tainted": false
                    },
                    "deposed": [],
                    "provider": ""
                },
                "github_issue_label.duplicate-label.42": {
                    "type": "github_issue_label",
                    "depends_on": [],
                    "primary": {
                        "id": "zsh-mkc:duplicate",
                        "attributes": {
                            "color": "cccccc",
                            "id": "zsh-mkc:duplicate",
                            "name": "duplicate",
                            "repository": "zsh-mkc",
                            "url": "https://api.github.com/repos/caarlos0/zsh-mkc/labels/duplicate"
                        },
                        "meta": {},
                        "tainted": false
                    },
                    "deposed": [],
                    "provider": ""
                },
                "github_issue_label.duplicate-label.43": {
                    "type": "github_issue_label",
                    "depends_on": [],
                    "primary": {
                        "id": "zsh-open-pr:duplicate",
                        "attributes": {
                            "color": "cccccc",
                            "id": "zsh-open-pr:duplicate",
                            "name": "duplicate",
                            "repository": "zsh-open-pr",
                            "url": "https://api.github.com/repos/caarlos0/zsh-open-pr/labels/duplicate"
                        },
                        "meta": {},
                        "tainted": false
                    },
                    "deposed": [],
                    "provider": ""
                },
                "github_issue_label.duplicate-label.5": {
                    "type": "github_issue_label",
                    "depends_on": [],
                    "primary": {
                        "id": "dotfiles:duplicate",
                        "attributes": {
                            "color": "cccccc",
                            "id": "dotfiles:duplicate",
                            "name": "duplicate",
                            "repository": "dotfiles",
                            "url": "https://api.github.com/repos/caarlos0/dotfiles/labels/duplicate"
                        },
                        "meta": {},
                        "tainted": false
                    },
                    "deposed": [],
                    "provider": ""
                },
                "github_issue_label.duplicate-label.6": {
                    "type": "github_issue_label",
                    "depends_on": [],
                    "primary": {
                        "id": "env:duplicate",
                        "attributes": {
                            "color": "cccccc",
                            "id": "env:duplicate",
                            "name": "duplicate",
                            "repository": "env",
                            "url": "https://api.github.com/repos/caarlos0/env/labels/duplicate"
                        },
                        "meta": {},
                        "tainted": false
                    },
                    "deposed": [],
                    "provider": ""
                },
                "github_issue_label.duplicate-label.7": {
                    "type": "github_issue_label",
                    "depends_on": [],
                    "primary": {
                        "id": "example:duplicate",
                        "attributes": {
                            "color": "cccccc",
                            "id": "example:duplicate",
                            "name": "duplicate",
                            "repository": "example",
                            "url": "https://api.github.com/repos/caarlos0/example/labels/duplicate"
                        },
                        "meta": {},
                        "tainted": false
                    },
                    "deposed": [],
                    "provider": ""
                },
                "github_issue_label.duplicate-label.8": {
                    "type": "github_issue_label",
                    "depends_on": [],
                    "primary": {
                        "id": "fork-cleaner:duplicate",
                        "attributes": {
                            "color": "cccccc",
                            "id": "fork-cleaner:duplicate",
                            "name": "duplicate",
                            "repository": "fork-cleaner",
                            "url": "https://api.github.com/repos/caarlos0/fork-cleaner/labels/duplicate"
                        },
                        "meta": {},
                        "tainted": false
                    },
                    "deposed": [],
                    "provider": ""
                },
                "github_issue_label.duplicate-label.9": {
                    "type": "github_issue_label",
                    "depends_on": [],
                    "primary": {
                        "id": "git-add-remote:duplicate",
                        "attributes": {
                            "color": "cccccc",
                            "id": "git-add-remote:duplicate",
                            "name": "duplicate",
                            "repository": "git-add-remote",
                            "url": "https://api.github.com/repos/caarlos0/git-add-remote/labels/duplicate"
                        },
                        "meta": {},
                        "tainted": false
                    },
                    "deposed": [],
                    "provider": ""
                },
                "github_issue_label.feature-label.0": {
                    "type": "github_issue_label",
                    "depends_on": [],
                    "primary": {
                        "id": "alelobot:feature",
                        "attributes": {
                            "color": "84b6eb",
                            "id": "alelobot:feature",
                            "name": "feature",
                            "repository": "alelobot",
                            "url": "https://api.github.com/repos/caarlos0/alelobot/labels/feature"
                        },
                        "meta": {},
                        "tainted": false
                    },
                    "deposed": [],
                    "provider": ""
                },
                "github_issue_label.feature-label.1": {
                    "type": "github_issue_label",
                    "depends_on": [],
                    "primary": {
                        "id": "alelogo:feature",
                        "attributes": {
                            "color": "84b6eb",
                            "id": "alelogo:feature",
                            "name": "feature",
                            "repository": "alelogo",
                            "url": "https://api.github.com/repos/caarlos0/alelogo/labels/feature"
                        },
                        "meta": {},
                        "tainted": false
                    },
                    "deposed": [],
                    "provider": ""
                },
                "github_issue_label.feature-label.10": {
                    "type": "github_issue_label",
                    "depends_on": [],
                    "primary": {
                        "id": "git-gc:feature",
                        "attributes": {
                            "color": "84b6eb",
                            "id": "git-gc:feature",
                            "name": "feature",
                            "repository": "git-gc",
                            "url": "https://api.github.com/repos/caarlos0/git-gc/labels/feature"
                        },
                        "meta": {},
                        "tainted": false
                    },
                    "deposed": [],
                    "provider": ""
                },
                "github_issue_label.feature-label.11": {
                    "type": "github_issue_label",
                    "depends_on": [],
                    "primary": {
                        "id": "github:feature",
                        "attributes": {
                            "color": "84b6eb",
                            "id": "github:feature",
                            "name": "feature",
                            "repository": "github",
                            "url": "https://api.github.com/repos/caarlos0/github/labels/feature"
                        },
                        "meta": {},
                        "tainted": false
                    },
                    "deposed": [],
                    "provider": ""
                },
                "github_issue_label.feature-label.12": {
                    "type": "github_issue_label",
                    "depends_on": [],
                    "primary": {
                        "id": "github-buildkite-wire:feature",
                        "attributes": {
                            "color": "84b6eb",
                            "id": "github-buildkite-wire:feature",
                            "name": "feature",
                            "repository": "github-buildkite-wire",
                            "url": "https://api.github.com/repos/caarlos0/github-buildkite-wire/labels/feature"
                        },
                        "meta": {},
                        "tainted": false
                    },
                    "deposed": [],
                    "provider": ""
                },
                "github_issue_label.feature-label.13": {
                    "type": "github_issue_label",
                    "depends_on": [],
                    "primary": {
                        "id": "github-vacations:feature",
                        "attributes": {
                            "color": "84b6eb",
                            "id": "github-vacations:feature",
                            "name": "feature",
                            "repository": "github-vacations",
                            "url": "https://api.github.com/repos/caarlos0/github-vacations/labels/feature"
                        },
                        "meta": {},
                        "tainted": false
                    },
                    "deposed": [],
                    "provider": ""
                },
                "github_issue_label.feature-label.14": {
                    "type": "github_issue_label",
                    "depends_on": [],
                    "primary": {
                        "id": "go-victorops:feature",
                        "attributes": {
                            "color": "84b6eb",
                            "id": "go-victorops:feature",
                            "name": "feature",
                            "repository": "go-victorops",
                            "url": "https://api.github.com/repos/caarlos0/go-victorops/labels/feature"
                        },
                        "meta": {},
                        "tainted": false
                    },
                    "deposed": [],
                    "provider": ""
                },
                "github_issue_label.feature-label.15": {
                    "type": "github_issue_label",
                    "depends_on": [],
                    "primary": {
                        "id": "go-web-api-example:feature",
                        "attributes": {
                            "color": "84b6eb",
                            "id": "go-web-api-example:feature",
                            "name": "feature",
                            "repository": "go-web-api-example",
                            "url": "https://api.github.com/repos/caarlos0/go-web-api-example/labels/feature"
                        },
                        "meta": {},
                        "tainted": false
                    },
                    "deposed": [],
                    "provider": ""
                },
                "github_issue_label.feature-label.16": {
                    "type": "github_issue_label",
                    "depends_on": [],
                    "primary": {
                        "id": "gohome:feature",
                        "attributes": {
                            "color": "84b6eb",
                            "id": "gohome:feature",
                            "name": "feature",
                            "repository": "gohome",
                            "url": "https://api.github.com/repos/caarlos0/gohome/labels/feature"
                        },
                        "meta": {},
                        "tainted": false
                    },
                    "deposed": [],
                    "provider": ""
                },
                "github_issue_label.feature-label.17": {
                    "type": "github_issue_label",
                    "depends_on": [],
                    "primary": {
                        "id": "gravekeeper:feature",
                        "attributes": {
                            "color": "84b6eb",
                            "id": "gravekeeper:feature",
                            "name": "feature",
                            "repository": "gravekeeper",
                            "url": "https://api.github.com/repos/caarlos0/gravekeeper/labels/feature"
                        },
                        "meta": {},
                        "tainted": false
                    },
                    "deposed": [],
                    "provider": ""
                },
                "github_issue_label.feature-label.18": {
                    "type": "github_issue_label",
                    "depends_on": [],
                    "primary": {
                        "id": "homebrew-tap:feature",
                        "attributes": {
                            "color": "84b6eb",
                            "id": "homebrew-tap:feature",
                            "name": "feature",
                            "repository": "homebrew-tap",
                            "url": "https://api.github.com/repos/caarlos0/homebrew-tap/labels/feature"
                        },
                        "meta": {},
                        "tainted": false
                    },
                    "deposed": [],
                    "provider": ""
                },
                "github_issue_label.feature-label.19": {
                    "type": "github_issue_label",
                    "depends_on": [],
                    "primary": {
                        "id": "is-shit:feature",
                        "attributes": {
                            "color": "84b6eb",
                            "id": "is-shit:feature",
                            "name": "feature",
                            "repository": "is-shit",
                            "url": "https://api.github.com/repos/caarlos0/is-shit/labels/feature"
                        },
                        "meta": {},
                        "tainted": false
                    },
                    "deposed": [],
                    "provider": ""
                },
                "github_issue_label.feature-label.2": {
                    "type": "github_issue_label",
                    "depends_on": [],
                    "primary": {
                        "id": "am-i-working:feature",
                        "attributes": {
                            "color": "84b6eb",
                            "id": "am-i-working:feature",
                            "name": "feature",
                            "repository": "am-i-working",
                            "url": "https://api.github.com/repos/caarlos0/am-i-working/labels/feature"
                        },
                        "meta": {},
                        "tainted": false
                    },
                    "deposed": [],
                    "provider": ""
                },
                "github_issue_label.feature-label.20": {
                    "type": "github_issue_label",
                    "depends_on": [],
                    "primary": {
                        "id": "jvm:feature",
                        "attributes": {
                            "color": "84b6eb",
                            "id": "jvm:feature",
                            "name": "feature",
                            "repository": "jvm",
                            "url": "https://api.github.com/repos/caarlos0/jvm/labels/feature"
                        },
                        "meta": {},
                        "tainted": false
                    },
                    "deposed": [],
                    "provider": ""
                },
                "github_issue_label.feature-label.21": {
                    "type": "github_issue_label",
                    "depends_on": [],
                    "primary": {
                        "id": "karmahub:feature",
                        "attributes": {
                            "color": "84b6eb",
                            "id": "karmahub:feature",
                            "name": "feature",
                            "repository": "karmahub",
                            "url": "https://api.github.com/repos/caarlos0/karmahub/labels/feature"
                        },
                        "meta": {},
                        "tainted": false
                    },
                    "deposed": [],
                    "provider": ""
                },
                "github_issue_label.feature-label.22": {
                    "type": "github_issue_label",
                    "depends_on": [],
                    "primary": {
                        "id": "Layr:feature",
                        "attributes": {
                            "color": "84b6eb",
                            "id": "Layr:feature",
                            "name": "feature",
                            "repository": "Layr",
                            "url": "https://api.github.com/repos/caarlos0/Layr/labels/feature"
                        },
                        "meta": {},
                        "tainted": false
                    },
                    "deposed": [],
                    "provider": ""
                },
                "github_issue_label.feature-label.23": {
                    "type": "github_issue_label",
                    "depends_on": [],
                    "primary": {
                        "id": "machine:feature",
                        "attributes": {
                            "color": "84b6eb",
                            "id": "machine:feature",
                            "name": "feature",
                            "repository": "machine",
                            "url": "https://api.github.com/repos/caarlos0/machine/labels/feature"
                        },
                        "meta": {},
                        "tainted": false
                    },
                    "deposed": [],
                    "provider": ""
                },
                "github_issue_label.feature-label.24": {
                    "type": "github_issue_label",
                    "depends_on": [],
                    "primary": {
                        "id": "macOS:feature",
                        "attributes": {
                            "color": "84b6eb",
                            "id": "macOS:feature",
                            "name": "feature",
                            "repository": "macOS",
                            "url": "https://api.github.com/repos/caarlos0/macOS/labels/feature"
                        },
                        "meta": {},
                        "tainted": false
                    },
                    "deposed": [],
                    "provider": ""
                },
                "github_issue_label.feature-label.25": {
                    "type": "github_issue_label",
                    "depends_on": [],
                    "primary": {
                        "id": "org-stats:feature",
                        "attributes": {
                            "color": "84b6eb",
                            "id": "org-stats:feature",
                            "name": "feature",
                            "repository": "org-stats",
                            "url": "https://api.github.com/repos/caarlos0/org-stats/labels/feature"
                        },
                        "meta": {},
                        "tainted": false
                    },
                    "deposed": [],
                    "provider": ""
                },
                "github_issue_label.feature-label.26": {
                    "type": "github_issue_label",
                    "depends_on": [],
                    "primary": {
                        "id": "ports:feature",
                        "attributes": {
                            "color": "84b6eb",
                            "id": "ports:feature",
                            "name": "feature",
                            "repository": "ports",
                            "url": "https://api.github.com/repos/caarlos0/ports/labels/feature"
                        },
                        "meta": {},
                        "tainted": false
                    },
                    "deposed": [],
                    "provider": ""
                },
                "github_issue_label.feature-label.27": {
                    "type": "github_issue_label",
                    "depends_on": [],
                    "primary": {
                        "id": "promfmt:feature",
                        "attributes": {
                            "color": "84b6eb",
                            "id": "promfmt:feature",
                            "name": "feature",
                            "repository": "promfmt",
                            "url": "https://api.github.com/repos/caarlos0/promfmt/labels/feature"
                        },
                        "meta": {},
                        "tainted": false
                    },
                    "deposed": [],
                    "provider": ""
                },
                "github_issue_label.feature-label.28": {
                    "type": "github_issue_label",
                    "depends_on": [],
                    "primary": {
                        "id": "route53-cleaner:feature",
                        "attributes": {
                            "color": "84b6eb",
                            "id": "route53-cleaner:feature",
                            "name": "feature",
                            "repository": "route53-cleaner",
                            "url": "https://api.github.com/repos/caarlos0/route53-cleaner/labels/feature"
                        },
                        "meta": {},
                        "tainted": false
                    },
                    "deposed": [],
                    "provider": ""
                },
                "github_issue_label.feature-label.29": {
                    "type": "github_issue_label",
                    "depends_on": [],
                    "primary": {
                        "id": "shcheck:feature",
                        "attributes": {
                            "color": "84b6eb",
                            "id": "shcheck:feature",
                            "name": "feature",
                            "repository": "shcheck",
                            "url": "https://api.github.com/repos/caarlos0/shcheck/labels/feature"
                        },
                        "meta": {},
                        "tainted": false
                    },
                    "deposed": [],
                    "provider": ""
                },
                "github_issue_label.feature-label.3": {
                    "type": "github_issue_label",
                    "depends_on": [],
                    "primary": {
                        "id": "caarlos0.github.com:feature",
                        "attributes": {
                            "color": "84b6eb",
                            "id": "caarlos0.github.com:feature",
                            "name": "feature",
                            "repository": "caarlos0.github.com",
                            "url": "https://api.github.com/repos/caarlos0/caarlos0.github.com/labels/feature"
                        },
                        "meta": {},
                        "tainted": false
                    },
                    "deposed": [],
                    "provider": ""
                },
                "github_issue_label.feature-label.30": {
                    "type": "github_issue_label",
                    "depends_on": [],
                    "primary": {
                        "id": "shell-ci-build:feature",
                        "attributes": {
                            "color": "84b6eb",
                            "id": "shell-ci-build:feature",
                            "name": "feature",
                            "repository": "shell-ci-build",
                            "url": "https://api.github.com/repos/caarlos0/shell-ci-build/labels/feature"
                        },
                        "meta": {},
                        "tainted": false
                    },
                    "deposed": [],
                    "provider": ""
                },
                "github_issue_label.feature-label.31": {
                    "type": "github_issue_label",
                    "depends_on": [],
                    "primary": {
                        "id": "shellcheck-docker:feature",
                        "attributes": {
                            "color": "84b6eb",
                            "id": "shellcheck-docker:feature",
                            "name": "feature",
                            "repository": "shellcheck-docker",
                            "url": "https://api.github.com/repos/caarlos0/shellcheck-docker/labels/feature"
                        },
                        "meta": {},
                        "tainted": false
                    },
                    "deposed": [],
                    "provider": ""
                },
                "github_issue_label.feature-label.32": {
                    "type": "github_issue_label",
                    "depends_on": [],
                    "primary": {
                        "id": "spin:feature",
                        "attributes": {
                            "color": "84b6eb",
                            "id": "spin:feature",
                            "name": "feature",
                            "repository": "spin",
                            "url": "https://api.github.com/repos/caarlos0/spin/labels/feature"
                        },
                        "meta": {},
                        "tainted": false
                    },
                    "deposed": [],
                    "provider": ""
                },
                "github_issue_label.feature-label.33": {
                    "type": "github_issue_label",
                    "depends_on": [],
                    "primary": {
                        "id": "starcharts:feature",
                        "attributes": {
                            "color": "84b6eb",
                            "id": "starcharts:feature",
                            "name": "feature",
                            "repository": "starcharts",
                            "url": "https://api.github.com/repos/caarlos0/starcharts/labels/feature"
                        },
                        "meta": {},
                        "tainted": false
                    },
                    "deposed": [],
                    "provider": ""
                },
                "github_issue_label.feature-label.34": {
                    "type": "github_issue_label",
                    "depends_on": [],
                    "primary": {
                        "id": "test:feature",
                        "attributes": {
                            "color": "84b6eb",
                            "id": "test:feature",
                            "name": "feature",
                            "repository": "test",
                            "url": "https://api.github.com/repos/caarlos0/test/labels/feature"
                        },
                        "meta": {},
                        "tainted": false
                    },
                    "deposed": [],
                    "provider": ""
                },
                "github_issue_label.feature-label.35": {
                    "type": "github_issue_label",
                    "depends_on": [],
                    "primary": {
                        "id": "twatcher:feature",
                        "attributes": {
                            "color": "84b6eb",
                            "id": "twatcher:feature",
                            "name": "feature",
                            "repository": "twatcher",
                            "url": "https://api.github.com/repos/caarlos0/twatcher/labels/feature"
                        },
                        "meta": {},
                        "tainted": false
                    },
                    "deposed": [],
                    "provider": ""
                },
                "github_issue_label.feature-label.36": {
                    "type": "github_issue_label",
                    "depends_on": [],
                    "primary": {
                        "id": "victorops-notifier:feature",
                        "attributes": {
                            "color": "84b6eb",
                            "id": "victorops-notifier:feature",
                            "name": "feature",
                            "repository": "victorops-notifier",
                            "url": "https://api.github.com/repos/caarlos0/victorops-notifier/labels/feature"
                        },
                        "meta": {},
                        "tainted": false
                    },
                    "deposed": [],
                    "provider": ""
                },
                "github_issue_label.feature-label.37": {
                    "type": "github_issue_label",
                    "depends_on": [],
                    "primary": {
                        "id": "vimfiles:feature",
                        "attributes": {
                            "color": "84b6eb",
                            "id": "vimfiles:feature",
                            "name": "feature",
                            "repository": "vimfiles",
                            "url": "https://api.github.com/repos/caarlos0/vimfiles/labels/feature"
                        },
                        "meta": {},
                        "tainted": false
                    },
                    "deposed": [],
                    "provider": ""
                },
                "github_issue_label.feature-label.38": {
                    "type": "github_issue_label",
                    "depends_on": [],
                    "primary": {
                        "id": "watchub:feature",
                        "attributes": {
                            "color": "84b6eb",
                            "id": "watchub:feature",
                            "name": "feature",
                            "repository": "watchub",
                            "url": "https://api.github.com/repos/caarlos0/watchub/labels/feature"
                        },
                        "meta": {},
                        "tainted": false
                    },
                    "deposed": [],
                    "provider": ""
                },
                "github_issue_label.feature-label.39": {
                    "type": "github_issue_label",
                    "depends_on": [],
                    "primary": {
                        "id": "weavenet-rmpeers:feature",
                        "attributes": {
                            "color": "84b6eb",
                            "id": "weavenet-rmpeers:feature",
                            "name": "feature",
                            "repository": "weavenet-rmpeers",
                            "url": "https://api.github.com/repos/caarlos0/weavenet-rmpeers/labels/feature"
                        },
                        "meta": {},
                        "tainted": false
                    },
                    "deposed": [],
                    "provider": ""
                },
                "github_issue_label.feature-label.4": {
                    "type": "github_issue_label",
                    "depends_on": [],
                    "primary": {
                        "id": "clone-org:feature",
                        "attributes": {
                            "color": "84b6eb",
                            "id": "clone-org:feature",
                            "name": "feature",
                            "repository": "clone-org",
                            "url": "https://api.github.com/repos/caarlos0/clone-org/labels/feature"
                        },
                        "meta": {},
                        "tainted": false
                    },
                    "deposed": [],
                    "provider": ""
                },
                "github_issue_label.feature-label.40": {
                    "type": "github_issue_label",
                    "depends_on": [],
                    "primary": {
                        "id": "zsh-git-fetch-merge:feature",
                        "attributes": {
                            "color": "84b6eb",
                            "id": "zsh-git-fetch-merge:feature",
                            "name": "feature",
                            "repository": "zsh-git-fetch-merge",
                            "url": "https://api.github.com/repos/caarlos0/zsh-git-fetch-merge/labels/feature"
                        },
                        "meta": {},
                        "tainted": false
                    },
                    "deposed": [],
                    "provider": ""
                },
                "github_issue_label.feature-label.41": {
                    "type": "github_issue_label",
                    "depends_on": [],
                    "primary": {
                        "id": "zsh-git-sync:feature",
                        "attributes": {
                            "color": "84b6eb",
                            "id": "zsh-git-sync:feature",
                            "name": "feature",
                            "repository": "zsh-git-sync",
                            "url": "https://api.github.com/repos/caarlos0/zsh-git-sync/labels/feature"
                        },
                        "meta": {},
                        "tainted": false
                    },
                    "deposed": [],
                    "provider": ""
                },
                "github_issue_label.feature-label.42": {
                    "type": "github_issue_label",
                    "depends_on": [],
                    "primary": {
                        "id": "zsh-mkc:feature",
                        "attributes": {
                            "color": "84b6eb",
                            "id": "zsh-mkc:feature",
                            "name": "feature",
                            "repository": "zsh-mkc",
                            "url": "https://api.github.com/repos/caarlos0/zsh-mkc/labels/feature"
                        },
                        "meta": {},
                        "tainted": false
                    },
                    "deposed": [],
                    "provider": ""
                },
                "github_issue_label.feature-label.43": {
                    "type": "github_issue_label",
                    "depends_on": [],
                    "primary": {
                        "id": "zsh-open-pr:feature",
                        "attributes": {
                            "color": "84b6eb",
                            "id": "zsh-open-pr:feature",
                            "name": "feature",
                            "repository": "zsh-open-pr",
                            "url": "https://api.github.com/repos/caarlos0/zsh-open-pr/labels/feature"
                        },
                        "meta": {},
                        "tainted": false
                    },
                    "deposed": [],
                    "provider": ""
                },
                "github_issue_label.feature-label.5": {
                    "type": "github_issue_label",
                    "depends_on": [],
                    "primary": {
                        "id": "dotfiles:feature",
                        "attributes": {
                            "color": "84b6eb",
                            "id": "dotfiles:feature",
                            "name": "feature",
                            "repository": "dotfiles",
                            "url": "https://api.github.com/repos/caarlos0/dotfiles/labels/feature"
                        },
                        "meta": {},
                        "tainted": false
                    },
                    "deposed": [],
                    "provider": ""
                },
                "github_issue_label.feature-label.6": {
                    "type": "github_issue_label",
                    "depends_on": [],
                    "primary": {
                        "id": "env:feature",
                        "attributes": {
                            "color": "84b6eb",
                            "id": "env:feature",
                            "name": "feature",
                            "repository": "env",
                            "url": "https://api.github.com/repos/caarlos0/env/labels/feature"
                        },
                        "meta": {},
                        "tainted": false
                    },
                    "deposed": [],
                    "provider": ""
                },
                "github_issue_label.feature-label.7": {
                    "type": "github_issue_label",
                    "depends_on": [],
                    "primary": {
                        "id": "example:feature",
                        "attributes": {
                            "color": "84b6eb",
                            "id": "example:feature",
                            "name": "feature",
                            "repository": "example",
                            "url": "https://api.github.com/repos/caarlos0/example/labels/feature"
                        },
                        "meta": {},
                        "tainted": false
                    },
                    "deposed": [],
                    "provider": ""
                },
                "github_issue_label.feature-label.8": {
                    "type": "github_issue_label",
                    "depends_on": [],
                    "primary": {
                        "id": "fork-cleaner:feature",
                        "attributes": {
                            "color": "84b6eb",
                            "id": "fork-cleaner:feature",
                            "name": "feature",
                            "repository": "fork-cleaner",
                            "url": "https://api.github.com/repos/caarlos0/fork-cleaner/labels/feature"
                        },
                        "meta": {},
                        "tainted": false
                    },
                    "deposed": [],
                    "provider": ""
                },
                "github_issue_label.feature-label.9": {
                    "type": "github_issue_label",
                    "depends_on": [],
                    "primary": {
                        "id": "git-add-remote:feature",
                        "attributes": {
                            "color": "84b6eb",
                            "id": "git-add-remote:feature",
                            "name": "feature",
                            "repository": "git-add-remote",
                            "url": "https://api.github.com/repos/caarlos0/git-add-remote/labels/feature"
                        },
                        "meta": {},
                        "tainted": false
                    },
                    "deposed": [],
                    "provider": ""
                },
                "github_issue_label.good-first-patch-label.0": {
                    "type": "github_issue_label",
                    "depends_on": [],
                    "primary": {
                        "id": "alelobot:good-first-patch",
                        "attributes": {
                            "color": "128A0C",
                            "id": "alelobot:good-first-patch",
                            "name": "good-first-patch",
                            "repository": "alelobot",
                            "url": "https://api.github.com/repos/caarlos0/alelobot/labels/good-first-patch"
                        },
                        "meta": {},
                        "tainted": false
                    },
                    "deposed": [],
                    "provider": ""
                },
                "github_issue_label.good-first-patch-label.1": {
                    "type": "github_issue_label",
                    "depends_on": [],
                    "primary": {
                        "id": "alelogo:good-first-patch",
                        "attributes": {
                            "color": "128A0C",
                            "id": "alelogo:good-first-patch",
                            "name": "good-first-patch",
                            "repository": "alelogo",
                            "url": "https://api.github.com/repos/caarlos0/alelogo/labels/good-first-patch"
                        },
                        "meta": {},
                        "tainted": false
                    },
                    "deposed": [],
                    "provider": ""
                },
                "github_issue_label.good-first-patch-label.10": {
                    "type": "github_issue_label",
                    "depends_on": [],
                    "primary": {
                        "id": "git-gc:good-first-patch",
                        "attributes": {
                            "color": "128A0C",
                            "id": "git-gc:good-first-patch",
                            "name": "good-first-patch",
                            "repository": "git-gc",
                            "url": "https://api.github.com/repos/caarlos0/git-gc/labels/good-first-patch"
                        },
                        "meta": {},
                        "tainted": false
                    },
                    "deposed": [],
                    "provider": ""
                },
                "github_issue_label.good-first-patch-label.11": {
                    "type": "github_issue_label",
                    "depends_on": [],
                    "primary": {
                        "id": "github:good-first-patch",
                        "attributes": {
                            "color": "128A0C",
                            "id": "github:good-first-patch",
                            "name": "good-first-patch",
                            "repository": "github",
                            "url": "https://api.github.com/repos/caarlos0/github/labels/good-first-patch"
                        },
                        "meta": {},
                        "tainted": false
                    },
                    "deposed": [],
                    "provider": ""
                },
                "github_issue_label.good-first-patch-label.12": {
                    "type": "github_issue_label",
                    "depends_on": [],
                    "primary": {
                        "id": "github-buildkite-wire:good-first-patch",
                        "attributes": {
                            "color": "128A0C",
                            "id": "github-buildkite-wire:good-first-patch",
                            "name": "good-first-patch",
                            "repository": "github-buildkite-wire",
                            "url": "https://api.github.com/repos/caarlos0/github-buildkite-wire/labels/good-first-patch"
                        },
                        "meta": {},
                        "tainted": false
                    },
                    "deposed": [],
                    "provider": ""
                },
                "github_issue_label.good-first-patch-label.13": {
                    "type": "github_issue_label",
                    "depends_on": [],
                    "primary": {
                        "id": "github-vacations:good-first-patch",
                        "attributes": {
                            "color": "128A0C",
                            "id": "github-vacations:good-first-patch",
                            "name": "good-first-patch",
                            "repository": "github-vacations",
                            "url": "https://api.github.com/repos/caarlos0/github-vacations/labels/good-first-patch"
                        },
                        "meta": {},
                        "tainted": false
                    },
                    "deposed": [],
                    "provider": ""
                },
                "github_issue_label.good-first-patch-label.14": {
                    "type": "github_issue_label",
                    "depends_on": [],
                    "primary": {
                        "id": "go-victorops:good-first-patch",
                        "attributes": {
                            "color": "128A0C",
                            "id": "go-victorops:good-first-patch",
                            "name": "good-first-patch",
                            "repository": "go-victorops",
                            "url": "https://api.github.com/repos/caarlos0/go-victorops/labels/good-first-patch"
                        },
                        "meta": {},
                        "tainted": false
                    },
                    "deposed": [],
                    "provider": ""
                },
                "github_issue_label.good-first-patch-label.15": {
                    "type": "github_issue_label",
                    "depends_on": [],
                    "primary": {
                        "id": "go-web-api-example:good-first-patch",
                        "attributes": {
                            "color": "128A0C",
                            "id": "go-web-api-example:good-first-patch",
                            "name": "good-first-patch",
                            "repository": "go-web-api-example",
                            "url": "https://api.github.com/repos/caarlos0/go-web-api-example/labels/good-first-patch"
                        },
                        "meta": {},
                        "tainted": false
                    },
                    "deposed": [],
                    "provider": ""
                },
                "github_issue_label.good-first-patch-label.16": {
                    "type": "github_issue_label",
                    "depends_on": [],
                    "primary": {
                        "id": "gohome:good-first-patch",
                        "attributes": {
                            "color": "128A0C",
                            "id": "gohome:good-first-patch",
                            "name": "good-first-patch",
                            "repository": "gohome",
                            "url": "https://api.github.com/repos/caarlos0/gohome/labels/good-first-patch"
                        },
                        "meta": {},
                        "tainted": false
                    },
                    "deposed": [],
                    "provider": ""
                },
                "github_issue_label.good-first-patch-label.17": {
                    "type": "github_issue_label",
                    "depends_on": [],
                    "primary": {
                        "id": "gravekeeper:good-first-patch",
                        "attributes": {
                            "color": "128A0C",
                            "id": "gravekeeper:good-first-patch",
                            "name": "good-first-patch",
                            "repository": "gravekeeper",
                            "url": "https://api.github.com/repos/caarlos0/gravekeeper/labels/good-first-patch"
                        },
                        "meta": {},
                        "tainted": false
                    },
                    "deposed": [],
                    "provider": ""
                },
                "github_issue_label.good-first-patch-label.18": {
                    "type": "github_issue_label",
                    "depends_on": [],
                    "primary": {
                        "id": "homebrew-tap:good-first-patch",
                        "attributes": {
                            "color": "128A0C",
                            "id": "homebrew-tap:good-first-patch",
                            "name": "good-first-patch",
                            "repository": "homebrew-tap",
                            "url": "https://api.github.com/repos/caarlos0/homebrew-tap/labels/good-first-patch"
                        },
                        "meta": {},
                        "tainted": false
                    },
                    "deposed": [],
                    "provider": ""
                },
                "github_issue_label.good-first-patch-label.19": {
                    "type": "github_issue_label",
                    "depends_on": [],
                    "primary": {
                        "id": "is-shit:good-first-patch",
                        "attributes": {
                            "color": "128A0C",
                            "id": "is-shit:good-first-patch",
                            "name": "good-first-patch",
                            "repository": "is-shit",
                            "url": "https://api.github.com/repos/caarlos0/is-shit/labels/good-first-patch"
                        },
                        "meta": {},
                        "tainted": false
                    },
                    "deposed": [],
                    "provider": ""
                },
                "github_issue_label.good-first-patch-label.2": {
                    "type": "github_issue_label",
                    "depends_on": [],
                    "primary": {
                        "id": "am-i-working:good-first-patch",
                        "attributes": {
                            "color": "128A0C",
                            "id": "am-i-working:good-first-patch",
                            "name": "good-first-patch",
                            "repository": "am-i-working",
                            "url": "https://api.github.com/repos/caarlos0/am-i-working/labels/good-first-patch"
                        },
                        "meta": {},
                        "tainted": false
                    },
                    "deposed": [],
                    "provider": ""
                },
                "github_issue_label.good-first-patch-label.20": {
                    "type": "github_issue_label",
                    "depends_on": [],
                    "primary": {
                        "id": "jvm:good-first-patch",
                        "attributes": {
                            "color": "128A0C",
                            "id": "jvm:good-first-patch",
                            "name": "good-first-patch",
                            "repository": "jvm",
                            "url": "https://api.github.com/repos/caarlos0/jvm/labels/good-first-patch"
                        },
                        "meta": {},
                        "tainted": false
                    },
                    "deposed": [],
                    "provider": ""
                },
                "github_issue_label.good-first-patch-label.21": {
                    "type": "github_issue_label",
                    "depends_on": [],
                    "primary": {
                        "id": "karmahub:good-first-patch",
                        "attributes": {
                            "color": "128A0C",
                            "id": "karmahub:good-first-patch",
                            "name": "good-first-patch",
                            "repository": "karmahub",
                            "url": "https://api.github.com/repos/caarlos0/karmahub/labels/good-first-patch"
                        },
                        "meta": {},
                        "tainted": false
                    },
                    "deposed": [],
                    "provider": ""
                },
                "github_issue_label.good-first-patch-label.22": {
                    "type": "github_issue_label",
                    "depends_on": [],
                    "primary": {
                        "id": "Layr:good-first-patch",
                        "attributes": {
                            "color": "128A0C",
                            "id": "Layr:good-first-patch",
                            "name": "good-first-patch",
                            "repository": "Layr",
                            "url": "https://api.github.com/repos/caarlos0/Layr/labels/good-first-patch"
                        },
                        "meta": {},
                        "tainted": false
                    },
                    "deposed": [],
                    "provider": ""
                },
                "github_issue_label.good-first-patch-label.23": {
                    "type": "github_issue_label",
                    "depends_on": [],
                    "primary": {
                        "id": "machine:good-first-patch",
                        "attributes": {
                            "color": "128A0C",
                            "id": "machine:good-first-patch",
                            "name": "good-first-patch",
                            "repository": "machine",
                            "url": "https://api.github.com/repos/caarlos0/machine/labels/good-first-patch"
                        },
                        "meta": {},
                        "tainted": false
                    },
                    "deposed": [],
                    "provider": ""
                },
                "github_issue_label.good-first-patch-label.24": {
                    "type": "github_issue_label",
                    "depends_on": [],
                    "primary": {
                        "id": "macOS:good-first-patch",
                        "attributes": {
                            "color": "128A0C",
                            "id": "macOS:good-first-patch",
                            "name": "good-first-patch",
                            "repository": "macOS",
                            "url": "https://api.github.com/repos/caarlos0/macOS/labels/good-first-patch"
                        },
                        "meta": {},
                        "tainted": false
                    },
                    "deposed": [],
                    "provider": ""
                },
                "github_issue_label.good-first-patch-label.25": {
                    "type": "github_issue_label",
                    "depends_on": [],
                    "primary": {
                        "id": "org-stats:good-first-patch",
                        "attributes": {
                            "color": "128A0C",
                            "id": "org-stats:good-first-patch",
                            "name": "good-first-patch",
                            "repository": "org-stats",
                            "url": "https://api.github.com/repos/caarlos0/org-stats/labels/good-first-patch"
                        },
                        "meta": {},
                        "tainted": false
                    },
                    "deposed": [],
                    "provider": ""
                },
                "github_issue_label.good-first-patch-label.26": {
                    "type": "github_issue_label",
                    "depends_on": [],
                    "primary": {
                        "id": "ports:good-first-patch",
                        "attributes": {
                            "color": "128A0C",
                            "id": "ports:good-first-patch",
                            "name": "good-first-patch",
                            "repository": "ports",
                            "url": "https://api.github.com/repos/caarlos0/ports/labels/good-first-patch"
                        },
                        "meta": {},
                        "tainted": false
                    },
                    "deposed": [],
                    "provider": ""
                },
                "github_issue_label.good-first-patch-label.27": {
                    "type": "github_issue_label",
                    "depends_on": [],
                    "primary": {
                        "id": "promfmt:good-first-patch",
                        "attributes": {
                            "color": "128A0C",
                            "id": "promfmt:good-first-patch",
                            "name": "good-first-patch",
                            "repository": "promfmt",
                            "url": "https://api.github.com/repos/caarlos0/promfmt/labels/good-first-patch"
                        },
                        "meta": {},
                        "tainted": false
                    },
                    "deposed": [],
                    "provider": ""
                },
                "github_issue_label.good-first-patch-label.28": {
                    "type": "github_issue_label",
                    "depends_on": [],
                    "primary": {
                        "id": "route53-cleaner:good-first-patch",
                        "attributes": {
                            "color": "128A0C",
                            "id": "route53-cleaner:good-first-patch",
                            "name": "good-first-patch",
                            "repository": "route53-cleaner",
                            "url": "https://api.github.com/repos/caarlos0/route53-cleaner/labels/good-first-patch"
                        },
                        "meta": {},
                        "tainted": false
                    },
                    "deposed": [],
                    "provider": ""
                },
                "github_issue_label.good-first-patch-label.29": {
                    "type": "github_issue_label",
                    "depends_on": [],
                    "primary": {
                        "id": "shcheck:good-first-patch",
                        "attributes": {
                            "color": "128A0C",
                            "id": "shcheck:good-first-patch",
                            "name": "good-first-patch",
                            "repository": "shcheck",
                            "url": "https://api.github.com/repos/caarlos0/shcheck/labels/good-first-patch"
                        },
                        "meta": {},
                        "tainted": false
                    },
                    "deposed": [],
                    "provider": ""
                },
                "github_issue_label.good-first-patch-label.3": {
                    "type": "github_issue_label",
                    "depends_on": [],
                    "primary": {
                        "id": "caarlos0.github.com:good-first-patch",
                        "attributes": {
                            "color": "128A0C",
                            "id": "caarlos0.github.com:good-first-patch",
                            "name": "good-first-patch",
                            "repository": "caarlos0.github.com",
                            "url": "https://api.github.com/repos/caarlos0/caarlos0.github.com/labels/good-first-patch"
                        },
                        "meta": {},
                        "tainted": false
                    },
                    "deposed": [],
                    "provider": ""
                },
                "github_issue_label.good-first-patch-label.30": {
                    "type": "github_issue_label",
                    "depends_on": [],
                    "primary": {
                        "id": "shell-ci-build:good-first-patch",
                        "attributes": {
                            "color": "128A0C",
                            "id": "shell-ci-build:good-first-patch",
                            "name": "good-first-patch",
                            "repository": "shell-ci-build",
                            "url": "https://api.github.com/repos/caarlos0/shell-ci-build/labels/good-first-patch"
                        },
                        "meta": {},
                        "tainted": false
                    },
                    "deposed": [],
                    "provider": ""
                },
                "github_issue_label.good-first-patch-label.31": {
                    "type": "github_issue_label",
                    "depends_on": [],
                    "primary": {
                        "id": "shellcheck-docker:good-first-patch",
                        "attributes": {
                            "color": "128A0C",
                            "id": "shellcheck-docker:good-first-patch",
                            "name": "good-first-patch",
                            "repository": "shellcheck-docker",
                            "url": "https://api.github.com/repos/caarlos0/shellcheck-docker/labels/good-first-patch"
                        },
                        "meta": {},
                        "tainted": false
                    },
                    "deposed": [],
                    "provider": ""
                },
                "github_issue_label.good-first-patch-label.32": {
                    "type": "github_issue_label",
                    "depends_on": [],
                    "primary": {
                        "id": "spin:good-first-patch",
                        "attributes": {
                            "color": "128A0C",
                            "id": "spin:good-first-patch",
                            "name": "good-first-patch",
                            "repository": "spin",
                            "url": "https://api.github.com/repos/caarlos0/spin/labels/good-first-patch"
                        },
                        "meta": {},
                        "tainted": false
                    },
                    "deposed": [],
                    "provider": ""
                },
                "github_issue_label.good-first-patch-label.33": {
                    "type": "github_issue_label",
                    "depends_on": [],
                    "primary": {
                        "id": "starcharts:good-first-patch",
                        "attributes": {
                            "color": "128A0C",
                            "id": "starcharts:good-first-patch",
                            "name": "good-first-patch",
                            "repository": "starcharts",
                            "url": "https://api.github.com/repos/caarlos0/starcharts/labels/good-first-patch"
                        },
                        "meta": {},
                        "tainted": false
                    },
                    "deposed": [],
                    "provider": ""
                },
                "github_issue_label.good-first-patch-label.34": {
                    "type": "github_issue_label",
                    "depends_on": [],
                    "primary": {
                        "id": "test:good-first-patch",
                        "attributes": {
                            "color": "128A0C",
                            "id": "test:good-first-patch",
                            "name": "good-first-patch",
                            "repository": "test",
                            "url": "https://api.github.com/repos/caarlos0/test/labels/good-first-patch"
                        },
                        "meta": {},
                        "tainted": false
                    },
                    "deposed": [],
                    "provider": ""
                },
                "github_issue_label.good-first-patch-label.35": {
                    "type": "github_issue_label",
                    "depends_on": [],
                    "primary": {
                        "id": "twatcher:good-first-patch",
                        "attributes": {
                            "color": "128A0C",
                            "id": "twatcher:good-first-patch",
                            "name": "good-first-patch",
                            "repository": "twatcher",
                            "url": "https://api.github.com/repos/caarlos0/twatcher/labels/good-first-patch"
                        },
                        "meta": {},
                        "tainted": false
                    },
                    "deposed": [],
                    "provider": ""
                },
                "github_issue_label.good-first-patch-label.36": {
                    "type": "github_issue_label",
                    "depends_on": [],
                    "primary": {
                        "id": "victorops-notifier:good-first-patch",
                        "attributes": {
                            "color": "128A0C",
                            "id": "victorops-notifier:good-first-patch",
                            "name": "good-first-patch",
                            "repository": "victorops-notifier",
                            "url": "https://api.github.com/repos/caarlos0/victorops-notifier/labels/good-first-patch"
                        },
                        "meta": {},
                        "tainted": false
                    },
                    "deposed": [],
                    "provider": ""
                },
                "github_issue_label.good-first-patch-label.37": {
                    "type": "github_issue_label",
                    "depends_on": [],
                    "primary": {
                        "id": "vimfiles:good-first-patch",
                        "attributes": {
                            "color": "128A0C",
                            "id": "vimfiles:good-first-patch",
                            "name": "good-first-patch",
                            "repository": "vimfiles",
                            "url": "https://api.github.com/repos/caarlos0/vimfiles/labels/good-first-patch"
                        },
                        "meta": {},
                        "tainted": false
                    },
                    "deposed": [],
                    "provider": ""
                },
                "github_issue_label.good-first-patch-label.38": {
                    "type": "github_issue_label",
                    "depends_on": [],
                    "primary": {
                        "id": "watchub:good-first-patch",
                        "attributes": {
                            "color": "128A0C",
                            "id": "watchub:good-first-patch",
                            "name": "good-first-patch",
                            "repository": "watchub",
                            "url": "https://api.github.com/repos/caarlos0/watchub/labels/good-first-patch"
                        },
                        "meta": {},
                        "tainted": false
                    },
                    "deposed": [],
                    "provider": ""
                },
                "github_issue_label.good-first-patch-label.39": {
                    "type": "github_issue_label",
                    "depends_on": [],
                    "primary": {
                        "id": "weavenet-rmpeers:good-first-patch",
                        "attributes": {
                            "color": "128A0C",
                            "id": "weavenet-rmpeers:good-first-patch",
                            "name": "good-first-patch",
                            "repository": "weavenet-rmpeers",
                            "url": "https://api.github.com/repos/caarlos0/weavenet-rmpeers/labels/good-first-patch"
                        },
                        "meta": {},
                        "tainted": false
                    },
                    "deposed": [],
                    "provider": ""
                },
                "github_issue_label.good-first-patch-label.4": {
                    "type": "github_issue_label",
                    "depends_on": [],
                    "primary": {
                        "id": "clone-org:good-first-patch",
                        "attributes": {
                            "color": "128A0C",
                            "id": "clone-org:good-first-patch",
                            "name": "good-first-patch",
                            "repository": "clone-org",
                            "url": "https://api.github.com/repos/caarlos0/clone-org/labels/good-first-patch"
                        },
                        "meta": {},
                        "tainted": false
                    },
                    "deposed": [],
                    "provider": ""
                },
                "github_issue_label.good-first-patch-label.40": {
                    "type": "github_issue_label",
                    "depends_on": [],
                    "primary": {
                        "id": "zsh-git-fetch-merge:good-first-patch",
                        "attributes": {
                            "color": "128A0C",
                            "id": "zsh-git-fetch-merge:good-first-patch",
                            "name": "good-first-patch",
                            "repository": "zsh-git-fetch-merge",
                            "url": "https://api.github.com/repos/caarlos0/zsh-git-fetch-merge/labels/good-first-patch"
                        },
                        "meta": {},
                        "tainted": false
                    },
                    "deposed": [],
                    "provider": ""
                },
                "github_issue_label.good-first-patch-label.41": {
                    "type": "github_issue_label",
                    "depends_on": [],
                    "primary": {
                        "id": "zsh-git-sync:good-first-patch",
                        "attributes": {
                            "color": "128A0C",
                            "id": "zsh-git-sync:good-first-patch",
                            "name": "good-first-patch",
                            "repository": "zsh-git-sync",
                            "url": "https://api.github.com/repos/caarlos0/zsh-git-sync/labels/good-first-patch"
                        },
                        "meta": {},
                        "tainted": false
                    },
                    "deposed": [],
                    "provider": ""
                },
                "github_issue_label.good-first-patch-label.42": {
                    "type": "github_issue_label",
                    "depends_on": [],
                    "primary": {
                        "id": "zsh-mkc:good-first-patch",
                        "attributes": {
                            "color": "128A0C",
                            "id": "zsh-mkc:good-first-patch",
                            "name": "good-first-patch",
                            "repository": "zsh-mkc",
                            "url": "https://api.github.com/repos/caarlos0/zsh-mkc/labels/good-first-patch"
                        },
                        "meta": {},
                        "tainted": false
                    },
                    "deposed": [],
                    "provider": ""
                },
                "github_issue_label.good-first-patch-label.43": {
                    "type": "github_issue_label",
                    "depends_on": [],
                    "primary": {
                        "id": "zsh-open-pr:good-first-patch",
                        "attributes": {
                            "color": "128A0C",
                            "id": "zsh-open-pr:good-first-patch",
                            "name": "good-first-patch",
                            "repository": "zsh-open-pr",
                            "url": "https://api.github.com/repos/caarlos0/zsh-open-pr/labels/good-first-patch"
                        },
                        "meta": {},
                        "tainted": false
                    },
                    "deposed": [],
                    "provider": ""
                },
                "github_issue_label.good-first-patch-label.5": {
                    "type": "github_issue_label",
                    "depends_on": [],
                    "primary": {
                        "id": "dotfiles:good-first-patch",
                        "attributes": {
                            "color": "128A0C",
                            "id": "dotfiles:good-first-patch",
                            "name": "good-first-patch",
                            "repository": "dotfiles",
                            "url": "https://api.github.com/repos/caarlos0/dotfiles/labels/good-first-patch"
                        },
                        "meta": {},
                        "tainted": false
                    },
                    "deposed": [],
                    "provider": ""
                },
                "github_issue_label.good-first-patch-label.6": {
                    "type": "github_issue_label",
                    "depends_on": [],
                    "primary": {
                        "id": "env:good-first-patch",
                        "attributes": {
                            "color": "128A0C",
                            "id": "env:good-first-patch",
                            "name": "good-first-patch",
                            "repository": "env",
                            "url": "https://api.github.com/repos/caarlos0/env/labels/good-first-patch"
                        },
                        "meta": {},
                        "tainted": false
                    },
                    "deposed": [],
                    "provider": ""
                },
                "github_issue_label.good-first-patch-label.7": {
                    "type": "github_issue_label",
                    "depends_on": [],
                    "primary": {
                        "id": "example:good-first-patch",
                        "attributes": {
                            "color": "128A0C",
                            "id": "example:good-first-patch",
                            "name": "good-first-patch",
                            "repository": "example",
                            "url": "https://api.github.com/repos/caarlos0/example/labels/good-first-patch"
                        },
                        "meta": {},
                        "tainted": false
                    },
                    "deposed": [],
                    "provider": ""
                },
                "github_issue_label.good-first-patch-label.8": {
                    "type": "github_issue_label",
                    "depends_on": [],
                    "primary": {
                        "id": "fork-cleaner:good-first-patch",
                        "attributes": {
                            "color": "128A0C",
                            "id": "fork-cleaner:good-first-patch",
                            "name": "good-first-patch",
                            "repository": "fork-cleaner",
                            "url": "https://api.github.com/repos/caarlos0/fork-cleaner/labels/good-first-patch"
                        },
                        "meta": {},
                        "tainted": false
                    },
                    "deposed": [],
                    "provider": ""
                },
                "github_issue_label.good-first-patch-label.9": {
                    "type": "github_issue_label",
                    "depends_on": [],
                    "primary": {
                        "id": "git-add-remote:good-first-patch",
                        "attributes": {
                            "color": "128A0C",
                            "id": "git-add-remote:good-first-patch",
                            "name": "good-first-patch",
                            "repository": "git-add-remote",
                            "url": "https://api.github.com/repos/caarlos0/git-add-remote/labels/good-first-patch"
                        },
                        "meta": {},
                        "tainted": false
                    },
                    "deposed": [],
                    "provider": ""
                },
                "github_issue_label.question-label.0": {
                    "type": "github_issue_label",
                    "depends_on": [],
                    "primary": {
                        "id": "alelobot:question",
                        "attributes": {
                            "color": "cc317c",
                            "id": "alelobot:question",
                            "name": "question",
                            "repository": "alelobot",
                            "url": "https://api.github.com/repos/caarlos0/alelobot/labels/question"
                        },
                        "meta": {},
                        "tainted": false
                    },
                    "deposed": [],
                    "provider": ""
                },
                "github_issue_label.question-label.1": {
                    "type": "github_issue_label",
                    "depends_on": [],
                    "primary": {
                        "id": "alelogo:question",
                        "attributes": {
                            "color": "cc317c",
                            "id": "alelogo:question",
                            "name": "question",
                            "repository": "alelogo",
                            "url": "https://api.github.com/repos/caarlos0/alelogo/labels/question"
                        },
                        "meta": {},
                        "tainted": false
                    },
                    "deposed": [],
                    "provider": ""
                },
                "github_issue_label.question-label.10": {
                    "type": "github_issue_label",
                    "depends_on": [],
                    "primary": {
                        "id": "git-gc:question",
                        "attributes": {
                            "color": "cc317c",
                            "id": "git-gc:question",
                            "name": "question",
                            "repository": "git-gc",
                            "url": "https://api.github.com/repos/caarlos0/git-gc/labels/question"
                        },
                        "meta": {},
                        "tainted": false
                    },
                    "deposed": [],
                    "provider": ""
                },
                "github_issue_label.question-label.11": {
                    "type": "github_issue_label",
                    "depends_on": [],
                    "primary": {
                        "id": "github:question",
                        "attributes": {
                            "color": "cc317c",
                            "id": "github:question",
                            "name": "question",
                            "repository": "github",
                            "url": "https://api.github.com/repos/caarlos0/github/labels/question"
                        },
                        "meta": {},
                        "tainted": false
                    },
                    "deposed": [],
                    "provider": ""
                },
                "github_issue_label.question-label.12": {
                    "type": "github_issue_label",
                    "depends_on": [],
                    "primary": {
                        "id": "github-buildkite-wire:question",
                        "attributes": {
                            "color": "cc317c",
                            "id": "github-buildkite-wire:question",
                            "name": "question",
                            "repository": "github-buildkite-wire",
                            "url": "https://api.github.com/repos/caarlos0/github-buildkite-wire/labels/question"
                        },
                        "meta": {},
                        "tainted": false
                    },
                    "deposed": [],
                    "provider": ""
                },
                "github_issue_label.question-label.13": {
                    "type": "github_issue_label",
                    "depends_on": [],
                    "primary": {
                        "id": "github-vacations:question",
                        "attributes": {
                            "color": "cc317c",
                            "id": "github-vacations:question",
                            "name": "question",
                            "repository": "github-vacations",
                            "url": "https://api.github.com/repos/caarlos0/github-vacations/labels/question"
                        },
                        "meta": {},
                        "tainted": false
                    },
                    "deposed": [],
                    "provider": ""
                },
                "github_issue_label.question-label.14": {
                    "type": "github_issue_label",
                    "depends_on": [],
                    "primary": {
                        "id": "go-victorops:question",
                        "attributes": {
                            "color": "cc317c",
                            "id": "go-victorops:question",
                            "name": "question",
                            "repository": "go-victorops",
                            "url": "https://api.github.com/repos/caarlos0/go-victorops/labels/question"
                        },
                        "meta": {},
                        "tainted": false
                    },
                    "deposed": [],
                    "provider": ""
                },
                "github_issue_label.question-label.15": {
                    "type": "github_issue_label",
                    "depends_on": [],
                    "primary": {
                        "id": "go-web-api-example:question",
                        "attributes": {
                            "color": "cc317c",
                            "id": "go-web-api-example:question",
                            "name": "question",
                            "repository": "go-web-api-example",
                            "url": "https://api.github.com/repos/caarlos0/go-web-api-example/labels/question"
                        },
                        "meta": {},
                        "tainted": false
                    },
                    "deposed": [],
                    "provider": ""
                },
                "github_issue_label.question-label.16": {
                    "type": "github_issue_label",
                    "depends_on": [],
                    "primary": {
                        "id": "gohome:question",
                        "attributes": {
                            "color": "cc317c",
                            "id": "gohome:question",
                            "name": "question",
                            "repository": "gohome",
                            "url": "https://api.github.com/repos/caarlos0/gohome/labels/question"
                        },
                        "meta": {},
                        "tainted": false
                    },
                    "deposed": [],
                    "provider": ""
                },
                "github_issue_label.question-label.17": {
                    "type": "github_issue_label",
                    "depends_on": [],
                    "primary": {
                        "id": "gravekeeper:question",
                        "attributes": {
                            "color": "cc317c",
                            "id": "gravekeeper:question",
                            "name": "question",
                            "repository": "gravekeeper",
                            "url": "https://api.github.com/repos/caarlos0/gravekeeper/labels/question"
                        },
                        "meta": {},
                        "tainted": false
                    },
                    "deposed": [],
                    "provider": ""
                },
                "github_issue_label.question-label.18": {
                    "type": "github_issue_label",
                    "depends_on": [],
                    "primary": {
                        "id": "homebrew-tap:question",
                        "attributes": {
                            "color": "cc317c",
                            "id": "homebrew-tap:question",
                            "name": "question",
                            "repository": "homebrew-tap",
                            "url": "https://api.github.com/repos/caarlos0/homebrew-tap/labels/question"
                        },
                        "meta": {},
                        "tainted": false
                    },
                    "deposed": [],
                    "provider": ""
                },
                "github_issue_label.question-label.19": {
                    "type": "github_issue_label",
                    "depends_on": [],
                    "primary": {
                        "id": "is-shit:question",
                        "attributes": {
                            "color": "cc317c",
                            "id": "is-shit:question",
                            "name": "question",
                            "repository": "is-shit",
                            "url": "https://api.github.com/repos/caarlos0/is-shit/labels/question"
                        },
                        "meta": {},
                        "tainted": false
                    },
                    "deposed": [],
                    "provider": ""
                },
                "github_issue_label.question-label.2": {
                    "type": "github_issue_label",
                    "depends_on": [],
                    "primary": {
                        "id": "am-i-working:question",
                        "attributes": {
                            "color": "cc317c",
                            "id": "am-i-working:question",
                            "name": "question",
                            "repository": "am-i-working",
                            "url": "https://api.github.com/repos/caarlos0/am-i-working/labels/question"
                        },
                        "meta": {},
                        "tainted": false
                    },
                    "deposed": [],
                    "provider": ""
                },
                "github_issue_label.question-label.20": {
                    "type": "github_issue_label",
                    "depends_on": [],
                    "primary": {
                        "id": "jvm:question",
                        "attributes": {
                            "color": "cc317c",
                            "id": "jvm:question",
                            "name": "question",
                            "repository": "jvm",
                            "url": "https://api.github.com/repos/caarlos0/jvm/labels/question"
                        },
                        "meta": {},
                        "tainted": false
                    },
                    "deposed": [],
                    "provider": ""
                },
                "github_issue_label.question-label.21": {
                    "type": "github_issue_label",
                    "depends_on": [],
                    "primary": {
                        "id": "karmahub:question",
                        "attributes": {
                            "color": "cc317c",
                            "id": "karmahub:question",
                            "name": "question",
                            "repository": "karmahub",
                            "url": "https://api.github.com/repos/caarlos0/karmahub/labels/question"
                        },
                        "meta": {},
                        "tainted": false
                    },
                    "deposed": [],
                    "provider": ""
                },
                "github_issue_label.question-label.22": {
                    "type": "github_issue_label",
                    "depends_on": [],
                    "primary": {
                        "id": "Layr:question",
                        "attributes": {
                            "color": "cc317c",
                            "id": "Layr:question",
                            "name": "question",
                            "repository": "Layr",
                            "url": "https://api.github.com/repos/caarlos0/Layr/labels/question"
                        },
                        "meta": {},
                        "tainted": false
                    },
                    "deposed": [],
                    "provider": ""
                },
                "github_issue_label.question-label.23": {
                    "type": "github_issue_label",
                    "depends_on": [],
                    "primary": {
                        "id": "machine:question",
                        "attributes": {
                            "color": "cc317c",
                            "id": "machine:question",
                            "name": "question",
                            "repository": "machine",
                            "url": "https://api.github.com/repos/caarlos0/machine/labels/question"
                        },
                        "meta": {},
                        "tainted": false
                    },
                    "deposed": [],
                    "provider": ""
                },
                "github_issue_label.question-label.24": {
                    "type": "github_issue_label",
                    "depends_on": [],
                    "primary": {
                        "id": "macOS:question",
                        "attributes": {
                            "color": "cc317c",
                            "id": "macOS:question",
                            "name": "question",
                            "repository": "macOS",
                            "url": "https://api.github.com/repos/caarlos0/macOS/labels/question"
                        },
                        "meta": {},
                        "tainted": false
                    },
                    "deposed": [],
                    "provider": ""
                },
                "github_issue_label.question-label.25": {
                    "type": "github_issue_label",
                    "depends_on": [],
                    "primary": {
                        "id": "org-stats:question",
                        "attributes": {
                            "color": "cc317c",
                            "id": "org-stats:question",
                            "name": "question",
                            "repository": "org-stats",
                            "url": "https://api.github.com/repos/caarlos0/org-stats/labels/question"
                        },
                        "meta": {},
                        "tainted": false
                    },
                    "deposed": [],
                    "provider": ""
                },
                "github_issue_label.question-label.26": {
                    "type": "github_issue_label",
                    "depends_on": [],
                    "primary": {
                        "id": "ports:question",
                        "attributes": {
                            "color": "cc317c",
                            "id": "ports:question",
                            "name": "question",
                            "repository": "ports",
                            "url": "https://api.github.com/repos/caarlos0/ports/labels/question"
                        },
                        "meta": {},
                        "tainted": false
                    },
                    "deposed": [],
                    "provider": ""
                },
                "github_issue_label.question-label.27": {
                    "type": "github_issue_label",
                    "depends_on": [],
                    "primary": {
                        "id": "promfmt:question",
                        "attributes": {
                            "color": "cc317c",
                            "id": "promfmt:question",
                            "name": "question",
                            "repository": "promfmt",
                            "url": "https://api.github.com/repos/caarlos0/promfmt/labels/question"
                        },
                        "meta": {},
                        "tainted": false
                    },
                    "deposed": [],
                    "provider": ""
                },
                "github_issue_label.question-label.28": {
                    "type": "github_issue_label",
                    "depends_on": [],
                    "primary": {
                        "id": "route53-cleaner:question",
                        "attributes": {
                            "color": "cc317c",
                            "id": "route53-cleaner:question",
                            "name": "question",
                            "repository": "route53-cleaner",
                            "url": "https://api.github.com/repos/caarlos0/route53-cleaner/labels/question"
                        },
                        "meta": {},
                        "tainted": false
                    },
                    "deposed": [],
                    "provider": ""
                },
                "github_issue_label.question-label.29": {
                    "type": "github_issue_label",
                    "depends_on": [],
                    "primary": {
                        "id": "shcheck:question",
                        "attributes": {
                            "color": "cc317c",
                            "id": "shcheck:question",
                            "name": "question",
                            "repository": "shcheck",
                            "url": "https://api.github.com/repos/caarlos0/shcheck/labels/question"
                        },
                        "meta": {},
                        "tainted": false
                    },
                    "deposed": [],
                    "provider": ""
                },
                "github_issue_label.question-label.3": {
                    "type": "github_issue_label",
                    "depends_on": [],
                    "primary": {
                        "id": "caarlos0.github.com:question",
                        "attributes": {
                            "color": "cc317c",
                            "id": "caarlos0.github.com:question",
                            "name": "question",
                            "repository": "caarlos0.github.com",
                            "url": "https://api.github.com/repos/caarlos0/caarlos0.github.com/labels/question"
                        },
                        "meta": {},
                        "tainted": false
                    },
                    "deposed": [],
                    "provider": ""
                },
                "github_issue_label.question-label.30": {
                    "type": "github_issue_label",
                    "depends_on": [],
                    "primary": {
                        "id": "shell-ci-build:question",
                        "attributes": {
                            "color": "cc317c",
                            "id": "shell-ci-build:question",
                            "name": "question",
                            "repository": "shell-ci-build",
                            "url": "https://api.github.com/repos/caarlos0/shell-ci-build/labels/question"
                        },
                        "meta": {},
                        "tainted": false
                    },
                    "deposed": [],
                    "provider": ""
                },
                "github_issue_label.question-label.31": {
                    "type": "github_issue_label",
                    "depends_on": [],
                    "primary": {
                        "id": "shellcheck-docker:question",
                        "attributes": {
                            "color": "cc317c",
                            "id": "shellcheck-docker:question",
                            "name": "question",
                            "repository": "shellcheck-docker",
                            "url": "https://api.github.com/repos/caarlos0/shellcheck-docker/labels/question"
                        },
                        "meta": {},
                        "tainted": false
                    },
                    "deposed": [],
                    "provider": ""
                },
                "github_issue_label.question-label.32": {
                    "type": "github_issue_label",
                    "depends_on": [],
                    "primary": {
                        "id": "spin:question",
                        "attributes": {
                            "color": "cc317c",
                            "id": "spin:question",
                            "name": "question",
                            "repository": "spin",
                            "url": "https://api.github.com/repos/caarlos0/spin/labels/question"
                        },
                        "meta": {},
                        "tainted": false
                    },
                    "deposed": [],
                    "provider": ""
                },
                "github_issue_label.question-label.33": {
                    "type": "github_issue_label",
                    "depends_on": [],
                    "primary": {
                        "id": "starcharts:question",
                        "attributes": {
                            "color": "cc317c",
                            "id": "starcharts:question",
                            "name": "question",
                            "repository": "starcharts",
                            "url": "https://api.github.com/repos/caarlos0/starcharts/labels/question"
                        },
                        "meta": {},
                        "tainted": false
                    },
                    "deposed": [],
                    "provider": ""
                },
                "github_issue_label.question-label.34": {
                    "type": "github_issue_label",
                    "depends_on": [],
                    "primary": {
                        "id": "test:question",
                        "attributes": {
                            "color": "cc317c",
                            "id": "test:question",
                            "name": "question",
                            "repository": "test",
                            "url": "https://api.github.com/repos/caarlos0/test/labels/question"
                        },
                        "meta": {},
                        "tainted": false
                    },
                    "deposed": [],
                    "provider": ""
                },
                "github_issue_label.question-label.35": {
                    "type": "github_issue_label",
                    "depends_on": [],
                    "primary": {
                        "id": "twatcher:question",
                        "attributes": {
                            "color": "cc317c",
                            "id": "twatcher:question",
                            "name": "question",
                            "repository": "twatcher",
                            "url": "https://api.github.com/repos/caarlos0/twatcher/labels/question"
                        },
                        "meta": {},
                        "tainted": false
                    },
                    "deposed": [],
                    "provider": ""
                },
                "github_issue_label.question-label.36": {
                    "type": "github_issue_label",
                    "depends_on": [],
                    "primary": {
                        "id": "victorops-notifier:question",
                        "attributes": {
                            "color": "cc317c",
                            "id": "victorops-notifier:question",
                            "name": "question",
                            "repository": "victorops-notifier",
                            "url": "https://api.github.com/repos/caarlos0/victorops-notifier/labels/question"
                        },
                        "meta": {},
                        "tainted": false
                    },
                    "deposed": [],
                    "provider": ""
                },
                "github_issue_label.question-label.37": {
                    "type": "github_issue_label",
                    "depends_on": [],
                    "primary": {
                        "id": "vimfiles:question",
                        "attributes": {
                            "color": "cc317c",
                            "id": "vimfiles:question",
                            "name": "question",
                            "repository": "vimfiles",
                            "url": "https://api.github.com/repos/caarlos0/vimfiles/labels/question"
                        },
                        "meta": {},
                        "tainted": false
                    },
                    "deposed": [],
                    "provider": ""
                },
                "github_issue_label.question-label.38": {
                    "type": "github_issue_label",
                    "depends_on": [],
                    "primary": {
                        "id": "watchub:question",
                        "attributes": {
                            "color": "cc317c",
                            "id": "watchub:question",
                            "name": "question",
                            "repository": "watchub",
                            "url": "https://api.github.com/repos/caarlos0/watchub/labels/question"
                        },
                        "meta": {},
                        "tainted": false
                    },
                    "deposed": [],
                    "provider": ""
                },
                "github_issue_label.question-label.39": {
                    "type": "github_issue_label",
                    "depends_on": [],
                    "primary": {
                        "id": "weavenet-rmpeers:question",
                        "attributes": {
                            "color": "cc317c",
                            "id": "weavenet-rmpeers:question",
                            "name": "question",
                            "repository": "weavenet-rmpeers",
                            "url": "https://api.github.com/repos/caarlos0/weavenet-rmpeers/labels/question"
                        },
                        "meta": {},
                        "tainted": false
                    },
                    "deposed": [],
                    "provider": ""
                },
                "github_issue_label.question-label.4": {
                    "type": "github_issue_label",
                    "depends_on": [],
                    "primary": {
                        "id": "clone-org:question",
                        "attributes": {
                            "color": "cc317c",
                            "id": "clone-org:question",
                            "name": "question",
                            "repository": "clone-org",
                            "url": "https://api.github.com/repos/caarlos0/clone-org/labels/question"
                        },
                        "meta": {},
                        "tainted": false
                    },
                    "deposed": [],
                    "provider": ""
                },
                "github_issue_label.question-label.40": {
                    "type": "github_issue_label",
                    "depends_on": [],
                    "primary": {
                        "id": "zsh-git-fetch-merge:question",
                        "attributes": {
                            "color": "cc317c",
                            "id": "zsh-git-fetch-merge:question",
                            "name": "question",
                            "repository": "zsh-git-fetch-merge",
                            "url": "https://api.github.com/repos/caarlos0/zsh-git-fetch-merge/labels/question"
                        },
                        "meta": {},
                        "tainted": false
                    },
                    "deposed": [],
                    "provider": ""
                },
                "github_issue_label.question-label.41": {
                    "type": "github_issue_label",
                    "depends_on": [],
                    "primary": {
                        "id": "zsh-git-sync:question",
                        "attributes": {
                            "color": "cc317c",
                            "id": "zsh-git-sync:question",
                            "name": "question",
                            "repository": "zsh-git-sync",
                            "url": "https://api.github.com/repos/caarlos0/zsh-git-sync/labels/question"
                        },
                        "meta": {},
                        "tainted": false
                    },
                    "deposed": [],
                    "provider": ""
                },
                "github_issue_label.question-label.42": {
                    "type": "github_issue_label",
                    "depends_on": [],
                    "primary": {
                        "id": "zsh-mkc:question",
                        "attributes": {
                            "color": "cc317c",
                            "id": "zsh-mkc:question",
                            "name": "question",
                            "repository": "zsh-mkc",
                            "url": "https://api.github.com/repos/caarlos0/zsh-mkc/labels/question"
                        },
                        "meta": {},
                        "tainted": false
                    },
                    "deposed": [],
                    "provider": ""
                },
                "github_issue_label.question-label.43": {
                    "type": "github_issue_label",
                    "depends_on": [],
                    "primary": {
                        "id": "zsh-open-pr:question",
                        "attributes": {
                            "color": "cc317c",
                            "id": "zsh-open-pr:question",
                            "name": "question",
                            "repository": "zsh-open-pr",
                            "url": "https://api.github.com/repos/caarlos0/zsh-open-pr/labels/question"
                        },
                        "meta": {},
                        "tainted": false
                    },
                    "deposed": [],
                    "provider": ""
                },
                "github_issue_label.question-label.5": {
                    "type": "github_issue_label",
                    "depends_on": [],
                    "primary": {
                        "id": "dotfiles:question",
                        "attributes": {
                            "color": "cc317c",
                            "id": "dotfiles:question",
                            "name": "question",
                            "repository": "dotfiles",
                            "url": "https://api.github.com/repos/caarlos0/dotfiles/labels/question"
                        },
                        "meta": {},
                        "tainted": false
                    },
                    "deposed": [],
                    "provider": ""
                },
                "github_issue_label.question-label.6": {
                    "type": "github_issue_label",
                    "depends_on": [],
                    "primary": {
                        "id": "env:question",
                        "attributes": {
                            "color": "cc317c",
                            "id": "env:question",
                            "name": "question",
                            "repository": "env",
                            "url": "https://api.github.com/repos/caarlos0/env/labels/question"
                        },
                        "meta": {},
                        "tainted": false
                    },
                    "deposed": [],
                    "provider": ""
                },
                "github_issue_label.question-label.7": {
                    "type": "github_issue_label",
                    "depends_on": [],
                    "primary": {
                        "id": "example:question",
                        "attributes": {
                            "color": "cc317c",
                            "id": "example:question",
                            "name": "question",
                            "repository": "example",
                            "url": "https://api.github.com/repos/caarlos0/example/labels/question"
                        },
                        "meta": {},
                        "tainted": false
                    },
                    "deposed": [],
                    "provider": ""
                },
                "github_issue_label.question-label.8": {
                    "type": "github_issue_label",
                    "depends_on": [],
                    "primary": {
                        "id": "fork-cleaner:question",
                        "attributes": {
                            "color": "cc317c",
                            "id": "fork-cleaner:question",
                            "name": "question",
                            "repository": "fork-cleaner",
                            "url": "https://api.github.com/repos/caarlos0/fork-cleaner/labels/question"
                        },
                        "meta": {},
                        "tainted": false
                    },
                    "deposed": [],
                    "provider": ""
                },
                "github_issue_label.question-label.9": {
                    "type": "github_issue_label",
                    "depends_on": [],
                    "primary": {
                        "id": "git-add-remote:question",
                        "attributes": {
                            "color": "cc317c",
                            "id": "git-add-remote:question",
                            "name": "question",
                            "repository": "git-add-remote",
                            "url": "https://api.github.com/repos/caarlos0/git-add-remote/labels/question"
                        },
                        "meta": {},
                        "tainted": false
                    },
                    "deposed": [],
                    "provider": ""
                },
                "github_issue_label.wontfix-label.0": {
                    "type": "github_issue_label",
                    "depends_on": [],
                    "primary": {
                        "id": "alelobot:wontfix",
                        "attributes": {
                            "color": "ffffff",
                            "id": "alelobot:wontfix",
                            "name": "wontfix",
                            "repository": "alelobot",
                            "url": "https://api.github.com/repos/caarlos0/alelobot/labels/wontfix"
                        },
                        "meta": {},
                        "tainted": false
                    },
                    "deposed": [],
                    "provider": ""
                },
                "github_issue_label.wontfix-label.1": {
                    "type": "github_issue_label",
                    "depends_on": [],
                    "primary": {
                        "id": "alelogo:wontfix",
                        "attributes": {
                            "color": "ffffff",
                            "id": "alelogo:wontfix",
                            "name": "wontfix",
                            "repository": "alelogo",
                            "url": "https://api.github.com/repos/caarlos0/alelogo/labels/wontfix"
                        },
                        "meta": {},
                        "tainted": false
                    },
                    "deposed": [],
                    "provider": ""
                },
                "github_issue_label.wontfix-label.10": {
                    "type": "github_issue_label",
                    "depends_on": [],
                    "primary": {
                        "id": "git-gc:wontfix",
                        "attributes": {
                            "color": "ffffff",
                            "id": "git-gc:wontfix",
                            "name": "wontfix",
                            "repository": "git-gc",
                            "url": "https://api.github.com/repos/caarlos0/git-gc/labels/wontfix"
                        },
                        "meta": {},
                        "tainted": false
                    },
                    "deposed": [],
                    "provider": ""
                },
                "github_issue_label.wontfix-label.11": {
                    "type": "github_issue_label",
                    "depends_on": [],
                    "primary": {
                        "id": "github:wontfix",
                        "attributes": {
                            "color": "ffffff",
                            "id": "github:wontfix",
                            "name": "wontfix",
                            "repository": "github",
                            "url": "https://api.github.com/repos/caarlos0/github/labels/wontfix"
                        },
                        "meta": {},
                        "tainted": false
                    },
                    "deposed": [],
                    "provider": ""
                },
                "github_issue_label.wontfix-label.12": {
                    "type": "github_issue_label",
                    "depends_on": [],
                    "primary": {
                        "id": "github-buildkite-wire:wontfix",
                        "attributes": {
                            "color": "ffffff",
                            "id": "github-buildkite-wire:wontfix",
                            "name": "wontfix",
                            "repository": "github-buildkite-wire",
                            "url": "https://api.github.com/repos/caarlos0/github-buildkite-wire/labels/wontfix"
                        },
                        "meta": {},
                        "tainted": false
                    },
                    "deposed": [],
                    "provider": ""
                },
                "github_issue_label.wontfix-label.13": {
                    "type": "github_issue_label",
                    "depends_on": [],
                    "primary": {
                        "id": "github-vacations:wontfix",
                        "attributes": {
                            "color": "ffffff",
                            "id": "github-vacations:wontfix",
                            "name": "wontfix",
                            "repository": "github-vacations",
                            "url": "https://api.github.com/repos/caarlos0/github-vacations/labels/wontfix"
                        },
                        "meta": {},
                        "tainted": false
                    },
                    "deposed": [],
                    "provider": ""
                },
                "github_issue_label.wontfix-label.14": {
                    "type": "github_issue_label",
                    "depends_on": [],
                    "primary": {
                        "id": "go-victorops:wontfix",
                        "attributes": {
                            "color": "ffffff",
                            "id": "go-victorops:wontfix",
                            "name": "wontfix",
                            "repository": "go-victorops",
                            "url": "https://api.github.com/repos/caarlos0/go-victorops/labels/wontfix"
                        },
                        "meta": {},
                        "tainted": false
                    },
                    "deposed": [],
                    "provider": ""
                },
                "github_issue_label.wontfix-label.15": {
                    "type": "github_issue_label",
                    "depends_on": [],
                    "primary": {
                        "id": "go-web-api-example:wontfix",
                        "attributes": {
                            "color": "ffffff",
                            "id": "go-web-api-example:wontfix",
                            "name": "wontfix",
                            "repository": "go-web-api-example",
                            "url": "https://api.github.com/repos/caarlos0/go-web-api-example/labels/wontfix"
                        },
                        "meta": {},
                        "tainted": false
                    },
                    "deposed": [],
                    "provider": ""
                },
                "github_issue_label.wontfix-label.16": {
                    "type": "github_issue_label",
                    "depends_on": [],
                    "primary": {
                        "id": "gohome:wontfix",
                        "attributes": {
                            "color": "ffffff",
                            "id": "gohome:wontfix",
                            "name": "wontfix",
                            "repository": "gohome",
                            "url": "https://api.github.com/repos/caarlos0/gohome/labels/wontfix"
                        },
                        "meta": {},
                        "tainted": false
                    },
                    "deposed": [],
                    "provider": ""
                },
                "github_issue_label.wontfix-label.17": {
                    "type": "github_issue_label",
                    "depends_on": [],
                    "primary": {
                        "id": "gravekeeper:wontfix",
                        "attributes": {
                            "color": "ffffff",
                            "id": "gravekeeper:wontfix",
                            "name": "wontfix",
                            "repository": "gravekeeper",
                            "url": "https://api.github.com/repos/caarlos0/gravekeeper/labels/wontfix"
                        },
                        "meta": {},
                        "tainted": false
                    },
                    "deposed": [],
                    "provider": ""
                },
                "github_issue_label.wontfix-label.18": {
                    "type": "github_issue_label",
                    "depends_on": [],
                    "primary": {
                        "id": "homebrew-tap:wontfix",
                        "attributes": {
                            "color": "ffffff",
                            "id": "homebrew-tap:wontfix",
                            "name": "wontfix",
                            "repository": "homebrew-tap",
                            "url": "https://api.github.com/repos/caarlos0/homebrew-tap/labels/wontfix"
                        },
                        "meta": {},
                        "tainted": false
                    },
                    "deposed": [],
                    "provider": ""
                },
                "github_issue_label.wontfix-label.19": {
                    "type": "github_issue_label",
                    "depends_on": [],
                    "primary": {
                        "id": "is-shit:wontfix",
                        "attributes": {
                            "color": "ffffff",
                            "id": "is-shit:wontfix",
                            "name": "wontfix",
                            "repository": "is-shit",
                            "url": "https://api.github.com/repos/caarlos0/is-shit/labels/wontfix"
                        },
                        "meta": {},
                        "tainted": false
                    },
                    "deposed": [],
                    "provider": ""
                },
                "github_issue_label.wontfix-label.2": {
                    "type": "github_issue_label",
                    "depends_on": [],
                    "primary": {
                        "id": "am-i-working:wontfix",
                        "attributes": {
                            "color": "ffffff",
                            "id": "am-i-working:wontfix",
                            "name": "wontfix",
                            "repository": "am-i-working",
                            "url": "https://api.github.com/repos/caarlos0/am-i-working/labels/wontfix"
                        },
                        "meta": {},
                        "tainted": false
                    },
                    "deposed": [],
                    "provider": ""
                },
                "github_issue_label.wontfix-label.20": {
                    "type": "github_issue_label",
                    "depends_on": [],
                    "primary": {
                        "id": "jvm:wontfix",
                        "attributes": {
                            "color": "ffffff",
                            "id": "jvm:wontfix",
                            "name": "wontfix",
                            "repository": "jvm",
                            "url": "https://api.github.com/repos/caarlos0/jvm/labels/wontfix"
                        },
                        "meta": {},
                        "tainted": false
                    },
                    "deposed": [],
                    "provider": ""
                },
                "github_issue_label.wontfix-label.21": {
                    "type": "github_issue_label",
                    "depends_on": [],
                    "primary": {
                        "id": "karmahub:wontfix",
                        "attributes": {
                            "color": "ffffff",
                            "id": "karmahub:wontfix",
                            "name": "wontfix",
                            "repository": "karmahub",
                            "url": "https://api.github.com/repos/caarlos0/karmahub/labels/wontfix"
                        },
                        "meta": {},
                        "tainted": false
                    },
                    "deposed": [],
                    "provider": ""
                },
                "github_issue_label.wontfix-label.22": {
                    "type": "github_issue_label",
                    "depends_on": [],
                    "primary": {
                        "id": "Layr:wontfix",
                        "attributes": {
                            "color": "ffffff",
                            "id": "Layr:wontfix",
                            "name": "wontfix",
                            "repository": "Layr",
                            "url": "https://api.github.com/repos/caarlos0/Layr/labels/wontfix"
                        },
                        "meta": {},
                        "tainted": false
                    },
                    "deposed": [],
                    "provider": ""
                },
                "github_issue_label.wontfix-label.23": {
                    "type": "github_issue_label",
                    "depends_on": [],
                    "primary": {
                        "id": "machine:wontfix",
                        "attributes": {
                            "color": "ffffff",
                            "id": "machine:wontfix",
                            "name": "wontfix",
                            "repository": "machine",
                            "url": "https://api.github.com/repos/caarlos0/machine/labels/wontfix"
                        },
                        "meta": {},
                        "tainted": false
                    },
                    "deposed": [],
                    "provider": ""
                },
                "github_issue_label.wontfix-label.24": {
                    "type": "github_issue_label",
                    "depends_on": [],
                    "primary": {
                        "id": "macOS:wontfix",
                        "attributes": {
                            "color": "ffffff",
                            "id": "macOS:wontfix",
                            "name": "wontfix",
                            "repository": "macOS",
                            "url": "https://api.github.com/repos/caarlos0/macOS/labels/wontfix"
                        },
                        "meta": {},
                        "tainted": false
                    },
                    "deposed": [],
                    "provider": ""
                },
                "github_issue_label.wontfix-label.25": {
                    "type": "github_issue_label",
                    "depends_on": [],
                    "primary": {
                        "id": "org-stats:wontfix",
                        "attributes": {
                            "color": "ffffff",
                            "id": "org-stats:wontfix",
                            "name": "wontfix",
                            "repository": "org-stats",
                            "url": "https://api.github.com/repos/caarlos0/org-stats/labels/wontfix"
                        },
                        "meta": {},
                        "tainted": false
                    },
                    "deposed": [],
                    "provider": ""
                },
                "github_issue_label.wontfix-label.26": {
                    "type": "github_issue_label",
                    "depends_on": [],
                    "primary": {
                        "id": "ports:wontfix",
                        "attributes": {
                            "color": "ffffff",
                            "id": "ports:wontfix",
                            "name": "wontfix",
                            "repository": "ports",
                            "url": "https://api.github.com/repos/caarlos0/ports/labels/wontfix"
                        },
                        "meta": {},
                        "tainted": false
                    },
                    "deposed": [],
                    "provider": ""
                },
                "github_issue_label.wontfix-label.27": {
                    "type": "github_issue_label",
                    "depends_on": [],
                    "primary": {
                        "id": "promfmt:wontfix",
                        "attributes": {
                            "color": "ffffff",
                            "id": "promfmt:wontfix",
                            "name": "wontfix",
                            "repository": "promfmt",
                            "url": "https://api.github.com/repos/caarlos0/promfmt/labels/wontfix"
                        },
                        "meta": {},
                        "tainted": false
                    },
                    "deposed": [],
                    "provider": ""
                },
                "github_issue_label.wontfix-label.28": {
                    "type": "github_issue_label",
                    "depends_on": [],
                    "primary": {
                        "id": "route53-cleaner:wontfix",
                        "attributes": {
                            "color": "ffffff",
                            "id": "route53-cleaner:wontfix",
                            "name": "wontfix",
                            "repository": "route53-cleaner",
                            "url": "https://api.github.com/repos/caarlos0/route53-cleaner/labels/wontfix"
                        },
                        "meta": {},
                        "tainted": false
                    },
                    "deposed": [],
                    "provider": ""
                },
                "github_issue_label.wontfix-label.29": {
                    "type": "github_issue_label",
                    "depends_on": [],
                    "primary": {
                        "id": "shcheck:wontfix",
                        "attributes": {
                            "color": "ffffff",
                            "id": "shcheck:wontfix",
                            "name": "wontfix",
                            "repository": "shcheck",
                            "url": "https://api.github.com/repos/caarlos0/shcheck/labels/wontfix"
                        },
                        "meta": {},
                        "tainted": false
                    },
                    "deposed": [],
                    "provider": ""
                },
                "github_issue_label.wontfix-label.3": {
                    "type": "github_issue_label",
                    "depends_on": [],
                    "primary": {
                        "id": "caarlos0.github.com:wontfix",
                        "attributes": {
                            "color": "ffffff",
                            "id": "caarlos0.github.com:wontfix",
                            "name": "wontfix",
                            "repository": "caarlos0.github.com",
                            "url": "https://api.github.com/repos/caarlos0/caarlos0.github.com/labels/wontfix"
                        },
                        "meta": {},
                        "tainted": false
                    },
                    "deposed": [],
                    "provider": ""
                },
                "github_issue_label.wontfix-label.30": {
                    "type": "github_issue_label",
                    "depends_on": [],
                    "primary": {
                        "id": "shell-ci-build:wontfix",
                        "attributes": {
                            "color": "ffffff",
                            "id": "shell-ci-build:wontfix",
                            "name": "wontfix",
                            "repository": "shell-ci-build",
                            "url": "https://api.github.com/repos/caarlos0/shell-ci-build/labels/wontfix"
                        },
                        "meta": {},
                        "tainted": false
                    },
                    "deposed": [],
                    "provider": ""
                },
                "github_issue_label.wontfix-label.31": {
                    "type": "github_issue_label",
                    "depends_on": [],
                    "primary": {
                        "id": "shellcheck-docker:wontfix",
                        "attributes": {
                            "color": "ffffff",
                            "id": "shellcheck-docker:wontfix",
                            "name": "wontfix",
                            "repository": "shellcheck-docker",
                            "url": "https://api.github.com/repos/caarlos0/shellcheck-docker/labels/wontfix"
                        },
                        "meta": {},
                        "tainted": false
                    },
                    "deposed": [],
                    "provider": ""
                },
                "github_issue_label.wontfix-label.32": {
                    "type": "github_issue_label",
                    "depends_on": [],
                    "primary": {
                        "id": "spin:wontfix",
                        "attributes": {
                            "color": "ffffff",
                            "id": "spin:wontfix",
                            "name": "wontfix",
                            "repository": "spin",
                            "url": "https://api.github.com/repos/caarlos0/spin/labels/wontfix"
                        },
                        "meta": {},
                        "tainted": false
                    },
                    "deposed": [],
                    "provider": ""
                },
                "github_issue_label.wontfix-label.33": {
                    "type": "github_issue_label",
                    "depends_on": [],
                    "primary": {
                        "id": "starcharts:wontfix",
                        "attributes": {
                            "color": "ffffff",
                            "id": "starcharts:wontfix",
                            "name": "wontfix",
                            "repository": "starcharts",
                            "url": "https://api.github.com/repos/caarlos0/starcharts/labels/wontfix"
                        },
                        "meta": {},
                        "tainted": false
                    },
                    "deposed": [],
                    "provider": ""
                },
                "github_issue_label.wontfix-label.34": {
                    "type": "github_issue_label",
                    "depends_on": [],
                    "primary": {
                        "id": "test:wontfix",
                        "attributes": {
                            "color": "ffffff",
                            "id": "test:wontfix",
                            "name": "wontfix",
                            "repository": "test",
                            "url": "https://api.github.com/repos/caarlos0/test/labels/wontfix"
                        },
                        "meta": {},
                        "tainted": false
                    },
                    "deposed": [],
                    "provider": ""
                },
                "github_issue_label.wontfix-label.35": {
                    "type": "github_issue_label",
                    "depends_on": [],
                    "primary": {
                        "id": "twatcher:wontfix",
                        "attributes": {
                            "color": "ffffff",
                            "id": "twatcher:wontfix",
                            "name": "wontfix",
                            "repository": "twatcher",
                            "url": "https://api.github.com/repos/caarlos0/twatcher/labels/wontfix"
                        },
                        "meta": {},
                        "tainted": false
                    },
                    "deposed": [],
                    "provider": ""
                },
                "github_issue_label.wontfix-label.36": {
                    "type": "github_issue_label",
                    "depends_on": [],
                    "primary": {
                        "id": "victorops-notifier:wontfix",
                        "attributes": {
                            "color": "ffffff",
                            "id": "victorops-notifier:wontfix",
                            "name": "wontfix",
                            "repository": "victorops-notifier",
                            "url": "https://api.github.com/repos/caarlos0/victorops-notifier/labels/wontfix"
                        },
                        "meta": {},
                        "tainted": false
                    },
                    "deposed": [],
                    "provider": ""
                },
                "github_issue_label.wontfix-label.37": {
                    "type": "github_issue_label",
                    "depends_on": [],
                    "primary": {
                        "id": "vimfiles:wontfix",
                        "attributes": {
                            "color": "ffffff",
                            "id": "vimfiles:wontfix",
                            "name": "wontfix",
                            "repository": "vimfiles",
                            "url": "https://api.github.com/repos/caarlos0/vimfiles/labels/wontfix"
                        },
                        "meta": {},
                        "tainted": false
                    },
                    "deposed": [],
                    "provider": ""
                },
                "github_issue_label.wontfix-label.38": {
                    "type": "github_issue_label",
                    "depends_on": [],
                    "primary": {
                        "id": "watchub:wontfix",
                        "attributes": {
                            "color": "ffffff",
                            "id": "watchub:wontfix",
                            "name": "wontfix",
                            "repository": "watchub",
                            "url": "https://api.github.com/repos/caarlos0/watchub/labels/wontfix"
                        },
                        "meta": {},
                        "tainted": false
                    },
                    "deposed": [],
                    "provider": ""
                },
                "github_issue_label.wontfix-label.39": {
                    "type": "github_issue_label",
                    "depends_on": [],
                    "primary": {
                        "id": "weavenet-rmpeers:wontfix",
                        "attributes": {
                            "color": "ffffff",
                            "id": "weavenet-rmpeers:wontfix",
                            "name": "wontfix",
                            "repository": "weavenet-rmpeers",
                            "url": "https://api.github.com/repos/caarlos0/weavenet-rmpeers/labels/wontfix"
                        },
                        "meta": {},
                        "tainted": false
                    },
                    "deposed": [],
                    "provider": ""
                },
                "github_issue_label.wontfix-label.4": {
                    "type": "github_issue_label",
                    "depends_on": [],
                    "primary": {
                        "id": "clone-org:wontfix",
                        "attributes": {
                            "color": "ffffff",
                            "id": "clone-org:wontfix",
                            "name": "wontfix",
                            "repository": "clone-org",
                            "url": "https://api.github.com/repos/caarlos0/clone-org/labels/wontfix"
                        },
                        "meta": {},
                        "tainted": false
                    },
                    "deposed": [],
                    "provider": ""
                },
                "github_issue_label.wontfix-label.40": {
                    "type": "github_issue_label",
                    "depends_on": [],
                    "primary": {
                        "id": "zsh-git-fetch-merge:wontfix",
                        "attributes": {
                            "color": "ffffff",
                            "id": "zsh-git-fetch-merge:wontfix",
                            "name": "wontfix",
                            "repository": "zsh-git-fetch-merge",
                            "url": "https://api.github.com/repos/caarlos0/zsh-git-fetch-merge/labels/wontfix"
                        },
                        "meta": {},
                        "tainted": false
                    },
                    "deposed": [],
                    "provider": ""
                },
                "github_issue_label.wontfix-label.41": {
                    "type": "github_issue_label",
                    "depends_on": [],
                    "primary": {
                        "id": "zsh-git-sync:wontfix",
                        "attributes": {
                            "color": "ffffff",
                            "id": "zsh-git-sync:wontfix",
                            "name": "wontfix",
                            "repository": "zsh-git-sync",
                            "url": "https://api.github.com/repos/caarlos0/zsh-git-sync/labels/wontfix"
                        },
                        "meta": {},
                        "tainted": false
                    },
                    "deposed": [],
                    "provider": ""
                },
                "github_issue_label.wontfix-label.42": {
                    "type": "github_issue_label",
                    "depends_on": [],
                    "primary": {
                        "id": "zsh-mkc:wontfix",
                        "attributes": {
                            "color": "ffffff",
                            "id": "zsh-mkc:wontfix",
                            "name": "wontfix",
                            "repository": "zsh-mkc",
                            "url": "https://api.github.com/repos/caarlos0/zsh-mkc/labels/wontfix"
                        },
                        "meta": {},
                        "tainted": false
                    },
                    "deposed": [],
                    "provider": ""
                },
                "github_issue_label.wontfix-label.43": {
                    "type": "github_issue_label",
                    "depends_on": [],
                    "primary": {
                        "id": "zsh-open-pr:wontfix",
                        "attributes": {
                            "color": "ffffff",
                            "id": "zsh-open-pr:wontfix",
                            "name": "wontfix",
                            "repository": "zsh-open-pr",
                            "url": "https://api.github.com/repos/caarlos0/zsh-open-pr/labels/wontfix"
                        },
                        "meta": {},
                        "tainted": false
                    },
                    "deposed": [],
                    "provider": ""
                },
                "github_issue_label.wontfix-label.5": {
                    "type": "github_issue_label",
                    "depends_on": [],
                    "primary": {
                        "id": "dotfiles:wontfix",
                        "attributes": {
                            "color": "ffffff",
                            "id": "dotfiles:wontfix",
                            "name": "wontfix",
                            "repository": "dotfiles",
                            "url": "https://api.github.com/repos/caarlos0/dotfiles/labels/wontfix"
                        },
                        "meta": {},
                        "tainted": false
                    },
                    "deposed": [],
                    "provider": ""
                },
                "github_issue_label.wontfix-label.6": {
                    "type": "github_issue_label",
                    "depends_on": [],
                    "primary": {
                        "id": "env:wontfix",
                        "attributes": {
                            "color": "ffffff",
                            "id": "env:wontfix",
                            "name": "wontfix",
                            "repository": "env",
                            "url": "https://api.github.com/repos/caarlos0/env/labels/wontfix"
                        },
                        "meta": {},
                        "tainted": false
                    },
                    "deposed": [],
                    "provider": ""
                },
                "github_issue_label.wontfix-label.7": {
                    "type": "github_issue_label",
                    "depends_on": [],
                    "primary": {
                        "id": "example:wontfix",
                        "attributes": {
                            "color": "ffffff",
                            "id": "example:wontfix",
                            "name": "wontfix",
                            "repository": "example",
                            "url": "https://api.github.com/repos/caarlos0/example/labels/wontfix"
                        },
                        "meta": {},
                        "tainted": false
                    },
                    "deposed": [],
                    "provider": ""
                },
                "github_issue_label.wontfix-label.8": {
                    "type": "github_issue_label",
                    "depends_on": [],
                    "primary": {
                        "id": "fork-cleaner:wontfix",
                        "attributes": {
                            "color": "ffffff",
                            "id": "fork-cleaner:wontfix",
                            "name": "wontfix",
                            "repository": "fork-cleaner",
                            "url": "https://api.github.com/repos/caarlos0/fork-cleaner/labels/wontfix"
                        },
                        "meta": {},
                        "tainted": false
                    },
                    "deposed": [],
                    "provider": ""
                },
                "github_issue_label.wontfix-label.9": {
                    "type": "github_issue_label",
                    "depends_on": [],
                    "primary": {
                        "id": "git-add-remote:wontfix",
                        "attributes": {
                            "color": "ffffff",
                            "id": "git-add-remote:wontfix",
                            "name": "wontfix",
                            "repository": "git-add-remote",
                            "url": "https://api.github.com/repos/caarlos0/git-add-remote/labels/wontfix"
                        },
                        "meta": {},
                        "tainted": false
                    },
                    "deposed": [],
                    "provider": ""
                }
            },
            "depends_on": []
        }
    ]
}
